{
  "version": 4,
  "terraform_version": "1.3.7",
  "serial": 248,
  "lineage": "6f8df66c-ca00-5f0a-5d6b-bc6169f03c0f",
  "outputs": {
    "app_url": {
      "value": "https://demoshop.xc.f5demo.net",
      "type": "string"
    }
  },
  "resources": [
    {
      "module": "module.f5xc",
      "mode": "managed",
      "type": "volterra_api_credential",
      "name": "app_vk8s_cred",
      "provider": "provider[\"registry.terraform.io/volterraedge/volterra\"]",
      "instances": [
        {
          "schema_version": 0,
          "attributes": {
            "api_credential_password": null,
            "api_credential_type": "KUBE_CONFIG",
            "data": "YXBpVmVyc2lvbjogdjEKY2x1c3RlcnM6Ci0gY2x1c3RlcjoKICAgIGNlcnRpZmljYXRlLWF1dGhvcml0eS1kYXRhOiBMUzB0TFMxQ1JVZEpUaUJEUlZKVVNVWkpRMEZVUlMwdExTMHRDazFKU1VaR2FrTkRRWFkyWjBGM1NVSkJaMGxTUVVwRmNrTkZjbEJFUW1sdVZTOWlWMHhwVjI1WU1XOTNSRkZaU2t0dldrbG9kbU5PUVZGRlRFSlJRWGNLVkhwRlRFMUJhMGRCTVZWRlFtaE5RMVpXVFhoTFZFRnVRbWRPVmtKQmIxUkpSV3gxWkVkV2VXSnRWakJKUms1c1dUTldlV0ZZVWpWSlJrcHNZekpXYUFwamJVNXZTVVZrZVdJelZuZE5VbFYzUlhkWlJGWlJVVVJGZDNoS1ZURktTRWxHU25aaU0xRm5WMFJGZDBob1kwNU5ha0YzVDFSQk1FMUVRWGROUkVGM0NsZG9ZMDVOYWxWM1QxUkZNVTFVV1hkTlJFRjNWMnBCZVUxUmMzZERVVmxFVmxGUlIwVjNTbFpWZWtWWFRVSlJSMEV4VlVWRGFFMU9WRWRXTUVvelRXY0tVbGMxYW1OdWJIZGtSRVZNVFVGclIwRXhWVVZCZUUxRFZXcE5kMmRuUldsTlFUQkhRMU54UjFOSllqTkVVVVZDUVZGVlFVRTBTVUpFZDBGM1oyZEZTd3BCYjBsQ1FWRkROMEZvVlc5NlVHRm5iRTVOVUVWMWVVNVdXa3hFSzBsTWVHMWhXalpSYjJsdVdGTmhjWFJUZFRWNFZYbDRjalExY2l0WVdFbHZPV05RQ2xJMVVWVldWRlpZYWtvMmIyOXFhMW81V1VrNFVYRnNUMkoyVlRkM2VUZGlhbU5EZDFoUVRscFBUMlowZWpKdWQxZG5jMkoyYzBOVlNrTlhTQ3RxWkhnS2MzaFFia2hMZW1odEt5OWlOVVIwUmxWclYxZHhZMFpVZW1wVVNWVjFOakZ5ZFRKUU0yMUNkelJ4VmxWeE4xcDBSSEJsYkZGRVVuSkxPVTg0V25WMGJRcE9TSG8yWVRSMVVGWjViVm9yUkVGWVdHSndlV0l2ZFVKNFlUTlRhR3huT1VZNFptNURZblo0U3k5bFJ6Tk5TR0ZqVmpOVlVuVlFUWEpUV0VKcFRIaG5DbG96Vm0xekwwVlpPVFpLWXpWc1VDOVBiMmt5VWpaWUwwVjRhbkZ0UVd3elVEVXhWQ3RqT0VJMVpsZHRZMEpqVlhJeVQyc3ZOVzE2YXpVelkxVTJZMGNLTDJ0cFJraGhSbkJ5YVZZeGRYaFFUVlZuVURFM1ZrZG9hVGx6VmtGblRVSkJRVWRxWjJkRlNVMUpTVUpDUkVGUFFtZE9Wa2hST0VKQlpqaEZRa0ZOUXdwQldWbDNTRkZaUkZaU01HeENRbGwzUmtGWlNVdDNXVUpDVVZWSVFYZEpSME5EYzBkQlVWVkdRbmROUWsxQ1NVZEJNVlZrUlhkRlFpOTNVVWxOUVZsQ0NrRm1PRU5CVVVGM1NGRlpSRlpTTUU5Q1FsbEZSa0pSZFhONFpUTlhSbUpNY214QlNsRlBXV1p5TlRKTVJrMU1SMDFDT0VkQk1WVmtTWGRSV1UxQ1lVRUtSa2h0TUZkbFdqZDBkVmhyUVZoUFFVTkpha2xIYkdveU5scDBkVTFFU1VkRFEzTkhRVkZWUmtKM1JVSkNRMWwzU2tSQmFVSm5aM0pDWjBWR1FsRmpkd3BCYjFsWFlVaFNNR05FYjNaTU0yZDRURzFyZFdKSFZuVlpNMGwxWWpOS2JreDZRVzVDWjA1V1NGSTRSVWxFUVdWTlFubG5SM0ZCV1dob1dtOWtTRkozQ2s5cE9IWmxSRVYxV1hrMWMxcFhOV3BqYVRWMlkyMWpkazFEU1VkQk1WVmtTVUZSWWsxQ2EzZERRVmxIV2pSRlRVRlJTVUpOUVRCSFEzbHpSMEZSVVVJS1ozUTRWRUZSUlVKTlFUQkhRMU54UjFOSllqTkVVVVZDUTNkVlFVRTBTVU5CVVVOR2VXczFTRkJ4VUROb1ZWTkdkazVXYm1WTVMxbFpOakV4VkZJMlZ3cFFWRTVzWTJ4UmRHZGhSSEYzS3pNMFNVdzVabnBNWkhkQlRHUjFUeTlhWld4T04ydEpTaXR0TnpSMWVVRXJaV2wwVWxrNGEyTTJNRGRVYTBNMU0zZHNDbWxyWm0xYVZ6UXZVblpVV2poTk5sVkxLelZWZW1oTE9HcERaRXgxVFVkWlREWkxkbnBZUjFKVFoya3plVXhuYW1WM1VYUkRVR3RKVm5vMlJESlJVWG9LUTJ0amFHVkJiVU5LT0UxeGVVcDFOWHBzZW5sYVRXcEJkbTV1UVZRME5YUlNRWGhsYTNKemRUazBjMUUwWldka1VrTnVZbGRUUkhSWk4ydG9LMEpKYlFwc1NrNVliMEl4YkVKTlJVdEpjVFJSUkZWUFdHOVNaMlptZFVSbmFHcGxNVmR5UnpsTlRDdElZbWx6Y1M5NVJrOUhkMWhFT1ZKcFdEaEdObk4zTmxjMENtRjJRWFYyUkhONmRXVTFURE56ZWpnMVN5dEZRelJaTDNkR1ZrUk9kbHB2TkZSWldHRnZObG93Wml0c1VVdGpNSFE0UkZGWmVtc3hUMWhXZFRoeWNESUtlVXBOUXpaaGJFeGlRbVpQUkVGTVduWlpTRGR1TjJSdk1VRmFiSE0wU1Rsa01WQTBhbTVyUkhKUmIzaENNMVZ4VVRsb1Ztd3pURVZMVVRjemVFWXhUd3A1U3pWSGFFUkVXRGh2Vm1aSFMwWTFkU3RrWldOSmMwZzBXV0ZVZHpkdFVETkhSbmhLVTNGMk15c3diRlZHU205cE5VeGpOV1JoTVRRNWNEa3dTV1J6Q21oRFJYaHliMHd4S3pkdGNubEphMWhRWlVaTk5WUm5Uemx5TUhKMldtRkNSazkyVmpKNk1HZHdNelZhTUN0TU5GZFFiR0oxUldwT0wyeDRVRVpwYmlzS1NHeFZhbkk0WjFKelNUTnhaa3BQVVVaNUx6bHlTMGxLVWpCWkx6aFBiWGQwTHpodlZGZG5lVEZ0WkdWSWJXMXFhemRxTVc1WmMzWkRPVXBUVVRaYWRncE5iR1JzVkZSTFFqTjZhRlJvVmpFcldGZFpjRFp5YW1RMVNsY3hlbUpXVjBWclRFNTRSVGRIU2xSb1JWVkhNM042WjBKV1IxQTNjRk5YVkZWVWMzRllDbTVNVW1KM1NFOXZjVGRvU0hkblBUMEtMUzB0TFMxRlRrUWdRMFZTVkVsR1NVTkJWRVV0TFMwdExRb3RMUzB0TFVKRlIwbE9JRU5GVWxSSlJrbERRVlJGTFMwdExTMEtUVWxKUm1GNlEwTkJNVTluUVhkSlFrRm5TVkpCU1VsUmVqZEVVMUZQVGxwU1IxQm5kVEpQUTJsM1FYZEVVVmxLUzI5YVNXaDJZMDVCVVVWTVFsRkJkd3BVZWtWTVRVRnJSMEV4VlVWQ2FFMURWbFpOZUV0VVFXNUNaMDVXUWtGdlZFbEZiSFZrUjFaNVltMVdNRWxHVG14Wk0xWjVZVmhTTlVsR1NteGpNbFpvQ21OdFRtOUpSV1I1WWpOV2QwMVNWWGRGZDFsRVZsRlJSRVYzZUVwVk1VcElTVVpLZG1JelVXZFhSRVYzU0doalRrMVVWWGRPYWtFd1RWUkZkMDVFVFRRS1YyaGpUazE2VlhkT2FrRXdUVlJGZDA1RVRUUlhha0pRVFZGemQwTlJXVVJXVVZGSFJYZEtWbFY2UlhCTlEyTkhRVEZWUlVOb1RXZFRWelV3V2xoS2RRcGFXRkZuVlRKV2FtUllTbkJrU0d0blZXMVdlbHBYUm5sWk1tZG5Vak5LZG1SWVFYaEdWRUZVUW1kT1ZrSkJUVlJFUld4VVZXdGpaMVZ0T1haa1EwSlpDazFVUTBOQmFVbDNSRkZaU2t0dldrbG9kbU5PUVZGRlFrSlJRVVJuWjBsUVFVUkRRMEZuYjBOblowbENRVXN6YjBwSVVEQkdSR1o2YlRVMGNsWjVaMk1LYURjM1kzUTVPRFJyU1hoMVVFOWFXRzlJYWpOa1kwdHBMM1pXY1dKMldVRlVlV3BpTTIxcFIySkZVMVIwY2tacUwxSlJVMkUzT0dZd2RXOTRiWGxHS3dvd1ZFMDRkV3RxTVROWWJtWnpOMm92UlhaRmFHMXJka0pwYjFwNFlWVndiVnB0ZVZCbWFuaDNkall3Y0VsbllubzFUVVJ0WjBzM2FWTTBLek50V0RaVkNrRTFMMVJTTldRNGJWVm5hbFVyWnpSeWF6aExZalJOZFRCVmJGaHFTVUl3ZEhSdmRqQkVhVTVsZDA1M1NWSjBNVGhxUVRncmJ5dDFNMlJ3YW5FcmMxY0tWRGhMVDBWVmRDdDZkM1p2THpkV00weDJVM2xsTUhKblZFSkpiRVJJUTA1QmVXMW5ORlpOYXpkQ1VGbzNhRzB2UlV4T1MycEVLMHB2TWtaU00zRjVTQXBDTlZRd1dUTkljMHgxU25aWE5XbENORmxzWTA1SWJITmtkVGczYTBkS05UVjBkV3R0YVRodGVHUkJVVFJSTjJVeVVrTlBSbloxTXprMmFqTjRLMVZEQ2tJMWFWQk9aMmxXTlN0Sk0yeG5NREprV2pjM1JHNUxlRWhhZFRoQkwyeEtRbVJwUWpOUlZ6QkxkRnBDTm1GM1FtUndWVXRFT1dwbU1XSXdVMGg2VlhZS1MwSmtjekJ3YWtKeFFXeHJaREkxU0U0M2NrOXlSbXhsWVVveEwyTjBZVXA0VVZwQ1MxUTFXbEIwTUcwNVUxUktSV0ZrWVc4d2VFRklNR0ZvYldKWGJncFBiRVoxYUdwMVpXWllTMjVGWjFZMFYyVXdLMVZZWjFaRGQwOVFhbVJCZGtKaVNTdGxNRzlqVXpOTlJrVjJla2MyZFVKUlJUTjRSR3N6VTNwNWJsUnVDbXBvT0VKRFRrRjNNVVowZUU1eVVVaDFjMFYzVFVaNFNYUTBTVGR0UzFvNVdVbHhhVzk1YlVONlRIRTVaM2RSWW05dlRVUlJZVWhYUW1aRlluZHlZbmNLY1VoNVIwOHdZVzlUUTNGSk0waGhZV1J5T0daaGNWVTVSMWt2Y2s5UVRtc3pjMmR5UkZGdmJ5OHZabUkwYUZaRE1VTk1VVW94TTJobFpqUlpOVE5EU1FweVZUZHRNbGx6Tm5oME1HNVZWemN2ZGtkVU1VMHdUbEJCWjAxQ1FVRkhhbEZxUWtGTlFUUkhRVEZWWkVSM1JVSXZkMUZGUVhkSlFrSnFRVkJDWjA1V0NraFNUVUpCWmpoRlFsUkJSRUZSU0M5TlFqQkhRVEZWWkVSblVWZENRbEkxZEVadWJXVTNZbXcxUVVaNlowRnBTWGxDY0ZrNWRXMWlZbXBCVGtKbmEzRUthR3RwUnpsM01FSkJVWE5HUVVGUFEwRm5SVUZXVWpsWmNXSjVlWEZHUkZGRVRFaFpSMjFyWjBwNWEwbHlSMFl4V0Vsd2RTdEpUR3hoVXk5V09XeGFUQXAxWW1oNlJVWnVWRWxhWkNzMU1IaDRLemRNVTFsTE1EVnhRWFp4Um5sR1YyaG1SbEZFYkc1eWVuVkNXalppY2twR1pTdEhibGtyUldkUVltczJXa2RSQ2pOQ1pXSlphSFJHT0VkaFZqQnVlSFozZFc4M04zZ3ZVSGs1WVhWS0wwZHdjMDFwZFM5WU1TdHRkbTlwUWs5Mkx6SllMM0ZyVTNOcGMxSmpUMm92UzBzS1RrWjBXVEpRZDBKNVZsTTFkVU5pVFdsdlozcHBWWGQwYUVSNVF6TXJObGRXZDFjMlRFeDJNM2hNWmtoVWFuVkRkbXBJU1VsdVRucHJkRWhEWjB0Uk5RcFBVa0Y2U1RSS1RWQktLMGR6YkZkWlNHSTBjR2h2ZDJsdE5UZHBZWHAwV0U5dlNuZFVaSGRLZURSdVRFTm5aRTVpVDJoa2FuTnVkbnB4ZGtoMU4xVnlDbFJyV0ZkVGRFRnRlazlXZVhsbmFIRndXbGhxUm1GSU0zQlBNMHBNUml0c0t5OHJjMHRCU1hWMmRHUTNkU3RPZUdVMVFWY3dkMlJsVW14T09FNTNaRU1LYWs1UVJXeHdlbFp0WWxWeE5FcFZZV2RGYVhWVVJHdEllbk40U0hCR1MxWkxOM0UwS3pZelUwMHhUamsxVWpGT1ltUlhhSE5qWkVOaUsxcEJTbnBXWXdwdmVXa3pRalF6Ym1wVVQxRTFlVTltS3pGRFkyVlhlRWN4WWxGV2N6VmFkV1p3YzAxc2FuRTBWV2t3THpGc2RtZ3JkMnBEYUZBMGEzRkxUMG95Y1hoeENqUlNaM0Z6WVdoRVdWWjJWRWc1ZHpkcVdHSjVUR1ZwVG1Sa09GaE5NbmM1VlM5ME4za3dSbVl2T1hscE1FZEZORFJhWVRSeVJqSk1UamxrTVRGVVVFRUtiVkpIZFc1VlNFSmpibGRGZG1kS1FsRnNPVzVLUldsVk1GcHpiblpuWXk5MVltaFFaMWhTVWpSWWNUTTNXakJxTkhJM1p6RlRaMFZGZW5kNFFUVTNaQXBsYlhsUWVHZGpXWGh1TDJWU05EUXZTMG8wUlVKeksyeFdSRkl6ZG1WNVNtMHJhMWhST1RsaU1qRXZLMnBvTlZodmN6RkJibGcxYVVsMGNtVkhRMk05Q2kwdExTMHRSVTVFSUVORlVsUkpSa2xEUVZSRkxTMHRMUzBLTFMwdExTMUNSVWRKVGlCRFJWSlVTVVpKUTBGVVJTMHRMUzB0Q2sxSlNVZEZla05EUVM5MVowRjNTVUpCWjBsUlpsWjBVa3B5VWpKMWFFaGlaRUpaVEhaR1RVNXdla0ZPUW1kcmNXaHJhVWM1ZHpCQ1FWRjNSa0ZFUTBJS2FVUkZURTFCYTBkQk1WVkZRbWhOUTFaV1RYaEZla0ZTUW1kT1ZrSkJaMVJEYXpWc1pIbENTMXBZU25wYVdHdDRSa1JCVTBKblRsWkNRV05VUXpCd2JBcGpiazVzWlZOQ1JHRllValZOVWpSM1NFRlpSRlpSVVV0RmVGWlZZVWRWWjFaV1RrWlZiRkpUVmxaT1ZVbEZOV3hrU0dSMlkyMXplRXhxUVhOQ1owNVdDa0pCVFZSS1ZsWlVVbFpLVldOdVZucGtRMEpUVlRCRloxRXlWbmxrUjJ4dFlWZE9hR1JIYkhaaWFVSkNaRmhTYjJJelNuQmtTR3QzU0doalRrMVVaM2dLVFZSQmVVMUVRWGROUkVGM1YyaGpUazE2UVhoTmFrMTRUV3BOTVU5VVZUVlhha05DYW5wRlRFMUJhMGRCTVZWRlFtaE5RMUl3U1hoSGVrRmFRbWRPVmdwQ1FXZFVSV3RrZVZwWFJqQmFXRWxuVkZkR2RWa3lhR3hqTTFKc1kycEZVVTFCTkVkQk1WVkZRbmhOU0ZVeVJuTmFiVGw1V2tSRldVMUNXVWRCTVZWRkNrTm9UVkJWTWxacVpFZHNibUo1UWsxaFZ6RndaRWRXYTAxVVkzZE9VVmxFVmxGUlJFVjVOVlJhVjA0d1lWZGtka2xHU2xSUlUwSkZZakl4YUdGWE5HY0tWbTFHYzJGWFVtaGtSMngyWW1sQ1ZGcFhUakZqYlZWblZUSldlV1J0Vm5sSlJVNUNUVWxKUWtscVFVNUNaMnR4YUd0cFJ6bDNNRUpCVVVWR1FVRlBRd3BCVVRoQlRVbEpRa05uUzBOQlVVVkJNVzVOZWpGMFl6aEpUa0ZCTUdoa1JuVk9XU3RDTmtrdmVEQklkVTFxUkVwelIzbzVPVW92VEVWd1oxQk1WQ3RPQ2xSUlJVMW5aemhZWmpKSmRUWmlhRWxsWm5OWFp6QTJkREY2U1d4ck4yTklkamRzVVZBMmJFMTNNRUZ4TmxSdUx6SlpTRXRJZUZsNVVXUnhRVXB5YTJvS1pXOWpaMGgxVUM5SlNtODRiRlZTZG1nelZVZHJSVU13VFhCTlYwTlNRVWxKZWpkVE0xbGpVR0l4TVZKR1IyOUxZV05XVUVGWVNuQjZPVTlVVkVjd1JRcHZTMDFpWjI0MmVHMXliblI0V2pkR1RqTnBabTFuWnpBck1WbDFWMDFSU2tSbldtdFhOM2N6TTFCSFprdEhhVzlXY2tOVGJ6RjVablUwYVZsRFFuTnJDa2hoYzNkb1lUWjJjME0yWldWd00wSjNSVWxqTkdkTWR6WjFRa3N3ZFN0UlJISlVRbEZDWW5kaU5GWkRVMjFVTTNCRVEyY3ZjamgxYjNsa1lXcHZkRmtLZFVzelJFZFNaVVZaS3pGMlZuWXlSSGt5UVRCNFNGTXJOWEF6WWpSbFZHeDVaM2htUmxGSlJFRlJRVUp2TkVsQ1ltcERRMEZYYjNkSWQxbEVWbEl3YWdwQ1FtZDNSbTlCVlZVemJTOVhjVzl5VTNNNVZXZFBTRmx0T0VOa09ISkpSRnB6YzNkSVVWbEVWbEl3VDBKQ1dVVkdTVEpOV0hOU1ZYSlpjbWhrSzIxaUNpdGFjMFkwWW1kQ2FsZElhRTFCTkVkQk1WVmtSSGRGUWk5M1VVVkJkMGxDYUdwQlUwSm5UbFpJVWsxQ1FXWTRSVU5FUVVkQlVVZ3ZRV2RGUVUxQ01FY0tRVEZWWkVwUlVWZE5RbEZIUTBOelIwRlJWVVpDZDAxQ1FtZG5ja0puUlVaQ1VXTkVRV3BCWWtKblRsWklVMEZGUmtSQlUwMUJXVWRDUmxWa1NVRkJkd3BEUVZsSFdqUkZUVUZSU1VKTlJrRkhRVEZWWkVoM1VrcE5SV04zVW1GQ1JHOUZSMGRRTW1nd1pFaEJOa3g1T1dwamJYZDFaRmhPYkdOdVVubGtXRTR3Q2t4dFRuWmlVemxXVlRCV1UxWklTakZqTTFKVFZUQkdSRnBZU2pCaFYxcHdXVEpHTUdGWE9YVlJXRll3WVVjNWVXRllValZNYlU1NVlrUkNNa0puWjNJS1FtZEZSa0pSWTBKQlVWSnhUVWRuZDFCM1dVbExkMWxDUWxGVlNFMUJTMGROTW1nd1pFaEJOa3g1T1dwamJsRjFaRmhPYkdOdVVubGtXRTR3VEcxT2RncGlVemxXVlRCV1UxWklTakZqTTFKVFZUQkdRbHBIVWxWamJsWjZaRVZPUWt4dFRubGtSRUZzUW1kbmNrSm5SVVpDVVdOM1FWbFpXbUZJVWpCalJHOTJDa3d5T1dwak0wRjFaRmhPYkdOdVVubGtXRTR3VEcxT2RtSlVRVTVDWjJ0eGFHdHBSemwzTUVKQlVYZEdRVUZQUTBGblJVRk5jamxvZGxFMVNYY3dMMGdLZFd0a1RpdEtlRFJIVVVoalJYZ3lRV0l2ZWtSalRGSlRiV3BGZW0xc1pGTXJla2RsWVRaVWRsWkxjVXBxVlVGWVlWQm5Va1ZJZWxONWNraDRWbGxpU0FvM2NrMHlhMWxpTWs5V1J5OVNjamhRYjB4eE1Ea3pOVXA0UTI4eVJqVTNhMkZFYkRaeU5WSlBWbTByZVdWNmRTOURiMkU1ZW1OV00waEJUelJQVEVkcENrZ3hPU3N5TkhKalVtdHBNbUZCY2xCemNsY3dOR3BVYTFvMmF6UmFaMnhsTUhKcU9HNVRaelpHTUVGdWQyNUtUMHRtTUdoUVNIcFFSUzkxVjB4TlZYZ0tVbEF3VkRka1YySnhWMnh2WkRONmRUUm1LMnNyVkZrMFEwWk5OVzl2VVRCdVFtNTZkbWMyY3pGVFVUTTJlVTl2WlU1RVZEVXJLMU5TTWxKcFQxTk1kZ3A0ZG1OU2RtbExSbmh0V2tWS1EyRlBSVVJMVG5sS1QzVkNOVFpFVUdrdldpdG1Wa2RxYlU4cmQyVmhNRE5MWWs1SllXbEhRM0JZV2t4dlZXMUhkak00Q25OaVdsaFJiVEpXTUZSUU1rOVNVVWRuYTBVME9WazVXVE5KUW1Kd1RsWTViRmhxT1hBMWRpOHZZMWR2WVdGemJUVTJaV3RDV1dSaWNXSmxORzk1UVV3S2JEWnNSbWhrTW5wcEsxZEtUalEwY0VSbWQwZEdMMWswVVVFMVF6VkNTVWNyTTNaNmVHaEdiMWwwTDJwdFVGRlVNa0pXVUdrM1JuQXlVa0puZGtkUmNRbzJha2N6TlV4WGFrOW9VMkpLZFUxTVpTOHdRMnB5WVZwM1ZHbFlWMVJpTW5GSVUybG9jbHBsTmpoYWF6WnpLMmR2TDJ4MWJuSnZkRVZpWVVkdFFXaFpDa3hqYlhOS1YxUjVXRzVYTUU5TlIzVm1NWEJIWnl0d1VubHlZbmh0VWtVeFlUWldjV1U0V1VGelQyWTBkbTFUZVhKamFrTTRZWHBxVldWeGEyc3JRalVLZVU5SFFsRk5hMHRYSzBWVFVFMUdaMHQxVDFoM1NXeERlWEJVVUZKd1oxTmhZblZaTUUxTVZFUllTa3hTTWpkc2F6aFJlVXRIVDBoUksxTjNUV28wU3dvd01IVXZTVFZ6VlV0VlJYSnRaMUZtYTNremVIaDZiRWxRU3pGaFJXNDRQUW90TFMwdExVVk9SQ0JEUlZKVVNVWkpRMEZVUlMwdExTMHRDaTB0TFMwdFFrVkhTVTRnUTBWU1ZFbEdTVU5CVkVVdExTMHRMUXBOU1VsR00ycERRMEU0WVdkQmQwbENRV2RKVVVGbU1YUk5VSGxxZVd4SGIwYzNlR3RFYWxWRVRGUkJUa0puYTNGb2EybEhPWGN3UWtGUmQwWkJSRU5DQ21sRVJVeE5RV3RIUVRGVlJVSm9UVU5XVmsxNFJYcEJVa0puVGxaQ1FXZFVRMnMxYkdSNVFrdGFXRXA2V2xocmVFWkVRVk5DWjA1V1FrRmpWRU13Y0d3S1kyNU9iR1ZUUWtSaFdGSTFUVkkwZDBoQldVUldVVkZMUlhoV1ZXRkhWV2RXVms1R1ZXeFNVMVpXVGxWSlJUVnNaRWhrZG1OdGMzaE1ha0Z6UW1kT1ZncENRVTFVU2xaV1ZGSldTbFZqYmxaNlpFTkNVMVV3UldkUk1sWjVaRWRzYldGWFRtaGtSMngyWW1sQ1FtUllVbTlpTTBwd1pFaHJkMGhvWTA1TlZFRjNDazFxUVhoTlJFRjNUVVJCZDFkb1kwNU5lbWQzVFZSRk5FMXFUVEZQVkZVMVYycERRbWxFUlV4TlFXdEhRVEZWUlVKb1RVTldWazE0UlhwQlVrSm5UbFlLUWtGblZFTnJOV3hrZVVKTFdsaEtlbHBZYTNoR1JFRlRRbWRPVmtKQlkxUkRNSEJzWTI1T2JHVlRRa1JoV0ZJMVRWSTBkMGhCV1VSV1VWRkxSWGhXVlFwaFIxVm5WbFpPUmxWc1VsTldWazVWU1VVMWJHUklaSFpqYlhONFRHcEJjMEpuVGxaQ1FVMVVTbFpXVkZKV1NsVmpibFo2WkVOQ1UxVXdSV2RSTWxaNUNtUkhiRzFoVjA1b1pFZHNkbUpwUWtKa1dGSnZZak5LY0dSSWEzZG5aMGxwVFVFd1IwTlRjVWRUU1dJelJGRkZRa0ZSVlVGQk5FbERSSGRCZDJkblNVc0tRVzlKUTBGUlEwRkZiVlZZVG1jM1JESjNhWG93UzNoWVJGaGlkSHBUWmxSVVN6RlJaekpJYVhGcFFrNURVekZyUTJSNlQybGFMMDFRWVc1ek9YTXZRZ296VUVoVWMyUmFOMDU1WjFKTE1HWmhUMk5oT0U5b2JUQllObUU1WmxveWFsa3dTekprZGt0d1QzbDFVaXRQU25Zd1QzZFhTVXBCU2xCMVRHOWtUV3RaQ25SS1NGVlpiVlJpWmpaTlJ6aFpaMWxoY0VGcFVFeDZLMFV2UTBoR1NIWXlOVUlyVHpGUFVsSjRhRVp1VW1kb1VuazBXVlZXUkNzNFRTODFLMkpLZWk4S1JuQXdXWFpXUjA5T1lXRnVXbk5vZVZvNWMyaGFja2hWYlROblJIZEdRVFkyVFhwM00weDVaVlJRTm5aQ1dsa3hTREZrWVhRdkwwOHJWREl6VEV4aU1ncFdUak5KTlhoSk5sUmhOVTFwY21SamJYSlRNMGxFTTB0bWVVa3djbTQwTjJGSFdVSlNUMk5DVkd0YVZHMTZUbWM1TlZNclZYcGxVV013VUhwTmMwNVVDamM1ZFhFdmJsSlBZV05rY21wSFExUXpjMVJJUkU0dmFFMXhOMDFyZW5SU1pVcFdibWtyTkRsV2RqUk5NRWRyVUVkM0wzcEtVMXB5VFRJek0ySnJaallLWXpCUWJHWm5ObXhhY2tWd1prUkxSVmt4VjBwNFFUTkNhekZSZDBkU1QzTXdNekF6Y0N0MFpFOXRkekZZVG5SQ01YaE1ZWEZWYTB3ek9XbEJhV2R0VkFwWmJ6WXhXbk00YkdsTk1rVjFURVV2Y0VSclVESlJTMlUyZUVwTmJGaDZlbUYzVjNCWWFHRkVla3hvYmpSMVoxUnVZM2hpWjNST1RYTXJNV0l2T1Rkc0NtTTJkMnBQZVRCQmRucFdWbVJCYkVveVJXeFpSMjRyVTA1MVdsSnJaemQ2U200d1kxUlNaVGg1WlhoRVNuUkRMMUZXT1VGeFZWSkZPVXB1YmxZMFpXVUtWVUk1V0ZaTFp5c3ZXRkpxVERkR1VWcFJibTFYUlVsMVVYaHdUWFJRUVd4U01XNDJRa0kyVkRGRFdrZFRiRU5DYzNRMksyVk1aamhhZUZob2VWWmxSUXBJWnpscU1YVnNhWFYwV21aV1V6ZHhXRTFaYjBOQlVXeFBZbWRQU3padWVWUktZMk5DZWpoT1ZYWllkRGQ1SzBORWQwbEVRVkZCUW04d1NYZFJSRUZrQ2tKblRsWklVVFJGUm1kUlZWVXpiUzlYY1c5eVUzTTVWV2RQU0ZsdE9FTmtPSEpKUkZwemMzZEVaMWxFVmxJd1VFRlJTQzlDUVZGRVFXZEZSMDFCT0VjS1FURlZaRVYzUlVJdmQxRkdUVUZOUWtGbU9IZEVVVmxLUzI5YVNXaDJZMDVCVVVWTlFsRkJSR2RuU1VKQlJucFZaa0V6VURsM1JqbFJXbXhzUkVoUVJncFZjQzlNSzAwcldrSnVPR0l5YTAxV2JqVTBRMVpXWlZkR1VFWlRVRU5sU0d4RGFuUkllbTlDVGpaS01pOUdUbEYzU1ZOaWVHMTBUM1Z2ZDJoVU5rdFBDbFpYUzFJNE1tdFdNa3g1U1RRNFUzRkRMek4yY1U5c1RGWlRiMGRKUnpGV1pVTnJXamRzT0hkWVJYTnJSVlpZTDBwS2NIVllhVzl5TjJkMFRtNHpMek1LUVZScFZVWktWa1JDZDI0M1dVdHVkVWhMYzFOcVMwTmhXSEZsV1dGc2JIUnBlamhKS3pocVVsSmhPRmxHVjFOUlJXYzVla3RETjBZMGFWSlBMMFpxY3dvNFVGSkdMMmxMZWpaNUswOHdkR3hHV1ZGWVFtd3lLMjlrYmt0UWFUUjNNbkkzT0U1Q1l6VjRhbVZoYldKNE9YTndia1pwZUdScVVXY3pTVTA0VjJOU0NtbFJlV05GTUhoNVRrNHJPREZZU0daeGJraGtOR0pzYzJwRWQxTllWMWhoZGxaalUzUnJUbkl2SzFobFZGZFpVbFZqSzFweWRYZFlkSFZvZUd0WmVtVUtVMlkzWkU1WVIybEdVMlZWU0UwNWFEUjVZVGRpTms1dVNsTkdaRFYwTUdSRGVUVnZSM3AxUTNJcmVVUmFORmhWYlVaR01ITmliVnBuU1c0dlpqTm5XZ3BZU0d4TFdVTTJVMUZMTlUxT2VXOXplV05rYVhsQk5XUTVlbHBpZVhWQmJFcFJSekF6VW05SWJraGpRVkE1UkdNeFpYYzVNVkJ4TjFBNGVVWXhiVGt2Q25GVE0yWjFVVXd6T1ZwbFlYUlVXR0YzTW1WM2FEQnhjRXRLTkdwcWRqbGpTakoyYUhORkwzcENLelJCVEhSU1dtZzRkRk5SV2xoeE9VVm1XRGR0VWtJS1ZsaDVUbGRSUzFZelYwdGtkM0p1ZFZkcGFEQm9TMWRpZERWRVNFUkJabVk1V1dzeVpFUk1WMHROUjNkelFYWm5ia1Y2UkVoT1lqZzBNbTB4VWpCaFFncE1Oa3REY1RsT2FsSklSRVZxWmpoMFRUZHhkR296ZFRGalNXbDFVR2h1VUZGRGFsa3ZUV2xSZFRFeVdrbDJWbE0xYkdwR1NEUm5lRkVyTmtsSVpHWkhDbXBxZUVSaGFESnVSMDQxT1ZCU1luaFpkbTVMYTB0cU9Rb3RMUzB0TFVWT1JDQkRSVkpVU1VaSlEwRlVSUzB0TFMwdENnb0sKICAgIHNlcnZlcjogaHR0cHM6Ly9mNS1iZC5jb25zb2xlLnZlcy52b2x0ZXJyYS5pby9hcGkvdms4cy9uYW1lc3BhY2VzL2RlbW8tYXBwL2RlbW8tYXBwLXZrOHMKICBuYW1lOiBkZW1vLWFwcC12azhzCmNvbnRleHRzOgotIGNvbnRleHQ6CiAgICBjbHVzdGVyOiBkZW1vLWFwcC12azhzCiAgICBuYW1lc3BhY2U6IGRlbW8tYXBwCiAgICB1c2VyOiBkLmdhcnJpc29uQGY1LmNvbQogIG5hbWU6IGRlbW8tYXBwLXZrOHMKY3VycmVudC1jb250ZXh0OiBkZW1vLWFwcC12azhzCmtpbmQ6IENvbmZpZwpwcmVmZXJlbmNlczoge30KdXNlcnM6Ci0gdXNlcjoKICAgIGNsaWVudC1jZXJ0aWZpY2F0ZS1kYXRhOiBMUzB0TFMxQ1JVZEpUaUJEUlZKVVNVWkpRMEZVUlMwdExTMHRDazFKU1VZdmFrTkRRU3RoWjBGM1NVSkJaMGxSVGsxc1IzVmtlWE0xTTFnM1pEazViM05GVW1ZMGVrRk9RbWRyY1docmFVYzVkekJDUVZGelJrRkVRMElLZEdwRlRFMUJhMGRCTVZWRlFtaE5RMVpXVFhoRmVrRlNRbWRPVmtKQloxUkRhMDVvWWtkc2JXSXpTblZoVjBWNFJrUkJVMEpuVGxaQ1FXTlVRekZPYUFwaWJsSm9TVVZPYzFsWVNtaE5VamgzU0ZGWlJGWlJVVXRGZUZwWFlqSjRNRnBZU25sWlUwSkdXa2RrYkVsR1RteGpibHB3V1RKV2VrMVRRWGRJWjFsRUNsWlJVVXhGZUdSS1ltMWFlVmxZVGpCamJsWnFaRWhXZVZwVFFsUmFWMDR4WTIxc01HVlVSVFZOUkdOSFFURlZSVUY0VFhkVlJrcFFVa05CZEVsR1Vtd0tZbTFHZFdSRFFsWmpNbFo1U1VWT2JHTnVVbkJhYld4cVdWaFNiRWxGYkhwak0xWndZbTFqWjFFd1JXZE1VMEl5VFdrMGVFMUNORmhFVkVsNlRVUk5lQXBQUkVVMFRYcFJlazB4YjFoRVZFbDZUVVJaZUU1VVJUUk5lbEY2VFRGdmQweHFSVkpOUVRoSFFURlZSVU5vVFVsa2JUbHpaRWRXZVdOdFJYaEhWRUZZQ2tKblRsWkNRVTFVUlVaV1ZGSldTWFJSTUZaVFZrVnNSMU5WVGtKV1JWVjNaMmRKYVUxQk1FZERVM0ZIVTBsaU0wUlJSVUpCVVZWQlFUUkpRMFIzUVhjS1oyZEpTMEZ2U1VOQlVVTjBXREJPTmt4aWVYQmhPRU5oZVZkalQwbHVTalIxYzJKRGMyUjJVVGxLV25WMU9GbExhMVJHYzBKcVJuRTNTRVpZVUhkUFNBcHhNVkpyUms0eksxaGpSbEJtTjFseFdsVnJNMFE0VG1JdlVXaGpibk5vU0djeGEzWjVlbkV3VkZOTVVsTnBNRWRwVWt0UFZWWndlVGxKVjNCT1RreFRDbVF2V2psaE9ETkVPWGxoZWsxRlVFbG5VSFozVWxOM1JVaDVjVFIyYVRSVWF6SkxSMVpJYTNWU1kxZFNTWFZGZEhKQ00zaENSVE51YjJ0UFJtOVZWazRLVW01cVVGQlVjRkZ1VkZaQ1kyNXRjSFIzU2t4bk4zUTRWVk53WWtkNVJrbDNUbXRvY21KVU9FVTBlVVUyWVVWMU9VTXdWMnQ2UkhwUVYyVmtTMUJtVVFwc1UzcFdaRFE0ZFRBd0wzTk9VWEZKUTBOTWRtcGxjM2t3ZWk5b2EzUTNRV1IwUVdSV1VUSkRiV1JsY25rclExTkRSMlJZZW1SNGJGTktNMmRHWkZaR0NtbDVXVkZLVG01WVdsaFdiQ3QzVVZsd2FYcHlTRzVTZDNkQlVYQjBOMngyTVZWUVdtMWtWamxYU0RFd1VWQkhVeXQwZGpGTmMxRmhjWGxRYjFSSk1YWUtURE5DZG5kU2N5dFJOREJUWkUxVGJsVjBabmQ1VFZaSVpreFVTbWwxUTJoTE1sWTBkbmx3Y1VOWksxZElOVkV2UlZCdlZEVkZXakpqYzJOVk5VZDRSUXB4U0hCek1EQndZM1YxVEhVNFVXdDJOalpqV1ZOdVVteE5RMDl2VUdoTFQyY3ZLMmhZWTJOVFUzVlRRMnh5UWxwVGNHdDJhSE5oUmpNMFpVTTRXRXhrQ2xoSlFWWjJTMlJtUkZwTWExazBPRkl5ZDI1TFQydHlZME5IWW5GWGNVbHlTRVY1VjBsM1UzTnRPV2gwT1hKdE5qQnpOSEJ4WldwR04zQlJNU3RZUjBjS1luUlBUM0E0VERsNlYxbG9UVU5VYTNKaFkzcHFRalpqV0VVNGVGaE9UVmRrZFVSQlQxWkhhMlYzZFRsRlZqaERaMkpRUjJsUVdqaFBSV3BtWldkdlRncDZPREV4YTNBcmJHVkdjVEZDUjJWVlJtWlVhbWxSUkhORE1rZHJTRmRSUmxkM09HTTJORlpPYjFndmVXOW9ibUpNYjNCVlVuZEpSRUZSUVVKdk5FZFBDazFKUjB4TlFUUkhRVEZWWkVSM1JVSXZkMUZGUVhkSlJtOUVRVlJDWjA1V1NGTlZSVVJFUVV0Q1oyZHlRbWRGUmtKUlkwUkJha0ZrUW1kT1ZraFJORVVLUm1kUlZWTk1lVmxUVWtWTVFucGlXbk5VUnpkUlZXMW1hbEV6YVVVMFZYZEpkMWxOUzNkWlFrSkJSMFJ2VVRSQ1FWRkZRa0pDVFVWRlYxRjFXakpHZVFwamJXeDZZakkxUVZwcVZYVlpNamwwVFVOQlIwUkRjMGRCVVZGQ1p6WkZUMEZSUlVKQloxRlJRa0UxYlU1VE1XbGFRekY1WkRKR2MxcElhSEJoVkVGT0NrSm5hM0ZvYTJsSE9YY3dRa0ZSYzBaQlFVOURRV2RGUVhod01rNW9laXQ1UmtKUFJIbFdlamxSVWt0RGJVMWpZbVpHUVhoV01XdGpZMVZRWW1abWEwSUtVemd3WTJoa00xcEhUblF6ZGpkRlowczBjRWhpV2k5eFJXUkVjSEZZVFRkUGJIb3hjMnR5VkhZeVRqY3dUMm96YUVKWFJpdDNiMjQzVW5OWGJGTmlNQW8zZUhaYU0yWkpkRXRXUkM5MFZrdEpSamw2V2pJelIyaENPVVJRWTNoUmVqVTFRa2xqV2pVdk0xTmpTRzVTTW5WTFZHdE1SSFYzSzJzelEybFJXR3d6Q21nNFRucGlSM0JUYWpoMVJXc3ZOR2d5TURWMVNFaFBNemhzU2tScmFHRnhlVEpEVUdkc05IQkdlVTVhV0hsNWRFWlZVRlZIZDBOU1dsZzBkRm95V0hrS2RsQkdhR0ZxSzNWSmEzbzVlakozTUdGblpXUTBhVGRwWWk5SWRURTVTVlZ2UlZsNGEwNWlTMFJPVkhJNGIyaDJWblIzV1ZGNWQwYzBWR2MxVDJ0SWRBcHhWbVF4YTNGdmNqSndNM1E1VldoVGVXTm1VMEpXT1V4a1dWSk9UVGwwYTFvM1JWTllTMUZWVEZsQmFXaHpNU3RLYm05a2NVSTNObk5wYTFwWVJGVlRDa0poYTJ0WFVHVnJSVGg0U1V4a1lVNUVWVVZvUjBwR1lYaEtaMDVMVlVoRFpHSXlZMVZsV0dGdWNrazNXVmtyU0ZkUU9TOXJWekEwTlZCRk5FZHVVQ3NLYjJvNFZXOTBiMjEzZFRsWk1FRllaWGN4VDI0dmRYUTRRa0ZETVZOelJXczRhWGt6YXpWTmJqazRSelppWVZWb1RYRmtWRmMwT1VaUWF6VjFabHBPU0FwNVNrUm9kQ3Q2YVRCSlRreFVTR1ZYTURoWGVITkdXRzQxV1hoTVMwWTVZVVZ3VXpoaU5XSlFSek51S3k4emRrWlpabUpUZGxwdVNtMUJTRFpUYTBrNENsbG1hVGQ2TjNGME0yZHFjSFJLVEhoaVpXWkJSMlZsTlZGVE0waERXQ3RXUWtaSVJYbHpSMW95VkRaWEwwTnJRMnRRWmxjNWFYRlRaR013VDBSTkx6Y0tVSGRwYWxJMGFsQm1XRU56Y1dsQmRHbGFabVoxUkhOVWJVOWpNR0pEYnpJMFlUaGtVekJqUjJJdlYySk9UVUpUZHpKV1dHdHhZM2x5WkRJMlJXMU9Ld3BPYkRBOUNpMHRMUzB0UlU1RUlFTkZVbFJKUmtsRFFWUkZMUzB0TFMwS0xTMHRMUzFDUlVkSlRpQkRSVkpVU1VaSlEwRlVSUzB0TFMwdENrMUpTVWRqVkVORFFrWnRaMEYzU1VKQlowbFNRVWxaT0RCTFlrZEtLeTlMZEVONFlYcEpORVptYlZsM1JGRlpTa3R2V2tsb2RtTk9RVkZGVEVKUlFYY0taMkpGZUVONlFVcENaMDVXUWtGWlZFRnNWbFJOVWsxM1JWRlpSRlpSVVVsRmQzQkVXVmQ0Y0ZwdE9YbGliV3hvVFZKUmQwVm5XVVJXVVZGSVJYZDBWQXBaVnpVd1dWTkNSR0pIUm5sWlZFVm1UVUl3UjBFeFZVVkRhRTFYVm0wNWMyUkhWbmxqYlVWblVsZFNibHBUUWxSYVdFb3lZVmRPYkdONlJXZE5RalJIQ2tFeFZVVkRlRTFZVTFjMWJXTnRSbnBrU0VveFdUTlNNV050VldkVk1sWnFaRmhLY0dSSWEzaE9SRUY1UW1kT1ZrSkJUVlJMTVVKVFZEQlJaMHhUUWxVS1dsYzFhR0p1VVdkV1dFNXNZMmxDUkZwWVNqQmhWMXB3V1RKR01GcFRRbE5pTWprd1NVVk9Ra2xETUdka2FrbDNTR2hqVGsxcVFYZE9ha1Y0VFZSVk1RcE9la1V3VjJoalRrMXFWWGRPYWtWNFRWUlZNVTU2UlRCWGFrTkNkR3BGVEUxQmEwZEJNVlZGUW1oTlExWldUWGhGZWtGU1FtZE9Wa0pCWjFSRGEwNW9DbUpIYkcxaU0wcDFZVmRGZUVaRVFWTkNaMDVXUWtGalZFTXhUbWhpYmxKb1NVVk9jMWxZU21oTlVqaDNTRkZaUkZaUlVVdEZlRnBYWWpKNE1GcFlTbmtLV1ZOQ1JscEhaR3hKUms1c1kyNWFjRmt5Vm5wTlUwRjNTR2RaUkZaUlVVeEZlR1JLWW0xYWVWbFlUakJqYmxacVpFaFdlVnBUUWxSYVYwNHhZMjFzTUFwbFZFVTFUVVJqUjBFeFZVVkJlRTEzVlVaS1VGSkRRWFJKUmxKc1ltMUdkV1JEUWxaak1sWjVTVVZPYkdOdVVuQmFiV3hxV1ZoU2JFbEZiSHBqTTFad0NtSnRZMmRSTUVWblRGTkNNazFwTkhoTlNVbERTV3BCVGtKbmEzRm9hMmxIT1hjd1FrRlJSVVpCUVU5RFFXYzRRVTFKU1VORFowdERRV2RGUVRCV1JIRUthSFExUzFoMWExSkhRa1JPYmtWdksxbHJWSEZsWmtwTFVYWk1aMGhKVWtGSE9Xc3hZa0ZFVjNkak1Ib3JSV1pXZVRSdFptaGFNVzVMZWxJMmFYWnlid3BhYURJMFRXOUpiMWRtTmxGb1VTOTVRV3MxTkVrM2RuVmpUUzk0TVc5blZXaFpUazA1YzB4d05WVTBjREV4T1hwNk9FWlNNRXR2VkdkdVVETkdielpvQ25GSEswZGtVV05LYXpFeE1FOUtWWE5ITkU5d2RsaFNRbXBRSzBVeEwyOUVkamhFWWtoRVYyUlJjV2tyVmpKTU4yTmFNekpNU201RE5YRlBTMFppT0U4S1NtTmxSVWRDYlVKaU1uSXlhbXhNTW5jd2VqZGpTRFpsVjJKNVdXRXdTVnBMYnpkNmQzTnFibEJOU25oV1JVdHZTVzB5TUVwWGFVZE9kMHhWZUVaVGNRcE9NMGh3T0V0a1IxQmFLMFkzVG5Ock9IRklhMWRNVTBkSU5qWnJZVTlvY2pkcFdXNXBOM1kwV1dSMVV6SkRTMFpOUjFWYWQwZzJTRGN6SzNreWVFcEVDbVJpYzBGQ2NGbFRXR0pCZEVneVJHMVVNbkJDVTBwR1VYWkdTVE5OVkVVeVZUQnNRMFpOU2t0Q2JGSXdjbkZKVVZobVRXOTZXWGx1UVVrd1QxZHZkR2NLWTNRNGJESkxjRGx1ZFU5UlFVbEdhbTF5U2t4d01GQkZSRWhvYjBzelJEQkxTVTVhVjBwTll6bEtiMGxsUTFkbGEwWlVjVTQwWW1WQ2NGRnJSbWhSTkFwVWQzWkhRelEyTkhaRFVYUkdjR0ZUVmtsdGRURnpZbVJsVkhkWE1GbzVlVlJXVjNOdlNUQlNkRFpTVUhKclpscGxUbk14YzNCa01tNXZjMG95T1hGWkNrMWFTMkY1YXl0UWVVTmllUzlCVTJjMmExWm5abEpqV1ZOUFJYaDJVbk0xZGpSemIwNDFkRzVEUTNCb2QzUnBOSE15Uld0b05IUjRabW8yU0VablNTOEtXVkJxUTJwSGFXaHdjbmh1YlVWak4yeEpTWFJWY2tocWJWaHlUVFpsV2pReFZUSnVPVTVFUVZkTWFqTndORWt5WkRnMFpERXZUbmhQU21ScVUxQTBNZ3BSVW1GSWNFUlFTVEpJZVZKV1IydHFaMjluTUdkV1MxSnNVRTlXTW1oUVZHRmlTakZFU1d0RFFYZEZRVUZoVGpsTlNITjNSR2RaUkZaU01GQkJVVWd2Q2tKQlVVUkJaMHRGVFVFNFIwRXhWV1JGZDBWQ0wzZFJSazFCVFVKQlpqaDNWMEZaU1V0M1dVSkNVVlZJUVZGRlJWUkVRa3ROUldkSFEwTnpSMEZSVlVZS1FucEJRbWhxZUhaWk0wNTNURzVhYkdONU5YQmllVGxSVldzNVJVbERNR2RXUjFaMVdWYzFNRWxHVm5wYVdFbG5VVEpXZVdSSGJHMWhWMDVvWkVkVlp3cFRXRTU2WkZkc2RWcDVRa1JSVTBGMFNVaFplVXhxUlhkRVVWbEtTMjlhU1doMlkwNUJVVVZNUWxGQlJHZG5TVUpCVG5SMGRqbFJkMEo2U1dZelEwNWFDbHBTVEhjd1FVeDFha1pHZVdJME1rbFBiMUkzVUU1cU1qQk1jMFpyVWtkb1dIRlBaMjU0YUZSMGFHVTBSVmhIVG5kdlNtUjVUMEZZWmtOV1dHeHpjMmdLTlRRcmIwTkJRM2QzTldwbmVESktWa3c1UTBwUVVIQXhWa0ZXU0ZscmF5OXhZWGRaVkZGME5rNTRPV2RMY1RsbmJuZHFSakJDTjFVeGMzTkhTVkptYWdwd1J6azRNakEzVFZOdVNrTTNlbFJ3T1hSYWF6bFJVM1ZISzNGSGMxZDVUVTAwU2t4NFoyRmFUMmRwUkZCR1RGWm1UVzFSY1hWVWFUZzFaMkZOZDBkTkNtZEhjVzlhZVdaTk56TkZVa1V4TlVGclFqSlJUamx2YjJoS2NUTkVURzkwVFN0R1MyZExkR1V2V25CeWJrNU9kMDk0TVZWT2NtY3lhRk5zVTAxMU1VTUtlREoyUm05S1FrWjVTR3BpUW5rMU1GcFlWMlJ6ZDJwaldXMXhWRlpJV1UwMlpraE9VWEJWYkU1VFZFbFVZbFExVmpKVlZHVkdWelp3UTJ0WVQwTm5aZ3A0U25abFFYWTNRMnhXT1RKTFJqSXdOV2RNTkZGQ1F6VjNUMlJQV0ZCSmEwdENORlpZWm1SbVJFZzRZWGRPTWpNclZGaEdXbE4wZGpoeGVVUTBhV3BNQ25OU09YSXJhM1VyTW5kSFdrNU1ZakpKTmxZM1prbDVkRmxRVGpCcFJHaEtTblZhV0RsMmExZG1hSEpPSzJKdU9IVnZOa0Z3VDB4bk56bFNTRWN6VURNS1VWSlhRbXRvUVcwd1ppdGlNMmcwTlVweFQyeHRhbXBoTkZwQ1JtSjBXaXRHV1U1VVYySlZTMkl2TmpOU1EzcDJLMDAwV0RCSmJGZEZVMlJCU1cxcWJBb3ZWVFExUVVwcWEybGtjRXcwUkUxM04wSjFVMUZGUlVrdmIyTkVPRk5uWm13M09YaG1aMHRaYTBOMlkyOHJiVzlVUVdaVGNWRnNSM2RTZGxBM1NXTnFDamxMUWxod1VUSlJWMUp2UWtaaFVXMTNjeTh3Y1RKc1owUjBhU3Q2WWt0eFdWRjRabEV6U1RGWE1scFFVMGhUUlVSeFJWWnhOVWRoUlhoMlJVTklPRElLWlZocE1GSk5TazEwWjBGcFl6aHBTVlF6TVVKVmJGcFljWGxEUlFvdExTMHRMVVZPUkNCRFJWSlVTVVpKUTBGVVJTMHRMUzB0Q2kwdExTMHRRa1ZIU1U0Z1EwVlNWRWxHU1VOQlZFVXRMUzB0TFFwTlNVbEhXbnBEUTBKRksyZEJkMGxDUVdkSlVrRktOMmRWTURVNFprTlZUSGhuT1dkWVMzVmhSVW8wZDBSUldVcExiMXBKYUhaalRrRlJSVXhDVVVGM0NtZGlSWGhEZWtGS1FtZE9Wa0pCV1ZSQmJGWlVUVkpOZDBWUldVUldVVkZKUlhkd1JGbFhlSEJhYlRsNVltMXNhRTFTVVhkRloxbEVWbEZSU0VWM2RGUUtXVmMxTUZsVFFrUmlSMFo1V1ZSRlprMUNNRWRCTVZWRlEyaE5WMVp0T1hOa1IxWjVZMjFGWjFKWFVtNWFVMEpVV2xoS01tRlhUbXhqZWtWblRVSTBSd3BCTVZWRlEzaE5XRk5YTlcxamJVWjZaRWhLTVZrelVqRmpiVlZuVlRKV2FtUllTbkJrU0d0NFRrUkJlVUpuVGxaQ1FVMVVTekZDVTFRd1VXZE1VMEpWQ2xwWE5XaGlibEZuVmxoT2JHTnBRa1JhV0Vvd1lWZGFjRmt5UmpCYVUwSlRZakk1TUVsRlRrSkpRekJuWkdwSmQwaG9ZMDVOYWtGM1RtcEZlRTFVVlRFS1RucEZlbGRvWTA1TmVsVjNUbXBGZUUxVVZURk9la1Y2VjJwRFFuTlVSVXhOUVd0SFFURlZSVUpvVFVOV1ZrMTRSWHBCVWtKblRsWkNRV2RVUTJ0T2FBcGlSMnh0WWpOS2RXRlhSWGhHUkVGVFFtZE9Wa0pCWTFSRE1VNW9ZbTVTYUVsRlRuTlpXRXBvVFZJNGQwaFJXVVJXVVZGTFJYaGFWMkl5ZURCYVdFcDVDbGxUUWtaYVIyUnNTVVpPYkdOdVduQlpNbFo2VFZOQmQwaG5XVVJXVVZGTVJYaGtTbUp0V25sWldFNHdZMjVXYW1SSVZubGFVMEpVV2xkT01XTnRiREFLWlZSRk1FMUVTVWRCTVZWRlFYaE5jbFZHU2xCU1EwRjBTVVpTYkdKdFJuVmtRMEpXWXpKV2VVbEZUbXhqYmxKd1dtMXNhbGxZVW14SlJrcDJZak5SWndwUk1FVm5URk5DTWsxcVEwTkJhVWwzUkZGWlNrdHZXa2xvZG1OT1FWRkZRa0pSUVVSblowbFFRVVJEUTBGbmIwTm5aMGxDUVU1NGRrOVRWbmd5TVc5eUNuRlNUV2M1WmpOa0wzcFJRVFowT1ZOUWQwMXlaa1ZQTVc1dVVIZE5SamxoZDFOSlZIWXZNMkZaVm5oQ1lXcDRlbG80U0hKV1VqRm5UWGxvTkVSa1NFMEtWRXRvVWpSU1VVaEJTMHBXVGpkUE5sTm5Uamx2TjBzdmR6RnJiRXRpWkZvNWFGTlFVa1o0VGtJNGIwNXpObXdyUTNWdk9XOXJiMk4xZEdGRWVEUk9jUXBQWmtGak16VnFTVzlvU1VkNWJXTjVUbTg1THpsc1pWQmtTeXR3UlVzd2Ewa3dlSFFyTVhSUmQxVkRSa05oUldaM2EzZE9ZMDl4VTA5SFRYZFpRVWhOQ2xsdk1HVm9jRmRDZFVoUVJWUkVOMFEyUmtGNGIwcDFUa3c1Y0VWQlZIWnVSbEZQY0ZvME16Qk9lamhsUld0RWNEUnJMMnhIUjJVNWFTOTVkMVJoVkdJS2QzYzJiRzFOTWtFek1FTlBSVlJYY2tFNWIwTlBaV05IT1VGWVZYb3lVMEk0UldSMU9FWndPVkpFTlRkS01Ua3ZkV2xIYzFrcllsVnZWbU5wZUdOMFp3cHJZazVRYnpCdFZsaHFaRlpMWmtwWGJXWkRNR1pMYmswM1dsUTRiRTVaZERCRmNVazNRVnBCVm5KYVpHZHBkREpTY0Vwb05GWTNZMnhLYUdZNFpWRlNDa3REYUhscWVsUkJlVTk0Y0Rkc1dtRmtUVlpvZG5JNVExSmlaU3RHVEVJeFltUklRa2hLYzJGalJVaExNbGhtYkRsb05uSjBWekpNVVhaTFEzSkRiVzhLYW1kV2VqaFFlV1ozT0hwV1EwcEJhMDB6Vm5jeVNtWndaV2MyVFRWSGR5c3ZTRmh2UkVkR0szRnpiRFZFVmpOaWRHWXdMMUUxTW5KRVZWTnlOVUZqYkFwWVRFVnVNM2t4UWxNMlRXUXJibTlOTDNGWmJHMU5hM1kzV1dVNU1EbFNjVlEyVW05YWFuRkpiWGM0TkhoUU5uaGlTRzFZVDJaMWN5OUZUbkk0TlRKbENtNWFSRGRTWTA0MFYzVjRWVFpRV0UxNVpVcHVWblJwYUU1SFRHNWhLM1ZFV1hnMFYwRk5jM1ZJZGxWUWFrUjJSRk55UmtOT2JFRmhUa2czTmtKWWQwc0tkME0yTDI1RFNrWlBaMGxsTnpCTVRuZFBkbk5YTDFsMWFYaHJaazVrU0V4QlowMUNRVUZIYW1WRVFqSk5RVFJIUVRGVlpFUjNSVUl2ZDFGRlFYZEpRd3BvUkVGUVFtZE9Wa2hTVFVKQlpqaEZRbFJCUkVGUlNDOU5SazFIUTBOelIwRlJWVVpDZDBWQ1FrVmpkMUpVUWtSQ1oyZHlRbWRGUmtKUlkzZEJXVmt6Q21JeVRucGpRelV5V2xoTmRXRlhPSFpWUmtwUVVrTkJkRWxHVW14aWJVWjFaRU5DVm1NeVZubEpSVTVzWTI1U2NGcHRiR3BaV0ZKc1NVWktkbUl6VVdjS1VUQkZaMHhUUWpKTmFrRk9RbWRyY1docmFVYzVkekJDUVZGelJrRkJUME5CWjBWQk1ubFpNMDByWmxkTFpIcEVSVm8xU1dnM1VFNTFiR3RaWVhwall3cElObnBWTTBKblRDdFZWRzlSU1RKcVRuZDJiVzl2Y0RsRWR5dFdaV2xDTjNOWVZUQndXalZ4ZWpaNFdFSlNNVEZyUVRWUlptVlpNV05SV0VONVkwMHZDa1JQUkUxVlV5dG1hMmxoTkcxdVIycHdUblZvWVhadVlVVkJSR1JhY0VkTVV6UXdaRTlRYldGb1QwTmpjRkJ2TjBSTU5XWklkVUpGVG1KcVpUaGtVV1lLUkVaT1R6TmhXa1ZxY2pkNlRqWkpibmN4TDBaVE4yVmthWFZ3UjNobVRYaHJlRk42UVd0c1ZVUmtNME41VkdwMWN6ZFlOemxQTTBrclMxSkRVRFEwYlFweWVVTnVablJ0ZG1nMmJrNW9lVTFxZG5SeFNXb3llWFZ0TlRKVVQwZFhNVzV1V21sbVlXaEhORXROZDJKR2JrSTVkM2xwUzBwSVYydE9hRk55ZFVGUENtcEtlRWd3YkV0ME4xbEtRMEpDUzFCNlRsQm1UVk5FTjBOdWRYQXhORkJJY0ZSUFFqQnRjVXhPY0VKVFZ6VTRhVWxRVnpkMGQySjJVM1ZQV1dSMWIxWUtNRkZGYmt0WWRVRnpiVlp3TlRadVNUSXpTRW8wYUdGNVUweEhaSEZUUlVOcFptUm5abE4zVjFwT1JFWkVZVVpyWjIxaWJVWldaV2R6UjJJeWVtd3ZLd3BOVVZoTWMxTXJlRnBOYWxaNlpHMWtNRkJuV214Qk5raG9kVFJWTlhBMlIzZFVNbWxXZEZaTk5sVlpValF3YURkUmRYVm1hRzV1TlZwTmVTdHZSVWREQ2twd0sySmFXWGh5Y2s1R2IxbG5hRWRwTjFacFkwcG1iRkl3YjNCMGVHTlRjMmRKVG5WbVdsQnZSMFJWZFdNeVVISm5WbWt6Wld0VVUyRlRSV1VyZW00S1JXbzJWMFl5VG1oak9ISnlXVzVQV1Vvd1JYSjFUMVV4VTB4bWVXSkRLemwyZVRKYVpYSjZMek42ZVU1amFHRkJWaXRqZW5aaGRHaFVRa0o0Wkd4QlN3cElhUzlpU1dobGJHRlhXV3h4Y2sxdE5sZHZabHAxVkhsUWJVMDJOVVk1UjBveVdYSTVObFFyTWtSeFJDdHhiRTl6UkU1dlUxcFdjVmRaVVc5WmNEUmxDbVF3YVVneUwwcEdSbWRLU0ZoRFp6MEtMUzB0TFMxRlRrUWdRMFZTVkVsR1NVTkJWRVV0TFMwdExRbz0KICAgIGNsaWVudC1rZXktZGF0YTogTFMwdExTMUNSVWRKVGlCUVVrbFdRVlJGSUV0RldTMHRMUzB0Q2sxSlNVcFJkMGxDUVVSQlRrSm5hM0ZvYTJsSE9YY3dRa0ZSUlVaQlFWTkRRMU13ZDJkbmEzQkJaMFZCUVc5SlEwRlJRM1JZTUU0MlRHSjVjR0U0UTJFS2VWZGpUMGx1U2pSMWMySkRjMlIyVVRsS1duVjFPRmxMYTFSR2MwSnFSbkUzU0VaWVVIZFBTSEV4VW10R1RqTXJXR05HVUdZM1dYRmFWV3N6UkRoT1lnb3ZVV2hqYm5Ob1NHY3hhM1o1ZW5Fd1ZGTk1VbE5wTUVkcFVrdFBWVlp3ZVRsSlYzQk9Ua3hUWkM5YU9XRTRNMFE1ZVdGNlRVVlFTV2RRZG5kU1UzZEZDa2g1Y1RSMmFUUlVhekpMUjFaSWEzVlNZMWRTU1hWRmRISkNNM2hDUlROdWIydFBSbTlWVms1U2JtcFFVRlJ3VVc1VVZrSmpibTF3ZEhkS1RHYzNkRGdLVlZOd1lrZDVSa2wzVG10b2NtSlVPRVUwZVVVMllVVjFPVU13VjJ0NlJIcFFWMlZrUzFCbVVXeFRlbFprTkRoMU1EQXZjMDVSY1VsRFEweDJhbVZ6ZVFvd2VpOW9hM1EzUVdSMFFXUldVVEpEYldSbGNua3JRMU5EUjJSWWVtUjRiRk5LTTJkR1pGWkdhWGxaVVVwT2JsaGFXRlpzSzNkUldYQnBlbkpJYmxKM0NuZEJVWEIwTjJ4Mk1WVlFXbTFrVmpsWFNERXdVVkJIVXl0MGRqRk5jMUZoY1hsUWIxUkpNWFpNTTBKMmQxSnpLMUUwTUZOa1RWTnVWWFJtZDNsTlZrZ0taa3hVU21sMVEyaExNbFkwZG5sd2NVTlpLMWRJTlZFdlJWQnZWRFZGV2pKamMyTlZOVWQ0UlhGSWNITXdNSEJqZFhWTWRUaFJhM1kyTm1OWlUyNVNiQXBOUTA5dlVHaExUMmN2SzJoWVkyTlRVM1ZUUTJ4eVFscFRjR3QyYUhOaFJqTTBaVU00V0V4a1dFbEJWblpMWkdaRVdreHJXVFE0VWpKM2JrdFBhM0pqQ2tOSFluRlhjVWx5U0VWNVYwbDNVM050T1doME9YSnROakJ6TkhCeFpXcEdOM0JSTVN0WVIwZGlkRTlQY0RoTU9YcFhXV2hOUTFScmNtRmplbXBDTm1NS1dFVTRlRmhPVFZka2RVUkJUMVpIYTJWM2RUbEZWamhEWjJKUVIybFFXamhQUldwbVpXZHZUbm80TVRGcmNDdHNaVVp4TVVKSFpWVkdabFJxYVZGRWN3cERNa2RyU0ZkUlJsZDNPR00yTkZaT2IxZ3ZlVzlvYm1KTWIzQlZVbmRKUkVGUlFVSkJiMGxEUVVocFRraDRlR0p3VXpKb1JWTkpVVWhUY1VVMVZtWjRDbVEzWkRGbFRWZEpOMUJySzJNcmVIaElVVFZwUjBGaGFrNW5VbGRsY0hab2JFTkxja281YkhoVk4wNHhkVVJOZFdwdlVrMHpObWxqTDNreE16aDNaRmNLTWpkTlVpc3hXRmgwVUdkWFVHTjVibW94UjB0WEwzaEhOM0JJUkdWNmVVSXdaRVpSU0hCdEszaDRaMlF6VjFGVU0wSnpjak5tYkZoMWNITlFSVzVpYlFwTGMwbENRblZ2V0Rsa1NpOXJSbVo2YzBSWlozRm9UVUZxZW1Kb09YQkNVRU5xTXk4NGQyRlBObUpOUTJGSWNVMUhTSEIwZEZCWmVXTmxUVGR6UWpodkNtbFdTMVIxU2pjeU9FOVRVMnd4VGxFd1prVTJheTlVZFc4MVpIbEllVGRaU3pNMllsUmxTbVpoVG14Nk5FVnFTMkkxUW0wdlJEUjRRMlZDVDBGaWJVOEtXa0pQYUZOdE1tWnFORzFVYTBOdE5qQnFSVXB2WkVORVpEbFBWRWQxVEhGaFMwMWtTRXRTWW14b1FUbFNTa2h1UzNGRGNWbHZhbkl5TTJ0MWJWTTVNZ3B5TlRaNmNIQndaSGxtYkVOYWVEWmpWSEJSUmtKRlZGUmtSbFpUU2l0VkwybHRRMk01V1RoWlNXUXlTRTlpYlN0eGJrVkVhbTFsWlhNM05rODNlQzlpQ2sxUFIxZHFlVkZFVDJsR1oyWXpVbVZUY25wV2NuVk5jMVJTV25KWmRGQktiV28xYjNrNE15dElMM2MyV214UVIzRmphV0pGUjJ4dWFEVlBhazFRZG1jS1VFVkRZMnRTZGxwQ00xUXhiME5QVnpWU1VISjRjV3BIUWtvNVFYZFNlWG80SzIxTVprWlJOV05qVm1GdWJqRmpiMkVyZUdSTGEyTm1keko0WlUxdlV3cG9MM0ZxVkZVdlNqa3hTamN5TXpBMGRYQjFSelZpYlhaSlVrOVRNMkptY25oT01VbzFhMUpoU20xeFUwd3JTRmx5VW1oR1RGTkZXR1E1VEdsQ2EwNURDa0kzTkVsUVRURmtWWGQxZWxONlkyRlZSa2cwTVd0alVVVlNVakl5Vm1waVpTOW1iVTgzVDFrMGNVTTVhVFZZUTNOVWNUTXpVR2xKZUhKdVZsTk9ZMFFLVkVoSWFsUTJhbm80YkhJNWRETkhWVE5FT0hoQmIwbENRVkZFWTJwVFRtbzFTamwwVkU5cFNXcFhVMUZUTHpaaGExRlBVMkl6YkVVdmRXdFVWMXBEY0FwTU1YVXZORGt6ZVN0bE0wSnBkVXA2V1dSMUswMTJXR2xoWnpSbVkxZzFlWGhaU0VKNU5saFhXREJwYjFOcFZUZE5abEpIYzBGRVUxWTBSM2R1UmtkbUNtSTVTek12YjFWWE0wOHpLMk12UkU4eFdsUk9TMDh5Y1VGcGEyUlZSR1ZhVVhsTk5EbGFRbEZMYzJZemJGcHZOVEkxVjJSWVNGbHVkRVl5ZVVSdldGRUtLemR3ZVVZMGNVWm9iMmx5WkV4NGVIcE5Vemx2YWxKR1NTOXBiaTlzUmpWbldYQXJRMmMwUW5wdlJqWnFZbU5PUzFSSksyVjJXRUZPY1hjclRFaDZXQXA1T0hSWmJHRklXVFZ2VTNsaFQxQTFaRXcxSzNjd2FXdzBlbGgzTDNoSE9IVlpNM0ZZV2tRcmREUk9lV1pwUm5vM1oyZHdhWEJDTjA4eWRqQkdlWG80Q25kd2NFOTJTMWhIUlhsRWJqa3hhR2REWTNOQ1ZrOUxTelZMTUVSTk1GUkhUSEpYVkhFd1dXOVlRVTU0V0ZWblRrRnZTVUpCVVVSS1VFOUROakExZDFFS2QyeFVUVzFuSzFjMFUzWmtUalpqV0daRFJHbFdiM0EwTlZobVoyZGtWUzlQUjI5S2MwZEpkRU00U0dSalVuYzRXSE01WTNZNGNXUnJiSGRUYTI5blJ3cExVMVIxYVhoUVYwSnJaMlJhZDFKVlJVbENjRmRsV0d4dFZIVmFhVEl3UVdOWGNXazVWekYyYldRNU5GWllieXR2TWpoWlNEQmlkbFl5WVhCbVFVdDVDbXc1YkdsQmFqSnFRV0p0UzJ0RU5HMWliVTVtVUdKMGNqRm5ORlJaTTJaUlJtaGxla1ZrT1cxb01uaHFMMVZZZVZOamFIcGpPVVowZG01TFpXaHFVMndLTUN0RGRtNXRSSFJGVUNzMGJ6Vk5jV28xWTA1TlRuZE1LMk5UVkZaSkx6TmxiMGxzWTJjM1VVNU5MMEoxTTFjM1ZucFBWM0pIT1VKemRubFdiMmg2U0FwR1NWWXJaSFpKV0U5VlRGWk5VbFJUTm1WMmVHOHJaa3hYVkhkcGNVVkxiWFJxWmtoelZuZG1aQzltZG1oVGNHZHRZM0ZrTkhWNFpXOURWRVkyUTB3M0NtczNaR04zUjNSeGFXdFRha0Z2U1VKQlVVTlFabFYxTDBjcmExWmFWMjlOU0ZkSFJqazRkRWh4U0RCWlkyMXZSbXcwY25kVFpEaDVSVEYxZGpsdlNtRUtTMGg1YXpWTlZEZHhTR3RqZGpJM01YaFhXVEl3ZEVsbWRscDJNRUkxYUROYWFuRlNUWFIzVTB4VFpuVk1WMlkzWTFjNGVFSnBTMk5vYkZscU1uWlhaZ3B6UmtWMWMxTlFSV3BZVW05SVpUWjVTWGRITkhwdk1qbHhjelZ3Y1cxdlptNW9XRWhaU1N0alowNDFVVXRQTWl0WGVuaDVUV0o1YVVGSlUwYzBaMWd2Q2xwVk0xcHlkazVFV0hGUVNtUktVbkJRTUZCNGJVTmFUakZTWmxSa1NuTXdWbUpSY214aVR6UllhM05SUmpGT00yOUtjR3BSVUVwblR6TnBjWGN6T0hVS04wcHlPSEl2TVZOUFRVRlFTRTlLVVN0M1owaExVWFpVUzNrelNHZDFVbTl6SzBKVVVuWm9aM2RyWVZKTlJrNWlkVmxqT0c5VE9XeHhkalZXY0Rad05ncDFZM00wTXpsWGFHUm1NbUpsYVhsQ2FrNUdOMDlaYmxCSWJXbEpSVWhDZFhCYU5tWjZURFp3UVc5SlFrRlJRekZ2VVU4MGRrTjBPVWRPYWs5MmFrcGFDak5MZG5Cbk1GTkdkSFIzTjFSU05qUkdWM2xKVEhOaVdYYzRUVFZOV1VNMk5WbFROWEZHUW5rd1MxQmhUVFpVWkdGWE9DdDFRa05pWkhWR1JtbEVUMFVLUm1KR1lrVkdUR2Q1VUVGT2NHb3dVV0ZMYUZwWmJsVnJWa1J0UzBWWVoxQndWazFGVjJsdU1taFROVTVIUmxjcmVXbFVNM3BrZW14amNHRmhiR2xyY0FwcFprZzNPVlZ4VkVJd2EySmxhVEZEU0VSWmFVYzRTRlpDTUhWdGNsQm1NRzh3UVdGVk1IVm9ZbWxVUlhnMFJEZDVNSFpMWkhCcWIwaDJPRXB2ZVc5aENtSnBRbEZrZUhKd04wTllTMjE0U0ZGdlZVNXBUVzh5Y1UxWFJuTkRURVZGUkU1aFJFcG1ORkk0TldVeFdUZGpZa1pyUWxKclluSnNiVVZyVVhCeGVrVUtaREJOZVVKd1YybzRPSFZ2UlcxaGQzRTNOMU5FVVc1NlZFUXlNazlCWkUxM09IWTRNMFJWZFdOVlFtMUdjREVyYm04emVVeG9Nemc0VVhOeVdrOVVUd3BwVkU0dlFXOUpRa0ZHTlZWRFVuVkZkek5YYlZsSFIyMWlWM1F6ZVZOTFZFbHFiMUZwWlRod1EyOXdiMmd5TUdreU1tb3dSbWcxZVZCc1ptY3ZUQ3REQ25GS056RXhZbUpqYTJ0NFdqa3JTa1ZyYzNaRmMyVXpSVnBrU0hWSmJHdzNSR3B6ZW5kaFpERkpUSGhJY214SGFXTmpaVEl2V1ZZM1pWSjNhVmxEWkVJS2FXaGljMHBDT0hCV2FuWnNWMlp0ZDJOT2NqSkRUMjF6V2tSc1pGaEdjRnAxWWtORmFrbHFVa05hVUhWelNGRk9UMlJaVm5wVmNrY3ZRemR5UlN0T1R3cHlURnAwUldGdVNuQkdSMXBXVVVOT1RFMXZTR0pPYUUweFNWZEdUQ3RrYm5ZMmRtaFFSblZtWW1WUUt6ZHBhVFpIUjJ4dFoyaDBRbFZZWVVjMGVqWnZDa2hQVjJoeGJFSXJNRXhMTWtKaWFUaFNNVzl3WnpkNGMwRk1hbEZsYW1aS04zUlJUaXRyTjNKVlJFUldWa0puVG1JMk0wVmxZa0Y2YldaYVRFbGtXbklLWWtGTVUyNDFORGRvY2l0eGJWQlBSMDFEZGpsa2VsSjZSMjlxVVhReFZUMEtMUzB0TFMxRlRrUWdVRkpKVmtGVVJTQkxSVmt0TFMwdExRbz0KICBuYW1lOiBkLmdhcnJpc29uQGY1LmNvbQo=",
            "expiry_days": 89,
            "id": "demo-app-app-cred",
            "name": "demo-app-app-cred",
            "virtual_k8s_name": "demo-app-vk8s",
            "virtual_k8s_namespace": "demo-app"
          },
          "sensitive_attributes": [],
          "private": "bnVsbA==",
          "dependencies": [
            "module.f5xc.volterra_namespace.app_ns",
            "module.f5xc.volterra_virtual_k8s.app_vk8s",
            "module.f5xc.volterra_virtual_site.hub",
            "module.f5xc.volterra_virtual_site.spoke"
          ]
        }
      ]
    },
    {
      "module": "module.f5xc",
      "mode": "managed",
      "type": "volterra_api_credential",
      "name": "utility_vk8s_cred",
      "provider": "provider[\"registry.terraform.io/volterraedge/volterra\"]",
      "instances": [
        {
          "schema_version": 0,
          "attributes": {
            "api_credential_password": null,
            "api_credential_type": "KUBE_CONFIG",
            "data": "YXBpVmVyc2lvbjogdjEKY2x1c3RlcnM6Ci0gY2x1c3RlcjoKICAgIGNlcnRpZmljYXRlLWF1dGhvcml0eS1kYXRhOiBMUzB0TFMxQ1JVZEpUaUJEUlZKVVNVWkpRMEZVUlMwdExTMHRDazFKU1VaR2FrTkRRWFkyWjBGM1NVSkJaMGxTUVVwRmNrTkZjbEJFUW1sdVZTOWlWMHhwVjI1WU1XOTNSRkZaU2t0dldrbG9kbU5PUVZGRlRFSlJRWGNLVkhwRlRFMUJhMGRCTVZWRlFtaE5RMVpXVFhoTFZFRnVRbWRPVmtKQmIxUkpSV3gxWkVkV2VXSnRWakJKUms1c1dUTldlV0ZZVWpWSlJrcHNZekpXYUFwamJVNXZTVVZrZVdJelZuZE5VbFYzUlhkWlJGWlJVVVJGZDNoS1ZURktTRWxHU25aaU0xRm5WMFJGZDBob1kwNU5ha0YzVDFSQk1FMUVRWGROUkVGM0NsZG9ZMDVOYWxWM1QxUkZNVTFVV1hkTlJFRjNWMnBCZVUxUmMzZERVVmxFVmxGUlIwVjNTbFpWZWtWWFRVSlJSMEV4VlVWRGFFMU9WRWRXTUVvelRXY0tVbGMxYW1OdWJIZGtSRVZNVFVGclIwRXhWVVZCZUUxRFZXcE5kMmRuUldsTlFUQkhRMU54UjFOSllqTkVVVVZDUVZGVlFVRTBTVUpFZDBGM1oyZEZTd3BCYjBsQ1FWRkROMEZvVlc5NlVHRm5iRTVOVUVWMWVVNVdXa3hFSzBsTWVHMWhXalpSYjJsdVdGTmhjWFJUZFRWNFZYbDRjalExY2l0WVdFbHZPV05RQ2xJMVVWVldWRlpZYWtvMmIyOXFhMW81V1VrNFVYRnNUMkoyVlRkM2VUZGlhbU5EZDFoUVRscFBUMlowZWpKdWQxZG5jMkoyYzBOVlNrTlhTQ3RxWkhnS2MzaFFia2hMZW1odEt5OWlOVVIwUmxWclYxZHhZMFpVZW1wVVNWVjFOakZ5ZFRKUU0yMUNkelJ4VmxWeE4xcDBSSEJsYkZGRVVuSkxPVTg0V25WMGJRcE9TSG8yWVRSMVVGWjViVm9yUkVGWVdHSndlV0l2ZFVKNFlUTlRhR3huT1VZNFptNURZblo0U3k5bFJ6Tk5TR0ZqVmpOVlVuVlFUWEpUV0VKcFRIaG5DbG96Vm0xekwwVlpPVFpLWXpWc1VDOVBiMmt5VWpaWUwwVjRhbkZ0UVd3elVEVXhWQ3RqT0VJMVpsZHRZMEpqVlhJeVQyc3ZOVzE2YXpVelkxVTJZMGNLTDJ0cFJraGhSbkJ5YVZZeGRYaFFUVlZuVURFM1ZrZG9hVGx6VmtGblRVSkJRVWRxWjJkRlNVMUpTVUpDUkVGUFFtZE9Wa2hST0VKQlpqaEZRa0ZOUXdwQldWbDNTRkZaUkZaU01HeENRbGwzUmtGWlNVdDNXVUpDVVZWSVFYZEpSME5EYzBkQlVWVkdRbmROUWsxQ1NVZEJNVlZrUlhkRlFpOTNVVWxOUVZsQ0NrRm1PRU5CVVVGM1NGRlpSRlpTTUU5Q1FsbEZSa0pSZFhONFpUTlhSbUpNY214QlNsRlBXV1p5TlRKTVJrMU1SMDFDT0VkQk1WVmtTWGRSV1UxQ1lVRUtSa2h0TUZkbFdqZDBkVmhyUVZoUFFVTkpha2xIYkdveU5scDBkVTFFU1VkRFEzTkhRVkZWUmtKM1JVSkNRMWwzU2tSQmFVSm5aM0pDWjBWR1FsRmpkd3BCYjFsWFlVaFNNR05FYjNaTU0yZDRURzFyZFdKSFZuVlpNMGwxWWpOS2JreDZRVzVDWjA1V1NGSTRSVWxFUVdWTlFubG5SM0ZCV1dob1dtOWtTRkozQ2s5cE9IWmxSRVYxV1hrMWMxcFhOV3BqYVRWMlkyMWpkazFEU1VkQk1WVmtTVUZSWWsxQ2EzZERRVmxIV2pSRlRVRlJTVUpOUVRCSFEzbHpSMEZSVVVJS1ozUTRWRUZSUlVKTlFUQkhRMU54UjFOSllqTkVVVVZDUTNkVlFVRTBTVU5CVVVOR2VXczFTRkJ4VUROb1ZWTkdkazVXYm1WTVMxbFpOakV4VkZJMlZ3cFFWRTVzWTJ4UmRHZGhSSEYzS3pNMFNVdzVabnBNWkhkQlRHUjFUeTlhWld4T04ydEpTaXR0TnpSMWVVRXJaV2wwVWxrNGEyTTJNRGRVYTBNMU0zZHNDbWxyWm0xYVZ6UXZVblpVV2poTk5sVkxLelZWZW1oTE9HcERaRXgxVFVkWlREWkxkbnBZUjFKVFoya3plVXhuYW1WM1VYUkRVR3RKVm5vMlJESlJVWG9LUTJ0amFHVkJiVU5LT0UxeGVVcDFOWHBzZW5sYVRXcEJkbTV1UVZRME5YUlNRWGhsYTNKemRUazBjMUUwWldka1VrTnVZbGRUUkhSWk4ydG9LMEpKYlFwc1NrNVliMEl4YkVKTlJVdEpjVFJSUkZWUFdHOVNaMlptZFVSbmFHcGxNVmR5UnpsTlRDdElZbWx6Y1M5NVJrOUhkMWhFT1ZKcFdEaEdObk4zTmxjMENtRjJRWFYyUkhONmRXVTFURE56ZWpnMVN5dEZRelJaTDNkR1ZrUk9kbHB2TkZSWldHRnZObG93Wml0c1VVdGpNSFE0UkZGWmVtc3hUMWhXZFRoeWNESUtlVXBOUXpaaGJFeGlRbVpQUkVGTVduWlpTRGR1TjJSdk1VRmFiSE0wU1Rsa01WQTBhbTVyUkhKUmIzaENNMVZ4VVRsb1Ztd3pURVZMVVRjemVFWXhUd3A1U3pWSGFFUkVXRGh2Vm1aSFMwWTFkU3RrWldOSmMwZzBXV0ZVZHpkdFVETkhSbmhLVTNGMk15c3diRlZHU205cE5VeGpOV1JoTVRRNWNEa3dTV1J6Q21oRFJYaHliMHd4S3pkdGNubEphMWhRWlVaTk5WUm5Uemx5TUhKMldtRkNSazkyVmpKNk1HZHdNelZhTUN0TU5GZFFiR0oxUldwT0wyeDRVRVpwYmlzS1NHeFZhbkk0WjFKelNUTnhaa3BQVVVaNUx6bHlTMGxLVWpCWkx6aFBiWGQwTHpodlZGZG5lVEZ0WkdWSWJXMXFhemRxTVc1WmMzWkRPVXBUVVRaYWRncE5iR1JzVkZSTFFqTjZhRlJvVmpFcldGZFpjRFp5YW1RMVNsY3hlbUpXVjBWclRFNTRSVGRIU2xSb1JWVkhNM042WjBKV1IxQTNjRk5YVkZWVWMzRllDbTVNVW1KM1NFOXZjVGRvU0hkblBUMEtMUzB0TFMxRlRrUWdRMFZTVkVsR1NVTkJWRVV0TFMwdExRb3RMUzB0TFVKRlIwbE9JRU5GVWxSSlJrbERRVlJGTFMwdExTMEtUVWxKUm1GNlEwTkJNVTluUVhkSlFrRm5TVkpCU1VsUmVqZEVVMUZQVGxwU1IxQm5kVEpQUTJsM1FYZEVVVmxLUzI5YVNXaDJZMDVCVVVWTVFsRkJkd3BVZWtWTVRVRnJSMEV4VlVWQ2FFMURWbFpOZUV0VVFXNUNaMDVXUWtGdlZFbEZiSFZrUjFaNVltMVdNRWxHVG14Wk0xWjVZVmhTTlVsR1NteGpNbFpvQ21OdFRtOUpSV1I1WWpOV2QwMVNWWGRGZDFsRVZsRlJSRVYzZUVwVk1VcElTVVpLZG1JelVXZFhSRVYzU0doalRrMVVWWGRPYWtFd1RWUkZkMDVFVFRRS1YyaGpUazE2VlhkT2FrRXdUVlJGZDA1RVRUUlhha0pRVFZGemQwTlJXVVJXVVZGSFJYZEtWbFY2UlhCTlEyTkhRVEZWUlVOb1RXZFRWelV3V2xoS2RRcGFXRkZuVlRKV2FtUllTbkJrU0d0blZXMVdlbHBYUm5sWk1tZG5Vak5LZG1SWVFYaEdWRUZVUW1kT1ZrSkJUVlJFUld4VVZXdGpaMVZ0T1haa1EwSlpDazFVUTBOQmFVbDNSRkZaU2t0dldrbG9kbU5PUVZGRlFrSlJRVVJuWjBsUVFVUkRRMEZuYjBOblowbENRVXN6YjBwSVVEQkdSR1o2YlRVMGNsWjVaMk1LYURjM1kzUTVPRFJyU1hoMVVFOWFXRzlJYWpOa1kwdHBMM1pXY1dKMldVRlVlV3BpTTIxcFIySkZVMVIwY2tacUwxSlJVMkUzT0dZd2RXOTRiWGxHS3dvd1ZFMDRkV3RxTVROWWJtWnpOMm92UlhaRmFHMXJka0pwYjFwNFlWVndiVnB0ZVZCbWFuaDNkall3Y0VsbllubzFUVVJ0WjBzM2FWTTBLek50V0RaVkNrRTFMMVJTTldRNGJWVm5hbFVyWnpSeWF6aExZalJOZFRCVmJGaHFTVUl3ZEhSdmRqQkVhVTVsZDA1M1NWSjBNVGhxUVRncmJ5dDFNMlJ3YW5FcmMxY0tWRGhMVDBWVmRDdDZkM1p2THpkV00weDJVM2xsTUhKblZFSkpiRVJJUTA1QmVXMW5ORlpOYXpkQ1VGbzNhRzB2UlV4T1MycEVLMHB2TWtaU00zRjVTQXBDTlZRd1dUTkljMHgxU25aWE5XbENORmxzWTA1SWJITmtkVGczYTBkS05UVjBkV3R0YVRodGVHUkJVVFJSTjJVeVVrTlBSbloxTXprMmFqTjRLMVZEQ2tJMWFWQk9aMmxXTlN0Sk0yeG5NREprV2pjM1JHNUxlRWhhZFRoQkwyeEtRbVJwUWpOUlZ6QkxkRnBDTm1GM1FtUndWVXRFT1dwbU1XSXdVMGg2VlhZS1MwSmtjekJ3YWtKeFFXeHJaREkxU0U0M2NrOXlSbXhsWVVveEwyTjBZVXA0VVZwQ1MxUTFXbEIwTUcwNVUxUktSV0ZrWVc4d2VFRklNR0ZvYldKWGJncFBiRVoxYUdwMVpXWllTMjVGWjFZMFYyVXdLMVZZWjFaRGQwOVFhbVJCZGtKaVNTdGxNRzlqVXpOTlJrVjJla2MyZFVKUlJUTjRSR3N6VTNwNWJsUnVDbXBvT0VKRFRrRjNNVVowZUU1eVVVaDFjMFYzVFVaNFNYUTBTVGR0UzFvNVdVbHhhVzk1YlVONlRIRTVaM2RSWW05dlRVUlJZVWhYUW1aRlluZHlZbmNLY1VoNVIwOHdZVzlUUTNGSk0waGhZV1J5T0daaGNWVTVSMWt2Y2s5UVRtc3pjMmR5UkZGdmJ5OHZabUkwYUZaRE1VTk1VVW94TTJobFpqUlpOVE5EU1FweVZUZHRNbGx6Tm5oME1HNVZWemN2ZGtkVU1VMHdUbEJCWjAxQ1FVRkhhbEZxUWtGTlFUUkhRVEZWWkVSM1JVSXZkMUZGUVhkSlFrSnFRVkJDWjA1V0NraFNUVUpCWmpoRlFsUkJSRUZSU0M5TlFqQkhRVEZWWkVSblVWZENRbEkxZEVadWJXVTNZbXcxUVVaNlowRnBTWGxDY0ZrNWRXMWlZbXBCVGtKbmEzRUthR3RwUnpsM01FSkJVWE5HUVVGUFEwRm5SVUZXVWpsWmNXSjVlWEZHUkZGRVRFaFpSMjFyWjBwNWEwbHlSMFl4V0Vsd2RTdEpUR3hoVXk5V09XeGFUQXAxWW1oNlJVWnVWRWxhWkNzMU1IaDRLemRNVTFsTE1EVnhRWFp4Um5sR1YyaG1SbEZFYkc1eWVuVkNXalppY2twR1pTdEhibGtyUldkUVltczJXa2RSQ2pOQ1pXSlphSFJHT0VkaFZqQnVlSFozZFc4M04zZ3ZVSGs1WVhWS0wwZHdjMDFwZFM5WU1TdHRkbTlwUWs5Mkx6SllMM0ZyVTNOcGMxSmpUMm92UzBzS1RrWjBXVEpRZDBKNVZsTTFkVU5pVFdsdlozcHBWWGQwYUVSNVF6TXJObGRXZDFjMlRFeDJNM2hNWmtoVWFuVkRkbXBJU1VsdVRucHJkRWhEWjB0Uk5RcFBVa0Y2U1RSS1RWQktLMGR6YkZkWlNHSTBjR2h2ZDJsdE5UZHBZWHAwV0U5dlNuZFVaSGRLZURSdVRFTm5aRTVpVDJoa2FuTnVkbnB4ZGtoMU4xVnlDbFJyV0ZkVGRFRnRlazlXZVhsbmFIRndXbGhxUm1GSU0zQlBNMHBNUml0c0t5OHJjMHRCU1hWMmRHUTNkU3RPZUdVMVFWY3dkMlJsVW14T09FNTNaRU1LYWs1UVJXeHdlbFp0WWxWeE5FcFZZV2RGYVhWVVJHdEllbk40U0hCR1MxWkxOM0UwS3pZelUwMHhUamsxVWpGT1ltUlhhSE5qWkVOaUsxcEJTbnBXWXdwdmVXa3pRalF6Ym1wVVQxRTFlVTltS3pGRFkyVlhlRWN4WWxGV2N6VmFkV1p3YzAxc2FuRTBWV2t3THpGc2RtZ3JkMnBEYUZBMGEzRkxUMG95Y1hoeENqUlNaM0Z6WVdoRVdWWjJWRWc1ZHpkcVdHSjVUR1ZwVG1Sa09GaE5NbmM1VlM5ME4za3dSbVl2T1hscE1FZEZORFJhWVRSeVJqSk1UamxrTVRGVVVFRUtiVkpIZFc1VlNFSmpibGRGZG1kS1FsRnNPVzVLUldsVk1GcHpiblpuWXk5MVltaFFaMWhTVWpSWWNUTTNXakJxTkhJM1p6RlRaMFZGZW5kNFFUVTNaQXBsYlhsUWVHZGpXWGh1TDJWU05EUXZTMG8wUlVKeksyeFdSRkl6ZG1WNVNtMHJhMWhST1RsaU1qRXZLMnBvTlZodmN6RkJibGcxYVVsMGNtVkhRMk05Q2kwdExTMHRSVTVFSUVORlVsUkpSa2xEUVZSRkxTMHRMUzBLTFMwdExTMUNSVWRKVGlCRFJWSlVTVVpKUTBGVVJTMHRMUzB0Q2sxSlNVZEZla05EUVM5MVowRjNTVUpCWjBsUlpsWjBVa3B5VWpKMWFFaGlaRUpaVEhaR1RVNXdla0ZPUW1kcmNXaHJhVWM1ZHpCQ1FWRjNSa0ZFUTBJS2FVUkZURTFCYTBkQk1WVkZRbWhOUTFaV1RYaEZla0ZTUW1kT1ZrSkJaMVJEYXpWc1pIbENTMXBZU25wYVdHdDRSa1JCVTBKblRsWkNRV05VUXpCd2JBcGpiazVzWlZOQ1JHRllValZOVWpSM1NFRlpSRlpSVVV0RmVGWlZZVWRWWjFaV1RrWlZiRkpUVmxaT1ZVbEZOV3hrU0dSMlkyMXplRXhxUVhOQ1owNVdDa0pCVFZSS1ZsWlVVbFpLVldOdVZucGtRMEpUVlRCRloxRXlWbmxrUjJ4dFlWZE9hR1JIYkhaaWFVSkNaRmhTYjJJelNuQmtTR3QzU0doalRrMVVaM2dLVFZSQmVVMUVRWGROUkVGM1YyaGpUazE2UVhoTmFrMTRUV3BOTVU5VVZUVlhha05DYW5wRlRFMUJhMGRCTVZWRlFtaE5RMUl3U1hoSGVrRmFRbWRPVmdwQ1FXZFVSV3RrZVZwWFJqQmFXRWxuVkZkR2RWa3lhR3hqTTFKc1kycEZVVTFCTkVkQk1WVkZRbmhOU0ZVeVJuTmFiVGw1V2tSRldVMUNXVWRCTVZWRkNrTm9UVkJWTWxacVpFZHNibUo1UWsxaFZ6RndaRWRXYTAxVVkzZE9VVmxFVmxGUlJFVjVOVlJhVjA0d1lWZGtka2xHU2xSUlUwSkZZakl4YUdGWE5HY0tWbTFHYzJGWFVtaGtSMngyWW1sQ1ZGcFhUakZqYlZWblZUSldlV1J0Vm5sSlJVNUNUVWxKUWtscVFVNUNaMnR4YUd0cFJ6bDNNRUpCVVVWR1FVRlBRd3BCVVRoQlRVbEpRa05uUzBOQlVVVkJNVzVOZWpGMFl6aEpUa0ZCTUdoa1JuVk9XU3RDTmtrdmVEQklkVTFxUkVwelIzbzVPVW92VEVWd1oxQk1WQ3RPQ2xSUlJVMW5aemhZWmpKSmRUWmlhRWxsWm5OWFp6QTJkREY2U1d4ck4yTklkamRzVVZBMmJFMTNNRUZ4TmxSdUx6SlpTRXRJZUZsNVVXUnhRVXB5YTJvS1pXOWpaMGgxVUM5SlNtODRiRlZTZG1nelZVZHJSVU13VFhCTlYwTlNRVWxKZWpkVE0xbGpVR0l4TVZKR1IyOUxZV05XVUVGWVNuQjZPVTlVVkVjd1JRcHZTMDFpWjI0MmVHMXliblI0V2pkR1RqTnBabTFuWnpBck1WbDFWMDFSU2tSbldtdFhOM2N6TTFCSFprdEhhVzlXY2tOVGJ6RjVablUwYVZsRFFuTnJDa2hoYzNkb1lUWjJjME0yWldWd00wSjNSVWxqTkdkTWR6WjFRa3N3ZFN0UlJISlVRbEZDWW5kaU5GWkRVMjFVTTNCRVEyY3ZjamgxYjNsa1lXcHZkRmtLZFVzelJFZFNaVVZaS3pGMlZuWXlSSGt5UVRCNFNGTXJOWEF6WWpSbFZHeDVaM2htUmxGSlJFRlJRVUp2TkVsQ1ltcERRMEZYYjNkSWQxbEVWbEl3YWdwQ1FtZDNSbTlCVlZVemJTOVhjVzl5VTNNNVZXZFBTRmx0T0VOa09ISkpSRnB6YzNkSVVWbEVWbEl3VDBKQ1dVVkdTVEpOV0hOU1ZYSlpjbWhrSzIxaUNpdGFjMFkwWW1kQ2FsZElhRTFCTkVkQk1WVmtSSGRGUWk5M1VVVkJkMGxDYUdwQlUwSm5UbFpJVWsxQ1FXWTRSVU5FUVVkQlVVZ3ZRV2RGUVUxQ01FY0tRVEZWWkVwUlVWZE5RbEZIUTBOelIwRlJWVVpDZDAxQ1FtZG5ja0puUlVaQ1VXTkVRV3BCWWtKblRsWklVMEZGUmtSQlUwMUJXVWRDUmxWa1NVRkJkd3BEUVZsSFdqUkZUVUZSU1VKTlJrRkhRVEZWWkVoM1VrcE5SV04zVW1GQ1JHOUZSMGRRTW1nd1pFaEJOa3g1T1dwamJYZDFaRmhPYkdOdVVubGtXRTR3Q2t4dFRuWmlVemxXVlRCV1UxWklTakZqTTFKVFZUQkdSRnBZU2pCaFYxcHdXVEpHTUdGWE9YVlJXRll3WVVjNWVXRllValZNYlU1NVlrUkNNa0puWjNJS1FtZEZSa0pSWTBKQlVWSnhUVWRuZDFCM1dVbExkMWxDUWxGVlNFMUJTMGROTW1nd1pFaEJOa3g1T1dwamJsRjFaRmhPYkdOdVVubGtXRTR3VEcxT2RncGlVemxXVlRCV1UxWklTakZqTTFKVFZUQkdRbHBIVWxWamJsWjZaRVZPUWt4dFRubGtSRUZzUW1kbmNrSm5SVVpDVVdOM1FWbFpXbUZJVWpCalJHOTJDa3d5T1dwak0wRjFaRmhPYkdOdVVubGtXRTR3VEcxT2RtSlVRVTVDWjJ0eGFHdHBSemwzTUVKQlVYZEdRVUZQUTBGblJVRk5jamxvZGxFMVNYY3dMMGdLZFd0a1RpdEtlRFJIVVVoalJYZ3lRV0l2ZWtSalRGSlRiV3BGZW0xc1pGTXJla2RsWVRaVWRsWkxjVXBxVlVGWVlWQm5Va1ZJZWxONWNraDRWbGxpU0FvM2NrMHlhMWxpTWs5V1J5OVNjamhRYjB4eE1Ea3pOVXA0UTI4eVJqVTNhMkZFYkRaeU5WSlBWbTByZVdWNmRTOURiMkU1ZW1OV00waEJUelJQVEVkcENrZ3hPU3N5TkhKalVtdHBNbUZCY2xCemNsY3dOR3BVYTFvMmF6UmFaMnhsTUhKcU9HNVRaelpHTUVGdWQyNUtUMHRtTUdoUVNIcFFSUzkxVjB4TlZYZ0tVbEF3VkRka1YySnhWMnh2WkRONmRUUm1LMnNyVkZrMFEwWk5OVzl2VVRCdVFtNTZkbWMyY3pGVFVUTTJlVTl2WlU1RVZEVXJLMU5TTWxKcFQxTk1kZ3A0ZG1OU2RtbExSbmh0V2tWS1EyRlBSVVJMVG5sS1QzVkNOVFpFVUdrdldpdG1Wa2RxYlU4cmQyVmhNRE5MWWs1SllXbEhRM0JZV2t4dlZXMUhkak00Q25OaVdsaFJiVEpXTUZSUU1rOVNVVWRuYTBVME9WazVXVE5KUW1Kd1RsWTViRmhxT1hBMWRpOHZZMWR2WVdGemJUVTJaV3RDV1dSaWNXSmxORzk1UVV3S2JEWnNSbWhrTW5wcEsxZEtUalEwY0VSbWQwZEdMMWswVVVFMVF6VkNTVWNyTTNaNmVHaEdiMWwwTDJwdFVGRlVNa0pXVUdrM1JuQXlVa0puZGtkUmNRbzJha2N6TlV4WGFrOW9VMkpLZFUxTVpTOHdRMnB5WVZwM1ZHbFlWMVJpTW5GSVUybG9jbHBsTmpoYWF6WnpLMmR2TDJ4MWJuSnZkRVZpWVVkdFFXaFpDa3hqYlhOS1YxUjVXRzVYTUU5TlIzVm1NWEJIWnl0d1VubHlZbmh0VWtVeFlUWldjV1U0V1VGelQyWTBkbTFUZVhKamFrTTRZWHBxVldWeGEyc3JRalVLZVU5SFFsRk5hMHRYSzBWVFVFMUdaMHQxVDFoM1NXeERlWEJVVUZKd1oxTmhZblZaTUUxTVZFUllTa3hTTWpkc2F6aFJlVXRIVDBoUksxTjNUV28wU3dvd01IVXZTVFZ6VlV0VlJYSnRaMUZtYTNremVIaDZiRWxRU3pGaFJXNDRQUW90TFMwdExVVk9SQ0JEUlZKVVNVWkpRMEZVUlMwdExTMHRDaTB0TFMwdFFrVkhTVTRnUTBWU1ZFbEdTVU5CVkVVdExTMHRMUXBOU1VsR00ycERRMEU0WVdkQmQwbENRV2RKVVVGbU1YUk5VSGxxZVd4SGIwYzNlR3RFYWxWRVRGUkJUa0puYTNGb2EybEhPWGN3UWtGUmQwWkJSRU5DQ21sRVJVeE5RV3RIUVRGVlJVSm9UVU5XVmsxNFJYcEJVa0puVGxaQ1FXZFVRMnMxYkdSNVFrdGFXRXA2V2xocmVFWkVRVk5DWjA1V1FrRmpWRU13Y0d3S1kyNU9iR1ZUUWtSaFdGSTFUVkkwZDBoQldVUldVVkZMUlhoV1ZXRkhWV2RXVms1R1ZXeFNVMVpXVGxWSlJUVnNaRWhrZG1OdGMzaE1ha0Z6UW1kT1ZncENRVTFVU2xaV1ZGSldTbFZqYmxaNlpFTkNVMVV3UldkUk1sWjVaRWRzYldGWFRtaGtSMngyWW1sQ1FtUllVbTlpTTBwd1pFaHJkMGhvWTA1TlZFRjNDazFxUVhoTlJFRjNUVVJCZDFkb1kwNU5lbWQzVFZSRk5FMXFUVEZQVkZVMVYycERRbWxFUlV4TlFXdEhRVEZWUlVKb1RVTldWazE0UlhwQlVrSm5UbFlLUWtGblZFTnJOV3hrZVVKTFdsaEtlbHBZYTNoR1JFRlRRbWRPVmtKQlkxUkRNSEJzWTI1T2JHVlRRa1JoV0ZJMVRWSTBkMGhCV1VSV1VWRkxSWGhXVlFwaFIxVm5WbFpPUmxWc1VsTldWazVWU1VVMWJHUklaSFpqYlhONFRHcEJjMEpuVGxaQ1FVMVVTbFpXVkZKV1NsVmpibFo2WkVOQ1UxVXdSV2RSTWxaNUNtUkhiRzFoVjA1b1pFZHNkbUpwUWtKa1dGSnZZak5LY0dSSWEzZG5aMGxwVFVFd1IwTlRjVWRUU1dJelJGRkZRa0ZSVlVGQk5FbERSSGRCZDJkblNVc0tRVzlKUTBGUlEwRkZiVlZZVG1jM1JESjNhWG93UzNoWVJGaGlkSHBUWmxSVVN6RlJaekpJYVhGcFFrNURVekZyUTJSNlQybGFMMDFRWVc1ek9YTXZRZ296VUVoVWMyUmFOMDU1WjFKTE1HWmhUMk5oT0U5b2JUQllObUU1WmxveWFsa3dTekprZGt0d1QzbDFVaXRQU25Zd1QzZFhTVXBCU2xCMVRHOWtUV3RaQ25SS1NGVlpiVlJpWmpaTlJ6aFpaMWxoY0VGcFVFeDZLMFV2UTBoR1NIWXlOVUlyVHpGUFVsSjRhRVp1VW1kb1VuazBXVlZXUkNzNFRTODFLMkpLZWk4S1JuQXdXWFpXUjA5T1lXRnVXbk5vZVZvNWMyaGFja2hWYlROblJIZEdRVFkyVFhwM00weDVaVlJRTm5aQ1dsa3hTREZrWVhRdkwwOHJWREl6VEV4aU1ncFdUak5KTlhoSk5sUmhOVTFwY21SamJYSlRNMGxFTTB0bWVVa3djbTQwTjJGSFdVSlNUMk5DVkd0YVZHMTZUbWM1TlZNclZYcGxVV013VUhwTmMwNVVDamM1ZFhFdmJsSlBZV05rY21wSFExUXpjMVJJUkU0dmFFMXhOMDFyZW5SU1pVcFdibWtyTkRsV2RqUk5NRWRyVUVkM0wzcEtVMXB5VFRJek0ySnJaallLWXpCUWJHWm5ObXhhY2tWd1prUkxSVmt4VjBwNFFUTkNhekZSZDBkU1QzTXdNekF6Y0N0MFpFOXRkekZZVG5SQ01YaE1ZWEZWYTB3ek9XbEJhV2R0VkFwWmJ6WXhXbk00YkdsTk1rVjFURVV2Y0VSclVESlJTMlUyZUVwTmJGaDZlbUYzVjNCWWFHRkVla3hvYmpSMVoxUnVZM2hpWjNST1RYTXJNV0l2T1Rkc0NtTTJkMnBQZVRCQmRucFdWbVJCYkVveVJXeFpSMjRyVTA1MVdsSnJaemQ2U200d1kxUlNaVGg1WlhoRVNuUkRMMUZXT1VGeFZWSkZPVXB1YmxZMFpXVUtWVUk1V0ZaTFp5c3ZXRkpxVERkR1VWcFJibTFYUlVsMVVYaHdUWFJRUVd4U01XNDJRa0kyVkRGRFdrZFRiRU5DYzNRMksyVk1aamhhZUZob2VWWmxSUXBJWnpscU1YVnNhWFYwV21aV1V6ZHhXRTFaYjBOQlVXeFBZbWRQU3padWVWUktZMk5DZWpoT1ZYWllkRGQ1SzBORWQwbEVRVkZCUW04d1NYZFJSRUZrQ2tKblRsWklVVFJGUm1kUlZWVXpiUzlYY1c5eVUzTTVWV2RQU0ZsdE9FTmtPSEpKUkZwemMzZEVaMWxFVmxJd1VFRlJTQzlDUVZGRVFXZEZSMDFCT0VjS1FURlZaRVYzUlVJdmQxRkdUVUZOUWtGbU9IZEVVVmxLUzI5YVNXaDJZMDVCVVVWTlFsRkJSR2RuU1VKQlJucFZaa0V6VURsM1JqbFJXbXhzUkVoUVJncFZjQzlNSzAwcldrSnVPR0l5YTAxV2JqVTBRMVpXWlZkR1VFWlRVRU5sU0d4RGFuUkllbTlDVGpaS01pOUdUbEYzU1ZOaWVHMTBUM1Z2ZDJoVU5rdFBDbFpYUzFJNE1tdFdNa3g1U1RRNFUzRkRMek4yY1U5c1RGWlRiMGRKUnpGV1pVTnJXamRzT0hkWVJYTnJSVlpZTDBwS2NIVllhVzl5TjJkMFRtNHpMek1LUVZScFZVWktWa1JDZDI0M1dVdHVkVWhMYzFOcVMwTmhXSEZsV1dGc2JIUnBlamhKS3pocVVsSmhPRmxHVjFOUlJXYzVla3RETjBZMGFWSlBMMFpxY3dvNFVGSkdMMmxMZWpaNUswOHdkR3hHV1ZGWVFtd3lLMjlrYmt0UWFUUjNNbkkzT0U1Q1l6VjRhbVZoYldKNE9YTndia1pwZUdScVVXY3pTVTA0VjJOU0NtbFJlV05GTUhoNVRrNHJPREZZU0daeGJraGtOR0pzYzJwRWQxTllWMWhoZGxaalUzUnJUbkl2SzFobFZGZFpVbFZqSzFweWRYZFlkSFZvZUd0WmVtVUtVMlkzWkU1WVIybEdVMlZWU0UwNWFEUjVZVGRpTms1dVNsTkdaRFYwTUdSRGVUVnZSM3AxUTNJcmVVUmFORmhWYlVaR01ITmliVnBuU1c0dlpqTm5XZ3BZU0d4TFdVTTJVMUZMTlUxT2VXOXplV05rYVhsQk5XUTVlbHBpZVhWQmJFcFJSekF6VW05SWJraGpRVkE1UkdNeFpYYzVNVkJ4TjFBNGVVWXhiVGt2Q25GVE0yWjFVVXd6T1ZwbFlYUlVXR0YzTW1WM2FEQnhjRXRLTkdwcWRqbGpTakoyYUhORkwzcENLelJCVEhSU1dtZzRkRk5SV2xoeE9VVm1XRGR0VWtJS1ZsaDVUbGRSUzFZelYwdGtkM0p1ZFZkcGFEQm9TMWRpZERWRVNFUkJabVk1V1dzeVpFUk1WMHROUjNkelFYWm5ia1Y2UkVoT1lqZzBNbTB4VWpCaFFncE1Oa3REY1RsT2FsSklSRVZxWmpoMFRUZHhkR296ZFRGalNXbDFVR2h1VUZGRGFsa3ZUV2xSZFRFeVdrbDJWbE0xYkdwR1NEUm5lRkVyTmtsSVpHWkhDbXBxZUVSaGFESnVSMDQxT1ZCU1luaFpkbTVMYTB0cU9Rb3RMUzB0TFVWT1JDQkRSVkpVU1VaSlEwRlVSUzB0TFMwdENnb0sKICAgIHNlcnZlcjogaHR0cHM6Ly9mNS1iZC5jb25zb2xlLnZlcy52b2x0ZXJyYS5pby9hcGkvdms4cy9uYW1lc3BhY2VzL2RlbW8tYXBwLXV0aWxpdHkvZGVtby1hcHAtdXRpbGl0eS12azhzCiAgbmFtZTogZGVtby1hcHAtdXRpbGl0eS12azhzCmNvbnRleHRzOgotIGNvbnRleHQ6CiAgICBjbHVzdGVyOiBkZW1vLWFwcC11dGlsaXR5LXZrOHMKICAgIG5hbWVzcGFjZTogZGVtby1hcHAtdXRpbGl0eQogICAgdXNlcjogZC5nYXJyaXNvbkBmNS5jb20KICBuYW1lOiBkZW1vLWFwcC11dGlsaXR5LXZrOHMKY3VycmVudC1jb250ZXh0OiBkZW1vLWFwcC11dGlsaXR5LXZrOHMKa2luZDogQ29uZmlnCnByZWZlcmVuY2VzOiB7fQp1c2VyczoKLSB1c2VyOgogICAgY2xpZW50LWNlcnRpZmljYXRlLWRhdGE6IExTMHRMUzFDUlVkSlRpQkRSVkpVU1VaSlEwRlVSUzB0TFMwdENrMUpTVVl2YWtORFFTdGhaMEYzU1VKQlowbFJUeTlzZGprM1pVdGFVazFQVkdGSE5IbFFObWR5UkVGT1FtZHJjV2hyYVVjNWR6QkNRVkZ6UmtGRVEwSUtkR3BGVEUxQmEwZEJNVlZGUW1oTlExWldUWGhGZWtGU1FtZE9Wa0pCWjFSRGEwNW9Za2RzYldJelNuVmhWMFY0UmtSQlUwSm5UbFpDUVdOVVF6Rk9hQXBpYmxKb1NVVk9jMWxZU21oTlVqaDNTRkZaUkZaUlVVdEZlRnBYWWpKNE1GcFlTbmxaVTBKR1drZGtiRWxHVG14amJscHdXVEpXZWsxVFFYZElaMWxFQ2xaUlVVeEZlR1JLWW0xYWVWbFlUakJqYmxacVpFaFdlVnBUUWxSYVYwNHhZMjFzTUdWVVJUVk5SR05IUVRGVlJVRjRUWGRWUmtwUVVrTkJkRWxHVW13S1ltMUdkV1JEUWxaak1sWjVTVVZPYkdOdVVuQmFiV3hxV1ZoU2JFbEZiSHBqTTFad1ltMWpaMUV3UldkTVUwSXlUV2swZUUxQ05GaEVWRWw2VFVSTmVBcFBSRVUwVFhwUmVrNUdiMWhFVkVsNlRVUlplRTVVUlRSTmVsRjZUa1p2ZDB4cVJWSk5RVGhIUVRGVlJVTm9UVWxrYlRselpFZFdlV050UlhoSFZFRllDa0puVGxaQ1FVMVVSVVpXVkZKV1NYUlJNRlpUVmtWc1IxTlZUa0pXUlZWM1oyZEphVTFCTUVkRFUzRkhVMGxpTTBSUlJVSkJVVlZCUVRSSlEwUjNRWGNLWjJkSlMwRnZTVU5CVVVSM1ExTjVLMmhyUldZMlNtbG1jMUV6TmtaemRYQnlPVVVyYTJ4VGVVVnNSMVpXVm5wdlp6ZEhWSGwwTTBadk9WRllZbFoyYUFvNFZsQldPSFpaU0RNd2JYaHhSVlJhWnpVelpXOWxaSGt2VWpBM2EweDNWRm8wYkN0RlowWnpTamxSY0ZwUWFrZ3pjbGhDY3pseFNIRkdTblFyVEdGekNpdFZRM0psYkU5eE5GSkthV05pZDNkMU9WTXhZa0pTU1haVFRDdHZPRTkyVHpjMGN6WnFWV0ZLTVRCaWMzYzNWMVY1WW01cFFuUm5la3RDU1djeVFqTUtZV2x2SzJaWlIyaHhMMHRCZDNGTGQwVTJOVFpyU1VkalRtZGhZa2xXV1ZSS2VFUm1Vbkp5UlZOU2FGTlZSbUl6WVVOcmVsaHZZMWxOY2taM1lXOUhVQW80U0VoU2F6ZHhVRVV6Y2xZeVZ6UmxTR2hRVFc1WlFqZERUVE14ZDJ0RGRqaGFZMnhPSzJ4WlFXaEtaMVJrU1haeVZVWmtMeXRhU1hCMlpXMVpiRFJSQ21kak4ydzFSR1JaU0RablJXSkNibTVPUW5KT2RtVTViMkpKZFhaalkxRlJPU3RwTVU5a1dtSk9lVFZyZDNGMlpuTjBVMVZtUkM4M2EwTlJMelIyYURrS1YwdDBhRlZwVWxneVJsQnNhV2REZFhscmJFUjVXa2RaU21STFJIVkdRbTlsVEZkRVFVRnBTMVowVW1waFMwWXJZek40T0VFNU1XOVhjV1kwUm14elpBcEhTelJqWVV0dWFFazFla0ZFTDBGSlJHcEZPRkYyUWpRck5rWnRZekp4U21WSFJtcDRNWE5vY2xoTldURldRa2tyV1VNdlUybFJOMnh4WjNoMGRFMDBDbWxCTWxkaFYwaDJjR3gzUzFWTk9UbDBWR28yV1ZSNGRtRnRWbTVtY1ZCRVVWbzRjMU0wV0ZaMFdWRjFhMGxXVXpodldqWjVURTFOUkZscGJFaHBMMEVLWmt0eVFsQk1NMDl1YUdaSGVEQk5Vell4WlhWcGIyWkRjWEIwV0dKWk0yYzBkbE0xZVcxelRHNVlhVlpGZWpaV1UwVXZVbkZVWjBaVWMyeENNVkJEWkFwUmFGSnBZeXRVYUdoblVXUkxVemREZFhneFJtdEllblJEVERBcmQyMVNhRmt4Y3k5eGRtOUtjVkZaWmxSdFkweEZSbXBLZDFGSlJFRlJRVUp2TkVkUENrMUpSMHhOUVRSSFFURlZaRVIzUlVJdmQxRkZRWGRKUm05RVFWUkNaMDVXU0ZOVlJVUkVRVXRDWjJkeVFtZEZSa0pSWTBSQmFrRmtRbWRPVmtoUk5FVUtSbWRSVlV4R1ZEVTJaV1Z0TTB0TlowOVdXakJ3YURWSlRVTnViR2sxU1hkSmQxbE5TM2RaUWtKQlIwUnZVVFJDUVZGRlFrSkNUVVZGVjFGMVdqSkdlUXBqYld4NllqSTFRVnBxVlhWWk1qbDBUVU5CUjBSRGMwZEJVVkZDWnpaRlQwRlJSVUpCWjFGUlFrRTFiVTVUTVdsYVF6RjVaREpHYzFwSWFIQmhWRUZPQ2tKbmEzRm9hMmxIT1hjd1FrRlJjMFpCUVU5RFFXZEZRVW9yWjJSQlFuVTRjV3B4VVZNMWRGSldkekkwU0VWTloxRmhRVWRuVWtWMldVVktVa1pzZUc0S1VIVjRhMlJ5SzNwTGJ6YzVNbWhPY0VKVEwwVXpWM2QxYUVoWVYxTjJlblJZTDJKSVluZFNSRTVyU0RCS2NFTkdjbk5OWmxBd2FqQTVVMlV6Um1saVVBcFRlSFkxV2xoTFZVWlhjRFpwWjIxa1RYTjVla3BWYkU0NFVuVmhVV2RYT1VKa1IweEJhWGROTmtrck1tUlpkRnB4ZGtGQlZXNVVObTFaZFd4YVlWQnJDbEZaT1hwU05GZ3ZWMlZISzJoU1kyaGpaRzlzVlZaSE5sTjNSMDFUYzB4emRXODVPR2xTY1VaRU0xVjNOWFZGV2l0VGVGcExURFZaWXpOcFJWWTFSa3dLWXk5R1RuWTFSMUZWT1hoTU5pOXVXRlZJZDNSNGJrNWhUVkZPTkRoTmJpdFZVRlJ3U2tjNVZtNDFXWFJEZFcxcVdURTFWVWRZZURjd2JVZHNZekZ5WmdwcFVrZE9VbGxhTmtadlJUWnhUbnBuU25KUE1tMVVaMWhCVWt0dFdqUjFabEpoZG1nNFNHeGhPVWRWYWpVM1JHNWtVbXB2WXpkeFF6Uk5NRUZ4TmxRckNqZEpWelJ4VFdoRE5uWklRbE41TWpGWFRsWmxXVkJvT1N0MFNFRlhTV3h5U21ka2RrOVVUMUptYTFCM2EzUnJLMlZUTkVvelZGQXZRVll4TkVzMlFVZ0tWekpITTNCMk1WRk1VRU5RUkVScU9YbGhaVTB3YjB0dVEzSkRXVWxOU1dKb2JHRXJWRUl3UkRoU0wzRnVTa1ZCSzBzdk1rTjNLMFI2ZDJsak5FSmllZ3BLTlN0amNteHRPU3RaZG14VWVtaDFhMFkzYTJRMVJrbFZRV1JqTDB0emNqYzBWa3czWW5SdFFWcENkMWRQYXpBNU5GTlNZV0paYW1ocWRtSlZPWGszQ25SR1drZFhhbVZaVm1Kak5HUkxaWGxtZDNsc1RIbDZORzkzWmxabGFHd3ZhWGhwVUhGSlZVOUxWekl6VkhNNVVrTlVXSEZtUmtJMFRIbHBNMjEwTm1vS04yUjNNRUZuTjA5eFpIWlBTQ3R6WVcxaU9UQXlaRkZhU1VwRFZHa3lPVmRzY1VOVVlUYzRSSGhQTW1obmNIUm5UMk5PYUZkMWFrUndRVmM0UjJOMFp3cEpTRGc5Q2kwdExTMHRSVTVFSUVORlVsUkpSa2xEUVZSRkxTMHRMUzBLTFMwdExTMUNSVWRKVGlCRFJWSlVTVVpKUTBGVVJTMHRMUzB0Q2sxSlNVZGpWRU5EUWtadFowRjNTVUpCWjBsU1FVbFpPREJMWWtkS0t5OUxkRU40WVhwSk5FWm1iVmwzUkZGWlNrdHZXa2xvZG1OT1FWRkZURUpSUVhjS1oySkZlRU42UVVwQ1owNVdRa0ZaVkVGc1ZsUk5VazEzUlZGWlJGWlJVVWxGZDNCRVdWZDRjRnB0T1hsaWJXeG9UVkpSZDBWbldVUldVVkZJUlhkMFZBcFpWelV3V1ZOQ1JHSkhSbmxaVkVWbVRVSXdSMEV4VlVWRGFFMVhWbTA1YzJSSFZubGpiVVZuVWxkU2JscFRRbFJhV0VveVlWZE9iR042UldkTlFqUkhDa0V4VlVWRGVFMVlVMWMxYldOdFJucGtTRW94V1ROU01XTnRWV2RWTWxacVpGaEtjR1JJYTNoT1JFRjVRbWRPVmtKQlRWUkxNVUpUVkRCUloweFRRbFVLV2xjMWFHSnVVV2RXV0U1c1kybENSRnBZU2pCaFYxcHdXVEpHTUZwVFFsTmlNamt3U1VWT1FrbERNR2RrYWtsM1NHaGpUazFxUVhkT2FrVjRUVlJWTVFwT2VrVXdWMmhqVGsxcVZYZE9ha1Y0VFZSVk1VNTZSVEJYYWtOQ2RHcEZURTFCYTBkQk1WVkZRbWhOUTFaV1RYaEZla0ZTUW1kT1ZrSkJaMVJEYTA1b0NtSkhiRzFpTTBwMVlWZEZlRVpFUVZOQ1owNVdRa0ZqVkVNeFRtaGlibEpvU1VWT2MxbFlTbWhOVWpoM1NGRlpSRlpSVVV0RmVGcFhZako0TUZwWVNua0tXVk5DUmxwSFpHeEpSazVzWTI1YWNGa3lWbnBOVTBGM1NHZFpSRlpSVVV4RmVHUktZbTFhZVZsWVRqQmpibFpxWkVoV2VWcFRRbFJhVjA0eFkyMXNNQXBsVkVVMVRVUmpSMEV4VlVWQmVFMTNWVVpLVUZKRFFYUkpSbEpzWW0xR2RXUkRRbFpqTWxaNVNVVk9iR051VW5CYWJXeHFXVmhTYkVsRmJIcGpNMVp3Q21KdFkyZFJNRVZuVEZOQ01rMXBOSGhOU1VsRFNXcEJUa0puYTNGb2EybEhPWGN3UWtGUlJVWkJRVTlEUVdjNFFVMUpTVU5EWjB0RFFXZEZRVEJXUkhFS2FIUTFTMWgxYTFKSFFrUk9ia1Z2SzFsclZIRmxaa3BMVVhaTVowaEpVa0ZIT1dzeFlrRkVWM2RqTUhvclJXWldlVFJ0Wm1oYU1XNUxlbEkyYVhaeWJ3cGFhREkwVFc5SmIxZG1ObEZvVVM5NVFXczFORWszZG5WalRTOTRNVzluVldoWlRrMDVjMHh3TlZVMGNERXhPWHA2T0VaU01FdHZWR2R1VUROR2J6Wm9DbkZISzBka1VXTkthekV4TUU5S1ZYTkhORTl3ZGxoU1FtcFFLMFV4TDI5RWRqaEVZa2hFVjJSUmNXa3JWakpNTjJOYU16Sk1TbTVETlhGUFMwWmlPRThLU21ObFJVZENiVUppTW5JeWFteE1NbmN3ZWpkalNEWmxWMko1V1dFd1NWcExiemQ2ZDNOcWJsQk5TbmhXUlV0dlNXMHlNRXBYYVVkT2QweFZlRVpUY1FwT00waHdPRXRrUjFCYUswWTNUbk5yT0hGSWExZE1VMGRJTmpacllVOW9jamRwV1c1cE4zWTBXV1IxVXpKRFMwWk5SMVZhZDBnMlNEY3pLM2t5ZUVwRUNtUmljMEZDY0ZsVFdHSkJkRWd5UkcxVU1uQkNVMHBHVVhaR1NUTk5WRVV5VlRCc1EwWk5Ta3RDYkZJd2NuRkpVVmhtVFc5NldYbHVRVWt3VDFkdmRHY0tZM1E0YkRKTGNEbHVkVTlSUVVsR2FtMXlTa3h3TUZCRlJFaG9iMHN6UkRCTFNVNWFWMHBOWXpsS2IwbGxRMWRsYTBaVWNVNDBZbVZDY0ZGclJtaFJOQXBVZDNaSFF6UTJOSFpEVVhSR2NHRlRWa2x0ZFRGelltUmxWSGRYTUZvNWVWUldWM052U1RCU2REWlNVSEpyWmxwbFRuTXhjM0JrTW01dmMwb3lPWEZaQ2sxYVMyRjVheXRRZVVOaWVTOUJVMmMyYTFablpsSmpXVk5QUlhoMlVuTTFkalJ6YjA0MWRHNURRM0JvZDNScE5ITXlSV3RvTkhSNFptbzJTRVpuU1M4S1dWQnFRMnBIYVdod2NuaHViVVZqTjJ4SlNYUlZja2hxYlZoeVRUWmxXalF4VlRKdU9VNUVRVmRNYWpOd05Fa3laRGcwWkRFdlRuaFBTbVJxVTFBME1ncFJVbUZJY0VSUVNUSkllVkpXUjJ0cVoyOW5NR2RXUzFKc1VFOVdNbWhRVkdGaVNqRkVTV3REUVhkRlFVRmhUamxOU0hOM1JHZFpSRlpTTUZCQlVVZ3ZDa0pCVVVSQlowdEZUVUU0UjBFeFZXUkZkMFZDTDNkUlJrMUJUVUpCWmpoM1YwRlpTVXQzV1VKQ1VWVklRVkZGUlZSRVFrdE5SV2RIUTBOelIwRlJWVVlLUW5wQlFtaHFlSFpaTTA1M1RHNWFiR041TlhCaWVUbFJWV3M1UlVsRE1HZFdSMVoxV1ZjMU1FbEdWbnBhV0VsblVUSldlV1JIYkcxaFYwNW9aRWRWWndwVFdFNTZaRmRzZFZwNVFrUlJVMEYwU1VoWmVVeHFSWGRFVVZsS1MyOWFTV2gyWTA1QlVVVk1RbEZCUkdkblNVSkJUblIwZGpsUmQwSjZTV1l6UTA1YUNscFNUSGN3UVV4MWFrWkdlV0kwTWtsUGIxSTNVRTVxTWpCTWMwWnJVa2RvV0hGUFoyNTRhRlIwYUdVMFJWaEhUbmR2U21SNVQwRllaa05XV0d4emMyZ0tOVFFyYjBOQlEzZDNOV3BuZURKS1ZrdzVRMHBRVUhBeFZrRldTRmxyYXk5eFlYZFpWRkYwTms1NE9XZExjVGxuYm5kcVJqQkNOMVV4YzNOSFNWSm1hZ3B3UnprNE1qQTNUVk51U2tNM2VsUndPWFJhYXpsUlUzVkhLM0ZIYzFkNVRVMDBTa3g0WjJGYVQyZHBSRkJHVEZabVRXMVJjWFZVYVRnMVoyRk5kMGROQ21kSGNXOWFlV1pOTnpORlVrVXhOVUZyUWpKUlRqbHZiMmhLY1RORVRHOTBUU3RHUzJkTGRHVXZXbkJ5Yms1T2QwOTRNVlZPY21jeWFGTnNVMDExTVVNS2VESjJSbTlLUWtaNVNHcGlRbmsxTUZwWVYyUnpkMnBqV1cxeFZGWklXVTAyWmtoT1VYQlZiRTVUVkVsVVlsUTFWakpWVkdWR1Z6WndRMnRZVDBOblpncDRTblpsUVhZM1EyeFdPVEpMUmpJd05XZE1ORkZDUXpWM1QyUlBXRkJKYTB0Q05GWllabVJtUkVnNFlYZE9Nak1yVkZoR1dsTjBkamh4ZVVRMGFXcE1Dbk5TT1hJcmEzVXJNbmRIV2s1TVlqSkpObFkzWmtsNWRGbFFUakJwUkdoS1NuVmFXRGwyYTFkbWFISk9LMkp1T0hWdk5rRndUMHhuTnpsU1NFY3pVRE1LVVZKWFFtdG9RVzB3Wml0aU0yZzBOVXB4VDJ4dGFtcGhORnBDUm1KMFdpdEdXVTVVVjJKVlMySXZOak5TUTNwMkswMDBXREJKYkZkRlUyUkJTVzFxYkFvdlZUUTFRVXBxYTJsa2NFdzBSRTEzTjBKMVUxRkZSVWt2YjJORU9GTm5abXczT1hobVowdFphME4yWTI4cmJXOVVRV1pUY1ZGc1IzZFNkbEEzU1dOcUNqbExRbGh3VVRKUlYxSnZRa1poVVcxM2N5OHdjVEpzWjBSMGFTdDZZa3R4V1ZGNFpsRXpTVEZYTWxwUVUwaFRSVVJ4UlZaeE5VZGhSWGgyUlVOSU9ESUtaVmhwTUZKTlNrMTBaMEZwWXpocFNWUXpNVUpWYkZwWWNYbERSUW90TFMwdExVVk9SQ0JEUlZKVVNVWkpRMEZVUlMwdExTMHRDaTB0TFMwdFFrVkhTVTRnUTBWU1ZFbEdTVU5CVkVVdExTMHRMUXBOU1VsSFducERRMEpGSzJkQmQwbENRV2RKVWtGS04yZFZNRFU0WmtOVlRIaG5PV2RZUzNWaFJVbzBkMFJSV1VwTGIxcEphSFpqVGtGUlJVeENVVUYzQ21kaVJYaERla0ZLUW1kT1ZrSkJXVlJCYkZaVVRWSk5kMFZSV1VSV1VWRkpSWGR3UkZsWGVIQmFiVGw1WW0xc2FFMVNVWGRGWjFsRVZsRlJTRVYzZEZRS1dWYzFNRmxUUWtSaVIwWjVXVlJGWmsxQ01FZEJNVlZGUTJoTlYxWnRPWE5rUjFaNVkyMUZaMUpYVW01YVUwSlVXbGhLTW1GWFRteGpla1ZuVFVJMFJ3cEJNVlZGUTNoTldGTlhOVzFqYlVaNlpFaEtNVmt6VWpGamJWVm5WVEpXYW1SWVNuQmtTR3Q0VGtSQmVVSm5UbFpDUVUxVVN6RkNVMVF3VVdkTVUwSlZDbHBYTldoaWJsRm5WbGhPYkdOcFFrUmFXRW93WVZkYWNGa3lSakJhVTBKVFlqSTVNRWxGVGtKSlF6Qm5aR3BKZDBob1kwNU5ha0YzVG1wRmVFMVVWVEVLVG5wRmVsZG9ZMDVOZWxWM1RtcEZlRTFVVlRGT2VrVjZWMnBEUW5OVVJVeE5RV3RIUVRGVlJVSm9UVU5XVmsxNFJYcEJVa0puVGxaQ1FXZFVRMnRPYUFwaVIyeHRZak5LZFdGWFJYaEdSRUZUUW1kT1ZrSkJZMVJETVU1b1ltNVNhRWxGVG5OWldFcG9UVkk0ZDBoUldVUldVVkZMUlhoYVYySXllREJhV0VwNUNsbFRRa1phUjJSc1NVWk9iR051V25CWk1sWjZUVk5CZDBobldVUldVVkZNUlhoa1NtSnRXbmxaV0U0d1kyNVdhbVJJVm5sYVUwSlVXbGRPTVdOdGJEQUtaVlJGTUUxRVNVZEJNVlZGUVhoTmNsVkdTbEJTUTBGMFNVWlNiR0p0Um5Wa1EwSldZekpXZVVsRlRteGpibEp3V20xc2FsbFlVbXhKUmtwMllqTlJad3BSTUVWblRGTkNNazFxUTBOQmFVbDNSRkZaU2t0dldrbG9kbU5PUVZGRlFrSlJRVVJuWjBsUVFVUkRRMEZuYjBOblowbENRVTU0ZGs5VFZuZ3lNVzl5Q25GU1RXYzVaak5rTDNwUlFUWjBPVk5RZDAxeVprVlBNVzV1VUhkTlJqbGhkMU5KVkhZdk0yRlpWbmhDWVdwNGVsbzRTSEpXVWpGblRYbG9ORVJrU0UwS1ZFdG9ValJTVVVoQlMwcFdUamRQTmxOblRqbHZOMHN2ZHpGcmJFdGlaRm81YUZOUVVrWjRUa0k0YjA1ek5td3JRM1Z2T1c5cmIyTjFkR0ZFZURST2NRcFBaa0ZqTXpWcVNXOW9TVWQ1YldONVRtODVMemxzWlZCa1N5dHdSVXN3YTBrd2VIUXJNWFJSZDFWRFJrTmhSV1ozYTNkT1kwOXhVMDlIVFhkWlFVaE5DbGx2TUdWb2NGZENkVWhRUlZSRU4wUTJSa0Y0YjBwMVRrdzVjRVZCVkhadVJsRlBjRm8wTXpCT2VqaGxSV3RFY0RSckwyeEhSMlU1YVM5NWQxUmhWR0lLZDNjMmJHMU5Na0V6TUVOUFJWUlhja0U1YjBOUFpXTkhPVUZZVlhveVUwSTRSV1IxT0Vad09WSkVOVGRLTVRrdmRXbEhjMWtyWWxWdlZtTnBlR04wWndwcllrNVFiekJ0VmxocVpGWkxaa3BYYldaRE1HWkxiazAzV2xRNGJFNVpkREJGY1VrM1FWcEJWbkphWkdkcGRESlNjRXBvTkZZM1kyeEthR1k0WlZGU0NrdERhSGxxZWxSQmVVOTRjRGRzV21Ga1RWWm9kbkk1UTFKaVpTdEdURUl4WW1SSVFraEtjMkZqUlVoTE1saG1iRGxvTm5KMFZ6Sk1VWFpMUTNKRGJXOEthbWRXZWpoUWVXWjNPSHBXUTBwQmEwMHpWbmN5U21ad1pXYzJUVFZIZHlzdlNGaHZSRWRHSzNGemJEVkVWak5pZEdZd0wxRTFNbkpFVlZOeU5VRmpiQXBZVEVWdU0za3hRbE0yVFdRcmJtOU5MM0ZaYkcxTmEzWTNXV1U1TURsU2NWUTJVbTlhYW5GSmJYYzROSGhRTm5oaVNHMVlUMloxY3k5RlRuSTROVEpsQ201YVJEZFNZMDQwVjNWNFZUWlFXRTE1WlVwdVZuUnBhRTVIVEc1aEszVkVXWGcwVjBGTmMzVklkbFZRYWtSMlJGTnlSa05PYkVGaFRrZzNOa0pZZDBzS2QwTTJMMjVEU2taUFowbGxOekJNVG5kUGRuTlhMMWwxYVhoclprNWtTRXhCWjAxQ1FVRkhhbVZFUWpKTlFUUkhRVEZWWkVSM1JVSXZkMUZGUVhkSlF3cG9SRUZRUW1kT1ZraFNUVUpCWmpoRlFsUkJSRUZSU0M5TlJrMUhRME56UjBGUlZVWkNkMFZDUWtWamQxSlVRa1JDWjJkeVFtZEZSa0pSWTNkQldWa3pDbUl5VG5walF6VXlXbGhOZFdGWE9IWlZSa3BRVWtOQmRFbEdVbXhpYlVaMVpFTkNWbU15Vm5sSlJVNXNZMjVTY0ZwdGJHcFpXRkpzU1VaS2RtSXpVV2NLVVRCRloweFRRakpOYWtGT1FtZHJjV2hyYVVjNWR6QkNRVkZ6UmtGQlQwTkJaMFZCTW5sWk0wMHJabGRMWkhwRVJWbzFTV2czVUU1MWJHdFpZWHBqWXdwSU5ucFZNMEpuVEN0VlZHOVJTVEpxVG5kMmJXOXZjRGxFZHl0V1pXbENOM05ZVlRCd1dqVnhlalo0V0VKU01URnJRVFZSWm1WWk1XTlJXRU41WTAwdkNrUlBSRTFWVXl0bWEybGhORzF1UjJwd1RuVm9ZWFp1WVVWQlJHUmFjRWRNVXpRd1pFOVFiV0ZvVDBOamNGQnZOMFJNTldaSWRVSkZUbUpxWlRoa1VXWUtSRVpPVHpOaFdrVnFjamQ2VGpaSmJuY3hMMFpUTjJWa2FYVndSM2htVFhocmVGTjZRV3RzVlVSa00wTjVWR3AxY3pkWU56bFBNMGtyUzFKRFVEUTBiUXB5ZVVOdVpuUnRkbWcyYms1b2VVMXFkblJ4U1dveWVYVnROVEpVVDBkWE1XNXVXbWxtWVdoSE5FdE5kMkpHYmtJNWQzbHBTMHBJVjJ0T2FGTnlkVUZQQ21wS2VFZ3diRXQwTjFsS1EwSkNTMUI2VGxCbVRWTkVOME51ZFhBeE5GQkljRlJQUWpCdGNVeE9jRUpUVnpVNGFVbFFWemQwZDJKMlUzVlBXV1IxYjFZS01GRkZia3RZZFVGemJWWndOVFp1U1RJelNFbzBhR0Y1VTB4SFpIRlRSVU5wWm1SblpsTjNWMXBPUkVaRVlVWnJaMjFpYlVaV1pXZHpSMkl5ZW13dkt3cE5VVmhNYzFNcmVGcE5hbFo2Wkcxa01GQm5XbXhCTmtob2RUUlZOWEEyUjNkVU1tbFdkRlpOTmxWWlVqUXdhRGRSZFhWbWFHNXVOVnBOZVN0dlJVZERDa3B3SzJKYVdYaHljazVHYjFsbmFFZHBOMVpwWTBwbWJGSXdiM0IwZUdOVGMyZEpUblZtV2xCdlIwUlZkV015VUhKblZta3paV3RVVTJGVFJXVXJlbTRLUldvMlYwWXlUbWhqT0hKeVdXNVBXVW93UlhKMVQxVXhVMHhtZVdKREt6bDJlVEphWlhKNkx6TjZlVTVqYUdGQlZpdGplblpoZEdoVVFrSjRaR3hCU3dwSWFTOWlTV2hsYkdGWFdXeHhjazF0TmxkdlpscDFWSGxRYlUwMk5VWTVSMG95V1hJNU5sUXJNa1J4UkN0eGJFOXpSRTV2VTFwV2NWZFpVVzlaY0RSbENtUXdhVWd5TDBwR1JtZEtTRmhEWnowS0xTMHRMUzFGVGtRZ1EwVlNWRWxHU1VOQlZFVXRMUzB0TFFvPQogICAgY2xpZW50LWtleS1kYXRhOiBMUzB0TFMxQ1JVZEpUaUJRVWtsV1FWUkZJRXRGV1MwdExTMHRDazFKU1VwUlowbENRVVJCVGtKbmEzRm9hMmxIT1hjd1FrRlJSVVpCUVZORFExTjNkMmRuYTI5QlowVkJRVzlKUTBGUlJIZERVM2tyYUd0RlpqWkthV1lLYzFFek5rWnpkWEJ5T1VVcmEyeFRlVVZzUjFaV1ZucHZaemRIVkhsME0wWnZPVkZZWWxaMmFEaFdVRlk0ZGxsSU16QnRlSEZGVkZwbk5UTmxiMlZrZVFvdlVqQTNhMHgzVkZvMGJDdEZaMFp6U2psUmNGcFFha2d6Y2xoQ2N6bHhTSEZHU25RclRHRnpLMVZEY21Wc1QzRTBVa3BwWTJKM2QzVTVVekZpUWxKSkNuWlRUQ3R2T0U5MlR6YzBjelpxVldGS01UQmljM2MzVjFWNVltNXBRblJuZWt0Q1NXY3lRak5oYVc4clpsbEhhSEV2UzBGM2NVdDNSVFkxTm10SlIyTUtUbWRoWWtsV1dWUktlRVJtVW5KeVJWTlNhRk5WUm1JellVTnJlbGh2WTFsTmNrWjNZVzlIVURoSVNGSnJOM0ZRUlROeVZqSlhOR1ZJYUZCTmJsbENOd3BEVFRNeGQydERkamhhWTJ4T0syeFpRV2hLWjFSa1NYWnlWVVprTHl0YVNYQjJaVzFaYkRSUloyTTNiRFZFWkZsSU5tZEZZa0p1Yms1Q2NrNTJaVGx2Q21KSmRYWmpZMUZST1N0cE1VOWtXbUpPZVRWcmQzRjJabk4wVTFWbVJDODNhME5STHpSMmFEbFhTM1JvVldsU1dESkdVR3hwWjBOMWVXdHNSSGxhUjFrS1NtUkxSSFZHUW05bFRGZEVRVUZwUzFaMFVtcGhTMFlyWXpONE9FRTVNVzlYY1dZMFJteHpaRWRMTkdOaFMyNW9TVFY2UVVRdlFVbEVha1U0VVhaQ05Bb3JOa1p0WXpKeFNtVkhSbXA0TVhOb2NsaE5XVEZXUWtrcldVTXZVMmxSTjJ4eFozaDBkRTAwYVVFeVYyRlhTSFp3YkhkTFZVMDVPWFJVYWpaWlZIaDJDbUZ0Vm01bWNWQkVVVm80YzFNMFdGWjBXVkYxYTBsV1V6aHZXalo1VEUxTlJGbHBiRWhwTDBGbVMzSkNVRXd6VDI1b1prZDRNRTFUTmpGbGRXbHZaa01LY1hCMFdHSlpNMmMwZGxNMWVXMXpURzVZYVZaRmVqWldVMFV2VW5GVVowWlVjMnhDTVZCRFpGRm9VbWxqSzFSb2FHZFJaRXRUTjBOMWVERkdhMGg2ZEFwRFREQXJkMjFTYUZreGN5OXhkbTlLY1ZGWlpsUnRZMHhGUm1wS2QxRkpSRUZSUVVKQmIwbERRVVJLVUU5bWJWVXlaMFlyUm5JNGFIUlFVVGswZFVoc0NqTTRNV3hxYVhKclprRlVOSEF3YURCclluVlJVVmh6ZWtsNmFteDVkVkpKVjBoSU0xRnRibFFyZGxsd1pHOVVRV1ZWTkRSVlVFcG5Obk5sV2xKc1NYRUtNbFExTjA0MlJXSnNMMUV4U0ZrclIzUnJSM0pIU25CdFVsTkRXR2xJU1c5eE9ERkdSR3hSTm1GRlowb3pieXMwVkhCVVdESnJhVVZ0T1d0VVMyVnBTUXBrVVhWck5uZDRXVkU0VDFObVFVZG1NaThyWWtneVNHbG5XbGQ0VFRNM1ZESmFZbEJhTWxGcVZHVm9LelIxY0ZWMFlsVnhjRWd2UWsxNFJrRnZNMGhSQ2s1c1JWWXlaamxhT0hGalRpODJlRXhSU21SeWMwcFVOWGwzWW5ONU9ITklZMnhQYVhsMU9VSXZabFJyV2xwbllWcGlkakZLZDBOcGFqaG9OblJ0VVhFS1JuRjJUMVpFU1VZdlUxRkRTelZQYVd4S2FraEZaRlZaWVdJclRucHViRmhQTmpScVluaFphRlJITTJjeWJUQkVSbkp6V1c1Q01HVTBkMmRoY1VOVlpRcGFka0o0ZEhoNlJEQk1kRFJHU2xSdVNVTnVNSGxyVVZVNGRrVmpXbU5vZERWWFEzQndaMFJXUjA1VWF6TjZVMVl5TUZWdFNUWjBLMVJXYms1MmJEUm1DbFEwZVhjeksyeFpZWFkzTkdsblRrSkRVa2tyV0dab015OXRXVkp4WkVORE1FdHBkMjlQVlVsUkx6aE1kV0V2ZUVKNE1DOHpNbEZtU0VOdE1IWnlSMm9LZURoVFdERkxNMjlWZWpBMFRrVXhWM1JLVFhodU1uRmFOa05pYldsVkwyMHJTbEI0VkZrMWJVaEVNMnRyUlhocU5WcHZUMWR1YXpaeVJVbERVbTlYZFFwb2VYbHdNRXBMT1hwUWRITkZXRkkzVDJKUlNXWndjRlZIYkdGWE9VMTRhV0ZPWldGcE5teFliMmRwV0hsUVpXTlNlbFpQU3paVVIxcDRVV2RMVWxCdENrWlllVU0yTjJ3NFlXZHNTR2xOYmxGSldVOHJTSFJ2TVhoS2RYbHRWM00xTVVwMWJHVTNZaXRHUzBzNGVURkJSelJCZFc4MWVuQjNSR3RrUjJSdE9UVUtjelJvUlU1RmQwRjNabFp3ZURVeVduWnJUV2hCYjBsQ1FWRkVOSGxtYmxVdk1qY3pWVVJTYUdKR1NUQnVTalIxYWtabFpsVlliSE42YTFnMlJWUlJWQXAwV0ZGbWVtcHlNamRqZFdzMk9UUTRhalZzUkVjdk5IVmhSM2RHTDNWNFRYRXZTRVJ2VkRKYVYydGFNbmhpYjFBNFRESlBiVXhGY0VNeGNFVlJlREZ0Q2t4UE5HbEJZblF6TkROYWJtRnlUaTkyYm5RelVqQlpiV3AzT0RaNk0zZzJiMFEyWW5KMUsxWnJNMWhrTTFoNk9EQjVlVTlzYTBscFlYaEhibHB1V2trS1FuTnhRM28wU21GcVl6WmFaalpHUms1NGR6ZE1ielZ6YkhSMFNGVTRNSEJ2UTAxNFRUWmliRzlpV1cwMmNWZ3paRXBoVTB4MVdXdFBaekJtWTFKVlV3cENkazFJTVhwMlp5dGhNRFZIY0d4RWNVOUpiamhLTm5GclVucHNlbmt5YzJSYVFWcFdja3hwYm05eVlVWmpiRmM0VmxZM1lVaEJSM2xwTDI5eWMwZDFDbk5hYVhsclVEaElSM2hKV0ZkcU9GcEJSVlI0Ym5OTmRIbE9heTlNTDFZNFprY3hhMGtyTkUxbFpGRTJNalZzTjBGdlNVSkJVVVF5TDJ0QlZVTllOMElLTjFkclJtcFlRVTVSWlRVeFUwZDRXR3RqTkZRM2FrSjRVamhETkVoNFQwWTRibWhtU0Vrd2NqZFpVMHBoWjJvNGVXY3diekY2WTFkTGN6bGFhRkJZUWdwTlNpOWhkbGxtS3pOeFpWTjBXVmhpTkhCWFFVSnZUMGQwTW5KMWIwOTZaa3BTYUVoeVFXcG5PRTlxZVN0Q1JIUmtaR1pUWTA5amRrOTJhMDEyYkhVckNuTndNRWxwZUVweVJXbGliVEZ3U1RKWk1WQjVWbGx6TWl0TFEyUXJWRWRaVUdrMGQzWkpWelkzUkhBMGFIQnRZMnBMVVVVMk5FcGFUR053TW5sUWVGb0tjbGx6TlRkdWVVRjVOMU5UVW5CMFRsWXpWMWx5TW01bWRreEZSMGdyV1dOb2NEQXdXVzVVTUcwclJXdFJlVzluVm5kbWVWUmhXbFpwVW1sUVNHOHdZZ3BhYjB4cVRrbFJOVEZPT1ZSclpFNW1jekpTYURsYVFsUnNaRlpqTWtKd1IwdzVkMDlpY2t4V01qSTBVMWRHTUdKc1EwbEpjR1IxYVVkaGFtTXZOVFpRQ21WR05GRTNaRW96Vm1rM2VrRnZTVUpCUldoa2RqZDZNRWM1ZGpKVFdGazFTWFZTU1RGcU5HdzViWEpUVFZOaE1FUlhha042YTI5YVZYUkVXbXhST0RBS1pHcE1abkJSU1hGd2RVdzVXbTQ0Y2xGd2FYWTBValJuVDJFck1ETkJNR0ZXUkhKRFNYVXZNa1EzTVVaeWRYRkpZMlJaTDFNelRHOURUa0k1Wm05R1Rnb3JZV1l4VVc5allUWnBSREEyTTFCV01IaEdRbEI1TUZGS1dWZ3hZVm93ZUdsdGVHaDFOMUo1TTBwblVraDFWMU5FVlRKTVNWVmhjMHQzV0VoNFJuZEJDblZoUzNWdVJVNWpNVEp3YW1wWGQwdHhXR1pwTmxZNU9WSkNPVkZ5WmtKSWFrbDBabGcyTVU5RVYyOTVSME5HWW1aWGRYazBabFZtWW14MlQyZEpNV1FLVFhOVVZXUjBXbGRpYjI4NWJFaHNObmRzVVdGWmJXVjVkbkJ4VVZCSVNuTjFWMnBqVVROa01YUlhObnBJZW5KeFdIVnpiM2RuTDBabGRYZGtMM2REWWdwSlJGVkpka05tVTJsNmRGa3JaRGM0WlVONlNVUXphMHBZUjNoMlozaFBMemhFY1RadE4yTkRaMmRGUVZkSmMxRTBXak01ZVZCMVdTdEtjVnB1YzJOU0NpdDNNVFZsV0UxV2F6SlBRMFJxYjFGNGJrTjBhVkZzUWxOaFpITnVSMFJNWTBrclNYQlZZWGh5VVVKeFExSktWSFowTTBKVkx6Vm5ZMEZSWkRaeGNHSUtTRWRpYVdzNE9FbHNVbkpCY2psNU1VRjBURUl4T0ZSMWFsWk5TVFE0Y1RWV09VUkRSVXcxT0VocU4waFJaRVU0VlhWemVUZEpkMUJoTWpabWNtRTJWd3BNTkRabldEaHlMek40U0ROc1JEbFNTbEpEWlZST2RVNXdNemhPTW1STGVIRXhPV3hXWnlzNVFrNDJRVzVuVDJsWWVUZDRLMEozVlcxNlNEVm9RbkZEQ205NVYxbHhkMDA1WW5Zd1JGVlhaazVrYTNGa1RGbERPR1p1YTBaUlIwNWFUa3Q1TTFBeGVYcDRjRTAzYlRsS1NEaGFZV05OTUZKMWFUVkVZVVJtYkZrS1JHaGtjVEZTV0RCWFNVY3hkV0ZGZGtka1pVZHZOelp2Wm5GM1JXaEdTR3BvWTFGVWNrd3hVRGRvVnpOU1RXTTJSaXNyZWtsbEsyVnRVMk5KYldsMFZncE1VVXREUVZGRlFYZHNRM2MyVTJOcVJrUk9jVWRVTjI5bGNGSXJUbmRPY1ZCSlNtd3pVSEpMWlZkTlJqVmtXRXBNUlhReWRWcDVUMlpoWjA5Rk5WbzJDbWcxVml0SU9FOVVPVmRVUTJ4NVRreHRZMU40Y1hGUVRtY3JjVlJZYURsb2NHUTRNSGhUTUZsVmFUTklReTg1ZW1wQ2J6ZHhWMVF2ZUc1eVRFUnpjbVlLZWt4NlVtVm1SMEZwVlRabEwwZDBibTVLTmtRNWRsUmhXVXhTVnpKSmRrNVdiRFZsVFRSUlVDdDFORGhhUkVZMU5DdElSbWR0YWpnd1ZsQnRNa1kwWmdwM1VqSjNia0V6VkRKb0sxWlBiMDR4THpoVlZEbDRZMVIzYUhSMmJsSmliVlZHYVVJd2FIQnhUU3RxUVU5UVlYRnhiRzlSZWxSR1pXczNUbk5GVEdoS0NtVnZaSHBJZDNaTU9EaE5TbHBJVFVoaFpFYzVhV296T0dwalZXbDJlalZZVGxZdlkyZEdiRUpPTnpsa00ycDBTMFJxZFhGRlRIWjNLMFZJV0dkclRHRUtSeXRIVHpoVFRrUkdNamhhVEd4c09UWndka3BGU3pkWU9GTmxaMWRSUFQwS0xTMHRMUzFGVGtRZ1VGSkpWa0ZVUlNCTFJWa3RMUzB0TFFvPQogIG5hbWU6IGQuZ2Fycmlzb25AZjUuY29tCg==",
            "expiry_days": 89,
            "id": "demo-app-utl-cred",
            "name": "demo-app-utl-cred",
            "virtual_k8s_name": "demo-app-utility-vk8s",
            "virtual_k8s_namespace": "demo-app-utility"
          },
          "sensitive_attributes": [],
          "private": "bnVsbA==",
          "dependencies": [
            "module.f5xc.volterra_namespace.utility_ns",
            "module.f5xc.volterra_virtual_k8s.utility_vk8s",
            "module.f5xc.volterra_virtual_site.utility"
          ]
        }
      ]
    },
    {
      "module": "module.f5xc",
      "mode": "managed",
      "type": "volterra_app_firewall",
      "name": "af",
      "provider": "provider[\"registry.terraform.io/volterraedge/volterra\"]",
      "instances": [
        {
          "schema_version": 0,
          "attributes": {
            "allow_all_response_codes": true,
            "allowed_response_codes": [],
            "annotations": null,
            "blocking": true,
            "blocking_page": [],
            "bot_protection_setting": [],
            "custom_anonymization": [],
            "default_anonymization": true,
            "default_bot_setting": true,
            "default_detection_settings": true,
            "description": "App Firewall in blocking mode for demo-app",
            "detection_settings": [],
            "disable": false,
            "disable_anonymization": null,
            "id": "0747f266-3784-4e12-9e75-8469863cab8f",
            "labels": null,
            "monitoring": null,
            "name": "demo-app-app-firewall",
            "namespace": "demo-app",
            "use_default_blocking_page": true,
            "use_loadbalancer_setting": null
          },
          "sensitive_attributes": [],
          "private": "bnVsbA==",
          "dependencies": [
            "module.f5xc.volterra_namespace.app_ns"
          ]
        }
      ]
    },
    {
      "module": "module.f5xc",
      "mode": "managed",
      "type": "volterra_app_setting",
      "name": "as",
      "provider": "provider[\"registry.terraform.io/volterraedge/volterra\"]",
      "instances": [
        {
          "schema_version": 0,
          "attributes": {
            "annotations": null,
            "anomaly_types": null,
            "app_type_refs": [],
            "app_type_settings": [
              {
                "app_type_ref": [
                  {
                    "kind": "",
                    "name": "demo-app",
                    "namespace": "shared",
                    "tenant": ""
                  }
                ],
                "business_logic_markup_setting": [
                  {
                    "disable": null,
                    "enable": true
                  }
                ],
                "timeseries_analyses_setting": [
                  {
                    "metric_selectors": [
                      {
                        "metric": [
                          "REQUEST_RATE",
                          "ERROR_RATE",
                          "LATENCY",
                          "THROUGHPUT"
                        ],
                        "metrics_source": "NODES"
                      }
                    ]
                  }
                ],
                "user_behavior_analysis_setting": [
                  {
                    "disable_detection": null,
                    "disable_learning": null,
                    "enable_detection": [
                      {
                        "cooling_off_period": 20,
                        "exclude_failed_login_activity": true,
                        "exclude_forbidden_activity": null,
                        "exclude_ip_reputation": null,
                        "exclude_non_existent_url_activity": null,
                        "exclude_waf_activity": null,
                        "include_failed_login_activity": [],
                        "include_forbidden_activity": [
                          {
                            "forbidden_requests_threshold": 10
                          }
                        ],
                        "include_ip_reputation": null,
                        "include_non_existent_url_activity_automatic": [],
                        "include_non_existent_url_activity_custom": [],
                        "include_waf_activity": true
                      }
                    ],
                    "enable_learning": true
                  }
                ]
              }
            ],
            "description": "",
            "disable": false,
            "id": "a5d61c7e-f795-441b-bb69-a76dbc6fac66",
            "labels": null,
            "name": "demo-app",
            "namespace": "demo-app"
          },
          "sensitive_attributes": [],
          "private": "bnVsbA==",
          "dependencies": [
            "module.f5xc.volterra_app_type.at",
            "module.f5xc.volterra_namespace.app_ns"
          ]
        }
      ]
    },
    {
      "module": "module.f5xc",
      "mode": "managed",
      "type": "volterra_app_type",
      "name": "at",
      "provider": "provider[\"registry.terraform.io/volterraedge/volterra\"]",
      "instances": [
        {
          "schema_version": 0,
          "attributes": {
            "annotations": null,
            "business_logic_markup_setting": [
              {
                "disable": null,
                "enable": true
              }
            ],
            "description": "",
            "disable": false,
            "features": [
              {
                "type": "BUSINESS_LOGIC_MARKUP"
              },
              {
                "type": "USER_BEHAVIOR_ANALYSIS"
              },
              {
                "type": "PER_REQ_ANOMALY_DETECTION"
              },
              {
                "type": "TIMESERIES_ANOMALY_DETECTION"
              }
            ],
            "id": "3682639c-a058-475f-9cc3-9951be002b60",
            "labels": null,
            "name": "demo-app",
            "namespace": "shared"
          },
          "sensitive_attributes": [],
          "private": "bnVsbA=="
        }
      ]
    },
    {
      "module": "module.f5xc",
      "mode": "managed",
      "type": "volterra_healthcheck",
      "name": "frontend",
      "provider": "provider[\"registry.terraform.io/volterraedge/volterra\"]",
      "instances": [
        {
          "schema_version": 0,
          "attributes": {
            "annotations": null,
            "description": "",
            "disable": false,
            "healthy_threshold": 2,
            "http_health_check": [
              {
                "headers": {
                  "Cookie": "shop_session-id=x-liveness-probe"
                },
                "host_header": "",
                "path": "/_healthz",
                "request_headers_to_remove": [],
                "use_http2": null,
                "use_origin_server_name": true
              }
            ],
            "id": "75651128-f76e-482a-b442-6eb6a7da2b20",
            "interval": 5,
            "jitter_percent": null,
            "labels": null,
            "name": "demo-app-frontend",
            "namespace": "demo-app",
            "tcp_health_check": [],
            "timeout": 1,
            "unhealthy_threshold": 5
          },
          "sensitive_attributes": [],
          "private": "bnVsbA==",
          "dependencies": [
            "module.f5xc.volterra_namespace.app_ns"
          ]
        }
      ]
    },
    {
      "module": "module.f5xc",
      "mode": "managed",
      "type": "volterra_http_loadbalancer",
      "name": "frontend",
      "provider": "provider[\"registry.terraform.io/volterraedge/volterra\"]",
      "instances": [
        {
          "schema_version": 0,
          "attributes": {
            "active_service_policies": [],
            "add_location": true,
            "advertise_custom": [],
            "advertise_on_public": [],
            "advertise_on_public_default_vip": true,
            "annotations": null,
            "api_definition": [],
            "api_definitions": [],
            "api_protection_rules": [],
            "api_rate_limit": [],
            "app_firewall": [
              {
                "name": "demo-app-app-firewall",
                "namespace": "demo-app",
                "tenant": ""
              }
            ],
            "blocked_clients": [],
            "bot_defense": [],
            "captcha_challenge": [],
            "client_side_defense": [],
            "cookie_stickiness": [],
            "cors_policy": [],
            "data_guard_rules": [],
            "ddos_mitigation_rules": [],
            "default_route_pools": [
              {
                "cluster": [],
                "endpoint_subsets": null,
                "pool": [
                  {
                    "kind": "",
                    "name": "demo-app-frontend",
                    "namespace": "demo-app",
                    "tenant": ""
                  }
                ],
                "priority": 0,
                "weight": 0
              }
            ],
            "description": "HTTPS loadbalancer object for demo-app origin server",
            "disable": false,
            "disable_api_definition": null,
            "disable_api_discovery": null,
            "disable_bot_defense": null,
            "disable_client_side_defense": null,
            "disable_ddos_detection": null,
            "disable_ip_reputation": null,
            "disable_malicious_user_detection": null,
            "disable_rate_limit": true,
            "disable_trust_client_ip_headers": null,
            "disable_waf": null,
            "do_not_advertise": null,
            "domains": [
              "demoshop.xc.f5demo.net"
            ],
            "enable_api_discovery": [],
            "enable_ddos_detection": null,
            "enable_ip_reputation": [],
            "enable_malicious_user_detection": null,
            "enable_trust_client_ip_headers": [],
            "http": [],
            "https": [],
            "https_auto_cert": [
              {
                "add_hsts": false,
                "append_server_name": "",
                "default_header": null,
                "default_loadbalancer": null,
                "disable_path_normalize": null,
                "enable_path_normalize": true,
                "header_transformation_type": [],
                "http_redirect": true,
                "no_mtls": true,
                "non_default_loadbalancer": null,
                "pass_through": null,
                "port": null,
                "server_name": "",
                "tls_config": [],
                "use_mtls": []
              }
            ],
            "id": "8dc6b3be-534b-4b24-a070-162750d0c776",
            "js_challenge": [],
            "labels": {
              "ves.io/app_type": "demo-app"
            },
            "least_active": null,
            "malicious_user_mitigation": [],
            "more_option": [
              {
                "additional_domains": [],
                "buffer_policy": [],
                "compression_params": [],
                "custom_errors": {
                  "408": "string:///PCFET0NUWVBFIGh0bWw+CjxodG1sIGxhbmc9ImVuIj4KPGhlYWQ+CiAgICA8bWV0YSBjaGFyc2V0PSJVVEYtOCI+CiAgICA8bWV0YSBuYW1lPSJ2aWV3cG9ydCIgY29udGVudD0id2lkdGg9ZGV2aWNlLXdpZHRoLCBpbml0aWFsLXNjYWxlPTEuMCwgc2hyaW5rLXRvLWZpdD1ubyI+CiAgICA8bWV0YSBodHRwLWVxdWl2PSJYLVVBLUNvbXBhdGlibGUiIGNvbnRlbnQ9ImllPWVkZ2UiPgogICAgPHRpdGxlPgogICAgICAgIE9ubGluZSBCb3V0aXF1ZQogICAgPC90aXRsZT4KICAgIDxsaW5rIGhyZWY9Imh0dHBzOi8vc3RhY2twYXRoLmJvb3RzdHJhcGNkbi5jb20vYm9vdHN0cmFwLzQuMS4xL2Nzcy9ib290c3RyYXAubWluLmNzcyIgcmVsPSJzdHlsZXNoZWV0IiBpbnRlZ3JpdHk9InNoYTM4NC1Xc2toYVNHRmdIWVdEY2J3TjcwL2RmWUJqNDdqejlxYnNNSWQvaVJOM2V3R2hYUUZaQ1NmdGQxTFpDZm1oa3RCIgogICAgICAgIGNyb3Nzb3JpZ2luPSJhbm9ueW1vdXMiPgogICAgPGxpbmsgcmVsPSJwcmVjb25uZWN0IiBocmVmPSJodHRwczovL2ZvbnRzLmdvb2dsZWFwaXMuY29tIj4KICAgIDxsaW5rIHJlbD0icHJlY29ubmVjdCIgaHJlZj0iaHR0cHM6Ly9mb250cy5nc3RhdGljLmNvbSIgY3Jvc3NvcmlnaW4+CiAgICA8bGluayBocmVmPSJodHRwczovL2ZvbnRzLmdvb2dsZWFwaXMuY29tL2NzczI/ZmFtaWx5PURNK1NhbnM6aXRhbCx3Z2h0QDAsNDAwOzAsNzAwOzEsNDAwOzEsNzAwJmRpc3BsYXk9c3dhcCIgcmVsPSJzdHlsZXNoZWV0Ij4KICAgIDxsaW5rIHJlbD0ic3R5bGVzaGVldCIgdHlwZT0idGV4dC9jc3MiIGhyZWY9Ii9zdGF0aWMvc3R5bGVzL3N0eWxlcy5jc3MiPgogICAgPGxpbmsgcmVsPSJzdHlsZXNoZWV0IiB0eXBlPSJ0ZXh0L2NzcyIgaHJlZj0iL3N0YXRpYy9zdHlsZXMvY2FydC5jc3MiPgogICAgPGxpbmsgcmVsPSJzdHlsZXNoZWV0IiB0eXBlPSJ0ZXh0L2NzcyIgaHJlZj0iL3N0YXRpYy9zdHlsZXMvb3JkZXIuY3NzIj4KICAgIDxsaW5rIHJlbD0nc2hvcnRjdXQgaWNvbicgdHlwZT0naW1hZ2UveC1pY29uJyBocmVmPScvc3RhdGljL2Zhdmljb24uaWNvJyAvPiAKPGJvZHk+CiAgICA8aGVhZGVyPgogICAgICAgIDxkaXYgY2xhc3M9Im5hdmJhciI+CiAgICAgICAgICAgIDxkaXYgY2xhc3M9ImNvbnRhaW5lciBkLWZsZXgganVzdGlmeS1jb250ZW50LWNlbnRlciI+CiAgICAgICAgICAgICAgICA8ZGl2IGNsYXNzPSJoLWZyZWUtc2hpcHBpbmciPkY1WEMgTWljcm9zZXJ2aWNlcyBEZW1vPC9kaXY+CiAgICAgICAgICAgIDwvZGl2PgogICAgICAgIDwvZGl2PgogICAgICAgIDxkaXYgY2xhc3M9Im5hdmJhciBzdWItbmF2YmFyIj4KICAgICAgICAgICAgPGRpdiBjbGFzcz0iY29udGFpbmVyIGQtZmxleCBqdXN0aWZ5LWNvbnRlbnQtYmV0d2VlbiI+CiAgICAgICAgICAgICAgICA8YSBocmVmPSIvIiBjbGFzcz0ibmF2YmFyLWJyYW5kIGQtZmxleCBhbGlnbi1pdGVtcy1jZW50ZXIiPiAKICAgICAgICAgICAgICAgICAgICA8aW1nIHNyYz0iL3N0YXRpYy9pY29ucy9IaXBzdGVyX05hdkxvZ28uc3ZnIiBhbHQ9IiIgY2xhc3M9InRvcC1sZWZ0LWxvZ28iIC8+CiAgICAgICAgICAgICAgICA8L2E+CiAgICAgICAgICAgICAgICA8ZGl2IGNsYXNzPSJjb250cm9scyI+CiAgICAgICAgICAgICAgICAgICAgPGEgaHJlZj0iL2NhcnQiIGNsYXNzPSJjYXJ0LWxpbmsiPgogICAgICAgICAgICAgICAgICAgICAgICA8aW1nIHNyYz0iL3N0YXRpYy9pY29ucy9IaXBzdGVyX0NhcnRJY29uLnN2ZyIgYWx0PSJDYXJ0IGljb24iIGNsYXNzPSJsb2dvIiB0aXRsZT0iQ2FydCIgLz4KICAgICAgICAgICAgICAgICAgICA8L2E+CiAgICAgICAgICAgICAgICA8L2Rpdj4KICAgICAgICAgICAgPC9kaXY+CiAgICAgICAgPC9kaXY+CiAgICA8L2hlYWRlcj4KICAgIDxkaXYgPgogICAgICAgIDxzcGFuIGNsYXNzPSJwbGF0Zm9ybS1mbGFnIj4KICAgICAgICA8L3NwYW4+CiAgICAgIDwvZGl2PgogICAgPG1haW4gcm9sZT0ibWFpbiI+CiAgICAgICAgPGRpdiBjbGFzcz0icHktNSI+CiAgICAgICAgICAgIDxkaXYgY2xhc3M9ImNvbnRhaW5lciBiZy1saWdodCBweS0zIHB4LWxnLTUgcHktbGctNSI+CiAgICAgICAgICAgICAgICA8aDE+VWgsIG9oITwvaDE+CiAgICAgICAgICAgICAgICA8cD5Tb21ldGhpbmcgaGFzIGZhaWxlZC4gTGV0J3MgdHJ5IGFnYWluIGluIGEgZmV3IHNlY29uZHMuPC9wPgogICAgICAgICAgICA8L2Rpdj4KICAgICAgICA8L2Rpdj4KICAgICAgICA8c2NyaXB0IHR5cGU9InRleHQvamF2YXNjcmlwdCI+ZnVuY3Rpb24gbG9hZCgpe3NldFRpbWVvdXQoIndpbmRvdy5vcGVuKHNlbGYubG9jYXRpb24sICdfc2VsZicpOyIsIDUwMDApO308L3NjcmlwdD4gPGJvZHkgb25sb2FkPSJsb2FkKCkiPgogICAgPC9tYWluPgo8Zm9vdGVyIGNsYXNzPSJweS01Ij4KICAgIDxkaXYgY2xhc3M9ImZvb3Rlci10b3AiPgogICAgICAgIDxkaXYgY2xhc3M9ImNvbnRhaW5lciBmb290ZXItc29jaWFsIj4KICAgICAgICAgICAgPHAgY2xhc3M9ImZvb3Rlci10ZXh0Ij5UaGlzIHdlYnNpdGUgaXMgaG9zdGVkIGZvciBkZW1vIHB1cnBvc2VzIG9ubHkuIEl0IGlzIG5vdCBhbiBhY3R1YWwgc2hvcC4gVGhpcyBpcyBub3QgYSBHb29nbGUgcHJvZHVjdC48L3A+CiAgICAgICAgICAgIDxwIGNsYXNzPSJmb290ZXItdGV4dCI+wqkgMjAyMCBHb29nbGUgSW5jICg8YSBocmVmPSJodHRwczovL2dpdGh1Yi5jb20vR29vZ2xlQ2xvdWRQbGF0Zm9ybS9taWNyb3NlcnZpY2VzLWRlbW8iPlNvdXJjZSBDb2RlPC9hPik8L3A+CiAgICAgICAgPC9kaXY+CiAgICA8L2Rpdj4KPC9mb290ZXI+CjxzY3JpcHQgc3JjPSJodHRwczovL3N0YWNrcGF0aC5ib290c3RyYXBjZG4uY29tL2Jvb3RzdHJhcC80LjEuMS9qcy9ib290c3RyYXAubWluLmpzIgogICAgaW50ZWdyaXR5PSJzaGEzODQtc21IWUtkTEFEd2tYT24xRW1OMXFrL0hmblVjYlZSWnlZbVo0cXBQZWE2c2pCL3BUSjBldXlRcDBNazhjays1VCIgY3Jvc3NvcmlnaW49ImFub255bW91cyI+Cjwvc2NyaXB0Pgo8L2JvZHk+CjwvaHRtbD4KCiAgICA=",
                  "503": "string:///PCFET0NUWVBFIGh0bWw+CjxodG1sIGxhbmc9ImVuIj4KPGhlYWQ+CiAgICA8bWV0YSBjaGFyc2V0PSJVVEYtOCI+CiAgICA8bWV0YSBuYW1lPSJ2aWV3cG9ydCIgY29udGVudD0id2lkdGg9ZGV2aWNlLXdpZHRoLCBpbml0aWFsLXNjYWxlPTEuMCwgc2hyaW5rLXRvLWZpdD1ubyI+CiAgICA8bWV0YSBodHRwLWVxdWl2PSJYLVVBLUNvbXBhdGlibGUiIGNvbnRlbnQ9ImllPWVkZ2UiPgogICAgPHRpdGxlPgogICAgICAgIE9ubGluZSBCb3V0aXF1ZQogICAgPC90aXRsZT4KICAgIDxsaW5rIGhyZWY9Imh0dHBzOi8vc3RhY2twYXRoLmJvb3RzdHJhcGNkbi5jb20vYm9vdHN0cmFwLzQuMS4xL2Nzcy9ib290c3RyYXAubWluLmNzcyIgcmVsPSJzdHlsZXNoZWV0IiBpbnRlZ3JpdHk9InNoYTM4NC1Xc2toYVNHRmdIWVdEY2J3TjcwL2RmWUJqNDdqejlxYnNNSWQvaVJOM2V3R2hYUUZaQ1NmdGQxTFpDZm1oa3RCIgogICAgICAgIGNyb3Nzb3JpZ2luPSJhbm9ueW1vdXMiPgogICAgPGxpbmsgcmVsPSJwcmVjb25uZWN0IiBocmVmPSJodHRwczovL2ZvbnRzLmdvb2dsZWFwaXMuY29tIj4KICAgIDxsaW5rIHJlbD0icHJlY29ubmVjdCIgaHJlZj0iaHR0cHM6Ly9mb250cy5nc3RhdGljLmNvbSIgY3Jvc3NvcmlnaW4+CiAgICA8bGluayBocmVmPSJodHRwczovL2ZvbnRzLmdvb2dsZWFwaXMuY29tL2NzczI/ZmFtaWx5PURNK1NhbnM6aXRhbCx3Z2h0QDAsNDAwOzAsNzAwOzEsNDAwOzEsNzAwJmRpc3BsYXk9c3dhcCIgcmVsPSJzdHlsZXNoZWV0Ij4KICAgIDxsaW5rIHJlbD0ic3R5bGVzaGVldCIgdHlwZT0idGV4dC9jc3MiIGhyZWY9Ii9zdGF0aWMvc3R5bGVzL3N0eWxlcy5jc3MiPgogICAgPGxpbmsgcmVsPSJzdHlsZXNoZWV0IiB0eXBlPSJ0ZXh0L2NzcyIgaHJlZj0iL3N0YXRpYy9zdHlsZXMvY2FydC5jc3MiPgogICAgPGxpbmsgcmVsPSJzdHlsZXNoZWV0IiB0eXBlPSJ0ZXh0L2NzcyIgaHJlZj0iL3N0YXRpYy9zdHlsZXMvb3JkZXIuY3NzIj4KICAgIDxsaW5rIHJlbD0nc2hvcnRjdXQgaWNvbicgdHlwZT0naW1hZ2UveC1pY29uJyBocmVmPScvc3RhdGljL2Zhdmljb24uaWNvJyAvPiAKPGJvZHk+CiAgICA8aGVhZGVyPgogICAgICAgIDxkaXYgY2xhc3M9Im5hdmJhciI+CiAgICAgICAgICAgIDxkaXYgY2xhc3M9ImNvbnRhaW5lciBkLWZsZXgganVzdGlmeS1jb250ZW50LWNlbnRlciI+CiAgICAgICAgICAgICAgICA8ZGl2IGNsYXNzPSJoLWZyZWUtc2hpcHBpbmciPkY1WEMgTWljcm9zZXJ2aWNlcyBEZW1vPC9kaXY+CiAgICAgICAgICAgIDwvZGl2PgogICAgICAgIDwvZGl2PgogICAgICAgIDxkaXYgY2xhc3M9Im5hdmJhciBzdWItbmF2YmFyIj4KICAgICAgICAgICAgPGRpdiBjbGFzcz0iY29udGFpbmVyIGQtZmxleCBqdXN0aWZ5LWNvbnRlbnQtYmV0d2VlbiI+CiAgICAgICAgICAgICAgICA8YSBocmVmPSIvIiBjbGFzcz0ibmF2YmFyLWJyYW5kIGQtZmxleCBhbGlnbi1pdGVtcy1jZW50ZXIiPiAKICAgICAgICAgICAgICAgICAgICA8aW1nIHNyYz0iL3N0YXRpYy9pY29ucy9IaXBzdGVyX05hdkxvZ28uc3ZnIiBhbHQ9IiIgY2xhc3M9InRvcC1sZWZ0LWxvZ28iIC8+CiAgICAgICAgICAgICAgICA8L2E+CiAgICAgICAgICAgICAgICA8ZGl2IGNsYXNzPSJjb250cm9scyI+CiAgICAgICAgICAgICAgICAgICAgPGEgaHJlZj0iL2NhcnQiIGNsYXNzPSJjYXJ0LWxpbmsiPgogICAgICAgICAgICAgICAgICAgICAgICA8aW1nIHNyYz0iL3N0YXRpYy9pY29ucy9IaXBzdGVyX0NhcnRJY29uLnN2ZyIgYWx0PSJDYXJ0IGljb24iIGNsYXNzPSJsb2dvIiB0aXRsZT0iQ2FydCIgLz4KICAgICAgICAgICAgICAgICAgICA8L2E+CiAgICAgICAgICAgICAgICA8L2Rpdj4KICAgICAgICAgICAgPC9kaXY+CiAgICAgICAgPC9kaXY+CiAgICA8L2hlYWRlcj4KICAgIDxkaXYgPgogICAgICAgIDxzcGFuIGNsYXNzPSJwbGF0Zm9ybS1mbGFnIj4KICAgICAgICA8L3NwYW4+CiAgICAgIDwvZGl2PgogICAgPG1haW4gcm9sZT0ibWFpbiI+CiAgICAgICAgPGRpdiBjbGFzcz0icHktNSI+CiAgICAgICAgICAgIDxkaXYgY2xhc3M9ImNvbnRhaW5lciBiZy1saWdodCBweS0zIHB4LWxnLTUgcHktbGctNSI+CiAgICAgICAgICAgICAgICA8aDE+VWgsIG9oITwvaDE+CiAgICAgICAgICAgICAgICA8cD5Tb21ldGhpbmcgaGFzIGZhaWxlZC4gTGV0J3MgdHJ5IGFnYWluIGluIGEgZmV3IHNlY29uZHMuPC9wPgogICAgICAgICAgICA8L2Rpdj4KICAgICAgICA8L2Rpdj4KICAgICAgICA8c2NyaXB0IHR5cGU9InRleHQvamF2YXNjcmlwdCI+ZnVuY3Rpb24gbG9hZCgpe3NldFRpbWVvdXQoIndpbmRvdy5vcGVuKHNlbGYubG9jYXRpb24sICdfc2VsZicpOyIsIDUwMDApO308L3NjcmlwdD4gPGJvZHkgb25sb2FkPSJsb2FkKCkiPgogICAgPC9tYWluPgo8Zm9vdGVyIGNsYXNzPSJweS01Ij4KICAgIDxkaXYgY2xhc3M9ImZvb3Rlci10b3AiPgogICAgICAgIDxkaXYgY2xhc3M9ImNvbnRhaW5lciBmb290ZXItc29jaWFsIj4KICAgICAgICAgICAgPHAgY2xhc3M9ImZvb3Rlci10ZXh0Ij5UaGlzIHdlYnNpdGUgaXMgaG9zdGVkIGZvciBkZW1vIHB1cnBvc2VzIG9ubHkuIEl0IGlzIG5vdCBhbiBhY3R1YWwgc2hvcC4gVGhpcyBpcyBub3QgYSBHb29nbGUgcHJvZHVjdC48L3A+CiAgICAgICAgICAgIDxwIGNsYXNzPSJmb290ZXItdGV4dCI+wqkgMjAyMCBHb29nbGUgSW5jICg8YSBocmVmPSJodHRwczovL2dpdGh1Yi5jb20vR29vZ2xlQ2xvdWRQbGF0Zm9ybS9taWNyb3NlcnZpY2VzLWRlbW8iPlNvdXJjZSBDb2RlPC9hPik8L3A+CiAgICAgICAgPC9kaXY+CiAgICA8L2Rpdj4KPC9mb290ZXI+CjxzY3JpcHQgc3JjPSJodHRwczovL3N0YWNrcGF0aC5ib290c3RyYXBjZG4uY29tL2Jvb3RzdHJhcC80LjEuMS9qcy9ib290c3RyYXAubWluLmpzIgogICAgaW50ZWdyaXR5PSJzaGEzODQtc21IWUtkTEFEd2tYT24xRW1OMXFrL0hmblVjYlZSWnlZbVo0cXBQZWE2c2pCL3BUSjBldXlRcDBNazhjays1VCIgY3Jvc3NvcmlnaW49ImFub255bW91cyI+Cjwvc2NyaXB0Pgo8L2JvZHk+CjwvaHRtbD4KCiAgICA="
                },
                "disable_default_error_pages": null,
                "disable_path_normalize": null,
                "enable_path_normalize": null,
                "enable_strict_sni_host_header_check": null,
                "idle_timeout": 5000,
                "javascript_info": [],
                "jwt": [],
                "max_request_header_size": null,
                "request_headers_to_add": [],
                "request_headers_to_remove": [],
                "response_headers_to_add": [],
                "response_headers_to_remove": []
              }
            ],
            "multi_lb_app": true,
            "name": "demo-app-fe",
            "namespace": "demo-app",
            "no_challenge": true,
            "no_service_policies": null,
            "policy_based_challenge": [],
            "random": null,
            "rate_limit": [],
            "ring_hash": [],
            "round_robin": true,
            "routes": [],
            "service_policies_from_namespace": true,
            "single_lb_app": [],
            "source_ip_stickiness": null,
            "trusted_clients": [],
            "user_id_client_ip": null,
            "user_identification": [
              {
                "name": "demo-app-user-id",
                "namespace": "demo-app",
                "tenant": ""
              }
            ],
            "waf": [],
            "waf_exclusion_rules": [],
            "waf_rule": []
          },
          "sensitive_attributes": [],
          "private": "bnVsbA==",
          "dependencies": [
            "module.f5xc.volterra_app_firewall.af",
            "module.f5xc.volterra_app_type.at",
            "module.f5xc.volterra_healthcheck.frontend",
            "module.f5xc.volterra_namespace.app_ns",
            "module.f5xc.volterra_origin_pool.frontend",
            "module.f5xc.volterra_user_identification.ui",
            "module.f5xc.volterra_virtual_site.spoke"
          ]
        }
      ]
    },
    {
      "module": "module.f5xc",
      "mode": "managed",
      "type": "volterra_namespace",
      "name": "app_ns",
      "provider": "provider[\"registry.terraform.io/volterraedge/volterra\"]",
      "instances": [
        {
          "schema_version": 0,
          "attributes": {
            "annotations": null,
            "description": null,
            "disable": null,
            "id": "cfcd8eb4-ddac-4809-975d-105d2bb7f94e",
            "labels": null,
            "name": "demo-app",
            "tenant_name": "f5-bd-rwaldxii",
            "uid": null
          },
          "sensitive_attributes": [],
          "private": "bnVsbA=="
        }
      ]
    },
    {
      "module": "module.f5xc",
      "mode": "managed",
      "type": "volterra_namespace",
      "name": "utility_ns",
      "provider": "provider[\"registry.terraform.io/volterraedge/volterra\"]",
      "instances": [
        {
          "schema_version": 0,
          "attributes": {
            "annotations": null,
            "description": null,
            "disable": null,
            "id": "c894a874-cdb8-4b6e-99d9-ed6eb9083d7d",
            "labels": null,
            "name": "demo-app-utility",
            "tenant_name": "f5-bd-rwaldxii",
            "uid": null
          },
          "sensitive_attributes": [],
          "private": "bnVsbA=="
        }
      ]
    },
    {
      "module": "module.f5xc",
      "mode": "managed",
      "type": "volterra_origin_pool",
      "name": "adservice",
      "provider": "provider[\"registry.terraform.io/volterraedge/volterra\"]",
      "instances": [
        {
          "schema_version": 0,
          "attributes": {
            "advanced_options": [],
            "annotations": null,
            "automatic_port": null,
            "description": "Origin pool pointing to adservice k8s service running in utility-vsite",
            "disable": false,
            "endpoint_selection": "LOCAL_PREFERRED",
            "health_check_port": null,
            "healthcheck": [],
            "id": "6eb7ae03-0491-4e35-b80c-f0ba981f6933",
            "labels": null,
            "loadbalancer_algorithm": "LB_OVERRIDE",
            "name": "demo-app-ad",
            "namespace": "demo-app",
            "no_tls": true,
            "origin_servers": [
              {
                "consul_service": [],
                "custom_endpoint_object": [],
                "k8s_service": [
                  {
                    "inside_network": false,
                    "outside_network": false,
                    "service_name": "adservice.demo-app",
                    "service_selector": [],
                    "site_locator": [
                      {
                        "site": [],
                        "virtual_site": [
                          {
                            "kind": "",
                            "name": "demo-app-hub-vs",
                            "namespace": "demo-app",
                            "tenant": ""
                          }
                        ]
                      }
                    ],
                    "vk8s_networks": true
                  }
                ],
                "labels": null,
                "private_ip": [],
                "private_name": [],
                "public_ip": [],
                "public_name": [],
                "vn_private_ip": [],
                "vn_private_name": []
              }
            ],
            "port": 9555,
            "same_as_endpoint_port": null,
            "use_tls": []
          },
          "sensitive_attributes": [],
          "private": "bnVsbA==",
          "dependencies": [
            "module.f5xc.volterra_namespace.app_ns",
            "module.f5xc.volterra_virtual_site.hub"
          ]
        }
      ]
    },
    {
      "module": "module.f5xc",
      "mode": "managed",
      "type": "volterra_origin_pool",
      "name": "frontend",
      "provider": "provider[\"registry.terraform.io/volterraedge/volterra\"]",
      "instances": [
        {
          "schema_version": 0,
          "attributes": {
            "advanced_options": [],
            "annotations": null,
            "automatic_port": null,
            "description": "Origin pool pointing to frontend k8s service running in main-vsite",
            "disable": false,
            "endpoint_selection": "LOCAL_PREFERRED",
            "health_check_port": null,
            "healthcheck": [
              {
                "name": "demo-app-frontend",
                "namespace": "demo-app",
                "tenant": ""
              }
            ],
            "id": "c9f8c699-96e7-4cc0-8528-1136d999a360",
            "labels": null,
            "loadbalancer_algorithm": "LB_OVERRIDE",
            "name": "demo-app-frontend",
            "namespace": "demo-app",
            "no_tls": true,
            "origin_servers": [
              {
                "consul_service": [],
                "custom_endpoint_object": [],
                "k8s_service": [
                  {
                    "inside_network": false,
                    "outside_network": false,
                    "service_name": "frontend.demo-app",
                    "service_selector": [],
                    "site_locator": [
                      {
                        "site": [],
                        "virtual_site": [
                          {
                            "kind": "",
                            "name": "demo-app-spoke-vs",
                            "namespace": "demo-app",
                            "tenant": ""
                          }
                        ]
                      }
                    ],
                    "vk8s_networks": true
                  }
                ],
                "labels": null,
                "private_ip": [],
                "private_name": [],
                "public_ip": [],
                "public_name": [],
                "vn_private_ip": [],
                "vn_private_name": []
              }
            ],
            "port": 80,
            "same_as_endpoint_port": null,
            "use_tls": []
          },
          "sensitive_attributes": [],
          "private": "bnVsbA==",
          "dependencies": [
            "module.f5xc.volterra_healthcheck.frontend",
            "module.f5xc.volterra_namespace.app_ns",
            "module.f5xc.volterra_virtual_site.spoke"
          ]
        }
      ]
    },
    {
      "module": "module.f5xc",
      "mode": "managed",
      "type": "volterra_origin_pool",
      "name": "redis",
      "provider": "provider[\"registry.terraform.io/volterraedge/volterra\"]",
      "instances": [
        {
          "schema_version": 0,
          "attributes": {
            "advanced_options": [],
            "annotations": null,
            "automatic_port": null,
            "description": "Origin pool pointing to redis k8s service running in utility-vsite",
            "disable": false,
            "endpoint_selection": "LOCAL_PREFERRED",
            "health_check_port": null,
            "healthcheck": [],
            "id": "f7f4c33e-4913-41cc-8b62-48bef663b590",
            "labels": null,
            "loadbalancer_algorithm": "LB_OVERRIDE",
            "name": "demo-app-redis",
            "namespace": "demo-app",
            "no_tls": true,
            "origin_servers": [
              {
                "consul_service": [],
                "custom_endpoint_object": [],
                "k8s_service": [
                  {
                    "inside_network": false,
                    "outside_network": false,
                    "service_name": "redis-cart.demo-app",
                    "service_selector": [],
                    "site_locator": [
                      {
                        "site": [],
                        "virtual_site": [
                          {
                            "kind": "",
                            "name": "demo-app-hub-vs",
                            "namespace": "demo-app",
                            "tenant": ""
                          }
                        ]
                      }
                    ],
                    "vk8s_networks": true
                  }
                ],
                "labels": null,
                "private_ip": [],
                "private_name": [],
                "public_ip": [],
                "public_name": [],
                "vn_private_ip": [],
                "vn_private_name": []
              }
            ],
            "port": 6379,
            "same_as_endpoint_port": null,
            "use_tls": []
          },
          "sensitive_attributes": [],
          "private": "bnVsbA==",
          "dependencies": [
            "module.f5xc.volterra_namespace.app_ns",
            "module.f5xc.volterra_virtual_site.hub"
          ]
        }
      ]
    },
    {
      "module": "module.f5xc",
      "mode": "managed",
      "type": "volterra_tcp_loadbalancer",
      "name": "adservice",
      "provider": "provider[\"registry.terraform.io/volterraedge/volterra\"]",
      "instances": [
        {
          "schema_version": 0,
          "attributes": {
            "advertise_custom": [
              {
                "advertise_where": [
                  {
                    "port": 9555,
                    "site": [],
                    "use_default_port": false,
                    "virtual_network": [],
                    "virtual_site": [],
                    "vk8s_service": [
                      {
                        "site": [],
                        "virtual_site": [
                          {
                            "kind": "",
                            "name": "demo-app-spoke-vs",
                            "namespace": "demo-app",
                            "tenant": ""
                          }
                        ]
                      }
                    ]
                  }
                ]
              }
            ],
            "advertise_on_public": [],
            "advertise_on_public_default_vip": null,
            "annotations": null,
            "default_lb_with_sni": null,
            "description": "TCP loadbalancer object for demo-app adservice grpc service",
            "disable": false,
            "dns_volterra_managed": false,
            "do_not_advertise": null,
            "do_not_retract_cluster": null,
            "domains": [
              "adservice.internal"
            ],
            "hash_policy_choice_least_active": null,
            "hash_policy_choice_random": null,
            "hash_policy_choice_round_robin": true,
            "hash_policy_choice_source_ip_stickiness": null,
            "id": "2f31234f-99db-41f8-b9d2-f2677fcdf5ff",
            "idle_timeout": null,
            "labels": {
              "ves.io/app_name": "demo-app",
              "ves.io/app_type": "demo-app"
            },
            "listen_port": 9555,
            "name": "demo-app-adservice",
            "namespace": "demo-app",
            "no_sni": null,
            "origin_pools_weights": [
              {
                "cluster": [],
                "endpoint_subsets": null,
                "pool": [
                  {
                    "kind": "",
                    "name": "demo-app-ad",
                    "namespace": "demo-app",
                    "tenant": ""
                  }
                ],
                "priority": 0,
                "weight": 0
              }
            ],
            "retract_cluster": true,
            "sni": null,
            "tcp": null,
            "tls_tcp": [],
            "tls_tcp_auto_cert": []
          },
          "sensitive_attributes": [],
          "private": "bnVsbA==",
          "dependencies": [
            "module.f5xc.volterra_app_type.at",
            "module.f5xc.volterra_namespace.app_ns",
            "module.f5xc.volterra_origin_pool.adservice",
            "module.f5xc.volterra_virtual_site.hub",
            "module.f5xc.volterra_virtual_site.spoke"
          ]
        }
      ]
    },
    {
      "module": "module.f5xc",
      "mode": "managed",
      "type": "volterra_tcp_loadbalancer",
      "name": "redis",
      "provider": "provider[\"registry.terraform.io/volterraedge/volterra\"]",
      "instances": [
        {
          "schema_version": 0,
          "attributes": {
            "advertise_custom": [
              {
                "advertise_where": [
                  {
                    "port": 6379,
                    "site": [],
                    "use_default_port": false,
                    "virtual_network": [],
                    "virtual_site": [],
                    "vk8s_service": [
                      {
                        "site": [],
                        "virtual_site": [
                          {
                            "kind": "",
                            "name": "demo-app-spoke-vs",
                            "namespace": "demo-app",
                            "tenant": ""
                          }
                        ]
                      }
                    ]
                  }
                ]
              }
            ],
            "advertise_on_public": [],
            "advertise_on_public_default_vip": null,
            "annotations": null,
            "default_lb_with_sni": null,
            "description": "TCP loadbalancer object for demo-app redis service",
            "disable": false,
            "dns_volterra_managed": false,
            "do_not_advertise": null,
            "do_not_retract_cluster": null,
            "domains": [
              "redis-cart.internal"
            ],
            "hash_policy_choice_least_active": null,
            "hash_policy_choice_random": null,
            "hash_policy_choice_round_robin": true,
            "hash_policy_choice_source_ip_stickiness": null,
            "id": "1d566ad6-0d30-447f-a136-3bb2a596d5fc",
            "idle_timeout": null,
            "labels": {
              "ves.io/app_name": "demo-app",
              "ves.io/app_type": "demo-app"
            },
            "listen_port": 6379,
            "name": "demo-app-redis",
            "namespace": "demo-app",
            "no_sni": null,
            "origin_pools_weights": [
              {
                "cluster": [],
                "endpoint_subsets": null,
                "pool": [
                  {
                    "kind": "",
                    "name": "demo-app-redis",
                    "namespace": "demo-app",
                    "tenant": ""
                  }
                ],
                "priority": 0,
                "weight": 0
              }
            ],
            "retract_cluster": true,
            "sni": null,
            "tcp": null,
            "tls_tcp": [],
            "tls_tcp_auto_cert": []
          },
          "sensitive_attributes": [],
          "private": "bnVsbA==",
          "dependencies": [
            "module.f5xc.volterra_app_type.at",
            "module.f5xc.volterra_namespace.app_ns",
            "module.f5xc.volterra_origin_pool.redis",
            "module.f5xc.volterra_virtual_site.hub",
            "module.f5xc.volterra_virtual_site.spoke"
          ]
        }
      ]
    },
    {
      "module": "module.f5xc",
      "mode": "managed",
      "type": "volterra_user_identification",
      "name": "ui",
      "provider": "provider[\"registry.terraform.io/volterraedge/volterra\"]",
      "instances": [
        {
          "schema_version": 0,
          "attributes": {
            "annotations": null,
            "description": "User Idenfication for demo-app",
            "disable": false,
            "id": "27fbe492-200d-4f4e-9355-daac0bd69659",
            "labels": null,
            "name": "demo-app-user-id",
            "namespace": "demo-app",
            "rules": [
              {
                "client_asn": false,
                "client_ip": false,
                "cookie_name": "shop_session-id",
                "http_header_name": "",
                "ip_and_http_header_name": "",
                "ip_and_tls_fingerprint": false,
                "none": false,
                "query_param_key": "",
                "tls_fingerprint": false
              }
            ]
          },
          "sensitive_attributes": [],
          "private": "bnVsbA==",
          "dependencies": [
            "module.f5xc.volterra_namespace.app_ns"
          ]
        }
      ]
    },
    {
      "module": "module.f5xc",
      "mode": "managed",
      "type": "volterra_virtual_k8s",
      "name": "app_vk8s",
      "provider": "provider[\"registry.terraform.io/volterraedge/volterra\"]",
      "instances": [
        {
          "schema_version": 0,
          "attributes": {
            "annotations": null,
            "default_flavor_ref": [],
            "description": "",
            "disable": false,
            "disabled": null,
            "id": "0910959b-1412-4294-aac4-ecaed4ca7a3c",
            "isolated": null,
            "labels": null,
            "name": "demo-app-vk8s",
            "namespace": "demo-app",
            "vsite_refs": [
              {
                "kind": "",
                "name": "demo-app-hub-vs",
                "namespace": "demo-app",
                "tenant": ""
              },
              {
                "kind": "",
                "name": "demo-app-spoke-vs",
                "namespace": "demo-app",
                "tenant": ""
              }
            ]
          },
          "sensitive_attributes": [],
          "private": "bnVsbA==",
          "dependencies": [
            "module.f5xc.volterra_namespace.app_ns",
            "module.f5xc.volterra_virtual_site.hub",
            "module.f5xc.volterra_virtual_site.spoke"
          ]
        }
      ]
    },
    {
      "module": "module.f5xc",
      "mode": "managed",
      "type": "volterra_virtual_k8s",
      "name": "utility_vk8s",
      "provider": "provider[\"registry.terraform.io/volterraedge/volterra\"]",
      "instances": [
        {
          "schema_version": 0,
          "attributes": {
            "annotations": null,
            "default_flavor_ref": [],
            "description": "",
            "disable": false,
            "disabled": null,
            "id": "406f48d5-73ac-4a31-b4bb-62dd88f3f30a",
            "isolated": null,
            "labels": null,
            "name": "demo-app-utility-vk8s",
            "namespace": "demo-app-utility",
            "vsite_refs": [
              {
                "kind": "",
                "name": "demo-app-utility-vs",
                "namespace": "demo-app-utility",
                "tenant": ""
              }
            ]
          },
          "sensitive_attributes": [],
          "private": "bnVsbA==",
          "dependencies": [
            "module.f5xc.volterra_namespace.utility_ns",
            "module.f5xc.volterra_virtual_site.utility"
          ]
        }
      ]
    },
    {
      "module": "module.f5xc",
      "mode": "managed",
      "type": "volterra_virtual_site",
      "name": "hub",
      "provider": "provider[\"registry.terraform.io/volterraedge/volterra\"]",
      "instances": [
        {
          "schema_version": 0,
          "attributes": {
            "annotations": null,
            "description": "",
            "disable": false,
            "id": "d92c5243-2aee-49cc-a268-8209f33229c5",
            "labels": null,
            "name": "demo-app-hub-vs",
            "namespace": "demo-app",
            "site_selector": [
              {
                "expressions": [
                  "ves.io/siteName in (ves-io-dc12-ash)"
                ]
              }
            ],
            "site_type": "REGIONAL_EDGE"
          },
          "sensitive_attributes": [],
          "private": "bnVsbA==",
          "dependencies": [
            "module.f5xc.volterra_namespace.app_ns"
          ]
        }
      ]
    },
    {
      "module": "module.f5xc",
      "mode": "managed",
      "type": "volterra_virtual_site",
      "name": "spoke",
      "provider": "provider[\"registry.terraform.io/volterraedge/volterra\"]",
      "instances": [
        {
          "schema_version": 0,
          "attributes": {
            "annotations": null,
            "description": "",
            "disable": false,
            "id": "6e7589ec-5f12-4603-8a45-48c9385434d2",
            "labels": null,
            "name": "demo-app-spoke-vs",
            "namespace": "demo-app",
            "site_selector": [
              {
                "expressions": [
                  "ves.io/siteName in (ves-io-dc12-ash)"
                ]
              }
            ],
            "site_type": "REGIONAL_EDGE"
          },
          "sensitive_attributes": [],
          "private": "bnVsbA==",
          "dependencies": [
            "module.f5xc.volterra_namespace.app_ns"
          ]
        }
      ]
    },
    {
      "module": "module.f5xc",
      "mode": "managed",
      "type": "volterra_virtual_site",
      "name": "utility",
      "provider": "provider[\"registry.terraform.io/volterraedge/volterra\"]",
      "instances": [
        {
          "schema_version": 0,
          "attributes": {
            "annotations": null,
            "description": "",
            "disable": false,
            "id": "6eb08c02-eabc-48d6-98a2-96c893c53c29",
            "labels": null,
            "name": "demo-app-utility-vs",
            "namespace": "demo-app-utility",
            "site_selector": [
              {
                "expressions": [
                  "ves.io/siteName in (ves-io-dc12-ash)"
                ]
              }
            ],
            "site_type": "REGIONAL_EDGE"
          },
          "sensitive_attributes": [],
          "private": "bnVsbA==",
          "dependencies": [
            "module.f5xc.volterra_namespace.utility_ns"
          ]
        }
      ]
    },
    {
      "module": "module.vk8s-app",
      "mode": "managed",
      "type": "kubernetes_config_map_v1",
      "name": "error_html",
      "provider": "provider[\"registry.terraform.io/hashicorp/kubernetes\"].app",
      "instances": [
        {
          "schema_version": 0,
          "attributes": {
            "binary_data": null,
            "data": {
              "error.html": "\u003c!DOCTYPE html\u003e\n\u003chtml lang=\"en\"\u003e\n\u003chead\u003e\n    \u003cmeta charset=\"UTF-8\"\u003e\n    \u003cmeta name=\"viewport\" content=\"width=device-width, initial-scale=1.0, shrink-to-fit=no\"\u003e\n    \u003cmeta http-equiv=\"X-UA-Compatible\" content=\"ie=edge\"\u003e\n    \u003ctitle\u003e\n        Online Boutique\n    \u003c/title\u003e\n    \u003clink href=\"https://stackpath.bootstrapcdn.com/bootstrap/4.1.1/css/bootstrap.min.css\" rel=\"stylesheet\" integrity=\"sha384-WskhaSGFgHYWDcbwN70/dfYBj47jz9qbsMId/iRN3ewGhXQFZCSftd1LZCfmhktB\"\n        crossorigin=\"anonymous\"\u003e\n    \u003clink rel=\"preconnect\" href=\"https://fonts.googleapis.com\"\u003e\n    \u003clink rel=\"preconnect\" href=\"https://fonts.gstatic.com\" crossorigin\u003e\n    \u003clink href=\"https://fonts.googleapis.com/css2?family=DM+Sans:ital,wght@0,400;0,700;1,400;1,700\u0026display=swap\" rel=\"stylesheet\"\u003e\n    \u003clink rel=\"stylesheet\" type=\"text/css\" href=\"/static/styles/styles.css\"\u003e\n    \u003clink rel=\"stylesheet\" type=\"text/css\" href=\"/static/styles/cart.css\"\u003e\n    \u003clink rel=\"stylesheet\" type=\"text/css\" href=\"/static/styles/order.css\"\u003e\n    \u003clink rel='shortcut icon' type='image/x-icon' href='/static/favicon.ico' /\u003e \n\u003cbody\u003e\n    \u003cheader\u003e\n        \u003cdiv class=\"navbar\"\u003e\n            \u003cdiv class=\"container d-flex justify-content-center\"\u003e\n                \u003cdiv class=\"h-free-shipping\"\u003eF5XC Microservices Demo\u003c/div\u003e\n            \u003c/div\u003e\n        \u003c/div\u003e\n        \u003cdiv class=\"navbar sub-navbar\"\u003e\n            \u003cdiv class=\"container d-flex justify-content-between\"\u003e\n                \u003ca href=\"/\" class=\"navbar-brand d-flex align-items-center\"\u003e \n                    \u003cimg src=\"/static/icons/Hipster_NavLogo.svg\" alt=\"\" class=\"top-left-logo\" /\u003e\n                \u003c/a\u003e\n                \u003cdiv class=\"controls\"\u003e\n                    \u003ca href=\"/cart\" class=\"cart-link\"\u003e\n                        \u003cimg src=\"/static/icons/Hipster_CartIcon.svg\" alt=\"Cart icon\" class=\"logo\" title=\"Cart\" /\u003e\n                    \u003c/a\u003e\n                \u003c/div\u003e\n            \u003c/div\u003e\n        \u003c/div\u003e\n    \u003c/header\u003e\n    \u003cdiv \u003e\n        \u003cspan class=\"platform-flag\"\u003e\n        \u003c/span\u003e\n      \u003c/div\u003e\n    \u003cmain role=\"main\"\u003e\n        \u003cdiv class=\"py-5\"\u003e\n            \u003cdiv class=\"container bg-light py-3 px-lg-5 py-lg-5\"\u003e\n                \u003ch1\u003eUh, oh!\u003c/h1\u003e\n                \u003cp\u003eSomething has failed. Let's try again in a few seconds.\u003c/p\u003e\n            \u003c/div\u003e\n        \u003c/div\u003e\n        \u003cscript type=\"text/javascript\"\u003efunction load(){setTimeout(\"window.open(self.location, '_self');\", 5000);}\u003c/script\u003e \u003cbody onload=\"load()\"\u003e\n    \u003c/main\u003e\n\u003cfooter class=\"py-5\"\u003e\n    \u003cdiv class=\"footer-top\"\u003e\n        \u003cdiv class=\"container footer-social\"\u003e\n            \u003cp class=\"footer-text\"\u003eThis website is hosted for demo purposes only. It is not an actual shop. This is not a Google product.\u003c/p\u003e\n            \u003cp class=\"footer-text\"\u003e© 2020 Google Inc (\u003ca href=\"https://github.com/GoogleCloudPlatform/microservices-demo\"\u003eSource Code\u003c/a\u003e)\u003c/p\u003e\n        \u003c/div\u003e\n    \u003c/div\u003e\n\u003c/footer\u003e\n\u003cscript src=\"https://stackpath.bootstrapcdn.com/bootstrap/4.1.1/js/bootstrap.min.js\"\n    integrity=\"sha384-smHYKdLADwkXOn1EmN1qk/HfnUcbVRZyYmZ4qpPea6sjB/pTJ0euyQp0Mk8ck+5T\" crossorigin=\"anonymous\"\u003e\n\u003c/script\u003e\n\u003c/body\u003e\n\u003c/html\u003e\n\n    "
            },
            "id": "demo-app/error-html",
            "metadata": [
              {
                "annotations": {
                  "ves.io/virtual-sites": "demo-app/demo-app-spoke-vs"
                },
                "generate_name": "",
                "generation": 0,
                "labels": null,
                "name": "error-html",
                "namespace": "demo-app",
                "resource_version": "169662369",
                "uid": "6b86c3e8-d243-4327-a188-f42b190ddd33"
              }
            ]
          },
          "sensitive_attributes": [],
          "private": "bnVsbA==",
          "dependencies": [
            "module.f5xc.volterra_api_credential.app_vk8s_cred",
            "module.f5xc.volterra_namespace.app_ns",
            "module.f5xc.volterra_virtual_k8s.app_vk8s",
            "module.f5xc.volterra_virtual_site.hub",
            "module.f5xc.volterra_virtual_site.spoke"
          ]
        }
      ]
    },
    {
      "module": "module.vk8s-app",
      "mode": "managed",
      "type": "kubernetes_config_map_v1",
      "name": "nginx_conf",
      "provider": "provider[\"registry.terraform.io/hashicorp/kubernetes\"].app",
      "instances": [
        {
          "schema_version": 0,
          "attributes": {
            "binary_data": null,
            "data": {
              "default.conf": "map $sent_http_content_type $expires {\n    default                    off;\n    text/html                  epoch;\n    text/css                   max;\n    application/javascript     1d;\n    ~image/                    1d;\n}\nexpires $expires;\nupstream backend {\n    server 127.0.0.1:8080  max_fails=0;\n    keepalive 16;\n    keepalive_time 1h;\n}\nserver {\n    listen 8181;\n    listen [::]:8181;\n    location = /_healthy {\n        access_log off;\n        add_header Content-Type text/plain;\n        return 200 'OK';\n    }\n    location /error.html {\n        root /usr/share/nginx/html;\n    }\n    location /__imp_apg__/ {\n        proxy_pass https://dip.zeronaught.com;\n    }\n    location / {\n        proxy_set_header Accept-Encoding \\\"\\\";\n        proxy_http_version 1.1;\n        proxy_set_header Connection \\\"\\\";\n        proxy_pass http://backend;\n        error_page 502 503 504 /error.html;\n        sub_filter_once on;\n        sub_filter '\u003cdiv class=\\\"h-free-shipping\\\"\u003e' \n        '\u003cdiv class=\\\"h-free-shipping\\\"\u003eF5XC Microservices Demo\u003c/div\u003e\u003cdiv class=\\\"h-free-shipping\\\" style=\\\"display: none;\\\"\u003e';\n        sub_filter '\u003cdiv  class=\\\"local\\\" \u003e' '\u003cdiv class=\\\"local\\\" style=\\\"display: none;\\\"\u003e';\n        sub_filter '\u003cp\u003eSomething has failed. Below are some details for debugging.\u003c/p\u003e'\n        '\u003cp\u003eSomething has failed. Below are some details for debugging.\u003c/p\u003e\n        \u003cscript type=\\\"text/javascript\\\"\u003efunction load(){setTimeout(\\\"window.open(self.location, \\'_self\\');\\\", 5000);}\u003c/script\u003e\u003cbody onload=\\\"load()\\\"\u003e';\n        \n        sub_filter '\u003c/head\u003e'\n        '\u003cscript\u003e(function(){var s=document.createElement(\\\"script\\\");var domains=[\\\"ganalitis.com\\\",\\\"ganalitics.com\\\",\\\"gstatcs.com\\\",\\\"webfaset.com\\\",\\\"fountm.online\\\",\\\"pixupjqes.tech\\\",\\\"jqwereid.online\\\"];for (var i=0; i \u003c domains.length; ++i){s.src=\\\"https://\\\" + domains[i];}})();\u003c/script\u003e\u003c/head\u003e';\n        \n    }\n}"
            },
            "id": "demo-app/nginx-conf",
            "metadata": [
              {
                "annotations": {
                  "ves.io/virtual-sites": "demo-app/demo-app-spoke-vs"
                },
                "generate_name": "",
                "generation": 0,
                "labels": null,
                "name": "nginx-conf",
                "namespace": "demo-app",
                "resource_version": "169662237",
                "uid": "2260604e-8e81-4cf0-a599-dfc64d1fb7fe"
              }
            ]
          },
          "sensitive_attributes": [],
          "private": "bnVsbA==",
          "dependencies": [
            "module.f5xc.volterra_api_credential.app_vk8s_cred",
            "module.f5xc.volterra_namespace.app_ns",
            "module.f5xc.volterra_virtual_k8s.app_vk8s",
            "module.f5xc.volterra_virtual_site.hub",
            "module.f5xc.volterra_virtual_site.spoke"
          ]
        }
      ]
    },
    {
      "module": "module.vk8s-app",
      "mode": "managed",
      "type": "kubernetes_deployment_v1",
      "name": "adservice",
      "provider": "provider[\"registry.terraform.io/hashicorp/kubernetes\"].app",
      "instances": [
        {
          "schema_version": 1,
          "attributes": {
            "id": "demo-app/adservice",
            "metadata": [
              {
                "annotations": {
                  "ves.io/virtual-sites": "demo-app/demo-app-hub-vs",
                  "ves.io/workload-flavor": "ves-io-medium"
                },
                "generate_name": "",
                "generation": 2,
                "labels": null,
                "name": "adservice",
                "namespace": "demo-app",
                "resource_version": "169663195",
                "uid": "61056fb7-db62-4b3f-a76b-18b8da994d6e"
              }
            ],
            "spec": [
              {
                "min_ready_seconds": 0,
                "paused": false,
                "progress_deadline_seconds": 600,
                "replicas": "1",
                "revision_history_limit": 10,
                "selector": [
                  {
                    "match_expressions": [],
                    "match_labels": {
                      "app": "adservice"
                    }
                  }
                ],
                "strategy": [
                  {
                    "rolling_update": [
                      {
                        "max_surge": "25%",
                        "max_unavailable": "25%"
                      }
                    ],
                    "type": "RollingUpdate"
                  }
                ],
                "template": [
                  {
                    "metadata": [
                      {
                        "annotations": null,
                        "generate_name": "",
                        "generation": 0,
                        "labels": {
                          "app": "adservice"
                        },
                        "name": "",
                        "namespace": "",
                        "resource_version": "",
                        "uid": ""
                      }
                    ],
                    "spec": [
                      {
                        "active_deadline_seconds": 0,
                        "affinity": [],
                        "automount_service_account_token": true,
                        "container": [
                          {
                            "args": null,
                            "command": null,
                            "env": [
                              {
                                "name": "PORT",
                                "value": "9555",
                                "value_from": []
                              },
                              {
                                "name": "DISABLE_STATS",
                                "value": "1",
                                "value_from": []
                              },
                              {
                                "name": "DISABLE_TRACING",
                                "value": "1",
                                "value_from": []
                              },
                              {
                                "name": "DISABLE_PROFILER",
                                "value": "1",
                                "value_from": []
                              }
                            ],
                            "env_from": [],
                            "image": "gcr.io/google-samples/microservices-demo/adservice:v0.3.6",
                            "image_pull_policy": "IfNotPresent",
                            "lifecycle": [],
                            "liveness_probe": [
                              {
                                "exec": [
                                  {
                                    "command": [
                                      "/bin/grpc_health_probe",
                                      "-addr=:9555"
                                    ]
                                  }
                                ],
                                "failure_threshold": 3,
                                "http_get": [],
                                "initial_delay_seconds": 10,
                                "period_seconds": 10,
                                "success_threshold": 1,
                                "tcp_socket": [],
                                "timeout_seconds": 2
                              }
                            ],
                            "name": "server",
                            "port": [
                              {
                                "container_port": 9555,
                                "host_ip": "",
                                "host_port": 0,
                                "name": "",
                                "protocol": "TCP"
                              }
                            ],
                            "readiness_probe": [
                              {
                                "exec": [
                                  {
                                    "command": [
                                      "/bin/grpc_health_probe",
                                      "-addr=:9555"
                                    ]
                                  }
                                ],
                                "failure_threshold": 3,
                                "http_get": [],
                                "initial_delay_seconds": 5,
                                "period_seconds": 10,
                                "success_threshold": 1,
                                "tcp_socket": [],
                                "timeout_seconds": 2
                              }
                            ],
                            "resources": [
                              {
                                "limits": null,
                                "requests": null
                              }
                            ],
                            "security_context": [],
                            "startup_probe": [],
                            "stdin": false,
                            "stdin_once": false,
                            "termination_message_path": "/dev/termination-log",
                            "termination_message_policy": "File",
                            "tty": false,
                            "volume_mount": [],
                            "working_dir": ""
                          }
                        ],
                        "dns_config": [],
                        "dns_policy": "ClusterFirst",
                        "enable_service_links": true,
                        "host_aliases": [],
                        "host_ipc": false,
                        "host_network": false,
                        "host_pid": false,
                        "hostname": "",
                        "image_pull_secrets": [],
                        "init_container": [],
                        "node_name": "",
                        "node_selector": null,
                        "priority_class_name": "",
                        "readiness_gate": [],
                        "restart_policy": "Always",
                        "security_context": [],
                        "service_account_name": "default",
                        "share_process_namespace": false,
                        "subdomain": "",
                        "termination_grace_period_seconds": 5,
                        "toleration": [],
                        "topology_spread_constraint": [],
                        "volume": []
                      }
                    ]
                  }
                ]
              }
            ],
            "timeouts": null,
            "wait_for_rollout": true
          },
          "sensitive_attributes": [],
          "private": "eyJlMmJmYjczMC1lY2FhLTExZTYtOGY4OC0zNDM2M2JjN2M0YzAiOnsiY3JlYXRlIjo2MDAwMDAwMDAwMDAsImRlbGV0ZSI6NjAwMDAwMDAwMDAwLCJ1cGRhdGUiOjYwMDAwMDAwMDAwMH0sInNjaGVtYV92ZXJzaW9uIjoiMSJ9",
          "dependencies": [
            "module.f5xc.volterra_api_credential.app_vk8s_cred",
            "module.f5xc.volterra_namespace.app_ns",
            "module.f5xc.volterra_virtual_k8s.app_vk8s",
            "module.f5xc.volterra_virtual_site.hub",
            "module.f5xc.volterra_virtual_site.spoke"
          ]
        }
      ]
    },
    {
      "module": "module.vk8s-app",
      "mode": "managed",
      "type": "kubernetes_deployment_v1",
      "name": "cartservice",
      "provider": "provider[\"registry.terraform.io/hashicorp/kubernetes\"].app",
      "instances": [
        {
          "schema_version": 1,
          "attributes": {
            "id": "demo-app/cartservice",
            "metadata": [
              {
                "annotations": {
                  "ves.io/virtual-sites": "demo-app/demo-app-spoke-vs",
                  "ves.io/workload-flavor": "ves-io-medium"
                },
                "generate_name": "",
                "generation": 2,
                "labels": null,
                "name": "cartservice",
                "namespace": "demo-app",
                "resource_version": "169662312",
                "uid": "23ac7e79-44d2-4a7e-ba2e-9705a4ddbf3d"
              }
            ],
            "spec": [
              {
                "min_ready_seconds": 0,
                "paused": false,
                "progress_deadline_seconds": 600,
                "replicas": "1",
                "revision_history_limit": 10,
                "selector": [
                  {
                    "match_expressions": [],
                    "match_labels": {
                      "app": "cartservice"
                    }
                  }
                ],
                "strategy": [
                  {
                    "rolling_update": [
                      {
                        "max_surge": "25%",
                        "max_unavailable": "25%"
                      }
                    ],
                    "type": "RollingUpdate"
                  }
                ],
                "template": [
                  {
                    "metadata": [
                      {
                        "annotations": null,
                        "generate_name": "",
                        "generation": 0,
                        "labels": {
                          "app": "cartservice"
                        },
                        "name": "",
                        "namespace": "",
                        "resource_version": "",
                        "uid": ""
                      }
                    ],
                    "spec": [
                      {
                        "active_deadline_seconds": 0,
                        "affinity": [],
                        "automount_service_account_token": true,
                        "container": [
                          {
                            "args": null,
                            "command": null,
                            "env": [
                              {
                                "name": "REDIS_ADDR",
                                "value": "redis-cart.internal:6379",
                                "value_from": []
                              }
                            ],
                            "env_from": [],
                            "image": "gcr.io/google-samples/microservices-demo/cartservice:v0.3.6",
                            "image_pull_policy": "IfNotPresent",
                            "lifecycle": [],
                            "liveness_probe": [
                              {
                                "exec": [
                                  {
                                    "command": [
                                      "/bin/grpc_health_probe",
                                      "-addr=:7070",
                                      "-rpc-timeout=5s"
                                    ]
                                  }
                                ],
                                "failure_threshold": 3,
                                "http_get": [],
                                "initial_delay_seconds": 10,
                                "period_seconds": 10,
                                "success_threshold": 1,
                                "tcp_socket": [],
                                "timeout_seconds": 2
                              }
                            ],
                            "name": "server",
                            "port": [
                              {
                                "container_port": 7070,
                                "host_ip": "",
                                "host_port": 0,
                                "name": "",
                                "protocol": "TCP"
                              }
                            ],
                            "readiness_probe": [
                              {
                                "exec": [
                                  {
                                    "command": [
                                      "/bin/grpc_health_probe",
                                      "-addr=:7070",
                                      "-rpc-timeout=5s"
                                    ]
                                  }
                                ],
                                "failure_threshold": 3,
                                "http_get": [],
                                "initial_delay_seconds": 5,
                                "period_seconds": 10,
                                "success_threshold": 1,
                                "tcp_socket": [],
                                "timeout_seconds": 2
                              }
                            ],
                            "resources": [
                              {
                                "limits": null,
                                "requests": null
                              }
                            ],
                            "security_context": [],
                            "startup_probe": [],
                            "stdin": false,
                            "stdin_once": false,
                            "termination_message_path": "/dev/termination-log",
                            "termination_message_policy": "File",
                            "tty": false,
                            "volume_mount": [],
                            "working_dir": ""
                          }
                        ],
                        "dns_config": [],
                        "dns_policy": "ClusterFirst",
                        "enable_service_links": true,
                        "host_aliases": [],
                        "host_ipc": false,
                        "host_network": false,
                        "host_pid": false,
                        "hostname": "",
                        "image_pull_secrets": [],
                        "init_container": [],
                        "node_name": "",
                        "node_selector": null,
                        "priority_class_name": "",
                        "readiness_gate": [],
                        "restart_policy": "Always",
                        "security_context": [],
                        "service_account_name": "default",
                        "share_process_namespace": false,
                        "subdomain": "",
                        "termination_grace_period_seconds": 5,
                        "toleration": [],
                        "topology_spread_constraint": [],
                        "volume": []
                      }
                    ]
                  }
                ]
              }
            ],
            "timeouts": null,
            "wait_for_rollout": true
          },
          "sensitive_attributes": [],
          "private": "eyJlMmJmYjczMC1lY2FhLTExZTYtOGY4OC0zNDM2M2JjN2M0YzAiOnsiY3JlYXRlIjo2MDAwMDAwMDAwMDAsImRlbGV0ZSI6NjAwMDAwMDAwMDAwLCJ1cGRhdGUiOjYwMDAwMDAwMDAwMH0sInNjaGVtYV92ZXJzaW9uIjoiMSJ9",
          "dependencies": [
            "module.f5xc.volterra_api_credential.app_vk8s_cred",
            "module.f5xc.volterra_namespace.app_ns",
            "module.f5xc.volterra_virtual_k8s.app_vk8s",
            "module.f5xc.volterra_virtual_site.hub",
            "module.f5xc.volterra_virtual_site.spoke"
          ]
        }
      ]
    },
    {
      "module": "module.vk8s-app",
      "mode": "managed",
      "type": "kubernetes_deployment_v1",
      "name": "checkoutservice",
      "provider": "provider[\"registry.terraform.io/hashicorp/kubernetes\"].app",
      "instances": [
        {
          "schema_version": 1,
          "attributes": {
            "id": "demo-app/checkoutservice",
            "metadata": [
              {
                "annotations": {
                  "ves.io/virtual-sites": "demo-app/demo-app-spoke-vs",
                  "ves.io/workload-flavor": "ves-io-tiny"
                },
                "generate_name": "",
                "generation": 2,
                "labels": null,
                "name": "checkoutservice",
                "namespace": "demo-app",
                "resource_version": "169664287",
                "uid": "558214c8-912e-4c6e-a9a8-5b484b4fc9fe"
              }
            ],
            "spec": [
              {
                "min_ready_seconds": 0,
                "paused": false,
                "progress_deadline_seconds": 600,
                "replicas": "1",
                "revision_history_limit": 10,
                "selector": [
                  {
                    "match_expressions": [],
                    "match_labels": {
                      "app": "checkoutservice"
                    }
                  }
                ],
                "strategy": [
                  {
                    "rolling_update": [
                      {
                        "max_surge": "25%",
                        "max_unavailable": "25%"
                      }
                    ],
                    "type": "RollingUpdate"
                  }
                ],
                "template": [
                  {
                    "metadata": [
                      {
                        "annotations": null,
                        "generate_name": "",
                        "generation": 0,
                        "labels": {
                          "app": "checkoutservice"
                        },
                        "name": "",
                        "namespace": "",
                        "resource_version": "",
                        "uid": ""
                      }
                    ],
                    "spec": [
                      {
                        "active_deadline_seconds": 0,
                        "affinity": [],
                        "automount_service_account_token": true,
                        "container": [
                          {
                            "args": null,
                            "command": null,
                            "env": [
                              {
                                "name": "PORT",
                                "value": "5050",
                                "value_from": []
                              },
                              {
                                "name": "PRODUCT_CATALOG_SERVICE_ADDR",
                                "value": "productcatalogservice:3550",
                                "value_from": []
                              },
                              {
                                "name": "SHIPPING_SERVICE_ADDR",
                                "value": "shippingservice:50051",
                                "value_from": []
                              },
                              {
                                "name": "PAYMENT_SERVICE_ADDR",
                                "value": "paymentservice:50051",
                                "value_from": []
                              },
                              {
                                "name": "EMAIL_SERVICE_ADDR",
                                "value": "emailservice:5000",
                                "value_from": []
                              },
                              {
                                "name": "CURRENCY_SERVICE_ADDR",
                                "value": "currencyservice:7000",
                                "value_from": []
                              },
                              {
                                "name": "CART_SERVICE_ADDR",
                                "value": "cartservice:7070",
                                "value_from": []
                              },
                              {
                                "name": "DISABLE_STATS",
                                "value": "1",
                                "value_from": []
                              },
                              {
                                "name": "DISABLE_TRACING",
                                "value": "1",
                                "value_from": []
                              },
                              {
                                "name": "DISABLE_PROFILER",
                                "value": "1",
                                "value_from": []
                              }
                            ],
                            "env_from": [],
                            "image": "gcr.io/google-samples/microservices-demo/checkoutservice:v0.3.6",
                            "image_pull_policy": "IfNotPresent",
                            "lifecycle": [],
                            "liveness_probe": [
                              {
                                "exec": [
                                  {
                                    "command": [
                                      "/bin/grpc_health_probe",
                                      "-addr=:5050"
                                    ]
                                  }
                                ],
                                "failure_threshold": 3,
                                "http_get": [],
                                "initial_delay_seconds": 10,
                                "period_seconds": 10,
                                "success_threshold": 1,
                                "tcp_socket": [],
                                "timeout_seconds": 2
                              }
                            ],
                            "name": "server",
                            "port": [
                              {
                                "container_port": 5050,
                                "host_ip": "",
                                "host_port": 0,
                                "name": "",
                                "protocol": "TCP"
                              }
                            ],
                            "readiness_probe": [
                              {
                                "exec": [
                                  {
                                    "command": [
                                      "/bin/grpc_health_probe",
                                      "-addr=:5050"
                                    ]
                                  }
                                ],
                                "failure_threshold": 3,
                                "http_get": [],
                                "initial_delay_seconds": 5,
                                "period_seconds": 10,
                                "success_threshold": 1,
                                "tcp_socket": [],
                                "timeout_seconds": 2
                              }
                            ],
                            "resources": [
                              {
                                "limits": null,
                                "requests": null
                              }
                            ],
                            "security_context": [],
                            "startup_probe": [],
                            "stdin": false,
                            "stdin_once": false,
                            "termination_message_path": "/dev/termination-log",
                            "termination_message_policy": "File",
                            "tty": false,
                            "volume_mount": [],
                            "working_dir": ""
                          }
                        ],
                        "dns_config": [],
                        "dns_policy": "ClusterFirst",
                        "enable_service_links": true,
                        "host_aliases": [],
                        "host_ipc": false,
                        "host_network": false,
                        "host_pid": false,
                        "hostname": "",
                        "image_pull_secrets": [],
                        "init_container": [],
                        "node_name": "",
                        "node_selector": null,
                        "priority_class_name": "",
                        "readiness_gate": [],
                        "restart_policy": "Always",
                        "security_context": [],
                        "service_account_name": "default",
                        "share_process_namespace": false,
                        "subdomain": "",
                        "termination_grace_period_seconds": 30,
                        "toleration": [],
                        "topology_spread_constraint": [],
                        "volume": []
                      }
                    ]
                  }
                ]
              }
            ],
            "timeouts": null,
            "wait_for_rollout": true
          },
          "sensitive_attributes": [],
          "private": "eyJlMmJmYjczMC1lY2FhLTExZTYtOGY4OC0zNDM2M2JjN2M0YzAiOnsiY3JlYXRlIjo2MDAwMDAwMDAwMDAsImRlbGV0ZSI6NjAwMDAwMDAwMDAwLCJ1cGRhdGUiOjYwMDAwMDAwMDAwMH0sInNjaGVtYV92ZXJzaW9uIjoiMSJ9",
          "dependencies": [
            "module.f5xc.volterra_api_credential.app_vk8s_cred",
            "module.f5xc.volterra_namespace.app_ns",
            "module.f5xc.volterra_virtual_k8s.app_vk8s",
            "module.f5xc.volterra_virtual_site.hub",
            "module.f5xc.volterra_virtual_site.spoke"
          ]
        }
      ]
    },
    {
      "module": "module.vk8s-app",
      "mode": "managed",
      "type": "kubernetes_deployment_v1",
      "name": "currencyservice",
      "provider": "provider[\"registry.terraform.io/hashicorp/kubernetes\"].app",
      "instances": [
        {
          "schema_version": 1,
          "attributes": {
            "id": "demo-app/currencyservice",
            "metadata": [
              {
                "annotations": {
                  "ves.io/virtual-sites": "demo-app/demo-app-spoke-vs",
                  "ves.io/workload-flavor": "ves-io-tiny"
                },
                "generate_name": "",
                "generation": 2,
                "labels": null,
                "name": "currencyservice",
                "namespace": "demo-app",
                "resource_version": "169662390",
                "uid": "643e78e7-c1b9-4927-8503-606bf0941642"
              }
            ],
            "spec": [
              {
                "min_ready_seconds": 0,
                "paused": false,
                "progress_deadline_seconds": 600,
                "replicas": "1",
                "revision_history_limit": 10,
                "selector": [
                  {
                    "match_expressions": [],
                    "match_labels": {
                      "app": "currencyservice"
                    }
                  }
                ],
                "strategy": [
                  {
                    "rolling_update": [
                      {
                        "max_surge": "25%",
                        "max_unavailable": "25%"
                      }
                    ],
                    "type": "RollingUpdate"
                  }
                ],
                "template": [
                  {
                    "metadata": [
                      {
                        "annotations": null,
                        "generate_name": "",
                        "generation": 0,
                        "labels": {
                          "app": "currencyservice"
                        },
                        "name": "",
                        "namespace": "",
                        "resource_version": "",
                        "uid": ""
                      }
                    ],
                    "spec": [
                      {
                        "active_deadline_seconds": 0,
                        "affinity": [],
                        "automount_service_account_token": true,
                        "container": [
                          {
                            "args": null,
                            "command": null,
                            "env": [
                              {
                                "name": "PORT",
                                "value": "7000",
                                "value_from": []
                              },
                              {
                                "name": "DISABLE_TRACING",
                                "value": "1",
                                "value_from": []
                              },
                              {
                                "name": "DISABLE_PROFILER",
                                "value": "1",
                                "value_from": []
                              },
                              {
                                "name": "DISABLE_DEBUGGER",
                                "value": "1",
                                "value_from": []
                              }
                            ],
                            "env_from": [],
                            "image": "gcr.io/google-samples/microservices-demo/currencyservice:v0.3.6",
                            "image_pull_policy": "IfNotPresent",
                            "lifecycle": [],
                            "liveness_probe": [
                              {
                                "exec": [
                                  {
                                    "command": [
                                      "/bin/grpc_health_probe",
                                      "-addr=:7000"
                                    ]
                                  }
                                ],
                                "failure_threshold": 3,
                                "http_get": [],
                                "initial_delay_seconds": 10,
                                "period_seconds": 10,
                                "success_threshold": 1,
                                "tcp_socket": [],
                                "timeout_seconds": 2
                              }
                            ],
                            "name": "server",
                            "port": [
                              {
                                "container_port": 7000,
                                "host_ip": "",
                                "host_port": 0,
                                "name": "grpc",
                                "protocol": "TCP"
                              }
                            ],
                            "readiness_probe": [
                              {
                                "exec": [
                                  {
                                    "command": [
                                      "/bin/grpc_health_probe",
                                      "-addr=:7000"
                                    ]
                                  }
                                ],
                                "failure_threshold": 3,
                                "http_get": [],
                                "initial_delay_seconds": 5,
                                "period_seconds": 10,
                                "success_threshold": 1,
                                "tcp_socket": [],
                                "timeout_seconds": 2
                              }
                            ],
                            "resources": [
                              {
                                "limits": null,
                                "requests": null
                              }
                            ],
                            "security_context": [],
                            "startup_probe": [],
                            "stdin": false,
                            "stdin_once": false,
                            "termination_message_path": "/dev/termination-log",
                            "termination_message_policy": "File",
                            "tty": false,
                            "volume_mount": [],
                            "working_dir": ""
                          }
                        ],
                        "dns_config": [],
                        "dns_policy": "ClusterFirst",
                        "enable_service_links": true,
                        "host_aliases": [],
                        "host_ipc": false,
                        "host_network": false,
                        "host_pid": false,
                        "hostname": "",
                        "image_pull_secrets": [],
                        "init_container": [],
                        "node_name": "",
                        "node_selector": null,
                        "priority_class_name": "",
                        "readiness_gate": [],
                        "restart_policy": "Always",
                        "security_context": [],
                        "service_account_name": "default",
                        "share_process_namespace": false,
                        "subdomain": "",
                        "termination_grace_period_seconds": 5,
                        "toleration": [],
                        "topology_spread_constraint": [],
                        "volume": []
                      }
                    ]
                  }
                ]
              }
            ],
            "timeouts": null,
            "wait_for_rollout": true
          },
          "sensitive_attributes": [],
          "private": "eyJlMmJmYjczMC1lY2FhLTExZTYtOGY4OC0zNDM2M2JjN2M0YzAiOnsiY3JlYXRlIjo2MDAwMDAwMDAwMDAsImRlbGV0ZSI6NjAwMDAwMDAwMDAwLCJ1cGRhdGUiOjYwMDAwMDAwMDAwMH0sInNjaGVtYV92ZXJzaW9uIjoiMSJ9",
          "dependencies": [
            "module.f5xc.volterra_api_credential.app_vk8s_cred",
            "module.f5xc.volterra_namespace.app_ns",
            "module.f5xc.volterra_virtual_k8s.app_vk8s",
            "module.f5xc.volterra_virtual_site.hub",
            "module.f5xc.volterra_virtual_site.spoke"
          ]
        }
      ]
    },
    {
      "module": "module.vk8s-app",
      "mode": "managed",
      "type": "kubernetes_deployment_v1",
      "name": "emailservice",
      "provider": "provider[\"registry.terraform.io/hashicorp/kubernetes\"].app",
      "instances": [
        {
          "schema_version": 1,
          "attributes": {
            "id": "demo-app/emailservice",
            "metadata": [
              {
                "annotations": {
                  "ves.io/virtual-sites": "demo-app/demo-app-spoke-vs",
                  "ves.io/workload-flavor": "ves-io-tiny"
                },
                "generate_name": "",
                "generation": 2,
                "labels": null,
                "name": "emailservice",
                "namespace": "demo-app",
                "resource_version": "169663787",
                "uid": "661b0b34-33be-47d2-ac94-a9ad65052151"
              }
            ],
            "spec": [
              {
                "min_ready_seconds": 0,
                "paused": false,
                "progress_deadline_seconds": 600,
                "replicas": "1",
                "revision_history_limit": 10,
                "selector": [
                  {
                    "match_expressions": [],
                    "match_labels": {
                      "app": "emailservice"
                    }
                  }
                ],
                "strategy": [
                  {
                    "rolling_update": [
                      {
                        "max_surge": "25%",
                        "max_unavailable": "25%"
                      }
                    ],
                    "type": "RollingUpdate"
                  }
                ],
                "template": [
                  {
                    "metadata": [
                      {
                        "annotations": null,
                        "generate_name": "",
                        "generation": 0,
                        "labels": {
                          "app": "emailservice"
                        },
                        "name": "",
                        "namespace": "",
                        "resource_version": "",
                        "uid": ""
                      }
                    ],
                    "spec": [
                      {
                        "active_deadline_seconds": 0,
                        "affinity": [],
                        "automount_service_account_token": true,
                        "container": [
                          {
                            "args": null,
                            "command": null,
                            "env": [
                              {
                                "name": "PORT",
                                "value": "8080",
                                "value_from": []
                              },
                              {
                                "name": "DISABLE_TRACING",
                                "value": "1",
                                "value_from": []
                              },
                              {
                                "name": "DISABLE_PROFILER",
                                "value": "1",
                                "value_from": []
                              },
                              {
                                "name": "DISABLE_PROFILER",
                                "value": "1",
                                "value_from": []
                              }
                            ],
                            "env_from": [],
                            "image": "gcr.io/google-samples/microservices-demo/emailservice:v0.3.6",
                            "image_pull_policy": "IfNotPresent",
                            "lifecycle": [],
                            "liveness_probe": [
                              {
                                "exec": [
                                  {
                                    "command": [
                                      "/bin/grpc_health_probe",
                                      "-addr=:8080"
                                    ]
                                  }
                                ],
                                "failure_threshold": 3,
                                "http_get": [],
                                "initial_delay_seconds": 10,
                                "period_seconds": 10,
                                "success_threshold": 1,
                                "tcp_socket": [],
                                "timeout_seconds": 2
                              }
                            ],
                            "name": "server",
                            "port": [
                              {
                                "container_port": 8080,
                                "host_ip": "",
                                "host_port": 0,
                                "name": "",
                                "protocol": "TCP"
                              }
                            ],
                            "readiness_probe": [
                              {
                                "exec": [
                                  {
                                    "command": [
                                      "/bin/grpc_health_probe",
                                      "-addr=:8080"
                                    ]
                                  }
                                ],
                                "failure_threshold": 3,
                                "http_get": [],
                                "initial_delay_seconds": 5,
                                "period_seconds": 10,
                                "success_threshold": 1,
                                "tcp_socket": [],
                                "timeout_seconds": 2
                              }
                            ],
                            "resources": [
                              {
                                "limits": null,
                                "requests": null
                              }
                            ],
                            "security_context": [],
                            "startup_probe": [],
                            "stdin": false,
                            "stdin_once": false,
                            "termination_message_path": "/dev/termination-log",
                            "termination_message_policy": "File",
                            "tty": false,
                            "volume_mount": [],
                            "working_dir": ""
                          }
                        ],
                        "dns_config": [],
                        "dns_policy": "ClusterFirst",
                        "enable_service_links": true,
                        "host_aliases": [],
                        "host_ipc": false,
                        "host_network": false,
                        "host_pid": false,
                        "hostname": "",
                        "image_pull_secrets": [],
                        "init_container": [],
                        "node_name": "",
                        "node_selector": null,
                        "priority_class_name": "",
                        "readiness_gate": [],
                        "restart_policy": "Always",
                        "security_context": [],
                        "service_account_name": "default",
                        "share_process_namespace": false,
                        "subdomain": "",
                        "termination_grace_period_seconds": 5,
                        "toleration": [],
                        "topology_spread_constraint": [],
                        "volume": []
                      }
                    ]
                  }
                ]
              }
            ],
            "timeouts": null,
            "wait_for_rollout": true
          },
          "sensitive_attributes": [],
          "private": "eyJlMmJmYjczMC1lY2FhLTExZTYtOGY4OC0zNDM2M2JjN2M0YzAiOnsiY3JlYXRlIjo2MDAwMDAwMDAwMDAsImRlbGV0ZSI6NjAwMDAwMDAwMDAwLCJ1cGRhdGUiOjYwMDAwMDAwMDAwMH0sInNjaGVtYV92ZXJzaW9uIjoiMSJ9",
          "dependencies": [
            "module.f5xc.volterra_api_credential.app_vk8s_cred",
            "module.f5xc.volterra_namespace.app_ns",
            "module.f5xc.volterra_virtual_k8s.app_vk8s",
            "module.f5xc.volterra_virtual_site.hub",
            "module.f5xc.volterra_virtual_site.spoke"
          ]
        }
      ]
    },
    {
      "module": "module.vk8s-app",
      "mode": "managed",
      "type": "kubernetes_deployment_v1",
      "name": "frontend",
      "provider": "provider[\"registry.terraform.io/hashicorp/kubernetes\"].app",
      "instances": [
        {
          "schema_version": 1,
          "attributes": {
            "id": "demo-app/frontend",
            "metadata": [
              {
                "annotations": {
                  "ves.io/virtual-sites": "demo-app/demo-app-spoke-vs",
                  "ves.io/workload-flavor": "ves-io-tiny"
                },
                "generate_name": "",
                "generation": 2,
                "labels": null,
                "name": "frontend",
                "namespace": "demo-app",
                "resource_version": "169664706",
                "uid": "7de4ede9-075b-4604-8a64-64ce97407be5"
              }
            ],
            "spec": [
              {
                "min_ready_seconds": 0,
                "paused": false,
                "progress_deadline_seconds": 600,
                "replicas": "1",
                "revision_history_limit": 10,
                "selector": [
                  {
                    "match_expressions": [],
                    "match_labels": {
                      "app": "frontend"
                    }
                  }
                ],
                "strategy": [
                  {
                    "rolling_update": [
                      {
                        "max_surge": "25%",
                        "max_unavailable": "25%"
                      }
                    ],
                    "type": "RollingUpdate"
                  }
                ],
                "template": [
                  {
                    "metadata": [
                      {
                        "annotations": null,
                        "generate_name": "",
                        "generation": 0,
                        "labels": {
                          "app": "frontend"
                        },
                        "name": "",
                        "namespace": "",
                        "resource_version": "",
                        "uid": ""
                      }
                    ],
                    "spec": [
                      {
                        "active_deadline_seconds": 0,
                        "affinity": [],
                        "automount_service_account_token": true,
                        "container": [
                          {
                            "args": null,
                            "command": null,
                            "env": [
                              {
                                "name": "PORT",
                                "value": "8080",
                                "value_from": []
                              },
                              {
                                "name": "PRODUCT_CATALOG_SERVICE_ADDR",
                                "value": "productcatalogservice:3550",
                                "value_from": []
                              },
                              {
                                "name": "CURRENCY_SERVICE_ADDR",
                                "value": "currencyservice:7000",
                                "value_from": []
                              },
                              {
                                "name": "CART_SERVICE_ADDR",
                                "value": "cartservice:7070",
                                "value_from": []
                              },
                              {
                                "name": "RECOMMENDATION_SERVICE_ADDR",
                                "value": "recommendationservice:8080",
                                "value_from": []
                              },
                              {
                                "name": "SHIPPING_SERVICE_ADDR",
                                "value": "shippingservice:50051",
                                "value_from": []
                              },
                              {
                                "name": "CHECKOUT_SERVICE_ADDR",
                                "value": "checkoutservice:5050",
                                "value_from": []
                              },
                              {
                                "name": "AD_SERVICE_ADDR",
                                "value": "adservice.internal:9555",
                                "value_from": []
                              },
                              {
                                "name": "ENV_PLATFORM",
                                "value": "local",
                                "value_from": []
                              },
                              {
                                "name": "DISABLE_TRACING",
                                "value": "1",
                                "value_from": []
                              },
                              {
                                "name": "DISABLE_PROFILER",
                                "value": "1",
                                "value_from": []
                              }
                            ],
                            "env_from": [],
                            "image": "gcr.io/google-samples/microservices-demo/frontend:v0.3.6",
                            "image_pull_policy": "IfNotPresent",
                            "lifecycle": [],
                            "liveness_probe": [
                              {
                                "exec": [],
                                "failure_threshold": 3,
                                "http_get": [
                                  {
                                    "host": "",
                                    "http_header": [
                                      {
                                        "name": "Cookie",
                                        "value": "shop_session-id=x-liveness-probe"
                                      }
                                    ],
                                    "path": "/_healthz",
                                    "port": "8080",
                                    "scheme": "HTTP"
                                  }
                                ],
                                "initial_delay_seconds": 20,
                                "period_seconds": 10,
                                "success_threshold": 1,
                                "tcp_socket": [],
                                "timeout_seconds": 1
                              }
                            ],
                            "name": "frontend",
                            "port": [
                              {
                                "container_port": 8080,
                                "host_ip": "",
                                "host_port": 0,
                                "name": "",
                                "protocol": "TCP"
                              }
                            ],
                            "readiness_probe": [
                              {
                                "exec": [],
                                "failure_threshold": 3,
                                "http_get": [
                                  {
                                    "host": "",
                                    "http_header": [
                                      {
                                        "name": "Cookie",
                                        "value": "shop_session-id=x-readiness-probe"
                                      }
                                    ],
                                    "path": "/_healthz",
                                    "port": "8080",
                                    "scheme": "HTTP"
                                  }
                                ],
                                "initial_delay_seconds": 10,
                                "period_seconds": 10,
                                "success_threshold": 1,
                                "tcp_socket": [],
                                "timeout_seconds": 1
                              }
                            ],
                            "resources": [
                              {
                                "limits": null,
                                "requests": null
                              }
                            ],
                            "security_context": [],
                            "startup_probe": [],
                            "stdin": false,
                            "stdin_once": false,
                            "termination_message_path": "/dev/termination-log",
                            "termination_message_policy": "File",
                            "tty": false,
                            "volume_mount": [],
                            "working_dir": ""
                          },
                          {
                            "args": null,
                            "command": null,
                            "env": [],
                            "env_from": [],
                            "image": "ghcr.io/dgarrisonf5/proxy",
                            "image_pull_policy": "Always",
                            "lifecycle": [],
                            "liveness_probe": [
                              {
                                "exec": [],
                                "failure_threshold": 3,
                                "http_get": [
                                  {
                                    "host": "",
                                    "http_header": [],
                                    "path": "/_healthy",
                                    "port": "8181",
                                    "scheme": "HTTP"
                                  }
                                ],
                                "initial_delay_seconds": 10,
                                "period_seconds": 10,
                                "success_threshold": 1,
                                "tcp_socket": [],
                                "timeout_seconds": 1
                              }
                            ],
                            "name": "proxy",
                            "port": [
                              {
                                "container_port": 8181,
                                "host_ip": "",
                                "host_port": 0,
                                "name": "",
                                "protocol": "TCP"
                              }
                            ],
                            "readiness_probe": [
                              {
                                "exec": [],
                                "failure_threshold": 3,
                                "http_get": [
                                  {
                                    "host": "",
                                    "http_header": [],
                                    "path": "/_healthy",
                                    "port": "8181",
                                    "scheme": "HTTP"
                                  }
                                ],
                                "initial_delay_seconds": 5,
                                "period_seconds": 10,
                                "success_threshold": 1,
                                "tcp_socket": [],
                                "timeout_seconds": 1
                              }
                            ],
                            "resources": [
                              {
                                "limits": null,
                                "requests": null
                              }
                            ],
                            "security_context": [],
                            "startup_probe": [],
                            "stdin": false,
                            "stdin_once": false,
                            "termination_message_path": "/dev/termination-log",
                            "termination_message_policy": "File",
                            "tty": false,
                            "volume_mount": [
                              {
                                "mount_path": "/etc/nginx/conf.d",
                                "mount_propagation": "None",
                                "name": "nginx-conf",
                                "read_only": true,
                                "sub_path": ""
                              },
                              {
                                "mount_path": "/usr/share/nginx/html",
                                "mount_propagation": "None",
                                "name": "error-html",
                                "read_only": true,
                                "sub_path": ""
                              }
                            ],
                            "working_dir": ""
                          }
                        ],
                        "dns_config": [],
                        "dns_policy": "ClusterFirst",
                        "enable_service_links": true,
                        "host_aliases": [],
                        "host_ipc": false,
                        "host_network": false,
                        "host_pid": false,
                        "hostname": "",
                        "image_pull_secrets": [
                          {
                            "name": "f5demos-registry-secret"
                          }
                        ],
                        "init_container": [],
                        "node_name": "",
                        "node_selector": null,
                        "priority_class_name": "",
                        "readiness_gate": [],
                        "restart_policy": "Always",
                        "security_context": [],
                        "service_account_name": "default",
                        "share_process_namespace": false,
                        "subdomain": "",
                        "termination_grace_period_seconds": 30,
                        "toleration": [],
                        "topology_spread_constraint": [],
                        "volume": [
                          {
                            "aws_elastic_block_store": [],
                            "azure_disk": [],
                            "azure_file": [],
                            "ceph_fs": [],
                            "cinder": [],
                            "config_map": [
                              {
                                "default_mode": "0644",
                                "items": [
                                  {
                                    "key": "default.conf",
                                    "mode": "",
                                    "path": "default.conf"
                                  }
                                ],
                                "name": "nginx-conf",
                                "optional": false
                              }
                            ],
                            "csi": [],
                            "downward_api": [],
                            "empty_dir": [],
                            "fc": [],
                            "flex_volume": [],
                            "flocker": [],
                            "gce_persistent_disk": [],
                            "git_repo": [],
                            "glusterfs": [],
                            "host_path": [],
                            "iscsi": [],
                            "local": [],
                            "name": "nginx-conf",
                            "nfs": [],
                            "persistent_volume_claim": [],
                            "photon_persistent_disk": [],
                            "projected": [],
                            "quobyte": [],
                            "rbd": [],
                            "secret": [],
                            "vsphere_volume": []
                          },
                          {
                            "aws_elastic_block_store": [],
                            "azure_disk": [],
                            "azure_file": [],
                            "ceph_fs": [],
                            "cinder": [],
                            "config_map": [
                              {
                                "default_mode": "0644",
                                "items": [
                                  {
                                    "key": "error.html",
                                    "mode": "",
                                    "path": "error.html"
                                  }
                                ],
                                "name": "error-html",
                                "optional": false
                              }
                            ],
                            "csi": [],
                            "downward_api": [],
                            "empty_dir": [],
                            "fc": [],
                            "flex_volume": [],
                            "flocker": [],
                            "gce_persistent_disk": [],
                            "git_repo": [],
                            "glusterfs": [],
                            "host_path": [],
                            "iscsi": [],
                            "local": [],
                            "name": "error-html",
                            "nfs": [],
                            "persistent_volume_claim": [],
                            "photon_persistent_disk": [],
                            "projected": [],
                            "quobyte": [],
                            "rbd": [],
                            "secret": [],
                            "vsphere_volume": []
                          }
                        ]
                      }
                    ]
                  }
                ]
              }
            ],
            "timeouts": null,
            "wait_for_rollout": true
          },
          "sensitive_attributes": [],
          "private": "eyJlMmJmYjczMC1lY2FhLTExZTYtOGY4OC0zNDM2M2JjN2M0YzAiOnsiY3JlYXRlIjo2MDAwMDAwMDAwMDAsImRlbGV0ZSI6NjAwMDAwMDAwMDAwLCJ1cGRhdGUiOjYwMDAwMDAwMDAwMH0sInNjaGVtYV92ZXJzaW9uIjoiMSJ9",
          "dependencies": [
            "module.f5xc.volterra_api_credential.app_vk8s_cred",
            "module.f5xc.volterra_namespace.app_ns",
            "module.f5xc.volterra_virtual_k8s.app_vk8s",
            "module.f5xc.volterra_virtual_site.hub",
            "module.f5xc.volterra_virtual_site.spoke",
            "module.vk8s-app.kubernetes_secret_v1.registry-secret"
          ]
        }
      ]
    },
    {
      "module": "module.vk8s-app",
      "mode": "managed",
      "type": "kubernetes_deployment_v1",
      "name": "paymentservice",
      "provider": "provider[\"registry.terraform.io/hashicorp/kubernetes\"].app",
      "instances": [
        {
          "schema_version": 1,
          "attributes": {
            "id": "demo-app/paymentservice",
            "metadata": [
              {
                "annotations": {
                  "ves.io/virtual-sites": "demo-app/demo-app-spoke-vs",
                  "ves.io/workload-flavor": "ves-io-tiny"
                },
                "generate_name": "",
                "generation": 2,
                "labels": null,
                "name": "paymentservice",
                "namespace": "demo-app",
                "resource_version": "169663867",
                "uid": "6e68518f-1705-4962-8726-35f40e8a21b9"
              }
            ],
            "spec": [
              {
                "min_ready_seconds": 0,
                "paused": false,
                "progress_deadline_seconds": 600,
                "replicas": "1",
                "revision_history_limit": 10,
                "selector": [
                  {
                    "match_expressions": [],
                    "match_labels": {
                      "app": "paymentservice"
                    }
                  }
                ],
                "strategy": [
                  {
                    "rolling_update": [
                      {
                        "max_surge": "25%",
                        "max_unavailable": "25%"
                      }
                    ],
                    "type": "RollingUpdate"
                  }
                ],
                "template": [
                  {
                    "metadata": [
                      {
                        "annotations": null,
                        "generate_name": "",
                        "generation": 0,
                        "labels": {
                          "app": "paymentservice"
                        },
                        "name": "",
                        "namespace": "",
                        "resource_version": "",
                        "uid": ""
                      }
                    ],
                    "spec": [
                      {
                        "active_deadline_seconds": 0,
                        "affinity": [],
                        "automount_service_account_token": true,
                        "container": [
                          {
                            "args": null,
                            "command": null,
                            "env": [
                              {
                                "name": "PORT",
                                "value": "50051",
                                "value_from": []
                              },
                              {
                                "name": "DISABLE_TRACING",
                                "value": "1",
                                "value_from": []
                              },
                              {
                                "name": "DISABLE_PROFILER",
                                "value": "1",
                                "value_from": []
                              },
                              {
                                "name": "DISABLE_DEBUGGER",
                                "value": "1",
                                "value_from": []
                              }
                            ],
                            "env_from": [],
                            "image": "gcr.io/google-samples/microservices-demo/paymentservice:v0.3.6",
                            "image_pull_policy": "IfNotPresent",
                            "lifecycle": [],
                            "liveness_probe": [
                              {
                                "exec": [
                                  {
                                    "command": [
                                      "/bin/grpc_health_probe",
                                      "-addr=:50051"
                                    ]
                                  }
                                ],
                                "failure_threshold": 3,
                                "http_get": [],
                                "initial_delay_seconds": 10,
                                "period_seconds": 10,
                                "success_threshold": 1,
                                "tcp_socket": [],
                                "timeout_seconds": 2
                              }
                            ],
                            "name": "server",
                            "port": [
                              {
                                "container_port": 50051,
                                "host_ip": "",
                                "host_port": 0,
                                "name": "",
                                "protocol": "TCP"
                              }
                            ],
                            "readiness_probe": [
                              {
                                "exec": [
                                  {
                                    "command": [
                                      "/bin/grpc_health_probe",
                                      "-addr=:50051"
                                    ]
                                  }
                                ],
                                "failure_threshold": 3,
                                "http_get": [],
                                "initial_delay_seconds": 5,
                                "period_seconds": 10,
                                "success_threshold": 1,
                                "tcp_socket": [],
                                "timeout_seconds": 2
                              }
                            ],
                            "resources": [
                              {
                                "limits": null,
                                "requests": null
                              }
                            ],
                            "security_context": [],
                            "startup_probe": [],
                            "stdin": false,
                            "stdin_once": false,
                            "termination_message_path": "/dev/termination-log",
                            "termination_message_policy": "File",
                            "tty": false,
                            "volume_mount": [],
                            "working_dir": ""
                          }
                        ],
                        "dns_config": [],
                        "dns_policy": "ClusterFirst",
                        "enable_service_links": true,
                        "host_aliases": [],
                        "host_ipc": false,
                        "host_network": false,
                        "host_pid": false,
                        "hostname": "",
                        "image_pull_secrets": [],
                        "init_container": [],
                        "node_name": "",
                        "node_selector": null,
                        "priority_class_name": "",
                        "readiness_gate": [],
                        "restart_policy": "Always",
                        "security_context": [],
                        "service_account_name": "default",
                        "share_process_namespace": false,
                        "subdomain": "",
                        "termination_grace_period_seconds": 5,
                        "toleration": [],
                        "topology_spread_constraint": [],
                        "volume": []
                      }
                    ]
                  }
                ]
              }
            ],
            "timeouts": null,
            "wait_for_rollout": true
          },
          "sensitive_attributes": [],
          "private": "eyJlMmJmYjczMC1lY2FhLTExZTYtOGY4OC0zNDM2M2JjN2M0YzAiOnsiY3JlYXRlIjo2MDAwMDAwMDAwMDAsImRlbGV0ZSI6NjAwMDAwMDAwMDAwLCJ1cGRhdGUiOjYwMDAwMDAwMDAwMH0sInNjaGVtYV92ZXJzaW9uIjoiMSJ9",
          "dependencies": [
            "module.f5xc.volterra_api_credential.app_vk8s_cred",
            "module.f5xc.volterra_namespace.app_ns",
            "module.f5xc.volterra_virtual_k8s.app_vk8s",
            "module.f5xc.volterra_virtual_site.hub",
            "module.f5xc.volterra_virtual_site.spoke"
          ]
        }
      ]
    },
    {
      "module": "module.vk8s-app",
      "mode": "managed",
      "type": "kubernetes_deployment_v1",
      "name": "productcatalogservice",
      "provider": "provider[\"registry.terraform.io/hashicorp/kubernetes\"].app",
      "instances": [
        {
          "schema_version": 1,
          "attributes": {
            "id": "demo-app/productcatalogservice",
            "metadata": [
              {
                "annotations": {
                  "ves.io/virtual-sites": "demo-app/demo-app-spoke-vs",
                  "ves.io/workload-flavor": "ves-io-tiny"
                },
                "generate_name": "",
                "generation": 2,
                "labels": null,
                "name": "productcatalogservice",
                "namespace": "demo-app",
                "resource_version": "169662994",
                "uid": "739c5634-6600-4bab-9542-965a73a5c15d"
              }
            ],
            "spec": [
              {
                "min_ready_seconds": 0,
                "paused": false,
                "progress_deadline_seconds": 600,
                "replicas": "1",
                "revision_history_limit": 10,
                "selector": [
                  {
                    "match_expressions": [],
                    "match_labels": {
                      "app": "productcatalogservice"
                    }
                  }
                ],
                "strategy": [
                  {
                    "rolling_update": [
                      {
                        "max_surge": "25%",
                        "max_unavailable": "25%"
                      }
                    ],
                    "type": "RollingUpdate"
                  }
                ],
                "template": [
                  {
                    "metadata": [
                      {
                        "annotations": null,
                        "generate_name": "",
                        "generation": 0,
                        "labels": {
                          "app": "productcatalogservice"
                        },
                        "name": "",
                        "namespace": "",
                        "resource_version": "",
                        "uid": ""
                      }
                    ],
                    "spec": [
                      {
                        "active_deadline_seconds": 0,
                        "affinity": [],
                        "automount_service_account_token": true,
                        "container": [
                          {
                            "args": null,
                            "command": null,
                            "env": [
                              {
                                "name": "PORT",
                                "value": "3550",
                                "value_from": []
                              },
                              {
                                "name": "DISABLE_STATS",
                                "value": "1",
                                "value_from": []
                              },
                              {
                                "name": "DISABLE_TRACING",
                                "value": "1",
                                "value_from": []
                              },
                              {
                                "name": "DISABLE_PROFILER",
                                "value": "1",
                                "value_from": []
                              }
                            ],
                            "env_from": [],
                            "image": "gcr.io/google-samples/microservices-demo/productcatalogservice:v0.3.6",
                            "image_pull_policy": "IfNotPresent",
                            "lifecycle": [],
                            "liveness_probe": [
                              {
                                "exec": [
                                  {
                                    "command": [
                                      "/bin/grpc_health_probe",
                                      "-addr=:3550"
                                    ]
                                  }
                                ],
                                "failure_threshold": 3,
                                "http_get": [],
                                "initial_delay_seconds": 10,
                                "period_seconds": 10,
                                "success_threshold": 1,
                                "tcp_socket": [],
                                "timeout_seconds": 2
                              }
                            ],
                            "name": "server",
                            "port": [
                              {
                                "container_port": 3550,
                                "host_ip": "",
                                "host_port": 0,
                                "name": "",
                                "protocol": "TCP"
                              }
                            ],
                            "readiness_probe": [
                              {
                                "exec": [
                                  {
                                    "command": [
                                      "/bin/grpc_health_probe",
                                      "-addr=:3550"
                                    ]
                                  }
                                ],
                                "failure_threshold": 3,
                                "http_get": [],
                                "initial_delay_seconds": 5,
                                "period_seconds": 10,
                                "success_threshold": 1,
                                "tcp_socket": [],
                                "timeout_seconds": 2
                              }
                            ],
                            "resources": [
                              {
                                "limits": null,
                                "requests": null
                              }
                            ],
                            "security_context": [],
                            "startup_probe": [],
                            "stdin": false,
                            "stdin_once": false,
                            "termination_message_path": "/dev/termination-log",
                            "termination_message_policy": "File",
                            "tty": false,
                            "volume_mount": [],
                            "working_dir": ""
                          }
                        ],
                        "dns_config": [],
                        "dns_policy": "ClusterFirst",
                        "enable_service_links": true,
                        "host_aliases": [],
                        "host_ipc": false,
                        "host_network": false,
                        "host_pid": false,
                        "hostname": "",
                        "image_pull_secrets": [],
                        "init_container": [],
                        "node_name": "",
                        "node_selector": null,
                        "priority_class_name": "",
                        "readiness_gate": [],
                        "restart_policy": "Always",
                        "security_context": [],
                        "service_account_name": "default",
                        "share_process_namespace": false,
                        "subdomain": "",
                        "termination_grace_period_seconds": 5,
                        "toleration": [],
                        "topology_spread_constraint": [],
                        "volume": []
                      }
                    ]
                  }
                ]
              }
            ],
            "timeouts": null,
            "wait_for_rollout": true
          },
          "sensitive_attributes": [],
          "private": "eyJlMmJmYjczMC1lY2FhLTExZTYtOGY4OC0zNDM2M2JjN2M0YzAiOnsiY3JlYXRlIjo2MDAwMDAwMDAwMDAsImRlbGV0ZSI6NjAwMDAwMDAwMDAwLCJ1cGRhdGUiOjYwMDAwMDAwMDAwMH0sInNjaGVtYV92ZXJzaW9uIjoiMSJ9",
          "dependencies": [
            "module.f5xc.volterra_api_credential.app_vk8s_cred",
            "module.f5xc.volterra_namespace.app_ns",
            "module.f5xc.volterra_virtual_k8s.app_vk8s",
            "module.f5xc.volterra_virtual_site.hub",
            "module.f5xc.volterra_virtual_site.spoke"
          ]
        }
      ]
    },
    {
      "module": "module.vk8s-app",
      "mode": "managed",
      "type": "kubernetes_deployment_v1",
      "name": "recommendationservice",
      "provider": "provider[\"registry.terraform.io/hashicorp/kubernetes\"].app",
      "instances": [
        {
          "schema_version": 1,
          "attributes": {
            "id": "demo-app/recommendationservice",
            "metadata": [
              {
                "annotations": {
                  "ves.io/virtual-sites": "demo-app/demo-app-spoke-vs",
                  "ves.io/workload-flavor": "ves-io-tiny"
                },
                "generate_name": "",
                "generation": 2,
                "labels": null,
                "name": "recommendationservice",
                "namespace": "demo-app",
                "resource_version": "169662572",
                "uid": "fc7263a3-79cc-4ec3-83e0-6702ab7d72bf"
              }
            ],
            "spec": [
              {
                "min_ready_seconds": 0,
                "paused": false,
                "progress_deadline_seconds": 600,
                "replicas": "1",
                "revision_history_limit": 10,
                "selector": [
                  {
                    "match_expressions": [],
                    "match_labels": {
                      "app": "recommendationservice"
                    }
                  }
                ],
                "strategy": [
                  {
                    "rolling_update": [
                      {
                        "max_surge": "25%",
                        "max_unavailable": "25%"
                      }
                    ],
                    "type": "RollingUpdate"
                  }
                ],
                "template": [
                  {
                    "metadata": [
                      {
                        "annotations": null,
                        "generate_name": "",
                        "generation": 0,
                        "labels": {
                          "app": "recommendationservice"
                        },
                        "name": "",
                        "namespace": "",
                        "resource_version": "",
                        "uid": ""
                      }
                    ],
                    "spec": [
                      {
                        "active_deadline_seconds": 0,
                        "affinity": [],
                        "automount_service_account_token": true,
                        "container": [
                          {
                            "args": null,
                            "command": null,
                            "env": [
                              {
                                "name": "PORT",
                                "value": "8080",
                                "value_from": []
                              },
                              {
                                "name": "PRODUCT_CATALOG_SERVICE_ADDR",
                                "value": "productcatalogservice:3550",
                                "value_from": []
                              },
                              {
                                "name": "DISABLE_TRACING",
                                "value": "1",
                                "value_from": []
                              },
                              {
                                "name": "DISABLE_PROFILER",
                                "value": "1",
                                "value_from": []
                              },
                              {
                                "name": "DISABLE_DEBUGGER",
                                "value": "1",
                                "value_from": []
                              }
                            ],
                            "env_from": [],
                            "image": "gcr.io/google-samples/microservices-demo/recommendationservice:v0.3.6",
                            "image_pull_policy": "IfNotPresent",
                            "lifecycle": [],
                            "liveness_probe": [
                              {
                                "exec": [
                                  {
                                    "command": [
                                      "/bin/grpc_health_probe",
                                      "-addr=:8080"
                                    ]
                                  }
                                ],
                                "failure_threshold": 3,
                                "http_get": [],
                                "initial_delay_seconds": 10,
                                "period_seconds": 10,
                                "success_threshold": 1,
                                "tcp_socket": [],
                                "timeout_seconds": 2
                              }
                            ],
                            "name": "server",
                            "port": [
                              {
                                "container_port": 8080,
                                "host_ip": "",
                                "host_port": 0,
                                "name": "",
                                "protocol": "TCP"
                              }
                            ],
                            "readiness_probe": [
                              {
                                "exec": [
                                  {
                                    "command": [
                                      "/bin/grpc_health_probe",
                                      "-addr=:8080"
                                    ]
                                  }
                                ],
                                "failure_threshold": 3,
                                "http_get": [],
                                "initial_delay_seconds": 5,
                                "period_seconds": 10,
                                "success_threshold": 1,
                                "tcp_socket": [],
                                "timeout_seconds": 2
                              }
                            ],
                            "resources": [
                              {
                                "limits": null,
                                "requests": null
                              }
                            ],
                            "security_context": [],
                            "startup_probe": [],
                            "stdin": false,
                            "stdin_once": false,
                            "termination_message_path": "/dev/termination-log",
                            "termination_message_policy": "File",
                            "tty": false,
                            "volume_mount": [],
                            "working_dir": ""
                          }
                        ],
                        "dns_config": [],
                        "dns_policy": "ClusterFirst",
                        "enable_service_links": true,
                        "host_aliases": [],
                        "host_ipc": false,
                        "host_network": false,
                        "host_pid": false,
                        "hostname": "",
                        "image_pull_secrets": [],
                        "init_container": [],
                        "node_name": "",
                        "node_selector": null,
                        "priority_class_name": "",
                        "readiness_gate": [],
                        "restart_policy": "Always",
                        "security_context": [],
                        "service_account_name": "default",
                        "share_process_namespace": false,
                        "subdomain": "",
                        "termination_grace_period_seconds": 5,
                        "toleration": [],
                        "topology_spread_constraint": [],
                        "volume": []
                      }
                    ]
                  }
                ]
              }
            ],
            "timeouts": null,
            "wait_for_rollout": true
          },
          "sensitive_attributes": [],
          "private": "eyJlMmJmYjczMC1lY2FhLTExZTYtOGY4OC0zNDM2M2JjN2M0YzAiOnsiY3JlYXRlIjo2MDAwMDAwMDAwMDAsImRlbGV0ZSI6NjAwMDAwMDAwMDAwLCJ1cGRhdGUiOjYwMDAwMDAwMDAwMH0sInNjaGVtYV92ZXJzaW9uIjoiMSJ9",
          "dependencies": [
            "module.f5xc.volterra_api_credential.app_vk8s_cred",
            "module.f5xc.volterra_namespace.app_ns",
            "module.f5xc.volterra_virtual_k8s.app_vk8s",
            "module.f5xc.volterra_virtual_site.hub",
            "module.f5xc.volterra_virtual_site.spoke"
          ]
        }
      ]
    },
    {
      "module": "module.vk8s-app",
      "mode": "managed",
      "type": "kubernetes_deployment_v1",
      "name": "redis_cart",
      "provider": "provider[\"registry.terraform.io/hashicorp/kubernetes\"].app",
      "instances": [
        {
          "schema_version": 1,
          "attributes": {
            "id": "demo-app/redis-cart",
            "metadata": [
              {
                "annotations": {
                  "ves.io/virtual-sites": "demo-app/demo-app-hub-vs",
                  "ves.io/workload-flavor": "ves-io-medium"
                },
                "generate_name": "",
                "generation": 2,
                "labels": null,
                "name": "redis-cart",
                "namespace": "demo-app",
                "resource_version": "169664598",
                "uid": "e480446d-c90c-4a1c-b375-ed88e4c188f6"
              }
            ],
            "spec": [
              {
                "min_ready_seconds": 0,
                "paused": false,
                "progress_deadline_seconds": 600,
                "replicas": "1",
                "revision_history_limit": 10,
                "selector": [
                  {
                    "match_expressions": [],
                    "match_labels": {
                      "app": "redis-cart"
                    }
                  }
                ],
                "strategy": [
                  {
                    "rolling_update": [
                      {
                        "max_surge": "25%",
                        "max_unavailable": "25%"
                      }
                    ],
                    "type": "RollingUpdate"
                  }
                ],
                "template": [
                  {
                    "metadata": [
                      {
                        "annotations": null,
                        "generate_name": "",
                        "generation": 0,
                        "labels": {
                          "app": "redis-cart"
                        },
                        "name": "",
                        "namespace": "",
                        "resource_version": "",
                        "uid": ""
                      }
                    ],
                    "spec": [
                      {
                        "active_deadline_seconds": 0,
                        "affinity": [],
                        "automount_service_account_token": true,
                        "container": [
                          {
                            "args": null,
                            "command": null,
                            "env": [],
                            "env_from": [],
                            "image": "ghcr.io/dgarrisonf5/redis:alpine",
                            "image_pull_policy": "IfNotPresent",
                            "lifecycle": [],
                            "liveness_probe": [
                              {
                                "exec": [],
                                "failure_threshold": 3,
                                "http_get": [],
                                "initial_delay_seconds": 10,
                                "period_seconds": 5,
                                "success_threshold": 1,
                                "tcp_socket": [
                                  {
                                    "port": "6379"
                                  }
                                ],
                                "timeout_seconds": 1
                              }
                            ],
                            "name": "redis",
                            "port": [
                              {
                                "container_port": 6379,
                                "host_ip": "",
                                "host_port": 0,
                                "name": "",
                                "protocol": "TCP"
                              }
                            ],
                            "readiness_probe": [
                              {
                                "exec": [],
                                "failure_threshold": 3,
                                "http_get": [],
                                "initial_delay_seconds": 5,
                                "period_seconds": 5,
                                "success_threshold": 1,
                                "tcp_socket": [
                                  {
                                    "port": "6379"
                                  }
                                ],
                                "timeout_seconds": 1
                              }
                            ],
                            "resources": [
                              {
                                "limits": null,
                                "requests": null
                              }
                            ],
                            "security_context": [],
                            "startup_probe": [],
                            "stdin": false,
                            "stdin_once": false,
                            "termination_message_path": "/dev/termination-log",
                            "termination_message_policy": "File",
                            "tty": false,
                            "volume_mount": [
                              {
                                "mount_path": "/data",
                                "mount_propagation": "None",
                                "name": "redis-data",
                                "read_only": false,
                                "sub_path": ""
                              }
                            ],
                            "working_dir": ""
                          }
                        ],
                        "dns_config": [],
                        "dns_policy": "ClusterFirst",
                        "enable_service_links": true,
                        "host_aliases": [],
                        "host_ipc": false,
                        "host_network": false,
                        "host_pid": false,
                        "hostname": "",
                        "image_pull_secrets": [
                          {
                            "name": "f5demos-registry-secret"
                          }
                        ],
                        "init_container": [],
                        "node_name": "",
                        "node_selector": null,
                        "priority_class_name": "",
                        "readiness_gate": [],
                        "restart_policy": "Always",
                        "security_context": [],
                        "service_account_name": "default",
                        "share_process_namespace": false,
                        "subdomain": "",
                        "termination_grace_period_seconds": 30,
                        "toleration": [],
                        "topology_spread_constraint": [],
                        "volume": [
                          {
                            "aws_elastic_block_store": [],
                            "azure_disk": [],
                            "azure_file": [],
                            "ceph_fs": [],
                            "cinder": [],
                            "config_map": [],
                            "csi": [],
                            "downward_api": [],
                            "empty_dir": [
                              {
                                "medium": "",
                                "size_limit": ""
                              }
                            ],
                            "fc": [],
                            "flex_volume": [],
                            "flocker": [],
                            "gce_persistent_disk": [],
                            "git_repo": [],
                            "glusterfs": [],
                            "host_path": [],
                            "iscsi": [],
                            "local": [],
                            "name": "redis-data",
                            "nfs": [],
                            "persistent_volume_claim": [],
                            "photon_persistent_disk": [],
                            "projected": [],
                            "quobyte": [],
                            "rbd": [],
                            "secret": [],
                            "vsphere_volume": []
                          }
                        ]
                      }
                    ]
                  }
                ]
              }
            ],
            "timeouts": null,
            "wait_for_rollout": true
          },
          "sensitive_attributes": [],
          "private": "eyJlMmJmYjczMC1lY2FhLTExZTYtOGY4OC0zNDM2M2JjN2M0YzAiOnsiY3JlYXRlIjo2MDAwMDAwMDAwMDAsImRlbGV0ZSI6NjAwMDAwMDAwMDAwLCJ1cGRhdGUiOjYwMDAwMDAwMDAwMH0sInNjaGVtYV92ZXJzaW9uIjoiMSJ9",
          "dependencies": [
            "module.f5xc.volterra_api_credential.app_vk8s_cred",
            "module.f5xc.volterra_namespace.app_ns",
            "module.f5xc.volterra_virtual_k8s.app_vk8s",
            "module.f5xc.volterra_virtual_site.hub",
            "module.f5xc.volterra_virtual_site.spoke",
            "module.vk8s-app.kubernetes_secret_v1.registry-secret"
          ]
        }
      ]
    },
    {
      "module": "module.vk8s-app",
      "mode": "managed",
      "type": "kubernetes_deployment_v1",
      "name": "shippingservice",
      "provider": "provider[\"registry.terraform.io/hashicorp/kubernetes\"].app",
      "instances": [
        {
          "schema_version": 1,
          "attributes": {
            "id": "demo-app/shippingservice",
            "metadata": [
              {
                "annotations": {
                  "ves.io/virtual-sites": "demo-app/demo-app-spoke-vs",
                  "ves.io/workload-flavor": "ves-io-tiny"
                },
                "generate_name": "",
                "generation": 2,
                "labels": null,
                "name": "shippingservice",
                "namespace": "demo-app",
                "resource_version": "169663508",
                "uid": "d549e04c-7307-4160-b5d6-2c3d5ebc48fc"
              }
            ],
            "spec": [
              {
                "min_ready_seconds": 0,
                "paused": false,
                "progress_deadline_seconds": 600,
                "replicas": "1",
                "revision_history_limit": 10,
                "selector": [
                  {
                    "match_expressions": [],
                    "match_labels": {
                      "app": "shippingservice"
                    }
                  }
                ],
                "strategy": [
                  {
                    "rolling_update": [
                      {
                        "max_surge": "25%",
                        "max_unavailable": "25%"
                      }
                    ],
                    "type": "RollingUpdate"
                  }
                ],
                "template": [
                  {
                    "metadata": [
                      {
                        "annotations": null,
                        "generate_name": "",
                        "generation": 0,
                        "labels": {
                          "app": "shippingservice"
                        },
                        "name": "",
                        "namespace": "",
                        "resource_version": "",
                        "uid": ""
                      }
                    ],
                    "spec": [
                      {
                        "active_deadline_seconds": 0,
                        "affinity": [],
                        "automount_service_account_token": true,
                        "container": [
                          {
                            "args": null,
                            "command": null,
                            "env": [
                              {
                                "name": "PORT",
                                "value": "50051",
                                "value_from": []
                              },
                              {
                                "name": "DISABLE_STATS",
                                "value": "1",
                                "value_from": []
                              },
                              {
                                "name": "DISABLE_TRACING",
                                "value": "1",
                                "value_from": []
                              },
                              {
                                "name": "DISABLE_PROFILER",
                                "value": "1",
                                "value_from": []
                              }
                            ],
                            "env_from": [],
                            "image": "gcr.io/google-samples/microservices-demo/shippingservice:v0.3.6",
                            "image_pull_policy": "IfNotPresent",
                            "lifecycle": [],
                            "liveness_probe": [
                              {
                                "exec": [
                                  {
                                    "command": [
                                      "/bin/grpc_health_probe",
                                      "-addr=:50051"
                                    ]
                                  }
                                ],
                                "failure_threshold": 3,
                                "http_get": [],
                                "initial_delay_seconds": 10,
                                "period_seconds": 10,
                                "success_threshold": 1,
                                "tcp_socket": [],
                                "timeout_seconds": 2
                              }
                            ],
                            "name": "server",
                            "port": [
                              {
                                "container_port": 50051,
                                "host_ip": "",
                                "host_port": 0,
                                "name": "",
                                "protocol": "TCP"
                              }
                            ],
                            "readiness_probe": [
                              {
                                "exec": [
                                  {
                                    "command": [
                                      "/bin/grpc_health_probe",
                                      "-addr=:50051"
                                    ]
                                  }
                                ],
                                "failure_threshold": 3,
                                "http_get": [],
                                "initial_delay_seconds": 5,
                                "period_seconds": 10,
                                "success_threshold": 1,
                                "tcp_socket": [],
                                "timeout_seconds": 2
                              }
                            ],
                            "resources": [
                              {
                                "limits": null,
                                "requests": null
                              }
                            ],
                            "security_context": [],
                            "startup_probe": [],
                            "stdin": false,
                            "stdin_once": false,
                            "termination_message_path": "/dev/termination-log",
                            "termination_message_policy": "File",
                            "tty": false,
                            "volume_mount": [],
                            "working_dir": ""
                          }
                        ],
                        "dns_config": [],
                        "dns_policy": "ClusterFirst",
                        "enable_service_links": true,
                        "host_aliases": [],
                        "host_ipc": false,
                        "host_network": false,
                        "host_pid": false,
                        "hostname": "",
                        "image_pull_secrets": [],
                        "init_container": [],
                        "node_name": "",
                        "node_selector": null,
                        "priority_class_name": "",
                        "readiness_gate": [],
                        "restart_policy": "Always",
                        "security_context": [],
                        "service_account_name": "default",
                        "share_process_namespace": false,
                        "subdomain": "",
                        "termination_grace_period_seconds": 30,
                        "toleration": [],
                        "topology_spread_constraint": [],
                        "volume": []
                      }
                    ]
                  }
                ]
              }
            ],
            "timeouts": null,
            "wait_for_rollout": true
          },
          "sensitive_attributes": [],
          "private": "eyJlMmJmYjczMC1lY2FhLTExZTYtOGY4OC0zNDM2M2JjN2M0YzAiOnsiY3JlYXRlIjo2MDAwMDAwMDAwMDAsImRlbGV0ZSI6NjAwMDAwMDAwMDAwLCJ1cGRhdGUiOjYwMDAwMDAwMDAwMH0sInNjaGVtYV92ZXJzaW9uIjoiMSJ9",
          "dependencies": [
            "module.f5xc.volterra_api_credential.app_vk8s_cred",
            "module.f5xc.volterra_namespace.app_ns",
            "module.f5xc.volterra_virtual_k8s.app_vk8s",
            "module.f5xc.volterra_virtual_site.hub",
            "module.f5xc.volterra_virtual_site.spoke"
          ]
        }
      ]
    },
    {
      "module": "module.vk8s-app",
      "mode": "managed",
      "type": "kubernetes_secret_v1",
      "name": "registry-secret",
      "provider": "provider[\"registry.terraform.io/hashicorp/kubernetes\"].app",
      "instances": [
        {
          "schema_version": 0,
          "attributes": {
            "binary_data": null,
            "data": {
              ".dockerconfigjson": "{\n\t\"auths\": {\n\t\t\"ghcr.io\": {}\n\t},\n\t\"credsStore\": \"osxkeychain\"\n}"
            },
            "id": "demo-app/f5demos-registry-secret",
            "immutable": false,
            "metadata": [
              {
                "annotations": null,
                "generate_name": "",
                "generation": 0,
                "labels": null,
                "name": "f5demos-registry-secret",
                "namespace": "demo-app",
                "resource_version": "169662283",
                "uid": "ff2e5c4a-c7d8-4240-8210-61738e3c6be4"
              }
            ],
            "type": "kubernetes.io/dockerconfigjson"
          },
          "sensitive_attributes": [],
          "private": "bnVsbA==",
          "dependencies": [
            "module.f5xc.volterra_api_credential.app_vk8s_cred",
            "module.f5xc.volterra_namespace.app_ns",
            "module.f5xc.volterra_virtual_k8s.app_vk8s",
            "module.f5xc.volterra_virtual_site.hub",
            "module.f5xc.volterra_virtual_site.spoke"
          ]
        }
      ]
    },
    {
      "module": "module.vk8s-app",
      "mode": "managed",
      "type": "kubernetes_service_v1",
      "name": "adservice",
      "provider": "provider[\"registry.terraform.io/hashicorp/kubernetes\"].app",
      "instances": [
        {
          "schema_version": 1,
          "attributes": {
            "id": "demo-app/adservice",
            "metadata": [
              {
                "annotations": {
                  "ves.io/virtual-sites": "demo-app/demo-app-hub-vs"
                },
                "generate_name": "",
                "generation": 0,
                "labels": null,
                "name": "adservice",
                "namespace": "demo-app",
                "resource_version": "169662230",
                "uid": "51786053-5dc5-42b9-ad88-26b2ecaca470"
              }
            ],
            "spec": [
              {
                "cluster_ip": "192.168.2.127",
                "external_ips": null,
                "external_name": "",
                "external_traffic_policy": "",
                "health_check_node_port": 0,
                "load_balancer_ip": "",
                "load_balancer_source_ranges": null,
                "port": [
                  {
                    "name": "grpc",
                    "node_port": 0,
                    "port": 9555,
                    "protocol": "TCP",
                    "target_port": "9555"
                  }
                ],
                "publish_not_ready_addresses": false,
                "selector": {
                  "app": "adservice"
                },
                "session_affinity": "None",
                "type": "ClusterIP"
              }
            ],
            "status": [
              {
                "load_balancer": [
                  {
                    "ingress": []
                  }
                ]
              }
            ],
            "timeouts": null,
            "wait_for_load_balancer": true
          },
          "sensitive_attributes": [],
          "private": "eyJlMmJmYjczMC1lY2FhLTExZTYtOGY4OC0zNDM2M2JjN2M0YzAiOnsiY3JlYXRlIjo2MDAwMDAwMDAwMDB9LCJzY2hlbWFfdmVyc2lvbiI6IjEifQ==",
          "dependencies": [
            "module.f5xc.volterra_api_credential.app_vk8s_cred",
            "module.f5xc.volterra_namespace.app_ns",
            "module.f5xc.volterra_virtual_k8s.app_vk8s",
            "module.f5xc.volterra_virtual_site.hub",
            "module.f5xc.volterra_virtual_site.spoke"
          ]
        }
      ]
    },
    {
      "module": "module.vk8s-app",
      "mode": "managed",
      "type": "kubernetes_service_v1",
      "name": "cartservice",
      "provider": "provider[\"registry.terraform.io/hashicorp/kubernetes\"].app",
      "instances": [
        {
          "schema_version": 1,
          "attributes": {
            "id": "demo-app/cartservice",
            "metadata": [
              {
                "annotations": {
                  "ves.io/http2-enable": "true",
                  "ves.io/proxy-type": "HTTP_PROXY",
                  "ves.io/virtual-sites": "demo-app/demo-app-spoke-vs"
                },
                "generate_name": "",
                "generation": 0,
                "labels": null,
                "name": "cartservice",
                "namespace": "demo-app",
                "resource_version": "169662327",
                "uid": "35a54702-5495-46d9-a8d7-85260489ca3c"
              }
            ],
            "spec": [
              {
                "cluster_ip": "192.168.132.9",
                "external_ips": null,
                "external_name": "",
                "external_traffic_policy": "",
                "health_check_node_port": 0,
                "load_balancer_ip": "",
                "load_balancer_source_ranges": null,
                "port": [
                  {
                    "name": "grpc",
                    "node_port": 0,
                    "port": 7070,
                    "protocol": "TCP",
                    "target_port": "7070"
                  }
                ],
                "publish_not_ready_addresses": false,
                "selector": {
                  "app": "cartservice"
                },
                "session_affinity": "None",
                "type": "ClusterIP"
              }
            ],
            "status": [
              {
                "load_balancer": [
                  {
                    "ingress": []
                  }
                ]
              }
            ],
            "timeouts": null,
            "wait_for_load_balancer": true
          },
          "sensitive_attributes": [],
          "private": "eyJlMmJmYjczMC1lY2FhLTExZTYtOGY4OC0zNDM2M2JjN2M0YzAiOnsiY3JlYXRlIjo2MDAwMDAwMDAwMDB9LCJzY2hlbWFfdmVyc2lvbiI6IjEifQ==",
          "dependencies": [
            "module.f5xc.volterra_api_credential.app_vk8s_cred",
            "module.f5xc.volterra_namespace.app_ns",
            "module.f5xc.volterra_virtual_k8s.app_vk8s",
            "module.f5xc.volterra_virtual_site.hub",
            "module.f5xc.volterra_virtual_site.spoke"
          ]
        }
      ]
    },
    {
      "module": "module.vk8s-app",
      "mode": "managed",
      "type": "kubernetes_service_v1",
      "name": "checkoutservice",
      "provider": "provider[\"registry.terraform.io/hashicorp/kubernetes\"].app",
      "instances": [
        {
          "schema_version": 1,
          "attributes": {
            "id": "demo-app/checkoutservice",
            "metadata": [
              {
                "annotations": {
                  "ves.io/http2-enable": "true",
                  "ves.io/proxy-type": "HTTP_PROXY",
                  "ves.io/virtual-sites": "demo-app/demo-app-spoke-vs"
                },
                "generate_name": "",
                "generation": 0,
                "labels": null,
                "name": "checkoutservice",
                "namespace": "demo-app",
                "resource_version": "169662287",
                "uid": "8e66788c-4f8b-4941-b5ac-16c8d1fea38f"
              }
            ],
            "spec": [
              {
                "cluster_ip": "192.168.67.27",
                "external_ips": null,
                "external_name": "",
                "external_traffic_policy": "",
                "health_check_node_port": 0,
                "load_balancer_ip": "",
                "load_balancer_source_ranges": null,
                "port": [
                  {
                    "name": "grpc",
                    "node_port": 0,
                    "port": 5050,
                    "protocol": "TCP",
                    "target_port": "5050"
                  }
                ],
                "publish_not_ready_addresses": false,
                "selector": {
                  "app": "checkoutservice"
                },
                "session_affinity": "None",
                "type": "ClusterIP"
              }
            ],
            "status": [
              {
                "load_balancer": [
                  {
                    "ingress": []
                  }
                ]
              }
            ],
            "timeouts": null,
            "wait_for_load_balancer": true
          },
          "sensitive_attributes": [],
          "private": "eyJlMmJmYjczMC1lY2FhLTExZTYtOGY4OC0zNDM2M2JjN2M0YzAiOnsiY3JlYXRlIjo2MDAwMDAwMDAwMDB9LCJzY2hlbWFfdmVyc2lvbiI6IjEifQ==",
          "dependencies": [
            "module.f5xc.volterra_api_credential.app_vk8s_cred",
            "module.f5xc.volterra_namespace.app_ns",
            "module.f5xc.volterra_virtual_k8s.app_vk8s",
            "module.f5xc.volterra_virtual_site.hub",
            "module.f5xc.volterra_virtual_site.spoke"
          ]
        }
      ]
    },
    {
      "module": "module.vk8s-app",
      "mode": "managed",
      "type": "kubernetes_service_v1",
      "name": "currencyservice",
      "provider": "provider[\"registry.terraform.io/hashicorp/kubernetes\"].app",
      "instances": [
        {
          "schema_version": 1,
          "attributes": {
            "id": "demo-app/currencyservice",
            "metadata": [
              {
                "annotations": {
                  "ves.io/http2-enable": "true",
                  "ves.io/proxy-type": "HTTP_PROXY",
                  "ves.io/virtual-sites": "demo-app/demo-app-spoke-vs"
                },
                "generate_name": "",
                "generation": 0,
                "labels": null,
                "name": "currencyservice",
                "namespace": "demo-app",
                "resource_version": "169662244",
                "uid": "2a2c34aa-2223-44d2-b933-6a36e360f239"
              }
            ],
            "spec": [
              {
                "cluster_ip": "192.168.145.191",
                "external_ips": null,
                "external_name": "",
                "external_traffic_policy": "",
                "health_check_node_port": 0,
                "load_balancer_ip": "",
                "load_balancer_source_ranges": null,
                "port": [
                  {
                    "name": "grpc",
                    "node_port": 0,
                    "port": 7000,
                    "protocol": "TCP",
                    "target_port": "7000"
                  }
                ],
                "publish_not_ready_addresses": false,
                "selector": {
                  "app": "currencyservice"
                },
                "session_affinity": "None",
                "type": "ClusterIP"
              }
            ],
            "status": [
              {
                "load_balancer": [
                  {
                    "ingress": []
                  }
                ]
              }
            ],
            "timeouts": null,
            "wait_for_load_balancer": true
          },
          "sensitive_attributes": [],
          "private": "eyJlMmJmYjczMC1lY2FhLTExZTYtOGY4OC0zNDM2M2JjN2M0YzAiOnsiY3JlYXRlIjo2MDAwMDAwMDAwMDB9LCJzY2hlbWFfdmVyc2lvbiI6IjEifQ==",
          "dependencies": [
            "module.f5xc.volterra_api_credential.app_vk8s_cred",
            "module.f5xc.volterra_namespace.app_ns",
            "module.f5xc.volterra_virtual_k8s.app_vk8s",
            "module.f5xc.volterra_virtual_site.hub",
            "module.f5xc.volterra_virtual_site.spoke"
          ]
        }
      ]
    },
    {
      "module": "module.vk8s-app",
      "mode": "managed",
      "type": "kubernetes_service_v1",
      "name": "emailservice",
      "provider": "provider[\"registry.terraform.io/hashicorp/kubernetes\"].app",
      "instances": [
        {
          "schema_version": 1,
          "attributes": {
            "id": "demo-app/emailservice",
            "metadata": [
              {
                "annotations": {
                  "ves.io/http2-enable": "true",
                  "ves.io/proxy-type": "HTTP_PROXY",
                  "ves.io/virtual-sites": "demo-app/demo-app-spoke-vs"
                },
                "generate_name": "",
                "generation": 0,
                "labels": null,
                "name": "emailservice",
                "namespace": "demo-app",
                "resource_version": "169662288",
                "uid": "d16b7241-eb29-43b4-8bed-3b47563c3882"
              }
            ],
            "spec": [
              {
                "cluster_ip": "192.168.226.135",
                "external_ips": null,
                "external_name": "",
                "external_traffic_policy": "",
                "health_check_node_port": 0,
                "load_balancer_ip": "",
                "load_balancer_source_ranges": null,
                "port": [
                  {
                    "name": "grpc",
                    "node_port": 0,
                    "port": 5000,
                    "protocol": "TCP",
                    "target_port": "8080"
                  }
                ],
                "publish_not_ready_addresses": false,
                "selector": {
                  "app": "emailservice"
                },
                "session_affinity": "None",
                "type": "ClusterIP"
              }
            ],
            "status": [
              {
                "load_balancer": [
                  {
                    "ingress": []
                  }
                ]
              }
            ],
            "timeouts": null,
            "wait_for_load_balancer": true
          },
          "sensitive_attributes": [],
          "private": "eyJlMmJmYjczMC1lY2FhLTExZTYtOGY4OC0zNDM2M2JjN2M0YzAiOnsiY3JlYXRlIjo2MDAwMDAwMDAwMDB9LCJzY2hlbWFfdmVyc2lvbiI6IjEifQ==",
          "dependencies": [
            "module.f5xc.volterra_api_credential.app_vk8s_cred",
            "module.f5xc.volterra_namespace.app_ns",
            "module.f5xc.volterra_virtual_k8s.app_vk8s",
            "module.f5xc.volterra_virtual_site.hub",
            "module.f5xc.volterra_virtual_site.spoke"
          ]
        }
      ]
    },
    {
      "module": "module.vk8s-app",
      "mode": "managed",
      "type": "kubernetes_service_v1",
      "name": "frontend",
      "provider": "provider[\"registry.terraform.io/hashicorp/kubernetes\"].app",
      "instances": [
        {
          "schema_version": 1,
          "attributes": {
            "id": "demo-app/frontend",
            "metadata": [
              {
                "annotations": {
                  "ves.io/virtual-sites": "demo-app/demo-app-spoke-vs"
                },
                "generate_name": "",
                "generation": 0,
                "labels": null,
                "name": "frontend",
                "namespace": "demo-app",
                "resource_version": "169662238",
                "uid": "31e37509-ae27-4e75-add2-2521cf2d695f"
              }
            ],
            "spec": [
              {
                "cluster_ip": "192.168.56.250",
                "external_ips": null,
                "external_name": "",
                "external_traffic_policy": "",
                "health_check_node_port": 0,
                "load_balancer_ip": "",
                "load_balancer_source_ranges": null,
                "port": [
                  {
                    "name": "http",
                    "node_port": 0,
                    "port": 80,
                    "protocol": "TCP",
                    "target_port": "8181"
                  }
                ],
                "publish_not_ready_addresses": false,
                "selector": {
                  "app": "frontend"
                },
                "session_affinity": "None",
                "type": "ClusterIP"
              }
            ],
            "status": [
              {
                "load_balancer": [
                  {
                    "ingress": []
                  }
                ]
              }
            ],
            "timeouts": null,
            "wait_for_load_balancer": true
          },
          "sensitive_attributes": [],
          "private": "eyJlMmJmYjczMC1lY2FhLTExZTYtOGY4OC0zNDM2M2JjN2M0YzAiOnsiY3JlYXRlIjo2MDAwMDAwMDAwMDB9LCJzY2hlbWFfdmVyc2lvbiI6IjEifQ==",
          "dependencies": [
            "module.f5xc.volterra_api_credential.app_vk8s_cred",
            "module.f5xc.volterra_namespace.app_ns",
            "module.f5xc.volterra_virtual_k8s.app_vk8s",
            "module.f5xc.volterra_virtual_site.hub",
            "module.f5xc.volterra_virtual_site.spoke"
          ]
        }
      ]
    },
    {
      "module": "module.vk8s-app",
      "mode": "managed",
      "type": "kubernetes_service_v1",
      "name": "paymentservice",
      "provider": "provider[\"registry.terraform.io/hashicorp/kubernetes\"].app",
      "instances": [
        {
          "schema_version": 1,
          "attributes": {
            "id": "demo-app/paymentservice",
            "metadata": [
              {
                "annotations": {
                  "ves.io/http2-enable": "true",
                  "ves.io/proxy-type": "HTTP_PROXY",
                  "ves.io/virtual-sites": "demo-app/demo-app-spoke-vs"
                },
                "generate_name": "",
                "generation": 0,
                "labels": null,
                "name": "paymentservice",
                "namespace": "demo-app",
                "resource_version": "169662239",
                "uid": "3b43abfe-48ae-4341-a90a-dfd2d20830b8"
              }
            ],
            "spec": [
              {
                "cluster_ip": "192.168.75.19",
                "external_ips": null,
                "external_name": "",
                "external_traffic_policy": "",
                "health_check_node_port": 0,
                "load_balancer_ip": "",
                "load_balancer_source_ranges": null,
                "port": [
                  {
                    "name": "grpc",
                    "node_port": 0,
                    "port": 50051,
                    "protocol": "TCP",
                    "target_port": "50051"
                  }
                ],
                "publish_not_ready_addresses": false,
                "selector": {
                  "app": "paymentservice"
                },
                "session_affinity": "None",
                "type": "ClusterIP"
              }
            ],
            "status": [
              {
                "load_balancer": [
                  {
                    "ingress": []
                  }
                ]
              }
            ],
            "timeouts": null,
            "wait_for_load_balancer": true
          },
          "sensitive_attributes": [],
          "private": "eyJlMmJmYjczMC1lY2FhLTExZTYtOGY4OC0zNDM2M2JjN2M0YzAiOnsiY3JlYXRlIjo2MDAwMDAwMDAwMDB9LCJzY2hlbWFfdmVyc2lvbiI6IjEifQ==",
          "dependencies": [
            "module.f5xc.volterra_api_credential.app_vk8s_cred",
            "module.f5xc.volterra_namespace.app_ns",
            "module.f5xc.volterra_virtual_k8s.app_vk8s",
            "module.f5xc.volterra_virtual_site.hub",
            "module.f5xc.volterra_virtual_site.spoke"
          ]
        }
      ]
    },
    {
      "module": "module.vk8s-app",
      "mode": "managed",
      "type": "kubernetes_service_v1",
      "name": "productcatalogservice",
      "provider": "provider[\"registry.terraform.io/hashicorp/kubernetes\"].app",
      "instances": [
        {
          "schema_version": 1,
          "attributes": {
            "id": "demo-app/productcatalogservice",
            "metadata": [
              {
                "annotations": {
                  "ves.io/http2-enable": "true",
                  "ves.io/proxy-type": "HTTP_PROXY",
                  "ves.io/virtual-sites": "demo-app/demo-app-spoke-vs"
                },
                "generate_name": "",
                "generation": 0,
                "labels": null,
                "name": "productcatalogservice",
                "namespace": "demo-app",
                "resource_version": "169662349",
                "uid": "393a5863-c0fc-4fb4-abb4-7b37b34af543"
              }
            ],
            "spec": [
              {
                "cluster_ip": "192.168.94.129",
                "external_ips": null,
                "external_name": "",
                "external_traffic_policy": "",
                "health_check_node_port": 0,
                "load_balancer_ip": "",
                "load_balancer_source_ranges": null,
                "port": [
                  {
                    "name": "grpc",
                    "node_port": 0,
                    "port": 3550,
                    "protocol": "TCP",
                    "target_port": "3550"
                  }
                ],
                "publish_not_ready_addresses": false,
                "selector": {
                  "app": "productcatalogservice"
                },
                "session_affinity": "None",
                "type": "ClusterIP"
              }
            ],
            "status": [
              {
                "load_balancer": [
                  {
                    "ingress": []
                  }
                ]
              }
            ],
            "timeouts": null,
            "wait_for_load_balancer": true
          },
          "sensitive_attributes": [],
          "private": "eyJlMmJmYjczMC1lY2FhLTExZTYtOGY4OC0zNDM2M2JjN2M0YzAiOnsiY3JlYXRlIjo2MDAwMDAwMDAwMDB9LCJzY2hlbWFfdmVyc2lvbiI6IjEifQ==",
          "dependencies": [
            "module.f5xc.volterra_api_credential.app_vk8s_cred",
            "module.f5xc.volterra_namespace.app_ns",
            "module.f5xc.volterra_virtual_k8s.app_vk8s",
            "module.f5xc.volterra_virtual_site.hub",
            "module.f5xc.volterra_virtual_site.spoke"
          ]
        }
      ]
    },
    {
      "module": "module.vk8s-app",
      "mode": "managed",
      "type": "kubernetes_service_v1",
      "name": "recommendationservice",
      "provider": "provider[\"registry.terraform.io/hashicorp/kubernetes\"].app",
      "instances": [
        {
          "schema_version": 1,
          "attributes": {
            "id": "demo-app/recommendationservice",
            "metadata": [
              {
                "annotations": {
                  "ves.io/http2-enable": "true",
                  "ves.io/proxy-type": "HTTP_PROXY",
                  "ves.io/virtual-sites": "demo-app/demo-app-spoke-vs"
                },
                "generate_name": "",
                "generation": 0,
                "labels": null,
                "name": "recommendationservice",
                "namespace": "demo-app",
                "resource_version": "169662407",
                "uid": "d9fa395a-4f03-49ea-906a-788f9b67daba"
              }
            ],
            "spec": [
              {
                "cluster_ip": "192.168.126.88",
                "external_ips": null,
                "external_name": "",
                "external_traffic_policy": "",
                "health_check_node_port": 0,
                "load_balancer_ip": "",
                "load_balancer_source_ranges": null,
                "port": [
                  {
                    "name": "grpc",
                    "node_port": 0,
                    "port": 8080,
                    "protocol": "TCP",
                    "target_port": "8080"
                  }
                ],
                "publish_not_ready_addresses": false,
                "selector": {
                  "app": "recommendationservice"
                },
                "session_affinity": "None",
                "type": "ClusterIP"
              }
            ],
            "status": [
              {
                "load_balancer": [
                  {
                    "ingress": []
                  }
                ]
              }
            ],
            "timeouts": null,
            "wait_for_load_balancer": true
          },
          "sensitive_attributes": [],
          "private": "eyJlMmJmYjczMC1lY2FhLTExZTYtOGY4OC0zNDM2M2JjN2M0YzAiOnsiY3JlYXRlIjo2MDAwMDAwMDAwMDB9LCJzY2hlbWFfdmVyc2lvbiI6IjEifQ==",
          "dependencies": [
            "module.f5xc.volterra_api_credential.app_vk8s_cred",
            "module.f5xc.volterra_namespace.app_ns",
            "module.f5xc.volterra_virtual_k8s.app_vk8s",
            "module.f5xc.volterra_virtual_site.hub",
            "module.f5xc.volterra_virtual_site.spoke"
          ]
        }
      ]
    },
    {
      "module": "module.vk8s-app",
      "mode": "managed",
      "type": "kubernetes_service_v1",
      "name": "redis_cart",
      "provider": "provider[\"registry.terraform.io/hashicorp/kubernetes\"].app",
      "instances": [
        {
          "schema_version": 1,
          "attributes": {
            "id": "demo-app/redis-cart",
            "metadata": [
              {
                "annotations": {
                  "ves.io/virtual-sites": "demo-app/demo-app-hub-vs"
                },
                "generate_name": "",
                "generation": 0,
                "labels": null,
                "name": "redis-cart",
                "namespace": "demo-app",
                "resource_version": "169662270",
                "uid": "1248461c-f614-4c98-b43b-a87e0c61444c"
              }
            ],
            "spec": [
              {
                "cluster_ip": "192.168.119.186",
                "external_ips": null,
                "external_name": "",
                "external_traffic_policy": "",
                "health_check_node_port": 0,
                "load_balancer_ip": "",
                "load_balancer_source_ranges": null,
                "port": [
                  {
                    "name": "redis",
                    "node_port": 0,
                    "port": 6379,
                    "protocol": "TCP",
                    "target_port": "6379"
                  }
                ],
                "publish_not_ready_addresses": false,
                "selector": {
                  "app": "redis-cart"
                },
                "session_affinity": "None",
                "type": "ClusterIP"
              }
            ],
            "status": [
              {
                "load_balancer": [
                  {
                    "ingress": []
                  }
                ]
              }
            ],
            "timeouts": null,
            "wait_for_load_balancer": true
          },
          "sensitive_attributes": [],
          "private": "eyJlMmJmYjczMC1lY2FhLTExZTYtOGY4OC0zNDM2M2JjN2M0YzAiOnsiY3JlYXRlIjo2MDAwMDAwMDAwMDB9LCJzY2hlbWFfdmVyc2lvbiI6IjEifQ==",
          "dependencies": [
            "module.f5xc.volterra_api_credential.app_vk8s_cred",
            "module.f5xc.volterra_namespace.app_ns",
            "module.f5xc.volterra_virtual_k8s.app_vk8s",
            "module.f5xc.volterra_virtual_site.hub",
            "module.f5xc.volterra_virtual_site.spoke"
          ]
        }
      ]
    },
    {
      "module": "module.vk8s-app",
      "mode": "managed",
      "type": "kubernetes_service_v1",
      "name": "shippingservice",
      "provider": "provider[\"registry.terraform.io/hashicorp/kubernetes\"].app",
      "instances": [
        {
          "schema_version": 1,
          "attributes": {
            "id": "demo-app/shippingservice",
            "metadata": [
              {
                "annotations": {
                  "ves.io/http2-enable": "true",
                  "ves.io/proxy-type": "HTTP_PROXY",
                  "ves.io/virtual-sites": "demo-app/demo-app-spoke-vs"
                },
                "generate_name": "",
                "generation": 0,
                "labels": null,
                "name": "shippingservice",
                "namespace": "demo-app",
                "resource_version": "169662404",
                "uid": "7c8ed89f-182c-4b5f-b132-8a9ba2694f49"
              }
            ],
            "spec": [
              {
                "cluster_ip": "192.168.24.211",
                "external_ips": null,
                "external_name": "",
                "external_traffic_policy": "",
                "health_check_node_port": 0,
                "load_balancer_ip": "",
                "load_balancer_source_ranges": null,
                "port": [
                  {
                    "name": "grpc",
                    "node_port": 0,
                    "port": 50051,
                    "protocol": "TCP",
                    "target_port": "50051"
                  }
                ],
                "publish_not_ready_addresses": false,
                "selector": {
                  "app": "shippingservice"
                },
                "session_affinity": "None",
                "type": "ClusterIP"
              }
            ],
            "status": [
              {
                "load_balancer": [
                  {
                    "ingress": []
                  }
                ]
              }
            ],
            "timeouts": null,
            "wait_for_load_balancer": true
          },
          "sensitive_attributes": [],
          "private": "eyJlMmJmYjczMC1lY2FhLTExZTYtOGY4OC0zNDM2M2JjN2M0YzAiOnsiY3JlYXRlIjo2MDAwMDAwMDAwMDB9LCJzY2hlbWFfdmVyc2lvbiI6IjEifQ==",
          "dependencies": [
            "module.f5xc.volterra_api_credential.app_vk8s_cred",
            "module.f5xc.volterra_namespace.app_ns",
            "module.f5xc.volterra_virtual_k8s.app_vk8s",
            "module.f5xc.volterra_virtual_site.hub",
            "module.f5xc.volterra_virtual_site.spoke"
          ]
        }
      ]
    },
    {
      "module": "module.vk8s-utility",
      "mode": "managed",
      "type": "kubectl_manifest",
      "name": "loadgen_cron",
      "provider": "provider[\"registry.terraform.io/gavinbunney/kubectl\"]",
      "instances": [
        {
          "schema_version": 1,
          "attributes": {
            "api_version": "batch/v1beta1",
            "force_new": false,
            "id": "/apis/batch/v1beta1/namespaces/demo-app-utility/cronjobs/shop-traffic-gen",
            "ignore_fields": null,
            "kind": "CronJob",
            "live_manifest_incluster": "91e9a3a11dd16b6c96569acb68998578b57c886873529065e91f4ba1d8f7a18a",
            "live_uid": "cde36195-a293-4f03-8cad-f0dbfe8e8dcc",
            "name": "shop-traffic-gen",
            "namespace": "demo-app-utility",
            "override_namespace": null,
            "sensitive_fields": null,
            "server_side_apply": false,
            "timeouts": null,
            "uid": "cde36195-a293-4f03-8cad-f0dbfe8e8dcc",
            "validate_schema": true,
            "wait": null,
            "wait_for_rollout": true,
            "yaml_body": "apiVersion: batch/v1beta1\nkind: CronJob\nmetadata:\n  name: shop-traffic-gen\n  namespace: demo-app-utility\n  annotations:\n    ves.io/virtual-sites: demo-app-utility/demo-app-utility-vs\nspec:\n  schedule: \"*/6 * * * *\"\n  failedJobsHistoryLimit: 1\n  successfulJobsHistoryLimit: 3\n  concurrencyPolicy: Replace\n  jobTemplate:\n    spec:\n      template:\n        metadata:\n          annotations:\n            ves.io/workload-flavor: tiny\n            ves.io/virtual-sites: demo-app-utility/demo-app-utility-vs\n        spec:\n          containers:\n            - name: shop-traffic-gen\n              image: ghcr.io/dgarrisonf5/loadgen\n              env:\n                - name: DURATION\n                  value: 5m\n                - name: TARGET_URL\n                  value: https://demoshop.xc.f5demo.net\n              resources: {}\n              terminationMessagePath: /dev/termination-log\n              terminationMessagePolicy: File\n              imagePullPolicy: Always\n          restartPolicy: OnFailure\n          backoffLimit: 1\n          terminationGracePeriodSeconds: 30\n          dnsPolicy: ClusterFirst\n          securityContext: {}\n          imagePullSecrets:\n            - name: f5demos-registry-secret\n",
            "yaml_body_parsed": "apiVersion: batch/v1beta1\nkind: CronJob\nmetadata:\n  annotations:\n    ves.io/virtual-sites: demo-app-utility/demo-app-utility-vs\n  name: shop-traffic-gen\n  namespace: demo-app-utility\nspec:\n  concurrencyPolicy: Replace\n  failedJobsHistoryLimit: 1\n  jobTemplate:\n    spec:\n      template:\n        metadata:\n          annotations:\n            ves.io/virtual-sites: demo-app-utility/demo-app-utility-vs\n            ves.io/workload-flavor: tiny\n        spec:\n          backoffLimit: 1\n          containers:\n          - env:\n            - name: DURATION\n              value: 5m\n            - name: TARGET_URL\n              value: https://demoshop.xc.f5demo.net\n            image: ghcr.io/dgarrisonf5/loadgen\n            imagePullPolicy: Always\n            name: shop-traffic-gen\n            resources: {}\n            terminationMessagePath: /dev/termination-log\n            terminationMessagePolicy: File\n          dnsPolicy: ClusterFirst\n          imagePullSecrets:\n          - name: f5demos-registry-secret\n          restartPolicy: OnFailure\n          securityContext: {}\n          terminationGracePeriodSeconds: 30\n  schedule: '*/6 * * * *'\n  successfulJobsHistoryLimit: 3\n",
            "yaml_incluster": "91e9a3a11dd16b6c96569acb68998578b57c886873529065e91f4ba1d8f7a18a"
          },
          "sensitive_attributes": [],
          "private": "eyJlMmJmYjczMC1lY2FhLTExZTYtOGY4OC0zNDM2M2JjN2M0YzAiOnsiY3JlYXRlIjo2MDAwMDAwMDAwMDB9LCJzY2hlbWFfdmVyc2lvbiI6IjEifQ==",
          "dependencies": [
            "module.f5xc.volterra_api_credential.utility_vk8s_cred",
            "module.f5xc.volterra_namespace.utility_ns",
            "module.f5xc.volterra_virtual_k8s.utility_vk8s",
            "module.f5xc.volterra_virtual_site.utility"
          ]
        }
      ]
    },
    {
      "module": "module.vk8s-utility",
      "mode": "managed",
      "type": "kubectl_manifest",
      "name": "podcleaner_cron",
      "provider": "provider[\"registry.terraform.io/gavinbunney/kubectl\"]",
      "instances": [
        {
          "schema_version": 1,
          "attributes": {
            "api_version": "batch/v1beta1",
            "force_new": false,
            "id": "/apis/batch/v1beta1/namespaces/demo-app-utility/cronjobs/podcleaner",
            "ignore_fields": null,
            "kind": "CronJob",
            "live_manifest_incluster": "9bf03176306169b40e85fe370ac31528c3ea22c5af48aef2e916b8057a7a86c8",
            "live_uid": "dbf8373a-1e22-4ba7-bb00-2547c66b0e95",
            "name": "podcleaner",
            "namespace": "demo-app-utility",
            "override_namespace": null,
            "sensitive_fields": null,
            "server_side_apply": false,
            "timeouts": null,
            "uid": "dbf8373a-1e22-4ba7-bb00-2547c66b0e95",
            "validate_schema": true,
            "wait": null,
            "wait_for_rollout": true,
            "yaml_body": "apiVersion: batch/v1beta1\nkind: CronJob\nmetadata:\n  annotations:\n    ves.io/virtual-sites: demo-app-utility/demo-app-utility-vs\n  name: podcleaner\n  namespace: demo-app-utility\nspec:\n  concurrencyPolicy: Allow\n  schedule: '*/5 * * * *'\n  failedJobsHistoryLimit: 1\n  successfulJobsHistoryLimit: 3\n  concurrencyPolicy: Replace\n  jobTemplate:\n    spec:\n      backoffLimit: 0\n      completions: 1\n      manualSelector: false\n      parallelism: 1\n      template:\n        metadata:\n          annotations:\n            ves.io/virtual-sites: demo-app-utility/demo-app-utility-vs\n            ves.io/workload-flavor: tiny\n        spec:\n          containers:\n          - env:\n            - name: NAMESPACE\n              value: demo-app\n            - name: KUBE_PATH\n              value: /tmp/kubeconfig\n            image: ghcr.io/dgarrisonf5/cleaner\n            imagePullPolicy: Always\n            name: cleaner\n            resources: {}\n            terminationMessagePath: /dev/termination-log\n            terminationMessagePolicy: File\n            volumeMounts:\n            - mountPath: /tmp\n              mountPropagation: None\n              name: kubecfg\n              readOnly: true\n          dnsPolicy: ClusterFirst\n          imagePullSecrets:\n          - name: f5demos-registry-secret\n          restartPolicy: OnFailure\n          volumes:\n          - configMap:\n              items:\n              - key: kubeconfig\n                path: kubeconfig\n              name: app-kubecfg\n            name: kubecfg\n",
            "yaml_body_parsed": "apiVersion: batch/v1beta1\nkind: CronJob\nmetadata:\n  annotations:\n    ves.io/virtual-sites: demo-app-utility/demo-app-utility-vs\n  name: podcleaner\n  namespace: demo-app-utility\nspec:\n  concurrencyPolicy: Replace\n  failedJobsHistoryLimit: 1\n  jobTemplate:\n    spec:\n      backoffLimit: 0\n      completions: 1\n      manualSelector: false\n      parallelism: 1\n      template:\n        metadata:\n          annotations:\n            ves.io/virtual-sites: demo-app-utility/demo-app-utility-vs\n            ves.io/workload-flavor: tiny\n        spec:\n          containers:\n          - env:\n            - name: NAMESPACE\n              value: demo-app\n            - name: KUBE_PATH\n              value: /tmp/kubeconfig\n            image: ghcr.io/dgarrisonf5/cleaner\n            imagePullPolicy: Always\n            name: cleaner\n            resources: {}\n            terminationMessagePath: /dev/termination-log\n            terminationMessagePolicy: File\n            volumeMounts:\n            - mountPath: /tmp\n              mountPropagation: None\n              name: kubecfg\n              readOnly: true\n          dnsPolicy: ClusterFirst\n          imagePullSecrets:\n          - name: f5demos-registry-secret\n          restartPolicy: OnFailure\n          volumes:\n          - configMap:\n              items:\n              - key: kubeconfig\n                path: kubeconfig\n              name: app-kubecfg\n            name: kubecfg\n  schedule: '*/5 * * * *'\n  successfulJobsHistoryLimit: 3\n",
            "yaml_incluster": "9bf03176306169b40e85fe370ac31528c3ea22c5af48aef2e916b8057a7a86c8"
          },
          "sensitive_attributes": [],
          "private": "eyJlMmJmYjczMC1lY2FhLTExZTYtOGY4OC0zNDM2M2JjN2M0YzAiOnsiY3JlYXRlIjo2MDAwMDAwMDAwMDB9LCJzY2hlbWFfdmVyc2lvbiI6IjEifQ==",
          "dependencies": [
            "module.f5xc.volterra_api_credential.utility_vk8s_cred",
            "module.f5xc.volterra_namespace.app_ns",
            "module.f5xc.volterra_namespace.utility_ns",
            "module.f5xc.volterra_virtual_k8s.utility_vk8s",
            "module.f5xc.volterra_virtual_site.utility"
          ]
        }
      ]
    },
    {
      "module": "module.vk8s-utility",
      "mode": "managed",
      "type": "kubernetes_config_map_v1",
      "name": "app_kubecfg",
      "provider": "provider[\"registry.terraform.io/hashicorp/kubernetes\"].utility",
      "instances": [
        {
          "schema_version": 0,
          "attributes": {
            "binary_data": null,
            "data": {
              "kubeconfig": "apiVersion: v1\nclusters:\n- cluster:\n    certificate-authority-data: LS0tLS1CRUdJTiBDRVJUSUZJQ0FURS0tLS0tCk1JSUZGakNDQXY2Z0F3SUJBZ0lSQUpFckNFclBEQmluVS9iV0xpV25YMW93RFFZSktvWklodmNOQVFFTEJRQXcKVHpFTE1Ba0dBMVVFQmhNQ1ZWTXhLVEFuQmdOVkJBb1RJRWx1ZEdWeWJtVjBJRk5sWTNWeWFYUjVJRkpsYzJWaApjbU5vSUVkeWIzVndNUlV3RXdZRFZRUURFd3hKVTFKSElGSnZiM1FnV0RFd0hoY05NakF3T1RBME1EQXdNREF3CldoY05NalV3T1RFMU1UWXdNREF3V2pBeU1Rc3dDUVlEVlFRR0V3SlZVekVXTUJRR0ExVUVDaE1OVEdWMEozTWcKUlc1amNubHdkREVMTUFrR0ExVUVBeE1DVWpNd2dnRWlNQTBHQ1NxR1NJYjNEUUVCQVFVQUE0SUJEd0F3Z2dFSwpBb0lCQVFDN0FoVW96UGFnbE5NUEV1eU5WWkxEK0lMeG1hWjZRb2luWFNhcXRTdTV4VXl4cjQ1citYWElvOWNQClI1UVVWVFZYako2b29qa1o5WUk4UXFsT2J2VTd3eTdiamNDd1hQTlpPT2Z0ejJud1dnc2J2c0NVSkNXSCtqZHgKc3hQbkhLemhtKy9iNUR0RlVrV1dxY0ZUempUSVV1NjFydTJQM21CdzRxVlVxN1p0RHBlbFFEUnJLOU84WnV0bQpOSHo2YTR1UFZ5bVorREFYWGJweWIvdUJ4YTNTaGxnOUY4Zm5DYnZ4Sy9lRzNNSGFjVjNVUnVQTXJTWEJpTHhnClozVm1zL0VZOTZKYzVsUC9Pb2kyUjZYL0V4anFtQWwzUDUxVCtjOEI1ZldtY0JjVXIyT2svNW16azUzY1U2Y0cKL2tpRkhhRnByaVYxdXhQTVVnUDE3VkdoaTlzVkFnTUJBQUdqZ2dFSU1JSUJCREFPQmdOVkhROEJBZjhFQkFNQwpBWVl3SFFZRFZSMGxCQll3RkFZSUt3WUJCUVVIQXdJR0NDc0dBUVVGQndNQk1CSUdBMVVkRXdFQi93UUlNQVlCCkFmOENBUUF3SFFZRFZSME9CQllFRkJRdXN4ZTNXRmJMcmxBSlFPWWZyNTJMRk1MR01COEdBMVVkSXdRWU1CYUEKRkhtMFdlWjd0dVhrQVhPQUNJaklHbGoyNlp0dU1ESUdDQ3NHQVFVRkJ3RUJCQ1l3SkRBaUJnZ3JCZ0VGQlFjdwpBb1lXYUhSMGNEb3ZMM2d4TG1rdWJHVnVZM0l1YjNKbkx6QW5CZ05WSFI4RUlEQWVNQnlnR3FBWWhoWm9kSFJ3Ck9pOHZlREV1WXk1c1pXNWpjaTV2Y21jdk1DSUdBMVVkSUFRYk1Ca3dDQVlHWjRFTUFRSUJNQTBHQ3lzR0FRUUIKZ3Q4VEFRRUJNQTBHQ1NxR1NJYjNEUUVCQ3dVQUE0SUNBUUNGeWs1SFBxUDNoVVNGdk5WbmVMS1lZNjExVFI2VwpQVE5sY2xRdGdhRHF3KzM0SUw5ZnpMZHdBTGR1Ty9aZWxON2tJSittNzR1eUErZWl0Ulk4a2M2MDdUa0M1M3dsCmlrZm1aVzQvUnZUWjhNNlVLKzVVemhLOGpDZEx1TUdZTDZLdnpYR1JTZ2kzeUxnamV3UXRDUGtJVno2RDJRUXoKQ2tjaGVBbUNKOE1xeUp1NXpsenlaTWpBdm5uQVQ0NXRSQXhla3JzdTk0c1E0ZWdkUkNuYldTRHRZN2toK0JJbQpsSk5Yb0IxbEJNRUtJcTRRRFVPWG9SZ2ZmdURnaGplMVdyRzlNTCtIYmlzcS95Rk9Hd1hEOVJpWDhGNnN3Nlc0CmF2QXV2RHN6dWU1TDNzejg1SytFQzRZL3dGVkROdlpvNFRZWGFvNlowZitsUUtjMHQ4RFFZemsxT1hWdThycDIKeUpNQzZhbExiQmZPREFMWnZZSDduN2RvMUFabHM0STlkMVA0am5rRHJRb3hCM1VxUTloVmwzTEVLUTczeEYxTwp5SzVHaEREWDhvVmZHS0Y1dStkZWNJc0g0WWFUdzdtUDNHRnhKU3F2MyswbFVGSm9pNUxjNWRhMTQ5cDkwSWRzCmhDRXhyb0wxKzdtcnlJa1hQZUZNNVRnTzlyMHJ2WmFCRk92VjJ6MGdwMzVaMCtMNFdQbGJ1RWpOL2x4UEZpbisKSGxVanI4Z1JzSTNxZkpPUUZ5LzlyS0lKUjBZLzhPbXd0LzhvVFdneTFtZGVIbW1qazdqMW5Zc3ZDOUpTUTZadgpNbGRsVFRLQjN6aFRoVjErWFdZcDZyamQ1SlcxemJWV0VrTE54RTdHSlRoRVVHM3N6Z0JWR1A3cFNXVFVUc3FYCm5MUmJ3SE9vcTdoSHdnPT0KLS0tLS1FTkQgQ0VSVElGSUNBVEUtLS0tLQotLS0tLUJFR0lOIENFUlRJRklDQVRFLS0tLS0KTUlJRmF6Q0NBMU9nQXdJQkFnSVJBSUlRejdEU1FPTlpSR1BndTJPQ2l3QXdEUVlKS29aSWh2Y05BUUVMQlFBdwpUekVMTUFrR0ExVUVCaE1DVlZNeEtUQW5CZ05WQkFvVElFbHVkR1Z5Ym1WMElGTmxZM1Z5YVhSNUlGSmxjMlZoCmNtTm9JRWR5YjNWd01SVXdFd1lEVlFRREV3eEpVMUpISUZKdmIzUWdXREV3SGhjTk1UVXdOakEwTVRFd05ETTQKV2hjTk16VXdOakEwTVRFd05ETTRXakJQTVFzd0NRWURWUVFHRXdKVlV6RXBNQ2NHQTFVRUNoTWdTVzUwWlhKdQpaWFFnVTJWamRYSnBkSGtnVW1WelpXRnlZMmdnUjNKdmRYQXhGVEFUQmdOVkJBTVRERWxUVWtjZ1VtOXZkQ0JZCk1UQ0NBaUl3RFFZSktvWklodmNOQVFFQkJRQURnZ0lQQURDQ0Fnb0NnZ0lCQUszb0pIUDBGRGZ6bTU0clZ5Z2MKaDc3Y3Q5ODRrSXh1UE9aWG9IajNkY0tpL3ZWcWJ2WUFUeWpiM21pR2JFU1R0ckZqL1JRU2E3OGYwdW94bXlGKwowVE04dWtqMTNYbmZzN2ovRXZFaG1rdkJpb1p4YVVwbVpteVBmanh3djYwcElnYno1TURtZ0s3aVM0KzNtWDZVCkE1L1RSNWQ4bVVnalUrZzRyazhLYjRNdTBVbFhqSUIwdHRvdjBEaU5ld053SVJ0MThqQTgrbyt1M2RwanErc1cKVDhLT0VVdCt6d3ZvLzdWM0x2U3llMHJnVEJJbERIQ05BeW1nNFZNazdCUFo3aG0vRUxOS2pEK0pvMkZSM3F5SApCNVQwWTNIc0x1SnZXNWlCNFlsY05IbHNkdTg3a0dKNTV0dWttaThteGRBUTRRN2UyUkNPRnZ1Mzk2ajN4K1VDCkI1aVBOZ2lWNStJM2xnMDJkWjc3RG5LeEhadThBL2xKQmRpQjNRVzBLdFpCNmF3QmRwVUtEOWpmMWIwU0h6VXYKS0JkczBwakJxQWxrZDI1SE43ck9yRmxlYUoxL2N0YUp4UVpCS1Q1WlB0MG05U1RKRWFkYW8weEFIMGFobWJXbgpPbEZ1aGp1ZWZYS25FZ1Y0V2UwK1VYZ1ZDd09QamRBdkJiSStlMG9jUzNNRkV2ekc2dUJRRTN4RGszU3p5blRuCmpoOEJDTkF3MUZ0eE5yUUh1c0V3TUZ4SXQ0STdtS1o5WUlxaW95bUN6THE5Z3dRYm9vTURRYUhXQmZFYndyYncKcUh5R08wYW9TQ3FJM0hhYWRyOGZhcVU5R1kvck9QTmszc2dyRFFvby8vZmI0aFZDMUNMUUoxM2hlZjRZNTNDSQpyVTdtMllzNnh0MG5VVzcvdkdUMU0wTlBBZ01CQUFHalFqQkFNQTRHQTFVZER3RUIvd1FFQXdJQkJqQVBCZ05WCkhSTUJBZjhFQlRBREFRSC9NQjBHQTFVZERnUVdCQlI1dEZubWU3Ymw1QUZ6Z0FpSXlCcFk5dW1iYmpBTkJna3EKaGtpRzl3MEJBUXNGQUFPQ0FnRUFWUjlZcWJ5eXFGRFFETEhZR21rZ0p5a0lyR0YxWElwdStJTGxhUy9WOWxaTAp1Ymh6RUZuVElaZCs1MHh4KzdMU1lLMDVxQXZxRnlGV2hmRlFEbG5yenVCWjZickpGZStHblkrRWdQYms2WkdRCjNCZWJZaHRGOEdhVjBueHZ3dW83N3gvUHk5YXVKL0dwc01pdS9YMSttdm9pQk92LzJYL3FrU3Npc1JjT2ovS0sKTkZ0WTJQd0J5VlM1dUNiTWlvZ3ppVXd0aER5QzMrNldWd1c2TEx2M3hMZkhUanVDdmpISUluTnprdEhDZ0tRNQpPUkF6STRKTVBKK0dzbFdZSGI0cGhvd2ltNTdpYXp0WE9vSndUZHdKeDRuTENnZE5iT2hkanNudnpxdkh1N1VyClRrWFdTdEFtek9WeXlnaHFwWlhqRmFIM3BPM0pMRitsKy8rc0tBSXV2dGQ3dStOeGU1QVcwd2RlUmxOOE53ZEMKak5QRWxwelZtYlVxNEpVYWdFaXVURGtIenN4SHBGS1ZLN3E0KzYzU00xTjk1UjFOYmRXaHNjZENiK1pBSnpWYwpveWkzQjQzbmpUT1E1eU9mKzFDY2VXeEcxYlFWczVadWZwc01sanE0VWkwLzFsdmgrd2pDaFA0a3FLT0oycXhxCjRSZ3FzYWhEWVZ2VEg5dzdqWGJ5TGVpTmRkOFhNMnc5VS90N3kwRmYvOXlpMEdFNDRaYTRyRjJMTjlkMTFUUEEKbVJHdW5VSEJjbldFdmdKQlFsOW5KRWlVMFpzbnZnYy91YmhQZ1hSUjRYcTM3WjBqNHI3ZzFTZ0VFend4QTU3ZAplbXlQeGdjWXhuL2VSNDQvS0o0RUJzK2xWRFIzdmV5Sm0ra1hROTliMjEvK2poNVhvczFBblg1aUl0cmVHQ2M9Ci0tLS0tRU5EIENFUlRJRklDQVRFLS0tLS0KLS0tLS1CRUdJTiBDRVJUSUZJQ0FURS0tLS0tCk1JSUdFekNDQS91Z0F3SUJBZ0lRZlZ0UkpyUjJ1aEhiZEJZTHZGTU5wekFOQmdrcWhraUc5dzBCQVF3RkFEQ0IKaURFTE1Ba0dBMVVFQmhNQ1ZWTXhFekFSQmdOVkJBZ1RDazVsZHlCS1pYSnpaWGt4RkRBU0JnTlZCQWNUQzBwbApjbk5sZVNCRGFYUjVNUjR3SEFZRFZRUUtFeFZVYUdVZ1ZWTkZVbFJTVlZOVUlFNWxkSGR2Y21zeExqQXNCZ05WCkJBTVRKVlZUUlZKVWNuVnpkQ0JTVTBFZ1EyVnlkR2xtYVdOaGRHbHZiaUJCZFhSb2IzSnBkSGt3SGhjTk1UZ3gKTVRBeU1EQXdNREF3V2hjTk16QXhNak14TWpNMU9UVTVXakNCanpFTE1Ba0dBMVVFQmhNQ1IwSXhHekFaQmdOVgpCQWdURWtkeVpXRjBaWElnVFdGdVkyaGxjM1JsY2pFUU1BNEdBMVVFQnhNSFUyRnNabTl5WkRFWU1CWUdBMVVFCkNoTVBVMlZqZEdsbmJ5Qk1hVzFwZEdWa01UY3dOUVlEVlFRREV5NVRaV04wYVdkdklGSlRRU0JFYjIxaGFXNGcKVm1Gc2FXUmhkR2x2YmlCVFpXTjFjbVVnVTJWeWRtVnlJRU5CTUlJQklqQU5CZ2txaGtpRzl3MEJBUUVGQUFPQwpBUThBTUlJQkNnS0NBUUVBMW5NejF0YzhJTkFBMGhkRnVOWStCNkkveDBIdU1qREpzR3o5OUovTEVwZ1BMVCtOClRRRU1nZzhYZjJJdTZiaEllZnNXZzA2dDF6SWxrN2NIdjdsUVA2bE13MEFxNlRuLzJZSEtIeFl5UWRxQUpya2oKZW9jZ0h1UC9JSm84bFVSdmgzVUdrRUMwTXBNV0NSQUlJejdTM1ljUGIxMVJGR29LYWNWUEFYSnB6OU9UVEcwRQpvS01iZ242eG1ybnR4WjdGTjNpZm1nZzArMVl1V01RSkRnWmtXN3czM1BHZktHaW9WckNTbzF5ZnU0aVlDQnNrCkhhc3doYTZ2c0M2ZWVwM0J3RUljNGdMdzZ1QkswdStRRHJUQlFCYndiNFZDU21UM3BEQ2cvcjh1b3lkYWpvdFkKdUszREdSZUVZKzF2VnYyRHkyQTB4SFMrNXAzYjRlVGx5Z3hmRlFJREFRQUJvNElCYmpDQ0FXb3dId1lEVlIwagpCQmd3Rm9BVVUzbS9XcW9yU3M5VWdPSFltOENkOHJJRFpzc3dIUVlEVlIwT0JCWUVGSTJNWHNSVXJZcmhkK21iCitac0Y0YmdCaldIaE1BNEdBMVVkRHdFQi93UUVBd0lCaGpBU0JnTlZIUk1CQWY4RUNEQUdBUUgvQWdFQU1CMEcKQTFVZEpRUVdNQlFHQ0NzR0FRVUZCd01CQmdnckJnRUZCUWNEQWpBYkJnTlZIU0FFRkRBU01BWUdCRlVkSUFBdwpDQVlHWjRFTUFRSUJNRkFHQTFVZEh3UkpNRWN3UmFCRG9FR0dQMmgwZEhBNkx5OWpjbXd1ZFhObGNuUnlkWE4wCkxtTnZiUzlWVTBWU1ZISjFjM1JTVTBGRFpYSjBhV1pwWTJGMGFXOXVRWFYwYUc5eWFYUjVMbU55YkRCMkJnZ3IKQmdFRkJRY0JBUVJxTUdnd1B3WUlLd1lCQlFVSE1BS0dNMmgwZEhBNkx5OWpjblF1ZFhObGNuUnlkWE4wTG1OdgpiUzlWVTBWU1ZISjFjM1JTVTBGQlpHUlVjblZ6ZEVOQkxtTnlkREFsQmdnckJnRUZCUWN3QVlZWmFIUjBjRG92CkwyOWpjM0F1ZFhObGNuUnlkWE4wTG1OdmJUQU5CZ2txaGtpRzl3MEJBUXdGQUFPQ0FnRUFNcjlodlE1SXcwL0gKdWtkTitKeDRHUUhjRXgyQWIvekRjTFJTbWpFem1sZFMrekdlYTZUdlZLcUpqVUFYYVBnUkVIelN5ckh4VlliSAo3ck0ya1liMk9WRy9ScjhQb0xxMDkzNUp4Q28yRjU3a2FEbDZyNVJPVm0reWV6dS9Db2E5emNWM0hBTzRPTEdpCkgxOSsyNHJjUmtpMmFBclBzclcwNGpUa1o2azRaZ2xlMHJqOG5TZzZGMEFud25KT0tmMGhQSHpQRS91V0xNVXgKUlAwVDdkV2JxV2xvZDN6dTRmK2srVFk0Q0ZNNW9vUTBuQm56dmc2czFTUTM2eU9vZU5EVDUrK1NSMlJpT1NMdgp4dmNSdmlLRnhtWkVKQ2FPRURLTnlKT3VCNTZEUGkvWitmVkdqbU8rd2VhMDNLYk5JYWlHQ3BYWkxvVW1HdjM4CnNiWlhRbTJWMFRQMk9SUUdna0U0OVk5WTNJQmJwTlY5bFhqOXA1di8vY1dvYWFzbTU2ZWtCWWRicWJlNG95QUwKbDZsRmhkMnppK1dKTjQ0cERmd0dGL1k0UUE1QzVCSUcrM3Z6eGhGb1l0L2ptUFFUMkJWUGk3RnAyUkJndkdRcQo2akczNUxXak9oU2JKdU1MZS8wQ2pyYVp3VGlYV1RiMnFIU2loclplNjhaazZzK2dvL2x1bnJvdEViYUdtQWhZCkxjbXNKV1R5WG5XME9NR3VmMXBHZytwUnlyYnhtUkUxYTZWcWU4WUFzT2Y0dm1TeXJjakM4YXpqVWVxa2srQjUKeU9HQlFNa0tXK0VTUE1GZ0t1T1h3SWxDeXBUUFJwZ1NhYnVZME1MVERYSkxSMjdsazhReUtHT0hRK1N3TWo0SwowMHUvSTVzVUtVRXJtZ1Fma3kzeHh6bElQSzFhRW44PQotLS0tLUVORCBDRVJUSUZJQ0FURS0tLS0tCi0tLS0tQkVHSU4gQ0VSVElGSUNBVEUtLS0tLQpNSUlGM2pDQ0E4YWdBd0lCQWdJUUFmMXRNUHlqeWxHb0c3eGtEalVETFRBTkJna3Foa2lHOXcwQkFRd0ZBRENCCmlERUxNQWtHQTFVRUJoTUNWVk14RXpBUkJnTlZCQWdUQ2s1bGR5QktaWEp6WlhreEZEQVNCZ05WQkFjVEMwcGwKY25ObGVTQkRhWFI1TVI0d0hBWURWUVFLRXhWVWFHVWdWVk5GVWxSU1ZWTlVJRTVsZEhkdmNtc3hMakFzQmdOVgpCQU1USlZWVFJWSlVjblZ6ZENCU1UwRWdRMlZ5ZEdsbWFXTmhkR2x2YmlCQmRYUm9iM0pwZEhrd0hoY05NVEF3Ck1qQXhNREF3TURBd1doY05Nemd3TVRFNE1qTTFPVFU1V2pDQmlERUxNQWtHQTFVRUJoTUNWVk14RXpBUkJnTlYKQkFnVENrNWxkeUJLWlhKelpYa3hGREFTQmdOVkJBY1RDMHBsY25ObGVTQkRhWFI1TVI0d0hBWURWUVFLRXhWVQphR1VnVlZORlVsUlNWVk5VSUU1bGRIZHZjbXN4TGpBc0JnTlZCQU1USlZWVFJWSlVjblZ6ZENCU1UwRWdRMlZ5CmRHbG1hV05oZEdsdmJpQkJkWFJvYjNKcGRIa3dnZ0lpTUEwR0NTcUdTSWIzRFFFQkFRVUFBNElDRHdBd2dnSUsKQW9JQ0FRQ0FFbVVYTmc3RDJ3aXowS3hYRFhidHpTZlRUSzFRZzJIaXFpQk5DUzFrQ2R6T2laL01QYW5zOXMvQgozUEhUc2RaN055Z1JLMGZhT2NhOE9obTBYNmE5ZloyalkwSzJkdktwT3l1UitPSnYwT3dXSUpBSlB1TG9kTWtZCnRKSFVZbVRiZjZNRzhZZ1lhcEFpUEx6K0UvQ0hGSHYyNUIrTzFPUlJ4aEZuUmdoUnk0WVVWRCs4TS81K2JKei8KRnAwWXZWR09OYWFuWnNoeVo5c2hackhVbTNnRHdGQTY2TXp3M0x5ZVRQNnZCWlkxSDFkYXQvL08rVDIzTExiMgpWTjNJNXhJNlRhNU1pcmRjbXJTM0lEM0tmeUkwcm40N2FHWUJST2NCVGtaVG16Tmc5NVMrVXplUWMwUHpNc05UCjc5dXEvblJPYWNkcmpHQ1Qzc1RIRE4vaE1xN01renRSZUpWbmkrNDlWdjRNMEdrUEd3L3pKU1pyTTIzM2JrZjYKYzBQbGZnNmxackVwZkRLRVkxV0p4QTNCazFRd0dST3MwMzAzcCt0ZE9tdzFYTnRCMXhMYXFVa0wzOWlBaWdtVApZbzYxWnM4bGlNMkV1TEUvcERrUDJRS2U2eEpNbFh6emF3V3BYaGFEekxobjR1Z1RuY3hiZ3ROTXMrMWIvOTdsCmM2d2pPeTBBdnpWVmRBbEoyRWxZR24rU051WlJrZzd6Sm4wY1RSZTh5ZXhESnRDL1FWOUFxVVJFOUpublY0ZWUKVUI5WFZLZysvWFJqTDdGUVpRbm1XRUl1UXhwTXRQQWxSMW42QkI2VDFDWkdTbENCc3Q2K2VMZjhaeFhoeVZlRQpIZzlqMXVsaXV0WmZWUzdxWE1Zb0NBUWxPYmdPSzZueVRKY2NCejhOVXZYdDd5K0NEd0lEQVFBQm8wSXdRREFkCkJnTlZIUTRFRmdRVVUzbS9XcW9yU3M5VWdPSFltOENkOHJJRFpzc3dEZ1lEVlIwUEFRSC9CQVFEQWdFR01BOEcKQTFVZEV3RUIvd1FGTUFNQkFmOHdEUVlKS29aSWh2Y05BUUVNQlFBRGdnSUJBRnpVZkEzUDl3RjlRWmxsREhQRgpVcC9MK00rWkJuOGIya01WbjU0Q1ZWZVdGUEZTUENlSGxDanRIem9CTjZKMi9GTlF3SVNieG10T3Vvd2hUNktPClZXS1I4MmtWMkx5STQ4U3FDLzN2cU9sTFZTb0dJRzFWZUNrWjdsOHdYRXNrRVZYL0pKcHVYaW9yN2d0Tm4zLzMKQVRpVUZKVkRCd243WUtudUhLc1NqS0NhWHFlWWFsbHRpejhJKzhqUlJhOFlGV1NRRWc5ektDN0Y0aVJPL0Zqcwo4UFJGL2lLejZ5K08wdGxGWVFYQmwyK29kbktQaTR3MnI3OE5CYzV4amVhbWJ4OXNwbkZpeGRqUWczSU04V2NSCmlReWNFMHh5Tk4rODFYSGZxbkhkNGJsc2pEd1NYV1hhdlZjU3RrTnIvK1hlVFdZUlVjK1pydXdYdHVoeGtZemUKU2Y3ZE5YR2lGU2VVSE05aDR5YTdiNk5uSlNGZDV0MGRDeTVvR3p1Q3IreURaNFhVbUZGMHNibVpnSW4vZjNnWgpYSGxLWUM2U1FLNU1OeW9zeWNkaXlBNWQ5elpieXVBbEpRRzAzUm9IbkhjQVA5RGMxZXc5MVBxN1A4eUYxbTkvCnFTM2Z1UUwzOVplYXRUWGF3MmV3aDBxcEtKNGpqdjljSjJ2aHNFL3pCKzRBTHRSWmg4dFNRWlhxOUVmWDdtUkIKVlh5TldRS1YzV0tkd3JudVdpaDBoS1didDVESERBZmY5WWsyZERMV0tNR3dzQXZnbkV6REhOYjg0Mm0xUjBhQgpMNktDcTlOalJIREVqZjh0TTdxdGozdTFjSWl1UGhuUFFDalkvTWlRdTEyWkl2VlM1bGpGSDRneFErNklIZGZHCmpqeERhaDJuR041OVBSYnhZdm5La0tqOQotLS0tLUVORCBDRVJUSUZJQ0FURS0tLS0tCgoK\n    server: https://f5-bd.console.ves.volterra.io/api/vk8s/namespaces/demo-app/demo-app-vk8s\n  name: demo-app-vk8s\ncontexts:\n- context:\n    cluster: demo-app-vk8s\n    namespace: demo-app\n    user: d.garrison@f5.com\n  name: demo-app-vk8s\ncurrent-context: demo-app-vk8s\nkind: Config\npreferences: {}\nusers:\n- user:\n    client-certificate-data: LS0tLS1CRUdJTiBDRVJUSUZJQ0FURS0tLS0tCk1JSUYvakNDQSthZ0F3SUJBZ0lRTk1sR3VkeXM1M1g3ZDk5b3NFUmY0ekFOQmdrcWhraUc5dzBCQVFzRkFEQ0IKdGpFTE1Ba0dBMVVFQmhNQ1ZWTXhFekFSQmdOVkJBZ1RDa05oYkdsbWIzSnVhV0V4RkRBU0JnTlZCQWNUQzFOaApiblJoSUVOc1lYSmhNUjh3SFFZRFZRUUtFeFpXYjJ4MFpYSnlZU0JGWkdkbElGTmxjblpwWTJWek1TQXdIZ1lEClZRUUxFeGRKYm1aeVlYTjBjblZqZEhWeVpTQlRaV04xY21sMGVURTVNRGNHQTFVRUF4TXdVRkpQUkNBdElGUmwKYm1GdWRDQlZjMlZ5SUVObGNuUnBabWxqWVhSbElFbHpjM1ZwYm1jZ1EwRWdMU0IyTWk0eE1CNFhEVEl6TURNeApPREU0TXpRek0xb1hEVEl6TURZeE5URTRNelF6TTFvd0xqRVJNQThHQTFVRUNoTUlkbTlzZEdWeWNtRXhHVEFYCkJnTlZCQU1URUZWVFJWSXRRMFZTVkVsR1NVTkJWRVV3Z2dJaU1BMEdDU3FHU0liM0RRRUJBUVVBQTRJQ0R3QXcKZ2dJS0FvSUNBUUN0WDBONkxieXBhOENheVdjT0luSjR1c2JDc2R2UTlKWnV1OFlLa1RGc0JqRnE3SEZYUHdPSApxMVJrRk4zK1hjRlBmN1lxWlVrM0Q4TmIvUWhjbnNoSGcxa3Z5enEwVFNMUlNpMEdpUktPVVZweTlJV3BOTkxTCmQvWjlhODNEOXlhek1FUElnUHZ3UlN3RUh5cTR2aTRUazJLR1ZIa3VSY1dSSXVFdHJCM3hCRTNub2tPRm9VVk4KUm5qUFBUcFFuVFZCY25tcHR3SkxnN3Q4VVNwYkd5Rkl3TmtocmJUOEU0eUU2YUV1OUMwV2t6RHpQV2VkS1BmUQpsU3pWZDQ4dTAwL3NOUXFJQ0NMdmplc3kwei9oa3Q3QWR0QWRWUTJDbWRlcnkrQ1NDR2RYemR4bFNKM2dGZFZGCml5WVFKTm5YWlhWbCt3UVlwaXpySG5Sd3dBUXB0N2x2MVVQWm1kVjlXSDEwUVBHUyt0djFNc1FhcXlQb1RJMXYKTDNCdndScytRNDBTZE1TblV0Znd5TVZIZkxUSml1Q2hLMlY0dnlwcUNZK1dINVEvRVBvVDVFWjJjc2NVNUd4RQpxSHBzMDBwY3V1THU4UWt2NjZjWVNuUmxNQ09vUGhLT2cvK2hYY2NTU3VTQ2xyQlpTcGt2aHNhRjM0ZUM4WExkClhJQVZ2S2RmRFpMa1k0OFIyd25LT2tyY0NHYnFXcUlySEV5V0l3U3NtOWh0OXJtNjBzNHBxZWpGN3BRMStYR0cKYnRPT3A4TDl6V1loTUNUa3JhY3pqQjZjWEU4eFhOTVdkdURBT1ZHa2V3dTlFVjhDZ2JQR2lQWjhPRWpmZWdvTgp6ODExa3ArbGVGcTFCR2VVRmZUamlRRHNDMkdrSFdRRld3OGM2NFZOb1gveW9obmJMb3BVUndJREFRQUJvNEdPCk1JR0xNQTRHQTFVZER3RUIvd1FFQXdJRm9EQVRCZ05WSFNVRUREQUtCZ2dyQmdFRkJRY0RBakFkQmdOVkhRNEUKRmdRVVNMeVlTUkVMQnpiWnNURzdRVW1malEzaUU0VXdJd1lNS3dZQkJBR0RvUTRCQVFFQkJCTUVFV1F1WjJGeQpjbWx6YjI1QVpqVXVZMjl0TUNBR0RDc0dBUVFCZzZFT0FRRUJBZ1FRQkE1bU5TMWlaQzF5ZDJGc1pIaHBhVEFOCkJna3Foa2lHOXcwQkFRc0ZBQU9DQWdFQXhwMk5oeit5RkJPRHlWejlRUktDbU1jYmZGQXhWMWtjY1VQYmZma0IKUzgwY2hkM1pHTnQzdjdFZ0s0cEhiWi9xRWREcHFYTTdPbHoxc2tyVHYyTjcwT2ozaEJXRit3b243UnNXbFNiMAo3eHZaM2ZJdEtWRC90VktJRjl6WjIzR2hCOURQY3hRejU1QkljWjUvM1NjSG5SMnVLVGtMRHV3K2szQ2lRWGwzCmg4TnpiR3BTajh1RWsvNGgyMDV1SEhPMzhsSkRraGFxeTJDUGdsNHBGeU5aWHl5dEZVUFVHd0NSWlg0dFoyWHkKdlBGaGFqK3VJa3o5ejJ3MGFnZWQ0aTdpYi9IdTE5SVVvRVl4a05iS0ROVHI4b2h2VnR3WVF5d0c0VGc1T2tIdApxVmQxa3FvcjJwM3Q5VWhTeWNmU0JWOUxkWVJOTTl0a1o3RVNYS1FVTFlBaWhzMStKbm9kcUI3NnNpa1pYRFVTCkJha2tXUGVrRTh4SUxkYU5EVUVoR0pGYXhKZ05LVUhDZGIyY1VlWGFuckk3WVkrSFdQOS9rVzA0NVBFNEduUCsKb2o4VW90b213dTlZMEFYZXcxT24vdXQ4QkFDMVNzRWs4aXkzazVNbjk4RzZiYVVoTXFkVFc0OUZQazV1ZlpOSAp5SkRodCt6aTBJTkxUSGVXMDhXeHNGWG41WXhMS0Y5YUVwUzhiNWJQRzNuKy8zdkZZZmJTdlpuSm1BSDZTa0k4CllmaTd6N3F0M2dqcHRKTHhiZWZBR2VlNVFTM0hDWCtWQkZIRXlzR1oyVDZXL0NrQ2tQZlc5aXFTZGMwT0RNLzcKUHdpalI0alBmWENzcWlBdGlaZmZ1RHNUbU9jMGJDbzI0YThkUzBjR2IvV2JOTUJTdzJWWGtxY3lyZDI2RW1OKwpObDA9Ci0tLS0tRU5EIENFUlRJRklDQVRFLS0tLS0KLS0tLS1CRUdJTiBDRVJUSUZJQ0FURS0tLS0tCk1JSUdjVENDQkZtZ0F3SUJBZ0lSQUlZODBLYkdKKy9LdEN4YXpJNEZmbVl3RFFZSktvWklodmNOQVFFTEJRQXcKZ2JFeEN6QUpCZ05WQkFZVEFsVlRNUk13RVFZRFZRUUlFd3BEWVd4cFptOXlibWxoTVJRd0VnWURWUVFIRXd0VApZVzUwWVNCRGJHRnlZVEVmTUIwR0ExVUVDaE1XVm05c2RHVnljbUVnUldSblpTQlRaWEoyYVdObGN6RWdNQjRHCkExVUVDeE1YU1c1bWNtRnpkSEoxWTNSMWNtVWdVMlZqZFhKcGRIa3hOREF5QmdOVkJBTVRLMUJTVDBRZ0xTQlUKWlc1aGJuUWdWWE5sY2lCRFpYSjBhV1pwWTJGMFpTQlNiMjkwSUVOQklDMGdkakl3SGhjTk1qQXdOakV4TVRVMQpOekUwV2hjTk1qVXdOakV4TVRVMU56RTBXakNCdGpFTE1Ba0dBMVVFQmhNQ1ZWTXhFekFSQmdOVkJBZ1RDa05oCmJHbG1iM0p1YVdFeEZEQVNCZ05WQkFjVEMxTmhiblJoSUVOc1lYSmhNUjh3SFFZRFZRUUtFeFpXYjJ4MFpYSnkKWVNCRlpHZGxJRk5sY25acFkyVnpNU0F3SGdZRFZRUUxFeGRKYm1aeVlYTjBjblZqZEhWeVpTQlRaV04xY21sMAplVEU1TURjR0ExVUVBeE13VUZKUFJDQXRJRlJsYm1GdWRDQlZjMlZ5SUVObGNuUnBabWxqWVhSbElFbHpjM1ZwCmJtY2dRMEVnTFNCMk1pNHhNSUlDSWpBTkJna3Foa2lHOXcwQkFRRUZBQU9DQWc4QU1JSUNDZ0tDQWdFQTBWRHEKaHQ1S1h1a1JHQkRObkVvK1lrVHFlZkpLUXZMZ0hJUkFHOWsxYkFEV3djMHorRWZWeTRtZmhaMW5LelI2aXZybwpaaDI0TW9Jb1dmNlFoUS95QWs1NEk3dnVjTS94MW9nVWhZTk05c0xwNVU0cDExOXp6OEZSMEtvVGduUDNGbzZoCnFHK0dkUWNKazExME9KVXNHNE9wdlhSQmpQK0UxL29EdjhEYkhEV2RRcWkrVjJMN2NaMzJMSm5DNXFPS0ZiOE8KSmNlRUdCbUJiMnIyamxMMncwejdjSDZlV2J5WWEwSVpLbzd6d3NqblBNSnhWRUtvSW0yMEpXaUdOd0xVeEZTcQpOM0hwOEtkR1BaK0Y3TnNrOHFIa1dMU0dINjZrYU9ocjdpWW5pN3Y0WWR1UzJDS0ZNR1Vad0g2SDczK3kyeEpECmRic0FCcFlTWGJBdEgyRG1UMnBCU0pGUXZGSTNNVEUyVTBsQ0ZNSktCbFIwcnFJUVhmTW96WXluQUkwT1dvdGcKY3Q4bDJLcDludU9RQUlGam1ySkxwMFBFREhob0szRDBLSU5aV0pNYzlKb0llQ1dla0ZUcU40YmVCcFFrRmhRNApUd3ZHQzQ2NHZDUXRGcGFTVkltdTFzYmRlVHdXMFo5eVRWV3NvSTBSdDZSUHJrZlplTnMxc3BkMm5vc0oyOXFZCk1aS2F5aytQeUNieS9BU2c2a1ZnZlJjWVNPRXh2UnM1djRzb041dG5DQ3Bod3RpNHMyRWtoNHR4Zmo2SEZnSS8KWVBqQ2pHaWhwcnhubUVjN2xJSXRVckhqbVhyTTZlWjQxVTJuOU5EQVdMajNwNEkyZDg0ZDEvTnhPSmRqU1A0MgpRUmFIcERQSTJIeVJWR2tqZ29nMGdWS1JsUE9WMmhQVGFiSjFESWtDQXdFQUFhTjlNSHN3RGdZRFZSMFBBUUgvCkJBUURBZ0tFTUE4R0ExVWRFd0VCL3dRRk1BTUJBZjh3V0FZSUt3WUJCUVVIQVFFRVREQktNRWdHQ0NzR0FRVUYKQnpBQmhqeHZZM053TG5abGN5NXBieTlRVWs5RUlDMGdWR1Z1WVc1MElGVnpaWElnUTJWeWRHbG1hV05oZEdVZwpTWE56ZFdsdVp5QkRRU0F0SUhZeUxqRXdEUVlKS29aSWh2Y05BUUVMQlFBRGdnSUJBTnR0djlRd0J6SWYzQ05aClpSTHcwQUx1akZGeWI0MklPb1I3UE5qMjBMc0ZrUkdoWHFPZ254aFR0aGU0RVhHTndvSmR5T0FYZkNWWGxzc2gKNTQrb0NBQ3d3NWpneDJKVkw5Q0pQUHAxVkFWSFlray9xYXdZVFF0Nk54OWdLcTlnbndqRjBCN1Uxc3NHSVJmagpwRzk4MjA3TVNuSkM3elRwOXRaazlRU3VHK3FHc1d5TU00Skx4Z2FaT2dpRFBGTFZmTW1RcXVUaTg1Z2FNd0dNCmdHcW9aeWZNNzNFUkUxNUFrQjJRTjlvb2hKcTNETG90TStGS2dLdGUvWnBybk5Od094MVVOcmcyaFNsU011MUMKeDJ2Rm9KQkZ5SGpiQnk1MFpYV2Rzd2pjWW1xVFZIWU02ZkhOUXBVbE5TVElUYlQ1VjJVVGVGVzZwQ2tYT0NnZgp4SnZlQXY3Q2xWOTJLRjIwNWdMNFFCQzV3T2RPWFBJa0tCNFZYZmRmREg4YXdOMjMrVFhGWlN0djhxeUQ0aWpMCnNSOXIra3UrMndHWk5MYjJJNlY3Zkl5dFlQTjBpRGhKSnVaWDl2a1dmaHJOK2JuOHVvNkFwT0xnNzlSSEczUDMKUVJXQmtoQW0wZitiM2g0NUpxT2xtamphNFpCRmJ0WitGWU5UV2JVS2IvNjNSQ3p2K000WDBJbFdFU2RBSW1qbAovVTQ1QUpqa2lkcEw0RE13N0J1U1FFRUkvb2NEOFNnZmw3OXhmZ0tZa0N2Y28rbW9UQWZTcVFsR3dSdlA3SWNqCjlLQlhwUTJRV1JvQkZhUW13cy8wcTJsZ0R0aSt6YktxWVF4ZlEzSTFXMlpQU0hTRURxRVZxNUdhRXh2RUNIODIKZVhpMFJNSk10Z0FpYzhpSVQzMUJVbFpYcXlDRQotLS0tLUVORCBDRVJUSUZJQ0FURS0tLS0tCi0tLS0tQkVHSU4gQ0VSVElGSUNBVEUtLS0tLQpNSUlHWnpDQ0JFK2dBd0lCQWdJUkFKN2dVMDU4ZkNVTHhnOWdYS3VhRUo0d0RRWUpLb1pJaHZjTkFRRUxCUUF3CmdiRXhDekFKQmdOVkJBWVRBbFZUTVJNd0VRWURWUVFJRXdwRFlXeHBabTl5Ym1saE1SUXdFZ1lEVlFRSEV3dFQKWVc1MFlTQkRiR0Z5WVRFZk1CMEdBMVVFQ2hNV1ZtOXNkR1Z5Y21FZ1JXUm5aU0JUWlhKMmFXTmxjekVnTUI0RwpBMVVFQ3hNWFNXNW1jbUZ6ZEhKMVkzUjFjbVVnVTJWamRYSnBkSGt4TkRBeUJnTlZCQU1USzFCU1QwUWdMU0JVClpXNWhiblFnVlhObGNpQkRaWEowYVdacFkyRjBaU0JTYjI5MElFTkJJQzBnZGpJd0hoY05NakF3TmpFeE1UVTEKTnpFeldoY05NelV3TmpFeE1UVTFOekV6V2pDQnNURUxNQWtHQTFVRUJoTUNWVk14RXpBUkJnTlZCQWdUQ2tOaApiR2xtYjNKdWFXRXhGREFTQmdOVkJBY1RDMU5oYm5SaElFTnNZWEpoTVI4d0hRWURWUVFLRXhaV2IyeDBaWEp5CllTQkZaR2RsSUZObGNuWnBZMlZ6TVNBd0hnWURWUVFMRXhkSmJtWnlZWE4wY25WamRIVnlaU0JUWldOMWNtbDAKZVRFME1ESUdBMVVFQXhNclVGSlBSQ0F0SUZSbGJtRnVkQ0JWYzJWeUlFTmxjblJwWm1sallYUmxJRkp2YjNRZwpRMEVnTFNCMk1qQ0NBaUl3RFFZSktvWklodmNOQVFFQkJRQURnZ0lQQURDQ0Fnb0NnZ0lCQU54dk9TVngyMW9yCnFSTWc5ZjNkL3pRQTZ0OVNQd01yZkVPMW5uUHdNRjlhd1NJVHYvM2FZVnhCYWp4elo4SHJWUjFnTXloNERkSE0KVEtoUjRSUUhBS0pWTjdPNlNnTjlvN0svdzFrbEtiZFo5aFNQUkZ4TkI4b05zNmwrQ3VvOW9rb2N1dGFEeDROcQpPZkFjMzVqSW9oSUd5bWN5Tm85LzlsZVBkSytwRUswa0kweHQrMXRRd1VDRkNhRWZ3a3dOY09xU09HTXdZQUhNCllvMGVocFdCdUhQRVREN0Q2RkF4b0p1Tkw5cEVBVHZuRlFPcFo0MzBOejhlRWtEcDRrL2xHR2U5aS95d1RhVGIKd3c2bG1NMkEzMENPRVRXckE5b0NPZWNHOUFYVXoyU0I4RWR1OEZwOVJENTdKMTkvdWlHc1krYlVvVmNpeGN0ZwprYk5QbzBtVlhqZFZLZkpXbWZDMGZLbk03WlQ4bE5ZdDBFcUk3QVpBVnJaZGdpdDJScEpoNFY3Y2xKaGY4ZVFSCktDaHlqelRBeU94cDdsWmFkTVZodnI5Q1JiZStGTEIxYmRIQkhKc2FjRUhLMlhmbDloNnJ0VzJMUXZLQ3JDbW8KamdWejhQeWZ3OHpWQ0pBa00zVncySmZwZWc2TTVHdysvSFhvREdGK3FzbDVEVjNidGYwL1E1MnJEVVNyNUFjbApYTEVuM3kxQlM2TWQrbm9NL3FZbG1Na3Y3WWU5MDlScVQ2Um9aanFJbXc4NHhQNnhiSG1YT2Z1cy9FTnI4NTJlCm5aRDdSY040V3V4VTZQWE15ZUpuVnRpaE5HTG5hK3VEWXg0V0FNc3VIdlVQakR2RFNyRkNObEFhTkg3NkJYd0sKd0M2L25DSkZPZ0llNzBMTndPdnNXL1l1aXhrZk5kSExBZ01CQUFHamVEQjJNQTRHQTFVZER3RUIvd1FFQXdJQwpoREFQQmdOVkhSTUJBZjhFQlRBREFRSC9NRk1HQ0NzR0FRVUZCd0VCQkVjd1JUQkRCZ2dyQmdFRkJRY3dBWVkzCmIyTnpjQzUyWlhNdWFXOHZVRkpQUkNBdElGUmxibUZ1ZENCVmMyVnlJRU5sY25ScFptbGpZWFJsSUZKdmIzUWcKUTBFZ0xTQjJNakFOQmdrcWhraUc5dzBCQVFzRkFBT0NBZ0VBMnlZM00rZldLZHpERVo1SWg3UE51bGtZYXpjYwpINnpVM0JnTCtVVG9RSTJqTnd2bW9vcDlEdytWZWlCN3NYVTBwWjVxejZ4WEJSMTFrQTVRZmVZMWNRWEN5Y00vCkRPRE1VUytma2lhNG1uR2pwTnVoYXZuYUVBRGRacEdMUzQwZE9QbWFoT0NjcFBvN0RMNWZIdUJFTmJqZThkUWYKREZOTzNhWkVqcjd6TjZJbncxL0ZTN2VkaXVwR3hmTXhreFN6QWtsVURkM0N5VGp1czdYNzlPM0krS1JDUDQ0bQpyeUNuZnRtdmg2bk5oeU1qdnRxSWoyeXVtNTJUT0dXMW5uWmlmYWhHNEtNd2JGbkI5d3lpS0pIV2tOaFNydUFPCmpKeEgwbEt0N1lKQ0JCS1B6TlBmTVNEN0NudXAxNFBIcFRPQjBtcUxOcEJTVzU4aUlQVzd0d2J2U3VPWWR1b1YKMFFFbktYdUFzbVZwNTZuSTIzSEo0aGF5U0xHZHFTRUNpZmRnZlN3V1pOREZEYUZrZ21ibUZWZWdzR2IyemwvKwpNUVhMc1MreFpNalZ6ZG1kMFBnWmxBNkhodTRVNXA2R3dUMmlWdFZNNlVZUjQwaDdRdXVmaG5uNVpNeStvRUdDCkpwK2JaWXhyck5Gb1lnaEdpN1ZpY0pmbFIwb3B0eGNTc2dJTnVmWlBvR0RVdWMyUHJnVmkzZWtUU2FTRWUrem4KRWo2V0YyTmhjOHJyWW5PWUowRXJ1T1UxU0xmeWJDKzl2eTJaZXJ6LzN6eU5jaGFBVitjenZhdGhUQkJ4ZGxBSwpIaS9iSWhlbGFXWWxxck1tNldvZlp1VHlQbU02NUY5R0oyWXI5NlQrMkRxRCtxbE9zRE5vU1pWcVdZUW9ZcDRlCmQwaUgyL0pGRmdKSFhDZz0KLS0tLS1FTkQgQ0VSVElGSUNBVEUtLS0tLQo=\n    client-key-data: LS0tLS1CRUdJTiBQUklWQVRFIEtFWS0tLS0tCk1JSUpRd0lCQURBTkJna3Foa2lHOXcwQkFRRUZBQVNDQ1Mwd2dna3BBZ0VBQW9JQ0FRQ3RYME42TGJ5cGE4Q2EKeVdjT0luSjR1c2JDc2R2UTlKWnV1OFlLa1RGc0JqRnE3SEZYUHdPSHExUmtGTjMrWGNGUGY3WXFaVWszRDhOYgovUWhjbnNoSGcxa3Z5enEwVFNMUlNpMEdpUktPVVZweTlJV3BOTkxTZC9aOWE4M0Q5eWF6TUVQSWdQdndSU3dFCkh5cTR2aTRUazJLR1ZIa3VSY1dSSXVFdHJCM3hCRTNub2tPRm9VVk5SbmpQUFRwUW5UVkJjbm1wdHdKTGc3dDgKVVNwYkd5Rkl3TmtocmJUOEU0eUU2YUV1OUMwV2t6RHpQV2VkS1BmUWxTelZkNDh1MDAvc05RcUlDQ0x2amVzeQowei9oa3Q3QWR0QWRWUTJDbWRlcnkrQ1NDR2RYemR4bFNKM2dGZFZGaXlZUUpOblhaWFZsK3dRWXBpenJIblJ3CndBUXB0N2x2MVVQWm1kVjlXSDEwUVBHUyt0djFNc1FhcXlQb1RJMXZMM0J2d1JzK1E0MFNkTVNuVXRmd3lNVkgKZkxUSml1Q2hLMlY0dnlwcUNZK1dINVEvRVBvVDVFWjJjc2NVNUd4RXFIcHMwMHBjdXVMdThRa3Y2NmNZU25SbApNQ09vUGhLT2cvK2hYY2NTU3VTQ2xyQlpTcGt2aHNhRjM0ZUM4WExkWElBVnZLZGZEWkxrWTQ4UjJ3bktPa3JjCkNHYnFXcUlySEV5V0l3U3NtOWh0OXJtNjBzNHBxZWpGN3BRMStYR0didE9PcDhMOXpXWWhNQ1RrcmFjempCNmMKWEU4eFhOTVdkdURBT1ZHa2V3dTlFVjhDZ2JQR2lQWjhPRWpmZWdvTno4MTFrcCtsZUZxMUJHZVVGZlRqaVFEcwpDMkdrSFdRRld3OGM2NFZOb1gveW9obmJMb3BVUndJREFRQUJBb0lDQUhpTkh4eGJwUzJoRVNJUUhTcUU1VmZ4CmQ3ZDFlTVdJN1BrK2MreHhIUTVpR0Fhak5nUldlcHZobENLcko5bHhVN04xdURNdWpvUk0zNmljL3kxMzh3ZFcKMjdNUisxWFh0UGdXUGN5bmoxR0tXL3hHN3BIRGV6eUIwZEZRSHBtK3h4Z2QzV1FUM0JzcjNmbFh1cHNQRW5ibQpLc0lCQnVvWDlkSi9rRmZ6c0RZZ3FoTUFqemJoOXBCUENqMy84d2FPNmJNQ2FIcU1HSHB0dFBZeWNlTTdzQjhvCmlWS1R1SjcyOE9TU2wxTlEwZkU2ay9UdW81ZHlIeTdZSzM2YlRlSmZhTmx6NEVqS2I1Qm0vRDR4Q2VCT0FibU8KWkJPaFNtMmZqNG1Ua0NtNjBqRUpvZENEZDlPVEd1THFhS01kSEtSYmxoQTlSSkhuS3FDcVlvanIyM2t1bVM5MgpyNTZ6cHBwZHlmbENaeDZjVHBRRkJFVFRkRlZTSitVL2ltQ2M5WThZSWQySE9ibStxbkVEam1lZXM3Nk83eC9iCk1PR1dqeVFET2lGZ2YzUmVTcnpWcnVNc1RSWnJZdFBKbWo1b3k4MytIL3c2WmxQR3FjaWJFR2xuaDVPak1QdmcKUEVDY2tSdlpCM1Qxb0NPVzVSUHJ4cWpHQko5QXdSeXo4K21MZkZRNWNjVmFubjFjb2EreGRLa2NmdzJ4ZU1vUwpoL3FqVFUvSjkxSjcyMzA0dXB1RzVibXZJUk9TM2JmcnhOMUo1a1JhSm1xU0wrSFlyUmhGTFNFWGQ5TGlCa05DCkI3NElQTTFkVXd1elN6Y2FVRkg0MWtjUUVSUjIyVmpiZS9mbU83T1k0cUM5aTVYQ3NUcTMzUGlJeHJuVlNOY0QKVEhIalQ2ano4bHI5dDNHVTNEOHhBb0lCQVFEY2pTTmo1Sjl0VE9pSWpXU1FTLzZha1FPU2IzbEUvdWtUV1pDcApMMXUvNDkzeStlM0JpdUp6WWR1K012WGlhZzRmY1g1eXhZSEJ5NlhXWDBpb1NpVTdNZlJHc0FEU1Y0R3duRkdmCmI5SzMvb1VXM08zK2MvRE8xWlROS08ycUFpa2RVRGVaUXlNNDlaQlFLc2YzbFpvNTI1V2RYSFludEYyeURvWFEKKzdweUY0cUZob2lyZEx4eHpNUzlvalJGSS9pbi9sRjVnWXArQ2c0QnpvRjZqYmNOS1RJK2V2WEFOcXcrTEh6WAp5OHRZbGFIWTVvU3lhT1A1ZEw1K3cwaWw0elh3L3hHOHVZM3FYWkQrdDROeWZpRno3Z2dwaXBCN08ydjBGeXo4CndwcE92S1hHRXlEbjkxaGdDY3NCVk9LSzVLMERNMFRHTHJXVHEwWW9YQU54WFVnTkFvSUJBUURKUE9DNjA1d1EKd2xUTW1nK1c0U3ZkTjZjWGZDRGlWb3A0NVhmZ2dkVS9PR29Kc0dJdEM4SGRjUnc4WHM5Y3Y4cWRrbHdTa29nRwpLU1R1aXhQV0JrZ2Rad1JVRUlCcFdlWGxtVHVaaTIwQWNXcWk5VzF2bWQ5NFZYbytvMjhZSDBidlYyYXBmQUt5Cmw5bGlBajJqQWJtS2tENG1ibU5mUGJ0cjFnNFRZM2ZRRmhlekVkOW1oMnhqL1VYeVNjaHpjOUZ0dm5LZWhqU2wKMCtDdm5tRHRFUCs0bzVNcWo1Y05NTndMK2NTVFZJLzNlb0lsY2c3UU5NL0J1M1c3VnpPV3JHOUJzdnlWb2h6SApGSVYrZHZJWE9VTFZNUlRTNmV2eG8rZkxXVHdpcUVLbXRqZkhzVndmZC9mdmhTcGdtY3FkNHV4ZW9DVEY2Q0w3Cms3ZGN3R3RxaWtTakFvSUJBUUNQZlV1L0cra1ZaV29NSFdHRjk4dEhxSDBZY21vRmw0cndTZDh5RTF1djlvSmEKS0h5azVNVDdxSGtjdjI3MXhXWTIwdElmdlp2MEI1aDNaanFSTXR3U0xTZnVMV2Y3Y1c4eEJpS2NobFlqMnZXZgpzRkV1c1NQRWpYUm9IZTZ5SXdHNHpvMjlxczVwcW1vZm5oWEhZSStjZ041UUtPMitXenh5TWJ5aUFJU0c0Z1gvClpVM1pydk5EWHFQSmRKUnBQMFB4bUNaTjFSZlRkSnMwVmJRcmxiTzRYa3NRRjFOM29KcGpRUEpnTzNpcXczOHUKN0pyOHIvMVNPTUFQSE9KUSt3Z0hLUXZUS3kzSGd1Um9zK0JUUnZoZ3drYVJNRk5idVljOG9TOWxxdjVWcDZwNgp1Y3M0MzlXaGRmMmJlaXlCak5GN09ZblBIbWlJRUhCdXBaNmZ6TDZwQW9JQkFRQzFvUU80dkN0OUdOak92akpaCjNLdnBnMFNGdHR3N1RSNjRGV3lJTHNiWXc4TTVNWUM2NVlTNXFGQnkwS1BhTTZUZGFXOCt1QkNiZHVGRmlET0UKRmJGYkVGTGd5UEFOcGowUWFLaFpZblVrVkRtS0VYZ1BwVk1FV2luMmhTNU5HRlcreWlUM3pkemxjcGFhbGlrcAppZkg3OVVxVEIwa2JlaTFDSERZaUc4SFZCMHVtclBmMG8wQWFVMHVoYmlURXg0RDd5MHZLZHBqb0h2OEpveW9hCmJpQlFkeHJwN0NYS214SFFvVU5pTW8ycU1XRnNDTEVFRE5hREpmNFI4NWUxWTdjYkZrQlJrYnJsbUVrUXBxekUKZDBNeUJwV2o4OHVvRW1hd3E3N1NEUW56VEQyMk9BZE13OHY4M0RVdWNVQm1GcDErbm8zeUxoMzg4UXNyWk9UTwppVE4vQW9JQkFGNVVDUnVFdzNXbVlHR21iV3QzeVNLVElqb1FpZThwQ29wb2gyMGkyMmowRmg1eVBsZmcvTCtDCnFKNzExYmJja2t4WjkrSkVrc3ZFc2UzRVpkSHVJbGw3RGpzendhZDFJTHhIcmxHaWNjZTIvWVY3ZVJ3aVlDZEIKaWhic0pCOHBWanZsV2Ztd2NOcjJDT21zWkRsZFhGcFp1YkNFaklqUkNaUHVzSFFOT2RZVnpVckcvQzdyRStOTwpyTFp0RWFuSnBGR1pWUUNOTE1vSGJOaE0xSVdGTCtkbnY2dmhQRnVmYmVQKzdpaTZHR2xtZ2h0QlVYYUc0ejZvCkhPV2hxbEIrMExLMkJiaThSMW9wZzd4c0FMalFlamZKN3RRTitrN3JVRERWVkJnTmI2M0VlYkF6bWZaTElkWnIKYkFMU241NDdocitxbVBPR01DdjlkelJ6R29qUXQxVT0KLS0tLS1FTkQgUFJJVkFURSBLRVktLS0tLQo=\n  name: d.garrison@f5.com\n"
            },
            "id": "demo-app-utility/app-kubecfg",
            "metadata": [
              {
                "annotations": {
                  "ves.io/virtual-sites": "demo-app-utility/demo-app-utility-vs"
                },
                "generate_name": "",
                "generation": 0,
                "labels": null,
                "name": "app-kubecfg",
                "namespace": "demo-app-utility",
                "resource_version": "169663056",
                "uid": "0f815283-e2ac-401e-847c-5f00052447aa"
              }
            ]
          },
          "sensitive_attributes": [
            [
              {
                "type": "get_attr",
                "value": "data"
              },
              {
                "type": "index",
                "value": {
                  "value": "kubeconfig",
                  "type": "string"
                }
              }
            ]
          ],
          "private": "bnVsbA==",
          "dependencies": [
            "module.f5xc.volterra_api_credential.app_vk8s_cred",
            "module.f5xc.volterra_api_credential.utility_vk8s_cred",
            "module.f5xc.volterra_namespace.app_ns",
            "module.f5xc.volterra_namespace.utility_ns",
            "module.f5xc.volterra_virtual_k8s.app_vk8s",
            "module.f5xc.volterra_virtual_k8s.utility_vk8s",
            "module.f5xc.volterra_virtual_site.hub",
            "module.f5xc.volterra_virtual_site.spoke",
            "module.f5xc.volterra_virtual_site.utility"
          ]
        }
      ]
    },
    {
      "module": "module.vk8s-utility",
      "mode": "managed",
      "type": "kubernetes_secret_v1",
      "name": "registry-secret",
      "provider": "provider[\"registry.terraform.io/hashicorp/kubernetes\"].utility",
      "instances": [
        {
          "schema_version": 0,
          "attributes": {
            "binary_data": null,
            "data": {
              ".dockerconfigjson": "{\n\t\"auths\": {\n\t\t\"ghcr.io\": {}\n\t},\n\t\"credsStore\": \"osxkeychain\"\n}"
            },
            "id": "demo-app-utility/f5demos-registry-secret",
            "immutable": false,
            "metadata": [
              {
                "annotations": {
                  "ves.io/virtual-sites": "demo-app-utility/demo-app-utility-vs"
                },
                "generate_name": "",
                "generation": 0,
                "labels": null,
                "name": "f5demos-registry-secret",
                "namespace": "demo-app-utility",
                "resource_version": "169663009",
                "uid": "13350dc3-bf6f-4359-9852-6723280896d6"
              }
            ],
            "type": "kubernetes.io/dockerconfigjson"
          },
          "sensitive_attributes": [],
          "private": "bnVsbA==",
          "dependencies": [
            "module.f5xc.volterra_api_credential.utility_vk8s_cred",
            "module.f5xc.volterra_namespace.utility_ns",
            "module.f5xc.volterra_virtual_k8s.utility_vk8s",
            "module.f5xc.volterra_virtual_site.utility"
          ]
        }
      ]
    }
  ],
  "check_results": null
}
