{
  "version": 4,
  "terraform_version": "1.3.7",
  "serial": 48,
  "lineage": "6f8df66c-ca00-5f0a-5d6b-bc6169f03c0f",
  "outputs": {
    "app_url": {
      "value": "https://demoshop.xc.f5demo.net",
      "type": "string"
    }
  },
  "resources": [
    {
      "module": "module.f5xc",
      "mode": "managed",
      "type": "volterra_api_credential",
      "name": "app_vk8s_cred",
      "provider": "provider[\"registry.terraform.io/volterraedge/volterra\"]",
      "instances": [
        {
          "schema_version": 0,
          "attributes": {
            "api_credential_password": null,
            "api_credential_type": "KUBE_CONFIG",
            "data": "YXBpVmVyc2lvbjogdjEKY2x1c3RlcnM6Ci0gY2x1c3RlcjoKICAgIGNlcnRpZmljYXRlLWF1dGhvcml0eS1kYXRhOiBMUzB0TFMxQ1JVZEpUaUJEUlZKVVNVWkpRMEZVUlMwdExTMHRDazFKU1VaR2FrTkRRWFkyWjBGM1NVSkJaMGxTUVVwRmNrTkZjbEJFUW1sdVZTOWlWMHhwVjI1WU1XOTNSRkZaU2t0dldrbG9kbU5PUVZGRlRFSlJRWGNLVkhwRlRFMUJhMGRCTVZWRlFtaE5RMVpXVFhoTFZFRnVRbWRPVmtKQmIxUkpSV3gxWkVkV2VXSnRWakJKUms1c1dUTldlV0ZZVWpWSlJrcHNZekpXYUFwamJVNXZTVVZrZVdJelZuZE5VbFYzUlhkWlJGWlJVVVJGZDNoS1ZURktTRWxHU25aaU0xRm5WMFJGZDBob1kwNU5ha0YzVDFSQk1FMUVRWGROUkVGM0NsZG9ZMDVOYWxWM1QxUkZNVTFVV1hkTlJFRjNWMnBCZVUxUmMzZERVVmxFVmxGUlIwVjNTbFpWZWtWWFRVSlJSMEV4VlVWRGFFMU9WRWRXTUVvelRXY0tVbGMxYW1OdWJIZGtSRVZNVFVGclIwRXhWVVZCZUUxRFZXcE5kMmRuUldsTlFUQkhRMU54UjFOSllqTkVVVVZDUVZGVlFVRTBTVUpFZDBGM1oyZEZTd3BCYjBsQ1FWRkROMEZvVlc5NlVHRm5iRTVOVUVWMWVVNVdXa3hFSzBsTWVHMWhXalpSYjJsdVdGTmhjWFJUZFRWNFZYbDRjalExY2l0WVdFbHZPV05RQ2xJMVVWVldWRlpZYWtvMmIyOXFhMW81V1VrNFVYRnNUMkoyVlRkM2VUZGlhbU5EZDFoUVRscFBUMlowZWpKdWQxZG5jMkoyYzBOVlNrTlhTQ3RxWkhnS2MzaFFia2hMZW1odEt5OWlOVVIwUmxWclYxZHhZMFpVZW1wVVNWVjFOakZ5ZFRKUU0yMUNkelJ4VmxWeE4xcDBSSEJsYkZGRVVuSkxPVTg0V25WMGJRcE9TSG8yWVRSMVVGWjViVm9yUkVGWVdHSndlV0l2ZFVKNFlUTlRhR3huT1VZNFptNURZblo0U3k5bFJ6Tk5TR0ZqVmpOVlVuVlFUWEpUV0VKcFRIaG5DbG96Vm0xekwwVlpPVFpLWXpWc1VDOVBiMmt5VWpaWUwwVjRhbkZ0UVd3elVEVXhWQ3RqT0VJMVpsZHRZMEpqVlhJeVQyc3ZOVzE2YXpVelkxVTJZMGNLTDJ0cFJraGhSbkJ5YVZZeGRYaFFUVlZuVURFM1ZrZG9hVGx6VmtGblRVSkJRVWRxWjJkRlNVMUpTVUpDUkVGUFFtZE9Wa2hST0VKQlpqaEZRa0ZOUXdwQldWbDNTRkZaUkZaU01HeENRbGwzUmtGWlNVdDNXVUpDVVZWSVFYZEpSME5EYzBkQlVWVkdRbmROUWsxQ1NVZEJNVlZrUlhkRlFpOTNVVWxOUVZsQ0NrRm1PRU5CVVVGM1NGRlpSRlpTTUU5Q1FsbEZSa0pSZFhONFpUTlhSbUpNY214QlNsRlBXV1p5TlRKTVJrMU1SMDFDT0VkQk1WVmtTWGRSV1UxQ1lVRUtSa2h0TUZkbFdqZDBkVmhyUVZoUFFVTkpha2xIYkdveU5scDBkVTFFU1VkRFEzTkhRVkZWUmtKM1JVSkNRMWwzU2tSQmFVSm5aM0pDWjBWR1FsRmpkd3BCYjFsWFlVaFNNR05FYjNaTU0yZDRURzFyZFdKSFZuVlpNMGwxWWpOS2JreDZRVzVDWjA1V1NGSTRSVWxFUVdWTlFubG5SM0ZCV1dob1dtOWtTRkozQ2s5cE9IWmxSRVYxV1hrMWMxcFhOV3BqYVRWMlkyMWpkazFEU1VkQk1WVmtTVUZSWWsxQ2EzZERRVmxIV2pSRlRVRlJTVUpOUVRCSFEzbHpSMEZSVVVJS1ozUTRWRUZSUlVKTlFUQkhRMU54UjFOSllqTkVVVVZDUTNkVlFVRTBTVU5CVVVOR2VXczFTRkJ4VUROb1ZWTkdkazVXYm1WTVMxbFpOakV4VkZJMlZ3cFFWRTVzWTJ4UmRHZGhSSEYzS3pNMFNVdzVabnBNWkhkQlRHUjFUeTlhWld4T04ydEpTaXR0TnpSMWVVRXJaV2wwVWxrNGEyTTJNRGRVYTBNMU0zZHNDbWxyWm0xYVZ6UXZVblpVV2poTk5sVkxLelZWZW1oTE9HcERaRXgxVFVkWlREWkxkbnBZUjFKVFoya3plVXhuYW1WM1VYUkRVR3RKVm5vMlJESlJVWG9LUTJ0amFHVkJiVU5LT0UxeGVVcDFOWHBzZW5sYVRXcEJkbTV1UVZRME5YUlNRWGhsYTNKemRUazBjMUUwWldka1VrTnVZbGRUUkhSWk4ydG9LMEpKYlFwc1NrNVliMEl4YkVKTlJVdEpjVFJSUkZWUFdHOVNaMlptZFVSbmFHcGxNVmR5UnpsTlRDdElZbWx6Y1M5NVJrOUhkMWhFT1ZKcFdEaEdObk4zTmxjMENtRjJRWFYyUkhONmRXVTFURE56ZWpnMVN5dEZRelJaTDNkR1ZrUk9kbHB2TkZSWldHRnZObG93Wml0c1VVdGpNSFE0UkZGWmVtc3hUMWhXZFRoeWNESUtlVXBOUXpaaGJFeGlRbVpQUkVGTVduWlpTRGR1TjJSdk1VRmFiSE0wU1Rsa01WQTBhbTVyUkhKUmIzaENNMVZ4VVRsb1Ztd3pURVZMVVRjemVFWXhUd3A1U3pWSGFFUkVXRGh2Vm1aSFMwWTFkU3RrWldOSmMwZzBXV0ZVZHpkdFVETkhSbmhLVTNGMk15c3diRlZHU205cE5VeGpOV1JoTVRRNWNEa3dTV1J6Q21oRFJYaHliMHd4S3pkdGNubEphMWhRWlVaTk5WUm5Uemx5TUhKMldtRkNSazkyVmpKNk1HZHdNelZhTUN0TU5GZFFiR0oxUldwT0wyeDRVRVpwYmlzS1NHeFZhbkk0WjFKelNUTnhaa3BQVVVaNUx6bHlTMGxLVWpCWkx6aFBiWGQwTHpodlZGZG5lVEZ0WkdWSWJXMXFhemRxTVc1WmMzWkRPVXBUVVRaYWRncE5iR1JzVkZSTFFqTjZhRlJvVmpFcldGZFpjRFp5YW1RMVNsY3hlbUpXVjBWclRFNTRSVGRIU2xSb1JWVkhNM042WjBKV1IxQTNjRk5YVkZWVWMzRllDbTVNVW1KM1NFOXZjVGRvU0hkblBUMEtMUzB0TFMxRlRrUWdRMFZTVkVsR1NVTkJWRVV0TFMwdExRb3RMUzB0TFVKRlIwbE9JRU5GVWxSSlJrbERRVlJGTFMwdExTMEtUVWxKUm1GNlEwTkJNVTluUVhkSlFrRm5TVkpCU1VsUmVqZEVVMUZQVGxwU1IxQm5kVEpQUTJsM1FYZEVVVmxLUzI5YVNXaDJZMDVCVVVWTVFsRkJkd3BVZWtWTVRVRnJSMEV4VlVWQ2FFMURWbFpOZUV0VVFXNUNaMDVXUWtGdlZFbEZiSFZrUjFaNVltMVdNRWxHVG14Wk0xWjVZVmhTTlVsR1NteGpNbFpvQ21OdFRtOUpSV1I1WWpOV2QwMVNWWGRGZDFsRVZsRlJSRVYzZUVwVk1VcElTVVpLZG1JelVXZFhSRVYzU0doalRrMVVWWGRPYWtFd1RWUkZkMDVFVFRRS1YyaGpUazE2VlhkT2FrRXdUVlJGZDA1RVRUUlhha0pRVFZGemQwTlJXVVJXVVZGSFJYZEtWbFY2UlhCTlEyTkhRVEZWUlVOb1RXZFRWelV3V2xoS2RRcGFXRkZuVlRKV2FtUllTbkJrU0d0blZXMVdlbHBYUm5sWk1tZG5Vak5LZG1SWVFYaEdWRUZVUW1kT1ZrSkJUVlJFUld4VVZXdGpaMVZ0T1haa1EwSlpDazFVUTBOQmFVbDNSRkZaU2t0dldrbG9kbU5PUVZGRlFrSlJRVVJuWjBsUVFVUkRRMEZuYjBOblowbENRVXN6YjBwSVVEQkdSR1o2YlRVMGNsWjVaMk1LYURjM1kzUTVPRFJyU1hoMVVFOWFXRzlJYWpOa1kwdHBMM1pXY1dKMldVRlVlV3BpTTIxcFIySkZVMVIwY2tacUwxSlJVMkUzT0dZd2RXOTRiWGxHS3dvd1ZFMDRkV3RxTVROWWJtWnpOMm92UlhaRmFHMXJka0pwYjFwNFlWVndiVnB0ZVZCbWFuaDNkall3Y0VsbllubzFUVVJ0WjBzM2FWTTBLek50V0RaVkNrRTFMMVJTTldRNGJWVm5hbFVyWnpSeWF6aExZalJOZFRCVmJGaHFTVUl3ZEhSdmRqQkVhVTVsZDA1M1NWSjBNVGhxUVRncmJ5dDFNMlJ3YW5FcmMxY0tWRGhMVDBWVmRDdDZkM1p2THpkV00weDJVM2xsTUhKblZFSkpiRVJJUTA1QmVXMW5ORlpOYXpkQ1VGbzNhRzB2UlV4T1MycEVLMHB2TWtaU00zRjVTQXBDTlZRd1dUTkljMHgxU25aWE5XbENORmxzWTA1SWJITmtkVGczYTBkS05UVjBkV3R0YVRodGVHUkJVVFJSTjJVeVVrTlBSbloxTXprMmFqTjRLMVZEQ2tJMWFWQk9aMmxXTlN0Sk0yeG5NREprV2pjM1JHNUxlRWhhZFRoQkwyeEtRbVJwUWpOUlZ6QkxkRnBDTm1GM1FtUndWVXRFT1dwbU1XSXdVMGg2VlhZS1MwSmtjekJ3YWtKeFFXeHJaREkxU0U0M2NrOXlSbXhsWVVveEwyTjBZVXA0VVZwQ1MxUTFXbEIwTUcwNVUxUktSV0ZrWVc4d2VFRklNR0ZvYldKWGJncFBiRVoxYUdwMVpXWllTMjVGWjFZMFYyVXdLMVZZWjFaRGQwOVFhbVJCZGtKaVNTdGxNRzlqVXpOTlJrVjJla2MyZFVKUlJUTjRSR3N6VTNwNWJsUnVDbXBvT0VKRFRrRjNNVVowZUU1eVVVaDFjMFYzVFVaNFNYUTBTVGR0UzFvNVdVbHhhVzk1YlVONlRIRTVaM2RSWW05dlRVUlJZVWhYUW1aRlluZHlZbmNLY1VoNVIwOHdZVzlUUTNGSk0waGhZV1J5T0daaGNWVTVSMWt2Y2s5UVRtc3pjMmR5UkZGdmJ5OHZabUkwYUZaRE1VTk1VVW94TTJobFpqUlpOVE5EU1FweVZUZHRNbGx6Tm5oME1HNVZWemN2ZGtkVU1VMHdUbEJCWjAxQ1FVRkhhbEZxUWtGTlFUUkhRVEZWWkVSM1JVSXZkMUZGUVhkSlFrSnFRVkJDWjA1V0NraFNUVUpCWmpoRlFsUkJSRUZSU0M5TlFqQkhRVEZWWkVSblVWZENRbEkxZEVadWJXVTNZbXcxUVVaNlowRnBTWGxDY0ZrNWRXMWlZbXBCVGtKbmEzRUthR3RwUnpsM01FSkJVWE5HUVVGUFEwRm5SVUZXVWpsWmNXSjVlWEZHUkZGRVRFaFpSMjFyWjBwNWEwbHlSMFl4V0Vsd2RTdEpUR3hoVXk5V09XeGFUQXAxWW1oNlJVWnVWRWxhWkNzMU1IaDRLemRNVTFsTE1EVnhRWFp4Um5sR1YyaG1SbEZFYkc1eWVuVkNXalppY2twR1pTdEhibGtyUldkUVltczJXa2RSQ2pOQ1pXSlphSFJHT0VkaFZqQnVlSFozZFc4M04zZ3ZVSGs1WVhWS0wwZHdjMDFwZFM5WU1TdHRkbTlwUWs5Mkx6SllMM0ZyVTNOcGMxSmpUMm92UzBzS1RrWjBXVEpRZDBKNVZsTTFkVU5pVFdsdlozcHBWWGQwYUVSNVF6TXJObGRXZDFjMlRFeDJNM2hNWmtoVWFuVkRkbXBJU1VsdVRucHJkRWhEWjB0Uk5RcFBVa0Y2U1RSS1RWQktLMGR6YkZkWlNHSTBjR2h2ZDJsdE5UZHBZWHAwV0U5dlNuZFVaSGRLZURSdVRFTm5aRTVpVDJoa2FuTnVkbnB4ZGtoMU4xVnlDbFJyV0ZkVGRFRnRlazlXZVhsbmFIRndXbGhxUm1GSU0zQlBNMHBNUml0c0t5OHJjMHRCU1hWMmRHUTNkU3RPZUdVMVFWY3dkMlJsVW14T09FNTNaRU1LYWs1UVJXeHdlbFp0WWxWeE5FcFZZV2RGYVhWVVJHdEllbk40U0hCR1MxWkxOM0UwS3pZelUwMHhUamsxVWpGT1ltUlhhSE5qWkVOaUsxcEJTbnBXWXdwdmVXa3pRalF6Ym1wVVQxRTFlVTltS3pGRFkyVlhlRWN4WWxGV2N6VmFkV1p3YzAxc2FuRTBWV2t3THpGc2RtZ3JkMnBEYUZBMGEzRkxUMG95Y1hoeENqUlNaM0Z6WVdoRVdWWjJWRWc1ZHpkcVdHSjVUR1ZwVG1Sa09GaE5NbmM1VlM5ME4za3dSbVl2T1hscE1FZEZORFJhWVRSeVJqSk1UamxrTVRGVVVFRUtiVkpIZFc1VlNFSmpibGRGZG1kS1FsRnNPVzVLUldsVk1GcHpiblpuWXk5MVltaFFaMWhTVWpSWWNUTTNXakJxTkhJM1p6RlRaMFZGZW5kNFFUVTNaQXBsYlhsUWVHZGpXWGh1TDJWU05EUXZTMG8wUlVKeksyeFdSRkl6ZG1WNVNtMHJhMWhST1RsaU1qRXZLMnBvTlZodmN6RkJibGcxYVVsMGNtVkhRMk05Q2kwdExTMHRSVTVFSUVORlVsUkpSa2xEUVZSRkxTMHRMUzBLTFMwdExTMUNSVWRKVGlCRFJWSlVTVVpKUTBGVVJTMHRMUzB0Q2sxSlNVZEZla05EUVM5MVowRjNTVUpCWjBsUlpsWjBVa3B5VWpKMWFFaGlaRUpaVEhaR1RVNXdla0ZPUW1kcmNXaHJhVWM1ZHpCQ1FWRjNSa0ZFUTBJS2FVUkZURTFCYTBkQk1WVkZRbWhOUTFaV1RYaEZla0ZTUW1kT1ZrSkJaMVJEYXpWc1pIbENTMXBZU25wYVdHdDRSa1JCVTBKblRsWkNRV05VUXpCd2JBcGpiazVzWlZOQ1JHRllValZOVWpSM1NFRlpSRlpSVVV0RmVGWlZZVWRWWjFaV1RrWlZiRkpUVmxaT1ZVbEZOV3hrU0dSMlkyMXplRXhxUVhOQ1owNVdDa0pCVFZSS1ZsWlVVbFpLVldOdVZucGtRMEpUVlRCRloxRXlWbmxrUjJ4dFlWZE9hR1JIYkhaaWFVSkNaRmhTYjJJelNuQmtTR3QzU0doalRrMVVaM2dLVFZSQmVVMUVRWGROUkVGM1YyaGpUazE2UVhoTmFrMTRUV3BOTVU5VVZUVlhha05DYW5wRlRFMUJhMGRCTVZWRlFtaE5RMUl3U1hoSGVrRmFRbWRPVmdwQ1FXZFVSV3RrZVZwWFJqQmFXRWxuVkZkR2RWa3lhR3hqTTFKc1kycEZVVTFCTkVkQk1WVkZRbmhOU0ZVeVJuTmFiVGw1V2tSRldVMUNXVWRCTVZWRkNrTm9UVkJWTWxacVpFZHNibUo1UWsxaFZ6RndaRWRXYTAxVVkzZE9VVmxFVmxGUlJFVjVOVlJhVjA0d1lWZGtka2xHU2xSUlUwSkZZakl4YUdGWE5HY0tWbTFHYzJGWFVtaGtSMngyWW1sQ1ZGcFhUakZqYlZWblZUSldlV1J0Vm5sSlJVNUNUVWxKUWtscVFVNUNaMnR4YUd0cFJ6bDNNRUpCVVVWR1FVRlBRd3BCVVRoQlRVbEpRa05uUzBOQlVVVkJNVzVOZWpGMFl6aEpUa0ZCTUdoa1JuVk9XU3RDTmtrdmVEQklkVTFxUkVwelIzbzVPVW92VEVWd1oxQk1WQ3RPQ2xSUlJVMW5aemhZWmpKSmRUWmlhRWxsWm5OWFp6QTJkREY2U1d4ck4yTklkamRzVVZBMmJFMTNNRUZ4TmxSdUx6SlpTRXRJZUZsNVVXUnhRVXB5YTJvS1pXOWpaMGgxVUM5SlNtODRiRlZTZG1nelZVZHJSVU13VFhCTlYwTlNRVWxKZWpkVE0xbGpVR0l4TVZKR1IyOUxZV05XVUVGWVNuQjZPVTlVVkVjd1JRcHZTMDFpWjI0MmVHMXliblI0V2pkR1RqTnBabTFuWnpBck1WbDFWMDFSU2tSbldtdFhOM2N6TTFCSFprdEhhVzlXY2tOVGJ6RjVablUwYVZsRFFuTnJDa2hoYzNkb1lUWjJjME0yWldWd00wSjNSVWxqTkdkTWR6WjFRa3N3ZFN0UlJISlVRbEZDWW5kaU5GWkRVMjFVTTNCRVEyY3ZjamgxYjNsa1lXcHZkRmtLZFVzelJFZFNaVVZaS3pGMlZuWXlSSGt5UVRCNFNGTXJOWEF6WWpSbFZHeDVaM2htUmxGSlJFRlJRVUp2TkVsQ1ltcERRMEZYYjNkSWQxbEVWbEl3YWdwQ1FtZDNSbTlCVlZVemJTOVhjVzl5VTNNNVZXZFBTRmx0T0VOa09ISkpSRnB6YzNkSVVWbEVWbEl3VDBKQ1dVVkdTVEpOV0hOU1ZYSlpjbWhrSzIxaUNpdGFjMFkwWW1kQ2FsZElhRTFCTkVkQk1WVmtSSGRGUWk5M1VVVkJkMGxDYUdwQlUwSm5UbFpJVWsxQ1FXWTRSVU5FUVVkQlVVZ3ZRV2RGUVUxQ01FY0tRVEZWWkVwUlVWZE5RbEZIUTBOelIwRlJWVVpDZDAxQ1FtZG5ja0puUlVaQ1VXTkVRV3BCWWtKblRsWklVMEZGUmtSQlUwMUJXVWRDUmxWa1NVRkJkd3BEUVZsSFdqUkZUVUZSU1VKTlJrRkhRVEZWWkVoM1VrcE5SV04zVW1GQ1JHOUZSMGRRTW1nd1pFaEJOa3g1T1dwamJYZDFaRmhPYkdOdVVubGtXRTR3Q2t4dFRuWmlVemxXVlRCV1UxWklTakZqTTFKVFZUQkdSRnBZU2pCaFYxcHdXVEpHTUdGWE9YVlJXRll3WVVjNWVXRllValZNYlU1NVlrUkNNa0puWjNJS1FtZEZSa0pSWTBKQlVWSnhUVWRuZDFCM1dVbExkMWxDUWxGVlNFMUJTMGROTW1nd1pFaEJOa3g1T1dwamJsRjFaRmhPYkdOdVVubGtXRTR3VEcxT2RncGlVemxXVlRCV1UxWklTakZqTTFKVFZUQkdRbHBIVWxWamJsWjZaRVZPUWt4dFRubGtSRUZzUW1kbmNrSm5SVVpDVVdOM1FWbFpXbUZJVWpCalJHOTJDa3d5T1dwak0wRjFaRmhPYkdOdVVubGtXRTR3VEcxT2RtSlVRVTVDWjJ0eGFHdHBSemwzTUVKQlVYZEdRVUZQUTBGblJVRk5jamxvZGxFMVNYY3dMMGdLZFd0a1RpdEtlRFJIVVVoalJYZ3lRV0l2ZWtSalRGSlRiV3BGZW0xc1pGTXJla2RsWVRaVWRsWkxjVXBxVlVGWVlWQm5Va1ZJZWxONWNraDRWbGxpU0FvM2NrMHlhMWxpTWs5V1J5OVNjamhRYjB4eE1Ea3pOVXA0UTI4eVJqVTNhMkZFYkRaeU5WSlBWbTByZVdWNmRTOURiMkU1ZW1OV00waEJUelJQVEVkcENrZ3hPU3N5TkhKalVtdHBNbUZCY2xCemNsY3dOR3BVYTFvMmF6UmFaMnhsTUhKcU9HNVRaelpHTUVGdWQyNUtUMHRtTUdoUVNIcFFSUzkxVjB4TlZYZ0tVbEF3VkRka1YySnhWMnh2WkRONmRUUm1LMnNyVkZrMFEwWk5OVzl2VVRCdVFtNTZkbWMyY3pGVFVUTTJlVTl2WlU1RVZEVXJLMU5TTWxKcFQxTk1kZ3A0ZG1OU2RtbExSbmh0V2tWS1EyRlBSVVJMVG5sS1QzVkNOVFpFVUdrdldpdG1Wa2RxYlU4cmQyVmhNRE5MWWs1SllXbEhRM0JZV2t4dlZXMUhkak00Q25OaVdsaFJiVEpXTUZSUU1rOVNVVWRuYTBVME9WazVXVE5KUW1Kd1RsWTViRmhxT1hBMWRpOHZZMWR2WVdGemJUVTJaV3RDV1dSaWNXSmxORzk1UVV3S2JEWnNSbWhrTW5wcEsxZEtUalEwY0VSbWQwZEdMMWswVVVFMVF6VkNTVWNyTTNaNmVHaEdiMWwwTDJwdFVGRlVNa0pXVUdrM1JuQXlVa0puZGtkUmNRbzJha2N6TlV4WGFrOW9VMkpLZFUxTVpTOHdRMnB5WVZwM1ZHbFlWMVJpTW5GSVUybG9jbHBsTmpoYWF6WnpLMmR2TDJ4MWJuSnZkRVZpWVVkdFFXaFpDa3hqYlhOS1YxUjVXRzVYTUU5TlIzVm1NWEJIWnl0d1VubHlZbmh0VWtVeFlUWldjV1U0V1VGelQyWTBkbTFUZVhKamFrTTRZWHBxVldWeGEyc3JRalVLZVU5SFFsRk5hMHRYSzBWVFVFMUdaMHQxVDFoM1NXeERlWEJVVUZKd1oxTmhZblZaTUUxTVZFUllTa3hTTWpkc2F6aFJlVXRIVDBoUksxTjNUV28wU3dvd01IVXZTVFZ6VlV0VlJYSnRaMUZtYTNremVIaDZiRWxRU3pGaFJXNDRQUW90TFMwdExVVk9SQ0JEUlZKVVNVWkpRMEZVUlMwdExTMHRDaTB0TFMwdFFrVkhTVTRnUTBWU1ZFbEdTVU5CVkVVdExTMHRMUXBOU1VsR00ycERRMEU0WVdkQmQwbENRV2RKVVVGbU1YUk5VSGxxZVd4SGIwYzNlR3RFYWxWRVRGUkJUa0puYTNGb2EybEhPWGN3UWtGUmQwWkJSRU5DQ21sRVJVeE5RV3RIUVRGVlJVSm9UVU5XVmsxNFJYcEJVa0puVGxaQ1FXZFVRMnMxYkdSNVFrdGFXRXA2V2xocmVFWkVRVk5DWjA1V1FrRmpWRU13Y0d3S1kyNU9iR1ZUUWtSaFdGSTFUVkkwZDBoQldVUldVVkZMUlhoV1ZXRkhWV2RXVms1R1ZXeFNVMVpXVGxWSlJUVnNaRWhrZG1OdGMzaE1ha0Z6UW1kT1ZncENRVTFVU2xaV1ZGSldTbFZqYmxaNlpFTkNVMVV3UldkUk1sWjVaRWRzYldGWFRtaGtSMngyWW1sQ1FtUllVbTlpTTBwd1pFaHJkMGhvWTA1TlZFRjNDazFxUVhoTlJFRjNUVVJCZDFkb1kwNU5lbWQzVFZSRk5FMXFUVEZQVkZVMVYycERRbWxFUlV4TlFXdEhRVEZWUlVKb1RVTldWazE0UlhwQlVrSm5UbFlLUWtGblZFTnJOV3hrZVVKTFdsaEtlbHBZYTNoR1JFRlRRbWRPVmtKQlkxUkRNSEJzWTI1T2JHVlRRa1JoV0ZJMVRWSTBkMGhCV1VSV1VWRkxSWGhXVlFwaFIxVm5WbFpPUmxWc1VsTldWazVWU1VVMWJHUklaSFpqYlhONFRHcEJjMEpuVGxaQ1FVMVVTbFpXVkZKV1NsVmpibFo2WkVOQ1UxVXdSV2RSTWxaNUNtUkhiRzFoVjA1b1pFZHNkbUpwUWtKa1dGSnZZak5LY0dSSWEzZG5aMGxwVFVFd1IwTlRjVWRUU1dJelJGRkZRa0ZSVlVGQk5FbERSSGRCZDJkblNVc0tRVzlKUTBGUlEwRkZiVlZZVG1jM1JESjNhWG93UzNoWVJGaGlkSHBUWmxSVVN6RlJaekpJYVhGcFFrNURVekZyUTJSNlQybGFMMDFRWVc1ek9YTXZRZ296VUVoVWMyUmFOMDU1WjFKTE1HWmhUMk5oT0U5b2JUQllObUU1WmxveWFsa3dTekprZGt0d1QzbDFVaXRQU25Zd1QzZFhTVXBCU2xCMVRHOWtUV3RaQ25SS1NGVlpiVlJpWmpaTlJ6aFpaMWxoY0VGcFVFeDZLMFV2UTBoR1NIWXlOVUlyVHpGUFVsSjRhRVp1VW1kb1VuazBXVlZXUkNzNFRTODFLMkpLZWk4S1JuQXdXWFpXUjA5T1lXRnVXbk5vZVZvNWMyaGFja2hWYlROblJIZEdRVFkyVFhwM00weDVaVlJRTm5aQ1dsa3hTREZrWVhRdkwwOHJWREl6VEV4aU1ncFdUak5KTlhoSk5sUmhOVTFwY21SamJYSlRNMGxFTTB0bWVVa3djbTQwTjJGSFdVSlNUMk5DVkd0YVZHMTZUbWM1TlZNclZYcGxVV013VUhwTmMwNVVDamM1ZFhFdmJsSlBZV05rY21wSFExUXpjMVJJUkU0dmFFMXhOMDFyZW5SU1pVcFdibWtyTkRsV2RqUk5NRWRyVUVkM0wzcEtVMXB5VFRJek0ySnJaallLWXpCUWJHWm5ObXhhY2tWd1prUkxSVmt4VjBwNFFUTkNhekZSZDBkU1QzTXdNekF6Y0N0MFpFOXRkekZZVG5SQ01YaE1ZWEZWYTB3ek9XbEJhV2R0VkFwWmJ6WXhXbk00YkdsTk1rVjFURVV2Y0VSclVESlJTMlUyZUVwTmJGaDZlbUYzVjNCWWFHRkVla3hvYmpSMVoxUnVZM2hpWjNST1RYTXJNV0l2T1Rkc0NtTTJkMnBQZVRCQmRucFdWbVJCYkVveVJXeFpSMjRyVTA1MVdsSnJaemQ2U200d1kxUlNaVGg1WlhoRVNuUkRMMUZXT1VGeFZWSkZPVXB1YmxZMFpXVUtWVUk1V0ZaTFp5c3ZXRkpxVERkR1VWcFJibTFYUlVsMVVYaHdUWFJRUVd4U01XNDJRa0kyVkRGRFdrZFRiRU5DYzNRMksyVk1aamhhZUZob2VWWmxSUXBJWnpscU1YVnNhWFYwV21aV1V6ZHhXRTFaYjBOQlVXeFBZbWRQU3padWVWUktZMk5DZWpoT1ZYWllkRGQ1SzBORWQwbEVRVkZCUW04d1NYZFJSRUZrQ2tKblRsWklVVFJGUm1kUlZWVXpiUzlYY1c5eVUzTTVWV2RQU0ZsdE9FTmtPSEpKUkZwemMzZEVaMWxFVmxJd1VFRlJTQzlDUVZGRVFXZEZSMDFCT0VjS1FURlZaRVYzUlVJdmQxRkdUVUZOUWtGbU9IZEVVVmxLUzI5YVNXaDJZMDVCVVVWTlFsRkJSR2RuU1VKQlJucFZaa0V6VURsM1JqbFJXbXhzUkVoUVJncFZjQzlNSzAwcldrSnVPR0l5YTAxV2JqVTBRMVpXWlZkR1VFWlRVRU5sU0d4RGFuUkllbTlDVGpaS01pOUdUbEYzU1ZOaWVHMTBUM1Z2ZDJoVU5rdFBDbFpYUzFJNE1tdFdNa3g1U1RRNFUzRkRMek4yY1U5c1RGWlRiMGRKUnpGV1pVTnJXamRzT0hkWVJYTnJSVlpZTDBwS2NIVllhVzl5TjJkMFRtNHpMek1LUVZScFZVWktWa1JDZDI0M1dVdHVkVWhMYzFOcVMwTmhXSEZsV1dGc2JIUnBlamhKS3pocVVsSmhPRmxHVjFOUlJXYzVla3RETjBZMGFWSlBMMFpxY3dvNFVGSkdMMmxMZWpaNUswOHdkR3hHV1ZGWVFtd3lLMjlrYmt0UWFUUjNNbkkzT0U1Q1l6VjRhbVZoYldKNE9YTndia1pwZUdScVVXY3pTVTA0VjJOU0NtbFJlV05GTUhoNVRrNHJPREZZU0daeGJraGtOR0pzYzJwRWQxTllWMWhoZGxaalUzUnJUbkl2SzFobFZGZFpVbFZqSzFweWRYZFlkSFZvZUd0WmVtVUtVMlkzWkU1WVIybEdVMlZWU0UwNWFEUjVZVGRpTms1dVNsTkdaRFYwTUdSRGVUVnZSM3AxUTNJcmVVUmFORmhWYlVaR01ITmliVnBuU1c0dlpqTm5XZ3BZU0d4TFdVTTJVMUZMTlUxT2VXOXplV05rYVhsQk5XUTVlbHBpZVhWQmJFcFJSekF6VW05SWJraGpRVkE1UkdNeFpYYzVNVkJ4TjFBNGVVWXhiVGt2Q25GVE0yWjFVVXd6T1ZwbFlYUlVXR0YzTW1WM2FEQnhjRXRLTkdwcWRqbGpTakoyYUhORkwzcENLelJCVEhSU1dtZzRkRk5SV2xoeE9VVm1XRGR0VWtJS1ZsaDVUbGRSUzFZelYwdGtkM0p1ZFZkcGFEQm9TMWRpZERWRVNFUkJabVk1V1dzeVpFUk1WMHROUjNkelFYWm5ia1Y2UkVoT1lqZzBNbTB4VWpCaFFncE1Oa3REY1RsT2FsSklSRVZxWmpoMFRUZHhkR296ZFRGalNXbDFVR2h1VUZGRGFsa3ZUV2xSZFRFeVdrbDJWbE0xYkdwR1NEUm5lRkVyTmtsSVpHWkhDbXBxZUVSaGFESnVSMDQxT1ZCU1luaFpkbTVMYTB0cU9Rb3RMUzB0TFVWT1JDQkRSVkpVU1VaSlEwRlVSUzB0TFMwdENnb0sKICAgIHNlcnZlcjogaHR0cHM6Ly9mNS1iZC5jb25zb2xlLnZlcy52b2x0ZXJyYS5pby9hcGkvdms4cy9uYW1lc3BhY2VzL2RlbW8tYXBwL2RlbW8tYXBwLXZrOHMKICBuYW1lOiBkZW1vLWFwcC12azhzCmNvbnRleHRzOgotIGNvbnRleHQ6CiAgICBjbHVzdGVyOiBkZW1vLWFwcC12azhzCiAgICBuYW1lc3BhY2U6IGRlbW8tYXBwCiAgICB1c2VyOiBkLmdhcnJpc29uQGY1LmNvbQogIG5hbWU6IGRlbW8tYXBwLXZrOHMKY3VycmVudC1jb250ZXh0OiBkZW1vLWFwcC12azhzCmtpbmQ6IENvbmZpZwpwcmVmZXJlbmNlczoge30KdXNlcnM6Ci0gdXNlcjoKICAgIGNsaWVudC1jZXJ0aWZpY2F0ZS1kYXRhOiBMUzB0TFMxQ1JVZEpUaUJEUlZKVVNVWkpRMEZVUlMwdExTMHRDazFKU1VZdmVrTkRRU3RsWjBGM1NVSkJaMGxTUVZCT1dqZEtiR0ZPZVN0dFJXNVJVbTk1TDBGVVFYTjNSRkZaU2t0dldrbG9kbU5PUVZGRlRFSlJRWGNLWjJKWmVFTjZRVXBDWjA1V1FrRlpWRUZzVmxSTlVrMTNSVkZaUkZaUlVVbEZkM0JFV1ZkNGNGcHRPWGxpYld4b1RWSlJkMFZuV1VSV1VWRklSWGQwVkFwWlZ6VXdXVk5DUkdKSFJubFpWRVZtVFVJd1IwRXhWVVZEYUUxWFZtMDVjMlJIVm5samJVVm5VbGRTYmxwVFFsUmFXRW95WVZkT2JHTjZSV2ROUWpSSENrRXhWVVZEZUUxWVUxYzFiV050Um5wa1NFb3hXVE5TTVdOdFZXZFZNbFpxWkZoS2NHUklhM2hQVkVFelFtZE9Wa0pCVFZSTlJrSlRWREJSWjB4VFFsVUtXbGMxYUdKdVVXZFdXRTVzWTJsQ1JGcFlTakJoVjFwd1dUSkdNRnBUUWtwak0wNHhZVmMxYmtsRlRrSkpRekJuWkdwSmRVMVVRV1ZHZHpCNVRYcEJlZ3BOVkdkNFRucE5NMDFFVm1GR2R6QjVUWHBCTWsxVVZYaE9lazB6VFVSV1lVMUROSGhGVkVGUVFtZE9Wa0pCYjFSRFNGcDJZa2hTYkdOdVNtaE5VbXQzQ2taM1dVUldVVkZFUlhoQ1ZsVXdWbE5NVlU1R1ZXeFNTbEpyYkVSUlZsSkdUVWxKUTBscVFVNUNaMnR4YUd0cFJ6bDNNRUpCVVVWR1FVRlBRMEZuT0VFS1RVbEpRME5uUzBOQlowVkJkMVpWU1hwbmFHczBTRVIzV2xsSVlubFVVbnBTYUhvcllUaE5ibEE1VUZoUWFrYzRPVTU2TlZSRlZqSnFRelozVlhoUmJBcE1WVXhKVUdOM2FFUlNUMFJxTURoUWF6WnVjbFZPVVZkeWJtVlZNWE16VVRNMVEwMTVha1YwVEVaRFNFZGtkRWwwUkV4cmNtUnVhV0o0VjNGUk5XWnVDa2R6UkRKaFYyeEZjSFpQYjIxMVUzWlhkVWxTVldkVk5VcFBWMjVvTkRGc2FXdzFNR0pTV1RoTWJVc3JlRXRGYVRKRGQwSnpiRWhUV1dWMVlubFVlR2dLTUVKYVowdHdZVmh5WTI1bldraG1RME14VDBWdVVuZHRhbVJvUkVOMVNrUkllblEwYkd0NmExa3lNWFY1UzJVeVJXTTVWMnhzVXpONE5rOHpiRWg2ZFFveUsySlVWVUY1TlRCUUwyMVVjVGcyYzBseVExUTJjVGxSZDNwMFlrTlNaV2MwVUU1cFpqRXpXRkpQTmxWUE5rNHpZWGxUVm5WTFNXRkNOQ3N5VjFwa0NtMDVLeTlEVWxkWlVWTlFiWEpOYVVoVEt5OXpZM0ZDU1ZkMFRIcFRSMWgwY21rMlpYTnpjMGhaVW5Gb2Mwc3JaRVZqYTBaSVVqUmpiVmRJZEdoeVFXZ0tNbWxzTWs5NGVpdE1ObTlwT1RGdGNrUkpRMGxQZVRreGNsZzVURmd4YVVSc1RtcENaRWxYWm1sUFVWbFBPV3hLVjFoSGFIaE9Wemc1YW1sRFpIcFZOd3BKTDJ0cUswcFNUWHB0VUdGV2FVZFBPR05uU2t0cVUwSkpTWE5WVWpOck5WUk9TbGhSVlhsUWMwWnNSSEpJVjIweGRraG1WbnAzZEVOSVZERkxURWh5Q2xkdFRtUlBNa1pJYW14eWExRkpURmxLUzBnNGNXVXlWMHhqUW1jME4xRm9LMEY0WnpocGNXZHpWRkJhY214c0wycE9XVUZqVVZkRVpWSklWM2d6ZVdzS1Z5dEpSR1JIVkROVVVteFZRMlJUUkRJMFIwcERjSE5vTW01dGEzbHdjVGhXZFV0MFZXdE5kRGxHUlVWQ00yNUhUMDF2UkZVdlFTc3pXRU5aTW5CWlpBcGFUREUxVjBjeVFYTkZZalEwV0hKdFQyNU5UVkE0YWxwb01WVjNLM3BIU3pNMVpucEhZbkkxVVVNek0zRnRhMFFyVWtkTWRuRnJRMEYzUlVGQllVOUNDbXBxUTBKcGVrRlBRbWRPVmtoUk9FSkJaamhGUWtGTlEwSmhRWGRGZDFsRVZsSXdiRUpCZDNkRFoxbEpTM2RaUWtKUlZVaEJkMGwzU0ZGWlJGWlNNRThLUWtKWlJVWk9NVmN6YzI1UGNua3pZMkZ1VGt4UFUwVTBRbU4wZW14NFNEbE5RMDFIUkVOelIwRlJVVUpuTmtWUFFWRkZRa0ZSVVZSQ1FrWnJURzFrYUFwamJrcHdZekk1ZFZGSFdURk1iVTUyWWxSQlowSm5kM0pDWjBWRlFWbFBhRVJuUlVKQlVVbEZSVUZSVDFwcVZYUlpiVkYwWTI1a2FHSkhValJoVjJ0M0NrUlJXVXBMYjFwSmFIWmpUa0ZSUlV4Q1VVRkVaMmRKUWtGRlQybEVZMkp0V0dsNk5YRmpiMmxTTURkSmFucHBTbTg0TWpCU2JYa3hZbE5EYzFCUk9WQUtWbTVpTm5kSlUxa3phWEUwVWk5NEt6QldObEp5UkV0bVVFUnJURFZhU1dsR05rbEdNVGNyVmpWQ1FsZHliUzkyUjBnelJtNHpaRFpoTmxKVVZHWnZRUXB0YzJSVFlqTnlTbTV1UlhCallYaE9RMFJMYWpaV1MySjRiVFl6YmpWcWEyUmxiVVIzYUN0RWNuVmxLMmxUUmpKRVFuWkJhakZ6YURsNFNIWkVOa1pSQ25SNFNYWjFTbE5pZGpGR1JGbFZVemcySzFWUmNWRjZObWgwWTBGSGQydGlRVUp0VVVsUldVUTVLM3BtZGt4TFExRnZPVlU0YkVNd2RXaHVkMGRGS3pJS2VHd3dOR3N5V0cxTFFXUlpPRFEzTVVKMmJFTmlVbTQzWVRSM2FERlpXWEZIVlVnM1N6RlFVV0V2YzJGTVVXVkVNalJET1ZwTk4wdzJXSEpGWm1ORGF3cG5ZMjFPVjBWbWRsSkVjVWhYY1ZWNFJVSldNalpvYkRoSFUyTXdNeTlFTTIxeWRIVjVhSEZHTWxOc1RXeEJiSFJtZFdwd1pqRnZPVlJVTXpkNFduWmtDbVpwU21aWWVDODFiMWw1TlVWMlZrMXphVm81V1hoMldsRnhibWh4VUdGblFWbFZTbFZNZDJKQlpVdFJlVlJyTW5GTVRIQmpOMHhwUlZaU056VXpWa1lLWVRKUlJYaGFSa1Z1VjFoMFVHUldURlZVYVZGeFRGbFNVRW8yYldzeUt6VmxibFo0VVVrMFJtRm1WM2x5TUV4QlRXZExhR1p4TTJFNU1rcDJaa1F4U2dwTU4weFNRbFZCYVZScWFWTjJRMFZvWTIxRlowaHpRVVE1T0hKMlJtbzFWRzlpYm10b1lUVnRUMHgyYzNwck1GQjNMM2Q2ZFd0WFkzUXlSbnB2Ym5KMUNubHBPVXhVT1dwR1VsVjRSRVJYY25ad1YybDRhMjl5YW1WaU5GUjVTelphVVZCdFdXaERjVEZpTVcxa04yNU5VR1ZUY2tSR1kyTTVVRzVaYVdSQlEwSUtiMk51YmpOelNYcDBTWEZXVEROM1RYVkNhMmRETm1aT1RqRTNiR1ZDUmpGWVpWZGFNVVpNVEVGeFRqQlFTa2wxTXl0cU5qRkpPV05FYjJKc2JWRXpTQXBMTkZCRUNpMHRMUzB0UlU1RUlFTkZVbFJKUmtsRFFWUkZMUzB0TFMwS0xTMHRMUzFDUlVkSlRpQkRSVkpVU1VaSlEwRlVSUzB0TFMwdENrMUpTVWRqVkVORFFrWnRaMEYzU1VKQlowbFNRVWxaT0RCTFlrZEtLeTlMZEVONFlYcEpORVptYlZsM1JGRlpTa3R2V2tsb2RtTk9RVkZGVEVKUlFYY0taMkpGZUVONlFVcENaMDVXUWtGWlZFRnNWbFJOVWsxM1JWRlpSRlpSVVVsRmQzQkVXVmQ0Y0ZwdE9YbGliV3hvVFZKUmQwVm5XVVJXVVZGSVJYZDBWQXBaVnpVd1dWTkNSR0pIUm5sWlZFVm1UVUl3UjBFeFZVVkRhRTFYVm0wNWMyUkhWbmxqYlVWblVsZFNibHBUUWxSYVdFb3lZVmRPYkdONlJXZE5RalJIQ2tFeFZVVkRlRTFZVTFjMWJXTnRSbnBrU0VveFdUTlNNV050VldkVk1sWnFaRmhLY0dSSWEzaE9SRUY1UW1kT1ZrSkJUVlJMTVVKVFZEQlJaMHhUUWxVS1dsYzFhR0p1VVdkV1dFNXNZMmxDUkZwWVNqQmhWMXB3V1RKR01GcFRRbE5pTWprd1NVVk9Ra2xETUdka2FrbDNTR2hqVGsxcVFYZE9ha1Y0VFZSVk1RcE9la1V3VjJoalRrMXFWWGRPYWtWNFRWUlZNVTU2UlRCWGFrTkNkR3BGVEUxQmEwZEJNVlZGUW1oTlExWldUWGhGZWtGU1FtZE9Wa0pCWjFSRGEwNW9DbUpIYkcxaU0wcDFZVmRGZUVaRVFWTkNaMDVXUWtGalZFTXhUbWhpYmxKb1NVVk9jMWxZU21oTlVqaDNTRkZaUkZaUlVVdEZlRnBYWWpKNE1GcFlTbmtLV1ZOQ1JscEhaR3hKUms1c1kyNWFjRmt5Vm5wTlUwRjNTR2RaUkZaUlVVeEZlR1JLWW0xYWVWbFlUakJqYmxacVpFaFdlVnBUUWxSYVYwNHhZMjFzTUFwbFZFVTFUVVJqUjBFeFZVVkJlRTEzVlVaS1VGSkRRWFJKUmxKc1ltMUdkV1JEUWxaak1sWjVTVVZPYkdOdVVuQmFiV3hxV1ZoU2JFbEZiSHBqTTFad0NtSnRZMmRSTUVWblRGTkNNazFwTkhoTlNVbERTV3BCVGtKbmEzRm9hMmxIT1hjd1FrRlJSVVpCUVU5RFFXYzRRVTFKU1VORFowdERRV2RGUVRCV1JIRUthSFExUzFoMWExSkhRa1JPYmtWdksxbHJWSEZsWmtwTFVYWk1aMGhKVWtGSE9Xc3hZa0ZFVjNkak1Ib3JSV1pXZVRSdFptaGFNVzVMZWxJMmFYWnlid3BhYURJMFRXOUpiMWRtTmxGb1VTOTVRV3MxTkVrM2RuVmpUUzk0TVc5blZXaFpUazA1YzB4d05WVTBjREV4T1hwNk9FWlNNRXR2VkdkdVVETkdielpvQ25GSEswZGtVV05LYXpFeE1FOUtWWE5ITkU5d2RsaFNRbXBRSzBVeEwyOUVkamhFWWtoRVYyUlJjV2tyVmpKTU4yTmFNekpNU201RE5YRlBTMFppT0U4S1NtTmxSVWRDYlVKaU1uSXlhbXhNTW5jd2VqZGpTRFpsVjJKNVdXRXdTVnBMYnpkNmQzTnFibEJOU25oV1JVdHZTVzB5TUVwWGFVZE9kMHhWZUVaVGNRcE9NMGh3T0V0a1IxQmFLMFkzVG5Ock9IRklhMWRNVTBkSU5qWnJZVTlvY2pkcFdXNXBOM1kwV1dSMVV6SkRTMFpOUjFWYWQwZzJTRGN6SzNreWVFcEVDbVJpYzBGQ2NGbFRXR0pCZEVneVJHMVVNbkJDVTBwR1VYWkdTVE5OVkVVeVZUQnNRMFpOU2t0Q2JGSXdjbkZKVVZobVRXOTZXWGx1UVVrd1QxZHZkR2NLWTNRNGJESkxjRGx1ZFU5UlFVbEdhbTF5U2t4d01GQkZSRWhvYjBzelJEQkxTVTVhVjBwTll6bEtiMGxsUTFkbGEwWlVjVTQwWW1WQ2NGRnJSbWhSTkFwVWQzWkhRelEyTkhaRFVYUkdjR0ZUVmtsdGRURnpZbVJsVkhkWE1GbzVlVlJXVjNOdlNUQlNkRFpTVUhKclpscGxUbk14YzNCa01tNXZjMG95T1hGWkNrMWFTMkY1YXl0UWVVTmllUzlCVTJjMmExWm5abEpqV1ZOUFJYaDJVbk0xZGpSemIwNDFkRzVEUTNCb2QzUnBOSE15Uld0b05IUjRabW8yU0VablNTOEtXVkJxUTJwSGFXaHdjbmh1YlVWak4yeEpTWFJWY2tocWJWaHlUVFpsV2pReFZUSnVPVTVFUVZkTWFqTndORWt5WkRnMFpERXZUbmhQU21ScVUxQTBNZ3BSVW1GSWNFUlFTVEpJZVZKV1IydHFaMjluTUdkV1MxSnNVRTlXTW1oUVZHRmlTakZFU1d0RFFYZEZRVUZoVGpsTlNITjNSR2RaUkZaU01GQkJVVWd2Q2tKQlVVUkJaMHRGVFVFNFIwRXhWV1JGZDBWQ0wzZFJSazFCVFVKQlpqaDNWMEZaU1V0M1dVSkNVVlZJUVZGRlJWUkVRa3ROUldkSFEwTnpSMEZSVlVZS1FucEJRbWhxZUhaWk0wNTNURzVhYkdONU5YQmllVGxSVldzNVJVbERNR2RXUjFaMVdWYzFNRWxHVm5wYVdFbG5VVEpXZVdSSGJHMWhWMDVvWkVkVlp3cFRXRTU2WkZkc2RWcDVRa1JSVTBGMFNVaFplVXhxUlhkRVVWbEtTMjlhU1doMlkwNUJVVVZNUWxGQlJHZG5TVUpCVG5SMGRqbFJkMEo2U1dZelEwNWFDbHBTVEhjd1FVeDFha1pHZVdJME1rbFBiMUkzVUU1cU1qQk1jMFpyVWtkb1dIRlBaMjU0YUZSMGFHVTBSVmhIVG5kdlNtUjVUMEZZWmtOV1dHeHpjMmdLTlRRcmIwTkJRM2QzTldwbmVESktWa3c1UTBwUVVIQXhWa0ZXU0ZscmF5OXhZWGRaVkZGME5rNTRPV2RMY1RsbmJuZHFSakJDTjFVeGMzTkhTVkptYWdwd1J6azRNakEzVFZOdVNrTTNlbFJ3T1hSYWF6bFJVM1ZISzNGSGMxZDVUVTAwU2t4NFoyRmFUMmRwUkZCR1RGWm1UVzFSY1hWVWFUZzFaMkZOZDBkTkNtZEhjVzlhZVdaTk56TkZVa1V4TlVGclFqSlJUamx2YjJoS2NUTkVURzkwVFN0R1MyZExkR1V2V25CeWJrNU9kMDk0TVZWT2NtY3lhRk5zVTAxMU1VTUtlREoyUm05S1FrWjVTR3BpUW5rMU1GcFlWMlJ6ZDJwaldXMXhWRlpJV1UwMlpraE9VWEJWYkU1VFZFbFVZbFExVmpKVlZHVkdWelp3UTJ0WVQwTm5aZ3A0U25abFFYWTNRMnhXT1RKTFJqSXdOV2RNTkZGQ1F6VjNUMlJQV0ZCSmEwdENORlpZWm1SbVJFZzRZWGRPTWpNclZGaEdXbE4wZGpoeGVVUTBhV3BNQ25OU09YSXJhM1VyTW5kSFdrNU1ZakpKTmxZM1prbDVkRmxRVGpCcFJHaEtTblZhV0RsMmExZG1hSEpPSzJKdU9IVnZOa0Z3VDB4bk56bFNTRWN6VURNS1VWSlhRbXRvUVcwd1ppdGlNMmcwTlVweFQyeHRhbXBoTkZwQ1JtSjBXaXRHV1U1VVYySlZTMkl2TmpOU1EzcDJLMDAwV0RCSmJGZEZVMlJCU1cxcWJBb3ZWVFExUVVwcWEybGtjRXcwUkUxM04wSjFVMUZGUlVrdmIyTkVPRk5uWm13M09YaG1aMHRaYTBOMlkyOHJiVzlVUVdaVGNWRnNSM2RTZGxBM1NXTnFDamxMUWxod1VUSlJWMUp2UWtaaFVXMTNjeTh3Y1RKc1owUjBhU3Q2WWt0eFdWRjRabEV6U1RGWE1scFFVMGhUUlVSeFJWWnhOVWRoUlhoMlJVTklPRElLWlZocE1GSk5TazEwWjBGcFl6aHBTVlF6TVVKVmJGcFljWGxEUlFvdExTMHRMVVZPUkNCRFJWSlVTVVpKUTBGVVJTMHRMUzB0Q2kwdExTMHRRa1ZIU1U0Z1EwVlNWRWxHU1VOQlZFVXRMUzB0TFFwTlNVbEhXbnBEUTBKRksyZEJkMGxDUVdkSlVrRktOMmRWTURVNFprTlZUSGhuT1dkWVMzVmhSVW8wZDBSUldVcExiMXBKYUhaalRrRlJSVXhDVVVGM0NtZGlSWGhEZWtGS1FtZE9Wa0pCV1ZSQmJGWlVUVkpOZDBWUldVUldVVkZKUlhkd1JGbFhlSEJhYlRsNVltMXNhRTFTVVhkRloxbEVWbEZSU0VWM2RGUUtXVmMxTUZsVFFrUmlSMFo1V1ZSRlprMUNNRWRCTVZWRlEyaE5WMVp0T1hOa1IxWjVZMjFGWjFKWFVtNWFVMEpVV2xoS01tRlhUbXhqZWtWblRVSTBSd3BCTVZWRlEzaE5XRk5YTlcxamJVWjZaRWhLTVZrelVqRmpiVlZuVlRKV2FtUllTbkJrU0d0NFRrUkJlVUpuVGxaQ1FVMVVTekZDVTFRd1VXZE1VMEpWQ2xwWE5XaGlibEZuVmxoT2JHTnBRa1JhV0Vvd1lWZGFjRmt5UmpCYVUwSlRZakk1TUVsRlRrSkpRekJuWkdwSmQwaG9ZMDVOYWtGM1RtcEZlRTFVVlRFS1RucEZlbGRvWTA1TmVsVjNUbXBGZUUxVVZURk9la1Y2VjJwRFFuTlVSVXhOUVd0SFFURlZSVUpvVFVOV1ZrMTRSWHBCVWtKblRsWkNRV2RVUTJ0T2FBcGlSMnh0WWpOS2RXRlhSWGhHUkVGVFFtZE9Wa0pCWTFSRE1VNW9ZbTVTYUVsRlRuTlpXRXBvVFZJNGQwaFJXVVJXVVZGTFJYaGFWMkl5ZURCYVdFcDVDbGxUUWtaYVIyUnNTVVpPYkdOdVduQlpNbFo2VFZOQmQwaG5XVVJXVVZGTVJYaGtTbUp0V25sWldFNHdZMjVXYW1SSVZubGFVMEpVV2xkT01XTnRiREFLWlZSRk1FMUVTVWRCTVZWRlFYaE5jbFZHU2xCU1EwRjBTVVpTYkdKdFJuVmtRMEpXWXpKV2VVbEZUbXhqYmxKd1dtMXNhbGxZVW14SlJrcDJZak5SWndwUk1FVm5URk5DTWsxcVEwTkJhVWwzUkZGWlNrdHZXa2xvZG1OT1FWRkZRa0pSUVVSblowbFFRVVJEUTBGbmIwTm5aMGxDUVU1NGRrOVRWbmd5TVc5eUNuRlNUV2M1WmpOa0wzcFJRVFowT1ZOUWQwMXlaa1ZQTVc1dVVIZE5SamxoZDFOSlZIWXZNMkZaVm5oQ1lXcDRlbG80U0hKV1VqRm5UWGxvTkVSa1NFMEtWRXRvVWpSU1VVaEJTMHBXVGpkUE5sTm5Uamx2TjBzdmR6RnJiRXRpWkZvNWFGTlFVa1o0VGtJNGIwNXpObXdyUTNWdk9XOXJiMk4xZEdGRWVEUk9jUXBQWmtGak16VnFTVzlvU1VkNWJXTjVUbTg1THpsc1pWQmtTeXR3UlVzd2Ewa3dlSFFyTVhSUmQxVkRSa05oUldaM2EzZE9ZMDl4VTA5SFRYZFpRVWhOQ2xsdk1HVm9jRmRDZFVoUVJWUkVOMFEyUmtGNGIwcDFUa3c1Y0VWQlZIWnVSbEZQY0ZvME16Qk9lamhsUld0RWNEUnJMMnhIUjJVNWFTOTVkMVJoVkdJS2QzYzJiRzFOTWtFek1FTlBSVlJYY2tFNWIwTlBaV05IT1VGWVZYb3lVMEk0UldSMU9FWndPVkpFTlRkS01Ua3ZkV2xIYzFrcllsVnZWbU5wZUdOMFp3cHJZazVRYnpCdFZsaHFaRlpMWmtwWGJXWkRNR1pMYmswM1dsUTRiRTVaZERCRmNVazNRVnBCVm5KYVpHZHBkREpTY0Vwb05GWTNZMnhLYUdZNFpWRlNDa3REYUhscWVsUkJlVTk0Y0Rkc1dtRmtUVlpvZG5JNVExSmlaU3RHVEVJeFltUklRa2hLYzJGalJVaExNbGhtYkRsb05uSjBWekpNVVhaTFEzSkRiVzhLYW1kV2VqaFFlV1ozT0hwV1EwcEJhMDB6Vm5jeVNtWndaV2MyVFRWSGR5c3ZTRmh2UkVkR0szRnpiRFZFVmpOaWRHWXdMMUUxTW5KRVZWTnlOVUZqYkFwWVRFVnVNM2t4UWxNMlRXUXJibTlOTDNGWmJHMU5hM1kzV1dVNU1EbFNjVlEyVW05YWFuRkpiWGM0TkhoUU5uaGlTRzFZVDJaMWN5OUZUbkk0TlRKbENtNWFSRGRTWTA0MFYzVjRWVFpRV0UxNVpVcHVWblJwYUU1SFRHNWhLM1ZFV1hnMFYwRk5jM1ZJZGxWUWFrUjJSRk55UmtOT2JFRmhUa2czTmtKWWQwc0tkME0yTDI1RFNrWlBaMGxsTnpCTVRuZFBkbk5YTDFsMWFYaHJaazVrU0V4QlowMUNRVUZIYW1WRVFqSk5RVFJIUVRGVlpFUjNSVUl2ZDFGRlFYZEpRd3BvUkVGUVFtZE9Wa2hTVFVKQlpqaEZRbFJCUkVGUlNDOU5SazFIUTBOelIwRlJWVVpDZDBWQ1FrVmpkMUpVUWtSQ1oyZHlRbWRGUmtKUlkzZEJXVmt6Q21JeVRucGpRelV5V2xoTmRXRlhPSFpWUmtwUVVrTkJkRWxHVW14aWJVWjFaRU5DVm1NeVZubEpSVTVzWTI1U2NGcHRiR3BaV0ZKc1NVWktkbUl6VVdjS1VUQkZaMHhUUWpKTmFrRk9RbWRyY1docmFVYzVkekJDUVZGelJrRkJUME5CWjBWQk1ubFpNMDByWmxkTFpIcEVSVm8xU1dnM1VFNTFiR3RaWVhwall3cElObnBWTTBKblRDdFZWRzlSU1RKcVRuZDJiVzl2Y0RsRWR5dFdaV2xDTjNOWVZUQndXalZ4ZWpaNFdFSlNNVEZyUVRWUlptVlpNV05SV0VONVkwMHZDa1JQUkUxVlV5dG1hMmxoTkcxdVIycHdUblZvWVhadVlVVkJSR1JhY0VkTVV6UXdaRTlRYldGb1QwTmpjRkJ2TjBSTU5XWklkVUpGVG1KcVpUaGtVV1lLUkVaT1R6TmhXa1ZxY2pkNlRqWkpibmN4TDBaVE4yVmthWFZ3UjNobVRYaHJlRk42UVd0c1ZVUmtNME41VkdwMWN6ZFlOemxQTTBrclMxSkRVRFEwYlFweWVVTnVablJ0ZG1nMmJrNW9lVTFxZG5SeFNXb3llWFZ0TlRKVVQwZFhNVzV1V21sbVlXaEhORXROZDJKR2JrSTVkM2xwUzBwSVYydE9hRk55ZFVGUENtcEtlRWd3YkV0ME4xbEtRMEpDUzFCNlRsQm1UVk5FTjBOdWRYQXhORkJJY0ZSUFFqQnRjVXhPY0VKVFZ6VTRhVWxRVnpkMGQySjJVM1ZQV1dSMWIxWUtNRkZGYmt0WWRVRnpiVlp3TlRadVNUSXpTRW8wYUdGNVUweEhaSEZUUlVOcFptUm5abE4zVjFwT1JFWkVZVVpyWjIxaWJVWldaV2R6UjJJeWVtd3ZLd3BOVVZoTWMxTXJlRnBOYWxaNlpHMWtNRkJuV214Qk5raG9kVFJWTlhBMlIzZFVNbWxXZEZaTk5sVlpValF3YURkUmRYVm1hRzV1TlZwTmVTdHZSVWREQ2twd0sySmFXWGh5Y2s1R2IxbG5hRWRwTjFacFkwcG1iRkl3YjNCMGVHTlRjMmRKVG5WbVdsQnZSMFJWZFdNeVVISm5WbWt6Wld0VVUyRlRSV1VyZW00S1JXbzJWMFl5VG1oak9ISnlXVzVQV1Vvd1JYSjFUMVV4VTB4bWVXSkRLemwyZVRKYVpYSjZMek42ZVU1amFHRkJWaXRqZW5aaGRHaFVRa0o0Wkd4QlN3cElhUzlpU1dobGJHRlhXV3h4Y2sxdE5sZHZabHAxVkhsUWJVMDJOVVk1UjBveVdYSTVObFFyTWtSeFJDdHhiRTl6UkU1dlUxcFdjVmRaVVc5WmNEUmxDbVF3YVVneUwwcEdSbWRLU0ZoRFp6MEtMUzB0TFMxRlRrUWdRMFZTVkVsR1NVTkJWRVV0TFMwdExRbz0KICAgIGNsaWVudC1rZXktZGF0YTogTFMwdExTMUNSVWRKVGlCUVVrbFdRVlJGSUV0RldTMHRMUzB0Q2sxSlNVcFJaMGxDUVVSQlRrSm5hM0ZvYTJsSE9YY3dRa0ZSUlVaQlFWTkRRMU4zZDJkbmEyOUJaMFZCUVc5SlEwRlJSRUpXVVdwUFEwZFVaMk5RUW13S1oyUjJTazVJVGtkSVVEVnlkM2xqTHpBNVl5dE5Zbm93TTFCc1RWSllZVTFNY2tKVVJrTlZkRkZ6WnpsNlEwVk9SVFJQVUZSM0sxUnhaWFJSTVVKaGRRcGtOVlJYZW1SRVptdEpla3ROVXpCelZVbGpXakl3YVRCTmRWTjBNbVZLZGtaaGNFUnNLMk5oZDFCYWNHRlZVMjA0Tm1saE5VczVZVFJvUmxOQ1ZHdHJDalZoWlVocVYxZExXRzVTZEVacWQzVlpjamRGYjFOTVdVeEJSM2xWWkVwb05qVjJTbEJIU0ZGR2JVRnhiSEJsZEhsbFFtdGtPRWxNVlRSVFpFaERZVTRLTWtWTlN6UnJUV1pQTTJsWFZFOVNhbUpYTjBsd04xbFNlakZoVjFaTVpraHZOMlZWWms4M1lqVjBUbEZFVEc1Ukx5dGFUM0o2Y1hkcGMwcFFjWEl4UkFwRVR6RnpTa1kyUkdjNE1rb3ZXR1JrUlRkd1VUZHZNMlJ5U2twWE5HOW9iMGhxTjFwYWJESmlNemM0U2taYWFFSkpLMkZ6ZVVsa1REY3JlSGx2UldoaENqQjJUa2xhWlRKMVRIQTJlWGwzWkdoSGNVZDNjalV3VW5sUlZXUklhSGxhV1dVeVIzTkRTR0ZMV0ZrM1NGQTBkbkZwVEROWFlYTk5aMGxuTjB3elYzUUtaakIwWmxkSlQxVXlUVVl3YUZvclNUVkNaemN5Vld4YVkyRklSVEZpZWpKUFNVb3pUbFJ6YWl0VFVEUnNSWHBQV1Rsd1YwbFpOM2g1UVd0eFRrbEZad3BwZUZKSVpWUnNUVEJzWkVKVVNTdDNWMVZQYzJSaFlsYzRaRGxZVUVNd1NXUlFWVzl6WlhSaFdURXdOMWxWWlU5WGRWSkJaM1JuYTI5bWVYQTNXbGwwQ25kSFJHcDBRMGcwUkVkRWVVdHhRM2hOT1cxMVYxZ3JUVEZuUW5oQ1dVNDFSV1JpU0daTFVtSTBaMDR3V2xCa1RrZFdVVW94U1ZCaVoxbHJTMjE1U0dFS1pXRlVTMjF5ZUZjMGNURlRVWGt6TUZWUlVVaGxZMWswZVdkT1ZEaEVOMlJqU21waGJHZ3hhM1pZYkZsaVdVTjNVblpxYUdWMVdUWmpkM2N2ZVU1dFNBcFdWRVEzVFZseVptd3ZUVnAxZG14QlRHWmxjV0ZSVURWRldYVXJjVkZKUkVGUlFVSkJiMGxEUVVoVlIyVm1kblJFVGt4dGVXb3hTR0UzYWxKTVR6TkdDalI1VG5KNk4yaE9SRXc0ZVRoRlVIWTViRGsyZEVwWFMwNVhWVEJxYjFKc1NtcDRlRGhhWlhWMGFsaHlSREo1T0hOQ2IxQktNazlaVFhSdlRGZ3lTRlVLV2poVFJVY3JiakZJVEVwRlJVUkJlbXhyVXprelRtbE5OM0pHV0c4MllVbEplVUZRWm0xVWIyNUxhVlozUzJSemNrUjBVSFZvVm1ob2FGVkNUeTlQVkFveFZHMXhLMlZpUTBWMVQwY3ZhMkZJTjAxaU5YcEVWa1p1ZEd0cE1tSndVbk5SYUZkbE5UTlJNSGxyT1dKS1NHRnFhVEZxZFhSeGJHa3pPWFJGYlVFekNtRllhbWhPYlZsUksySjNkaXRJSzNwV05rSk1lVFp5YlhGT2MxTXZTM0pVWjBKdE1tVnJkazlsY1ZGeFdWbFpNMjFCVFU1UlRqZDZWbXQyWkdZdlFuWUtkV1I2VEU1d1RqWjFORGM1ZERWWU1WQmxaV3d6UW1aaFNuZFZSbVEyYUVGMVlYaFJSRUZrZVV0a1JuY3lTMVJaY0M5SFEyOUJiVXRKTkZWNFdHSnlRd3BFYXpKSFJqRmlPR3dyTmpaMWEyNHdaVUZDWVZkb1kxWnNXbGxTYmpSa1pucHhTMFl2TjIxeFpXcFhSMDRyZFRCVE4zQnFNbmR6Tm5CRFZHNTBTREZzQ25SRU1tOVJNalJ4U1hCR2MyWjFNa1pPVUV0UGFISlpjbUo2UkhkWloxUldaVlZTWVU1aFJIRnZTR05pVkd4cVJVSkJXak5ZUmt4R1RHSmtNM1JWTkd3S2JYaGhXR2xvYkRKTGVGbzBTREYxVUdaRU5YUlVjR3BKUXk5cmRrNXhWM1o1VDJvMFRGWkNTRnBZTjB4a1VFdzNjamdyU25wQmQwUlJUbVZhT1VGc1V3b3dVR2xLTm1kRVZVbFZVSFpLU0V0dlZXSTJaVloxWVVablZHRnFZVXBRUVhjclVqUkJPVlZyWnpSTFNtMVNXVVF4VkVSVWJHRk9Oa1prT1VOamMxRmlDa2hQYVVneWRGcEpZelphT0dWSFpWSkZOVnAyUkcxeFYyRlNOak4zVkhka2VYbHRNamQxVld0amFVcEtZek14Wm1nekswY3hkak5JYWl0TFVqUmhNbkVLUzJReFQweE5SRGxUTjFkRWNqZHhWbXhoZVRWQmIwbENRVkZFY0ZoUlJUWkZRWE0yTVZGTGRGSlBaV0ZxYVdKb1IwWnZTM1pOTld3cmMzTlFUVXRFVmdvck9XUkplRVF4ZGtkVVFVZElXRlJKYVcxblQwZHNURWcxYlRCdUt6VlJkRzVYTTNOcVZWWlVSR3MyY1RaUlEyRnpiRTVTZVRCTU9XTkhiME5PV1doNENtUlBVVUV6ZVdadE5HazRWV0p4UlZocE1IZHdTVWw0YkZFNFNqVTJSQ3NyVUd3MlMwNU5kRXRVVTJKclVFeEVWa2xhV0dOSFkyNU1Xa3RPZEZCTU5FOEtOMGRYYkd0MFF6YzVSMFpUTjA0dmFpdG5lREpTY0hSV1J6UnpXRlp2TUc5dVZUWklZMFpoZVRFNE0xUlFXVmczY2toaFZHdFNjRlpXTHpJck9TdHpPUW80ZDBsWFVUWnNRMWhDV1hsa2RWSnZXbVprYW5odlIxZHZWVGxrZVVSelJGTlhXR2xJUVdsNlpGRk9SMnh1VEdGM01XdG5iWGRpUkhoRFlVSmtaR1p5Q2toQlRYaE9aVWc1VWl0VVlqaFlTamRCWm01QlVGUk9kVW8xTW1sNU5EbGlSR0ZGTVZobGEyOUZUbFIyU0V0clprRnZTVUpCVVVSVlJtWlVUMlJpT1ZrS2NsQnJUMWR2SzJKNmQxSTBlbnBtYkZOVmRrdFFWRTAwU0Rrdk16Uk5RalJTUmxWa1MzRXZNbGhLV1dJd1pWQm1RalU1U2xwc2QydEtXRkI2YzFOeFF3cFhUMkpRWW5oVE1tNDVWWFZKT0d4amExbzBkVEJPVEVkTE5HNVhSbkpaVkU1a1JVSXhjR05LV1VGQ2NGbDVhbGxwU2pKb1JFUnpaVzVvV25aUU1EY3JDbFpNZWpoRmVsVmtSbVUxYkRCNWVrSnBTVkZrWlVZMmNWZFhRbVJxY0RBNFpsUmlWSG8wZUhSS05ISktSVlJuUm5STGIySlhTWEZUWTJwVFpHOTBVRWtLT1dOUGVtcDVlSEF2TW5KeFZDOHhVWEpQUVhKT2MzTnBOVGhpWmt4WFpsVmtSbWRUVVZONFZqSm9aVlpSYXpCYU0wWkRWSGRUYUhoMk16aGtjMlJwVUFwVFpucDNPRkZ5Y0d4bFdYY3dNbTFMUVdjeWQxUlVZMUZxS3pFMldtNVVjbXh2Wmsxa2VrcFRkVGhRUnpReldUQlpNVFYyVjJnNWRrUjVZVlUwUWswMENreEhVMmQxU1VaYVpXNWpNMEZ2U1VKQlVVTndPWEZqVTBaMVZsYzRRbGRJUWxGNE5rMU9XalJWZW1kb1dXVnZhSFJGZERSM1REUnFiVGg2YzI1eFJIWUtOMkpTWjJZNGRYa3dOM1E1Y1dkYWIzVmFZaXMySzJrNFdVWkVWRmhSUlVWM1VVeHBlamxyTURCdVUwVjFhbTlOVWtobGVFeEVVVFJFYURaU01DOWFTQW96Y1hwVVowMHJjbE5xVlhGTWVEWlRSVzkyZFVwbk1XNUVhRE5zU1hoYU9VRjZkekJPTUM5RWNYcGFkVzVCYlhoTVdtTndNVWhtU1daeWVEVnVlbWxRQ2pkRGJVZE5RMlpSTjNsc2MyRXphSFYzUTFSS01YRjJkM3BOUjBwUE0xTndlRk4xVUd0MGRXMTBZa2RZVVV4UGFGQlFhaXQzWVhBdk9FTkhkeTlaTm13S1YyeFRRVnBNT1hWdFpsWlpiMmhrTkVWbWVYZElWV3c1TVRGT2VFZ3lTRzA0YlRVd1ZuUmtTVXBqWTJkVVJXcGtRa1oyV0VwdVJXZE9PRXhNWTB0amNncDRaRlZXY2tGRWNGQnJUV05zU0dGRk5FTXlZbWxCTjJSRWEzY3ZhR2x3ZFd3dlR5dFJNakphUVc5SlFrRkVZazAzV2t0cVltbDJWbXhuTUZaaVYwbFFDa2hrUzNocFNHNW5aRWx5ZGxGV2NsSk5ZV1l4UmxGYUsyTmFaVEYyWmpOclkyOHdRbk5QVjJsTVNrSnJkVWsxUjJSNU1sTnhOamdyYkZoVmJpdExkM1lLY0VndmJHc3hVWFE1UkdWWmEySXpUelZxUkVKaldUWktTekZhVlZGdVlWUnlZMlZPWW1KS01YRnVWa0Z0WXpSU1puazJSSEI2SzJ0WFlXbDNkR1J4Y3dwSVozVkdaekV3UjJvd2VXMUhOUzlqZEVRck5Gb3ZlVWhTYWtZMGQxbHZOakl5ZFZVelYzSnpRV05DVEVsd1RYZHRNVkJaUkU4d2VWRTNNRlF3TmtGWUNqbFhTbE5DVG5ob2NuaExOMlE0VjNaTFpqTnJNVFV4V0RaeFNHTTBWRE5XZFhBMVFXOVlaRGRMTHpkb2RrUmxXVU5hY0Rod056VjFiV05OVVVwWlpYZ0tlV1ZpTXpKYU9XeGFTRUZZYnpWRVRpODRhazk2U1hSTVVFRXJha0pSWmtoeFNrTjBiVms1ZWpGaFZHdEljR04wZWxGU1R6SmxhRGMwUVhndldVUjZhd3B1WjFWRFoyZEZRVUUxVGpCVEwzUk5ZM1Z1VUhwc2NtSTBjbmRTTW1KbFEySTVkR2hsYUVGb01XVTFhbFZVVDFwc1V6azVNakpaYzFodWQycEpWVW8xQ2pOblYyeDZlRGhNUVdwRFUxSmtialJ5UVVoa2NVMHJVbGxQYm5rNVlubEJTM0ZsU1had2VqSk9iMk5aZW13dlpuUkVTMjFPVW5WMGNIcHNXRUl2TUd3S1FraFhhbE15VVVsbFRFcDBibk5UYVZaRFNIYzJRMDVsZEhndlRUTk5ZVTVIYjJoRk5uRkdObWh2VkZBeVptSm5Rbmx1Y1RWMmNXbGxZMUZ1UjBGbGF3b3ZUbHB4UXpabVlsUmtVMGRLVGtGSk5EZHBOWFJoYkhCcFFtZElLMnBZTjJ4Rk1qZzRkRElyTTIwMU1YaENlR2RGTmxBMFRrSmtaMU5yTm1wbk1VOWFDbGRDYlZwaVdHMHpSMU5oY2tZeldFcFBaVzQ0YTBwUE1UaHNSWHBJV2taV1YwdFlSbEJHTmtKT1UyOXFNbWh0ZGsxNlZVSnZWVzU0YjNaYVRVZGFObWNLVFVacE0zWXJOVUpQVm5CRmNUaHNNMUpEVnpoWmFrdHJORGxWYUd0M1BUMEtMUzB0TFMxRlRrUWdVRkpKVmtGVVJTQkxSVmt0TFMwdExRbz0KICBuYW1lOiBkLmdhcnJpc29uQGY1LmNvbQo=",
            "expiry_days": 89,
            "id": "demo-app-app-cred",
            "name": "demo-app-app-cred",
            "virtual_k8s_name": "demo-app-vk8s",
            "virtual_k8s_namespace": "demo-app"
          },
          "sensitive_attributes": [],
          "private": "bnVsbA==",
          "dependencies": [
            "module.f5xc.volterra_namespace.app_ns",
            "module.f5xc.volterra_virtual_k8s.app_vk8s",
            "module.f5xc.volterra_virtual_site.hub",
            "module.f5xc.volterra_virtual_site.spoke"
          ]
        }
      ]
    },
    {
      "module": "module.f5xc",
      "mode": "managed",
      "type": "volterra_api_credential",
      "name": "utility_vk8s_cred",
      "provider": "provider[\"registry.terraform.io/volterraedge/volterra\"]",
      "instances": [
        {
          "schema_version": 0,
          "attributes": {
            "api_credential_password": null,
            "api_credential_type": "KUBE_CONFIG",
            "data": "YXBpVmVyc2lvbjogdjEKY2x1c3RlcnM6Ci0gY2x1c3RlcjoKICAgIGNlcnRpZmljYXRlLWF1dGhvcml0eS1kYXRhOiBMUzB0TFMxQ1JVZEpUaUJEUlZKVVNVWkpRMEZVUlMwdExTMHRDazFKU1VaR2FrTkRRWFkyWjBGM1NVSkJaMGxTUVVwRmNrTkZjbEJFUW1sdVZTOWlWMHhwVjI1WU1XOTNSRkZaU2t0dldrbG9kbU5PUVZGRlRFSlJRWGNLVkhwRlRFMUJhMGRCTVZWRlFtaE5RMVpXVFhoTFZFRnVRbWRPVmtKQmIxUkpSV3gxWkVkV2VXSnRWakJKUms1c1dUTldlV0ZZVWpWSlJrcHNZekpXYUFwamJVNXZTVVZrZVdJelZuZE5VbFYzUlhkWlJGWlJVVVJGZDNoS1ZURktTRWxHU25aaU0xRm5WMFJGZDBob1kwNU5ha0YzVDFSQk1FMUVRWGROUkVGM0NsZG9ZMDVOYWxWM1QxUkZNVTFVV1hkTlJFRjNWMnBCZVUxUmMzZERVVmxFVmxGUlIwVjNTbFpWZWtWWFRVSlJSMEV4VlVWRGFFMU9WRWRXTUVvelRXY0tVbGMxYW1OdWJIZGtSRVZNVFVGclIwRXhWVVZCZUUxRFZXcE5kMmRuUldsTlFUQkhRMU54UjFOSllqTkVVVVZDUVZGVlFVRTBTVUpFZDBGM1oyZEZTd3BCYjBsQ1FWRkROMEZvVlc5NlVHRm5iRTVOVUVWMWVVNVdXa3hFSzBsTWVHMWhXalpSYjJsdVdGTmhjWFJUZFRWNFZYbDRjalExY2l0WVdFbHZPV05RQ2xJMVVWVldWRlpZYWtvMmIyOXFhMW81V1VrNFVYRnNUMkoyVlRkM2VUZGlhbU5EZDFoUVRscFBUMlowZWpKdWQxZG5jMkoyYzBOVlNrTlhTQ3RxWkhnS2MzaFFia2hMZW1odEt5OWlOVVIwUmxWclYxZHhZMFpVZW1wVVNWVjFOakZ5ZFRKUU0yMUNkelJ4VmxWeE4xcDBSSEJsYkZGRVVuSkxPVTg0V25WMGJRcE9TSG8yWVRSMVVGWjViVm9yUkVGWVdHSndlV0l2ZFVKNFlUTlRhR3huT1VZNFptNURZblo0U3k5bFJ6Tk5TR0ZqVmpOVlVuVlFUWEpUV0VKcFRIaG5DbG96Vm0xekwwVlpPVFpLWXpWc1VDOVBiMmt5VWpaWUwwVjRhbkZ0UVd3elVEVXhWQ3RqT0VJMVpsZHRZMEpqVlhJeVQyc3ZOVzE2YXpVelkxVTJZMGNLTDJ0cFJraGhSbkJ5YVZZeGRYaFFUVlZuVURFM1ZrZG9hVGx6VmtGblRVSkJRVWRxWjJkRlNVMUpTVUpDUkVGUFFtZE9Wa2hST0VKQlpqaEZRa0ZOUXdwQldWbDNTRkZaUkZaU01HeENRbGwzUmtGWlNVdDNXVUpDVVZWSVFYZEpSME5EYzBkQlVWVkdRbmROUWsxQ1NVZEJNVlZrUlhkRlFpOTNVVWxOUVZsQ0NrRm1PRU5CVVVGM1NGRlpSRlpTTUU5Q1FsbEZSa0pSZFhONFpUTlhSbUpNY214QlNsRlBXV1p5TlRKTVJrMU1SMDFDT0VkQk1WVmtTWGRSV1UxQ1lVRUtSa2h0TUZkbFdqZDBkVmhyUVZoUFFVTkpha2xIYkdveU5scDBkVTFFU1VkRFEzTkhRVkZWUmtKM1JVSkNRMWwzU2tSQmFVSm5aM0pDWjBWR1FsRmpkd3BCYjFsWFlVaFNNR05FYjNaTU0yZDRURzFyZFdKSFZuVlpNMGwxWWpOS2JreDZRVzVDWjA1V1NGSTRSVWxFUVdWTlFubG5SM0ZCV1dob1dtOWtTRkozQ2s5cE9IWmxSRVYxV1hrMWMxcFhOV3BqYVRWMlkyMWpkazFEU1VkQk1WVmtTVUZSWWsxQ2EzZERRVmxIV2pSRlRVRlJTVUpOUVRCSFEzbHpSMEZSVVVJS1ozUTRWRUZSUlVKTlFUQkhRMU54UjFOSllqTkVVVVZDUTNkVlFVRTBTVU5CVVVOR2VXczFTRkJ4VUROb1ZWTkdkazVXYm1WTVMxbFpOakV4VkZJMlZ3cFFWRTVzWTJ4UmRHZGhSSEYzS3pNMFNVdzVabnBNWkhkQlRHUjFUeTlhWld4T04ydEpTaXR0TnpSMWVVRXJaV2wwVWxrNGEyTTJNRGRVYTBNMU0zZHNDbWxyWm0xYVZ6UXZVblpVV2poTk5sVkxLelZWZW1oTE9HcERaRXgxVFVkWlREWkxkbnBZUjFKVFoya3plVXhuYW1WM1VYUkRVR3RKVm5vMlJESlJVWG9LUTJ0amFHVkJiVU5LT0UxeGVVcDFOWHBzZW5sYVRXcEJkbTV1UVZRME5YUlNRWGhsYTNKemRUazBjMUUwWldka1VrTnVZbGRUUkhSWk4ydG9LMEpKYlFwc1NrNVliMEl4YkVKTlJVdEpjVFJSUkZWUFdHOVNaMlptZFVSbmFHcGxNVmR5UnpsTlRDdElZbWx6Y1M5NVJrOUhkMWhFT1ZKcFdEaEdObk4zTmxjMENtRjJRWFYyUkhONmRXVTFURE56ZWpnMVN5dEZRelJaTDNkR1ZrUk9kbHB2TkZSWldHRnZObG93Wml0c1VVdGpNSFE0UkZGWmVtc3hUMWhXZFRoeWNESUtlVXBOUXpaaGJFeGlRbVpQUkVGTVduWlpTRGR1TjJSdk1VRmFiSE0wU1Rsa01WQTBhbTVyUkhKUmIzaENNMVZ4VVRsb1Ztd3pURVZMVVRjemVFWXhUd3A1U3pWSGFFUkVXRGh2Vm1aSFMwWTFkU3RrWldOSmMwZzBXV0ZVZHpkdFVETkhSbmhLVTNGMk15c3diRlZHU205cE5VeGpOV1JoTVRRNWNEa3dTV1J6Q21oRFJYaHliMHd4S3pkdGNubEphMWhRWlVaTk5WUm5Uemx5TUhKMldtRkNSazkyVmpKNk1HZHdNelZhTUN0TU5GZFFiR0oxUldwT0wyeDRVRVpwYmlzS1NHeFZhbkk0WjFKelNUTnhaa3BQVVVaNUx6bHlTMGxLVWpCWkx6aFBiWGQwTHpodlZGZG5lVEZ0WkdWSWJXMXFhemRxTVc1WmMzWkRPVXBUVVRaYWRncE5iR1JzVkZSTFFqTjZhRlJvVmpFcldGZFpjRFp5YW1RMVNsY3hlbUpXVjBWclRFNTRSVGRIU2xSb1JWVkhNM042WjBKV1IxQTNjRk5YVkZWVWMzRllDbTVNVW1KM1NFOXZjVGRvU0hkblBUMEtMUzB0TFMxRlRrUWdRMFZTVkVsR1NVTkJWRVV0TFMwdExRb3RMUzB0TFVKRlIwbE9JRU5GVWxSSlJrbERRVlJGTFMwdExTMEtUVWxKUm1GNlEwTkJNVTluUVhkSlFrRm5TVkpCU1VsUmVqZEVVMUZQVGxwU1IxQm5kVEpQUTJsM1FYZEVVVmxLUzI5YVNXaDJZMDVCVVVWTVFsRkJkd3BVZWtWTVRVRnJSMEV4VlVWQ2FFMURWbFpOZUV0VVFXNUNaMDVXUWtGdlZFbEZiSFZrUjFaNVltMVdNRWxHVG14Wk0xWjVZVmhTTlVsR1NteGpNbFpvQ21OdFRtOUpSV1I1WWpOV2QwMVNWWGRGZDFsRVZsRlJSRVYzZUVwVk1VcElTVVpLZG1JelVXZFhSRVYzU0doalRrMVVWWGRPYWtFd1RWUkZkMDVFVFRRS1YyaGpUazE2VlhkT2FrRXdUVlJGZDA1RVRUUlhha0pRVFZGemQwTlJXVVJXVVZGSFJYZEtWbFY2UlhCTlEyTkhRVEZWUlVOb1RXZFRWelV3V2xoS2RRcGFXRkZuVlRKV2FtUllTbkJrU0d0blZXMVdlbHBYUm5sWk1tZG5Vak5LZG1SWVFYaEdWRUZVUW1kT1ZrSkJUVlJFUld4VVZXdGpaMVZ0T1haa1EwSlpDazFVUTBOQmFVbDNSRkZaU2t0dldrbG9kbU5PUVZGRlFrSlJRVVJuWjBsUVFVUkRRMEZuYjBOblowbENRVXN6YjBwSVVEQkdSR1o2YlRVMGNsWjVaMk1LYURjM1kzUTVPRFJyU1hoMVVFOWFXRzlJYWpOa1kwdHBMM1pXY1dKMldVRlVlV3BpTTIxcFIySkZVMVIwY2tacUwxSlJVMkUzT0dZd2RXOTRiWGxHS3dvd1ZFMDRkV3RxTVROWWJtWnpOMm92UlhaRmFHMXJka0pwYjFwNFlWVndiVnB0ZVZCbWFuaDNkall3Y0VsbllubzFUVVJ0WjBzM2FWTTBLek50V0RaVkNrRTFMMVJTTldRNGJWVm5hbFVyWnpSeWF6aExZalJOZFRCVmJGaHFTVUl3ZEhSdmRqQkVhVTVsZDA1M1NWSjBNVGhxUVRncmJ5dDFNMlJ3YW5FcmMxY0tWRGhMVDBWVmRDdDZkM1p2THpkV00weDJVM2xsTUhKblZFSkpiRVJJUTA1QmVXMW5ORlpOYXpkQ1VGbzNhRzB2UlV4T1MycEVLMHB2TWtaU00zRjVTQXBDTlZRd1dUTkljMHgxU25aWE5XbENORmxzWTA1SWJITmtkVGczYTBkS05UVjBkV3R0YVRodGVHUkJVVFJSTjJVeVVrTlBSbloxTXprMmFqTjRLMVZEQ2tJMWFWQk9aMmxXTlN0Sk0yeG5NREprV2pjM1JHNUxlRWhhZFRoQkwyeEtRbVJwUWpOUlZ6QkxkRnBDTm1GM1FtUndWVXRFT1dwbU1XSXdVMGg2VlhZS1MwSmtjekJ3YWtKeFFXeHJaREkxU0U0M2NrOXlSbXhsWVVveEwyTjBZVXA0VVZwQ1MxUTFXbEIwTUcwNVUxUktSV0ZrWVc4d2VFRklNR0ZvYldKWGJncFBiRVoxYUdwMVpXWllTMjVGWjFZMFYyVXdLMVZZWjFaRGQwOVFhbVJCZGtKaVNTdGxNRzlqVXpOTlJrVjJla2MyZFVKUlJUTjRSR3N6VTNwNWJsUnVDbXBvT0VKRFRrRjNNVVowZUU1eVVVaDFjMFYzVFVaNFNYUTBTVGR0UzFvNVdVbHhhVzk1YlVONlRIRTVaM2RSWW05dlRVUlJZVWhYUW1aRlluZHlZbmNLY1VoNVIwOHdZVzlUUTNGSk0waGhZV1J5T0daaGNWVTVSMWt2Y2s5UVRtc3pjMmR5UkZGdmJ5OHZabUkwYUZaRE1VTk1VVW94TTJobFpqUlpOVE5EU1FweVZUZHRNbGx6Tm5oME1HNVZWemN2ZGtkVU1VMHdUbEJCWjAxQ1FVRkhhbEZxUWtGTlFUUkhRVEZWWkVSM1JVSXZkMUZGUVhkSlFrSnFRVkJDWjA1V0NraFNUVUpCWmpoRlFsUkJSRUZSU0M5TlFqQkhRVEZWWkVSblVWZENRbEkxZEVadWJXVTNZbXcxUVVaNlowRnBTWGxDY0ZrNWRXMWlZbXBCVGtKbmEzRUthR3RwUnpsM01FSkJVWE5HUVVGUFEwRm5SVUZXVWpsWmNXSjVlWEZHUkZGRVRFaFpSMjFyWjBwNWEwbHlSMFl4V0Vsd2RTdEpUR3hoVXk5V09XeGFUQXAxWW1oNlJVWnVWRWxhWkNzMU1IaDRLemRNVTFsTE1EVnhRWFp4Um5sR1YyaG1SbEZFYkc1eWVuVkNXalppY2twR1pTdEhibGtyUldkUVltczJXa2RSQ2pOQ1pXSlphSFJHT0VkaFZqQnVlSFozZFc4M04zZ3ZVSGs1WVhWS0wwZHdjMDFwZFM5WU1TdHRkbTlwUWs5Mkx6SllMM0ZyVTNOcGMxSmpUMm92UzBzS1RrWjBXVEpRZDBKNVZsTTFkVU5pVFdsdlozcHBWWGQwYUVSNVF6TXJObGRXZDFjMlRFeDJNM2hNWmtoVWFuVkRkbXBJU1VsdVRucHJkRWhEWjB0Uk5RcFBVa0Y2U1RSS1RWQktLMGR6YkZkWlNHSTBjR2h2ZDJsdE5UZHBZWHAwV0U5dlNuZFVaSGRLZURSdVRFTm5aRTVpVDJoa2FuTnVkbnB4ZGtoMU4xVnlDbFJyV0ZkVGRFRnRlazlXZVhsbmFIRndXbGhxUm1GSU0zQlBNMHBNUml0c0t5OHJjMHRCU1hWMmRHUTNkU3RPZUdVMVFWY3dkMlJsVW14T09FNTNaRU1LYWs1UVJXeHdlbFp0WWxWeE5FcFZZV2RGYVhWVVJHdEllbk40U0hCR1MxWkxOM0UwS3pZelUwMHhUamsxVWpGT1ltUlhhSE5qWkVOaUsxcEJTbnBXWXdwdmVXa3pRalF6Ym1wVVQxRTFlVTltS3pGRFkyVlhlRWN4WWxGV2N6VmFkV1p3YzAxc2FuRTBWV2t3THpGc2RtZ3JkMnBEYUZBMGEzRkxUMG95Y1hoeENqUlNaM0Z6WVdoRVdWWjJWRWc1ZHpkcVdHSjVUR1ZwVG1Sa09GaE5NbmM1VlM5ME4za3dSbVl2T1hscE1FZEZORFJhWVRSeVJqSk1UamxrTVRGVVVFRUtiVkpIZFc1VlNFSmpibGRGZG1kS1FsRnNPVzVLUldsVk1GcHpiblpuWXk5MVltaFFaMWhTVWpSWWNUTTNXakJxTkhJM1p6RlRaMFZGZW5kNFFUVTNaQXBsYlhsUWVHZGpXWGh1TDJWU05EUXZTMG8wUlVKeksyeFdSRkl6ZG1WNVNtMHJhMWhST1RsaU1qRXZLMnBvTlZodmN6RkJibGcxYVVsMGNtVkhRMk05Q2kwdExTMHRSVTVFSUVORlVsUkpSa2xEUVZSRkxTMHRMUzBLTFMwdExTMUNSVWRKVGlCRFJWSlVTVVpKUTBGVVJTMHRMUzB0Q2sxSlNVZEZla05EUVM5MVowRjNTVUpCWjBsUlpsWjBVa3B5VWpKMWFFaGlaRUpaVEhaR1RVNXdla0ZPUW1kcmNXaHJhVWM1ZHpCQ1FWRjNSa0ZFUTBJS2FVUkZURTFCYTBkQk1WVkZRbWhOUTFaV1RYaEZla0ZTUW1kT1ZrSkJaMVJEYXpWc1pIbENTMXBZU25wYVdHdDRSa1JCVTBKblRsWkNRV05VUXpCd2JBcGpiazVzWlZOQ1JHRllValZOVWpSM1NFRlpSRlpSVVV0RmVGWlZZVWRWWjFaV1RrWlZiRkpUVmxaT1ZVbEZOV3hrU0dSMlkyMXplRXhxUVhOQ1owNVdDa0pCVFZSS1ZsWlVVbFpLVldOdVZucGtRMEpUVlRCRloxRXlWbmxrUjJ4dFlWZE9hR1JIYkhaaWFVSkNaRmhTYjJJelNuQmtTR3QzU0doalRrMVVaM2dLVFZSQmVVMUVRWGROUkVGM1YyaGpUazE2UVhoTmFrMTRUV3BOTVU5VVZUVlhha05DYW5wRlRFMUJhMGRCTVZWRlFtaE5RMUl3U1hoSGVrRmFRbWRPVmdwQ1FXZFVSV3RrZVZwWFJqQmFXRWxuVkZkR2RWa3lhR3hqTTFKc1kycEZVVTFCTkVkQk1WVkZRbmhOU0ZVeVJuTmFiVGw1V2tSRldVMUNXVWRCTVZWRkNrTm9UVkJWTWxacVpFZHNibUo1UWsxaFZ6RndaRWRXYTAxVVkzZE9VVmxFVmxGUlJFVjVOVlJhVjA0d1lWZGtka2xHU2xSUlUwSkZZakl4YUdGWE5HY0tWbTFHYzJGWFVtaGtSMngyWW1sQ1ZGcFhUakZqYlZWblZUSldlV1J0Vm5sSlJVNUNUVWxKUWtscVFVNUNaMnR4YUd0cFJ6bDNNRUpCVVVWR1FVRlBRd3BCVVRoQlRVbEpRa05uUzBOQlVVVkJNVzVOZWpGMFl6aEpUa0ZCTUdoa1JuVk9XU3RDTmtrdmVEQklkVTFxUkVwelIzbzVPVW92VEVWd1oxQk1WQ3RPQ2xSUlJVMW5aemhZWmpKSmRUWmlhRWxsWm5OWFp6QTJkREY2U1d4ck4yTklkamRzVVZBMmJFMTNNRUZ4TmxSdUx6SlpTRXRJZUZsNVVXUnhRVXB5YTJvS1pXOWpaMGgxVUM5SlNtODRiRlZTZG1nelZVZHJSVU13VFhCTlYwTlNRVWxKZWpkVE0xbGpVR0l4TVZKR1IyOUxZV05XVUVGWVNuQjZPVTlVVkVjd1JRcHZTMDFpWjI0MmVHMXliblI0V2pkR1RqTnBabTFuWnpBck1WbDFWMDFSU2tSbldtdFhOM2N6TTFCSFprdEhhVzlXY2tOVGJ6RjVablUwYVZsRFFuTnJDa2hoYzNkb1lUWjJjME0yWldWd00wSjNSVWxqTkdkTWR6WjFRa3N3ZFN0UlJISlVRbEZDWW5kaU5GWkRVMjFVTTNCRVEyY3ZjamgxYjNsa1lXcHZkRmtLZFVzelJFZFNaVVZaS3pGMlZuWXlSSGt5UVRCNFNGTXJOWEF6WWpSbFZHeDVaM2htUmxGSlJFRlJRVUp2TkVsQ1ltcERRMEZYYjNkSWQxbEVWbEl3YWdwQ1FtZDNSbTlCVlZVemJTOVhjVzl5VTNNNVZXZFBTRmx0T0VOa09ISkpSRnB6YzNkSVVWbEVWbEl3VDBKQ1dVVkdTVEpOV0hOU1ZYSlpjbWhrSzIxaUNpdGFjMFkwWW1kQ2FsZElhRTFCTkVkQk1WVmtSSGRGUWk5M1VVVkJkMGxDYUdwQlUwSm5UbFpJVWsxQ1FXWTRSVU5FUVVkQlVVZ3ZRV2RGUVUxQ01FY0tRVEZWWkVwUlVWZE5RbEZIUTBOelIwRlJWVVpDZDAxQ1FtZG5ja0puUlVaQ1VXTkVRV3BCWWtKblRsWklVMEZGUmtSQlUwMUJXVWRDUmxWa1NVRkJkd3BEUVZsSFdqUkZUVUZSU1VKTlJrRkhRVEZWWkVoM1VrcE5SV04zVW1GQ1JHOUZSMGRRTW1nd1pFaEJOa3g1T1dwamJYZDFaRmhPYkdOdVVubGtXRTR3Q2t4dFRuWmlVemxXVlRCV1UxWklTakZqTTFKVFZUQkdSRnBZU2pCaFYxcHdXVEpHTUdGWE9YVlJXRll3WVVjNWVXRllValZNYlU1NVlrUkNNa0puWjNJS1FtZEZSa0pSWTBKQlVWSnhUVWRuZDFCM1dVbExkMWxDUWxGVlNFMUJTMGROTW1nd1pFaEJOa3g1T1dwamJsRjFaRmhPYkdOdVVubGtXRTR3VEcxT2RncGlVemxXVlRCV1UxWklTakZqTTFKVFZUQkdRbHBIVWxWamJsWjZaRVZPUWt4dFRubGtSRUZzUW1kbmNrSm5SVVpDVVdOM1FWbFpXbUZJVWpCalJHOTJDa3d5T1dwak0wRjFaRmhPYkdOdVVubGtXRTR3VEcxT2RtSlVRVTVDWjJ0eGFHdHBSemwzTUVKQlVYZEdRVUZQUTBGblJVRk5jamxvZGxFMVNYY3dMMGdLZFd0a1RpdEtlRFJIVVVoalJYZ3lRV0l2ZWtSalRGSlRiV3BGZW0xc1pGTXJla2RsWVRaVWRsWkxjVXBxVlVGWVlWQm5Va1ZJZWxONWNraDRWbGxpU0FvM2NrMHlhMWxpTWs5V1J5OVNjamhRYjB4eE1Ea3pOVXA0UTI4eVJqVTNhMkZFYkRaeU5WSlBWbTByZVdWNmRTOURiMkU1ZW1OV00waEJUelJQVEVkcENrZ3hPU3N5TkhKalVtdHBNbUZCY2xCemNsY3dOR3BVYTFvMmF6UmFaMnhsTUhKcU9HNVRaelpHTUVGdWQyNUtUMHRtTUdoUVNIcFFSUzkxVjB4TlZYZ0tVbEF3VkRka1YySnhWMnh2WkRONmRUUm1LMnNyVkZrMFEwWk5OVzl2VVRCdVFtNTZkbWMyY3pGVFVUTTJlVTl2WlU1RVZEVXJLMU5TTWxKcFQxTk1kZ3A0ZG1OU2RtbExSbmh0V2tWS1EyRlBSVVJMVG5sS1QzVkNOVFpFVUdrdldpdG1Wa2RxYlU4cmQyVmhNRE5MWWs1SllXbEhRM0JZV2t4dlZXMUhkak00Q25OaVdsaFJiVEpXTUZSUU1rOVNVVWRuYTBVME9WazVXVE5KUW1Kd1RsWTViRmhxT1hBMWRpOHZZMWR2WVdGemJUVTJaV3RDV1dSaWNXSmxORzk1UVV3S2JEWnNSbWhrTW5wcEsxZEtUalEwY0VSbWQwZEdMMWswVVVFMVF6VkNTVWNyTTNaNmVHaEdiMWwwTDJwdFVGRlVNa0pXVUdrM1JuQXlVa0puZGtkUmNRbzJha2N6TlV4WGFrOW9VMkpLZFUxTVpTOHdRMnB5WVZwM1ZHbFlWMVJpTW5GSVUybG9jbHBsTmpoYWF6WnpLMmR2TDJ4MWJuSnZkRVZpWVVkdFFXaFpDa3hqYlhOS1YxUjVXRzVYTUU5TlIzVm1NWEJIWnl0d1VubHlZbmh0VWtVeFlUWldjV1U0V1VGelQyWTBkbTFUZVhKamFrTTRZWHBxVldWeGEyc3JRalVLZVU5SFFsRk5hMHRYSzBWVFVFMUdaMHQxVDFoM1NXeERlWEJVVUZKd1oxTmhZblZaTUUxTVZFUllTa3hTTWpkc2F6aFJlVXRIVDBoUksxTjNUV28wU3dvd01IVXZTVFZ6VlV0VlJYSnRaMUZtYTNremVIaDZiRWxRU3pGaFJXNDRQUW90TFMwdExVVk9SQ0JEUlZKVVNVWkpRMEZVUlMwdExTMHRDaTB0TFMwdFFrVkhTVTRnUTBWU1ZFbEdTVU5CVkVVdExTMHRMUXBOU1VsR00ycERRMEU0WVdkQmQwbENRV2RKVVVGbU1YUk5VSGxxZVd4SGIwYzNlR3RFYWxWRVRGUkJUa0puYTNGb2EybEhPWGN3UWtGUmQwWkJSRU5DQ21sRVJVeE5RV3RIUVRGVlJVSm9UVU5XVmsxNFJYcEJVa0puVGxaQ1FXZFVRMnMxYkdSNVFrdGFXRXA2V2xocmVFWkVRVk5DWjA1V1FrRmpWRU13Y0d3S1kyNU9iR1ZUUWtSaFdGSTFUVkkwZDBoQldVUldVVkZMUlhoV1ZXRkhWV2RXVms1R1ZXeFNVMVpXVGxWSlJUVnNaRWhrZG1OdGMzaE1ha0Z6UW1kT1ZncENRVTFVU2xaV1ZGSldTbFZqYmxaNlpFTkNVMVV3UldkUk1sWjVaRWRzYldGWFRtaGtSMngyWW1sQ1FtUllVbTlpTTBwd1pFaHJkMGhvWTA1TlZFRjNDazFxUVhoTlJFRjNUVVJCZDFkb1kwNU5lbWQzVFZSRk5FMXFUVEZQVkZVMVYycERRbWxFUlV4TlFXdEhRVEZWUlVKb1RVTldWazE0UlhwQlVrSm5UbFlLUWtGblZFTnJOV3hrZVVKTFdsaEtlbHBZYTNoR1JFRlRRbWRPVmtKQlkxUkRNSEJzWTI1T2JHVlRRa1JoV0ZJMVRWSTBkMGhCV1VSV1VWRkxSWGhXVlFwaFIxVm5WbFpPUmxWc1VsTldWazVWU1VVMWJHUklaSFpqYlhONFRHcEJjMEpuVGxaQ1FVMVVTbFpXVkZKV1NsVmpibFo2WkVOQ1UxVXdSV2RSTWxaNUNtUkhiRzFoVjA1b1pFZHNkbUpwUWtKa1dGSnZZak5LY0dSSWEzZG5aMGxwVFVFd1IwTlRjVWRUU1dJelJGRkZRa0ZSVlVGQk5FbERSSGRCZDJkblNVc0tRVzlKUTBGUlEwRkZiVlZZVG1jM1JESjNhWG93UzNoWVJGaGlkSHBUWmxSVVN6RlJaekpJYVhGcFFrNURVekZyUTJSNlQybGFMMDFRWVc1ek9YTXZRZ296VUVoVWMyUmFOMDU1WjFKTE1HWmhUMk5oT0U5b2JUQllObUU1WmxveWFsa3dTekprZGt0d1QzbDFVaXRQU25Zd1QzZFhTVXBCU2xCMVRHOWtUV3RaQ25SS1NGVlpiVlJpWmpaTlJ6aFpaMWxoY0VGcFVFeDZLMFV2UTBoR1NIWXlOVUlyVHpGUFVsSjRhRVp1VW1kb1VuazBXVlZXUkNzNFRTODFLMkpLZWk4S1JuQXdXWFpXUjA5T1lXRnVXbk5vZVZvNWMyaGFja2hWYlROblJIZEdRVFkyVFhwM00weDVaVlJRTm5aQ1dsa3hTREZrWVhRdkwwOHJWREl6VEV4aU1ncFdUak5KTlhoSk5sUmhOVTFwY21SamJYSlRNMGxFTTB0bWVVa3djbTQwTjJGSFdVSlNUMk5DVkd0YVZHMTZUbWM1TlZNclZYcGxVV013VUhwTmMwNVVDamM1ZFhFdmJsSlBZV05rY21wSFExUXpjMVJJUkU0dmFFMXhOMDFyZW5SU1pVcFdibWtyTkRsV2RqUk5NRWRyVUVkM0wzcEtVMXB5VFRJek0ySnJaallLWXpCUWJHWm5ObXhhY2tWd1prUkxSVmt4VjBwNFFUTkNhekZSZDBkU1QzTXdNekF6Y0N0MFpFOXRkekZZVG5SQ01YaE1ZWEZWYTB3ek9XbEJhV2R0VkFwWmJ6WXhXbk00YkdsTk1rVjFURVV2Y0VSclVESlJTMlUyZUVwTmJGaDZlbUYzVjNCWWFHRkVla3hvYmpSMVoxUnVZM2hpWjNST1RYTXJNV0l2T1Rkc0NtTTJkMnBQZVRCQmRucFdWbVJCYkVveVJXeFpSMjRyVTA1MVdsSnJaemQ2U200d1kxUlNaVGg1WlhoRVNuUkRMMUZXT1VGeFZWSkZPVXB1YmxZMFpXVUtWVUk1V0ZaTFp5c3ZXRkpxVERkR1VWcFJibTFYUlVsMVVYaHdUWFJRUVd4U01XNDJRa0kyVkRGRFdrZFRiRU5DYzNRMksyVk1aamhhZUZob2VWWmxSUXBJWnpscU1YVnNhWFYwV21aV1V6ZHhXRTFaYjBOQlVXeFBZbWRQU3padWVWUktZMk5DZWpoT1ZYWllkRGQ1SzBORWQwbEVRVkZCUW04d1NYZFJSRUZrQ2tKblRsWklVVFJGUm1kUlZWVXpiUzlYY1c5eVUzTTVWV2RQU0ZsdE9FTmtPSEpKUkZwemMzZEVaMWxFVmxJd1VFRlJTQzlDUVZGRVFXZEZSMDFCT0VjS1FURlZaRVYzUlVJdmQxRkdUVUZOUWtGbU9IZEVVVmxLUzI5YVNXaDJZMDVCVVVWTlFsRkJSR2RuU1VKQlJucFZaa0V6VURsM1JqbFJXbXhzUkVoUVJncFZjQzlNSzAwcldrSnVPR0l5YTAxV2JqVTBRMVpXWlZkR1VFWlRVRU5sU0d4RGFuUkllbTlDVGpaS01pOUdUbEYzU1ZOaWVHMTBUM1Z2ZDJoVU5rdFBDbFpYUzFJNE1tdFdNa3g1U1RRNFUzRkRMek4yY1U5c1RGWlRiMGRKUnpGV1pVTnJXamRzT0hkWVJYTnJSVlpZTDBwS2NIVllhVzl5TjJkMFRtNHpMek1LUVZScFZVWktWa1JDZDI0M1dVdHVkVWhMYzFOcVMwTmhXSEZsV1dGc2JIUnBlamhKS3pocVVsSmhPRmxHVjFOUlJXYzVla3RETjBZMGFWSlBMMFpxY3dvNFVGSkdMMmxMZWpaNUswOHdkR3hHV1ZGWVFtd3lLMjlrYmt0UWFUUjNNbkkzT0U1Q1l6VjRhbVZoYldKNE9YTndia1pwZUdScVVXY3pTVTA0VjJOU0NtbFJlV05GTUhoNVRrNHJPREZZU0daeGJraGtOR0pzYzJwRWQxTllWMWhoZGxaalUzUnJUbkl2SzFobFZGZFpVbFZqSzFweWRYZFlkSFZvZUd0WmVtVUtVMlkzWkU1WVIybEdVMlZWU0UwNWFEUjVZVGRpTms1dVNsTkdaRFYwTUdSRGVUVnZSM3AxUTNJcmVVUmFORmhWYlVaR01ITmliVnBuU1c0dlpqTm5XZ3BZU0d4TFdVTTJVMUZMTlUxT2VXOXplV05rYVhsQk5XUTVlbHBpZVhWQmJFcFJSekF6VW05SWJraGpRVkE1UkdNeFpYYzVNVkJ4TjFBNGVVWXhiVGt2Q25GVE0yWjFVVXd6T1ZwbFlYUlVXR0YzTW1WM2FEQnhjRXRLTkdwcWRqbGpTakoyYUhORkwzcENLelJCVEhSU1dtZzRkRk5SV2xoeE9VVm1XRGR0VWtJS1ZsaDVUbGRSUzFZelYwdGtkM0p1ZFZkcGFEQm9TMWRpZERWRVNFUkJabVk1V1dzeVpFUk1WMHROUjNkelFYWm5ia1Y2UkVoT1lqZzBNbTB4VWpCaFFncE1Oa3REY1RsT2FsSklSRVZxWmpoMFRUZHhkR296ZFRGalNXbDFVR2h1VUZGRGFsa3ZUV2xSZFRFeVdrbDJWbE0xYkdwR1NEUm5lRkVyTmtsSVpHWkhDbXBxZUVSaGFESnVSMDQxT1ZCU1luaFpkbTVMYTB0cU9Rb3RMUzB0TFVWT1JDQkRSVkpVU1VaSlEwRlVSUzB0TFMwdENnb0sKICAgIHNlcnZlcjogaHR0cHM6Ly9mNS1iZC5jb25zb2xlLnZlcy52b2x0ZXJyYS5pby9hcGkvdms4cy9uYW1lc3BhY2VzL2RlbW8tYXBwLXV0aWxpdHkvZGVtby1hcHAtdXRpbGl0eS12azhzCiAgbmFtZTogZGVtby1hcHAtdXRpbGl0eS12azhzCmNvbnRleHRzOgotIGNvbnRleHQ6CiAgICBjbHVzdGVyOiBkZW1vLWFwcC11dGlsaXR5LXZrOHMKICAgIG5hbWVzcGFjZTogZGVtby1hcHAtdXRpbGl0eQogICAgdXNlcjogZC5nYXJyaXNvbkBmNS5jb20KICBuYW1lOiBkZW1vLWFwcC11dGlsaXR5LXZrOHMKY3VycmVudC1jb250ZXh0OiBkZW1vLWFwcC11dGlsaXR5LXZrOHMKa2luZDogQ29uZmlnCnByZWZlcmVuY2VzOiB7fQp1c2VyczoKLSB1c2VyOgogICAgY2xpZW50LWNlcnRpZmljYXRlLWRhdGE6IExTMHRMUzFDUlVkSlRpQkRSVkpVU1VaSlEwRlVSUzB0TFMwdENrMUpTVVl2ZWtORFFTdGxaMEYzU1VKQlowbFNRVWxPVDNWMFluUkVOMjVpY21KS1VUSklRVWR3YUdOM1JGRlpTa3R2V2tsb2RtTk9RVkZGVEVKUlFYY0taMkpaZUVONlFVcENaMDVXUWtGWlZFRnNWbFJOVWsxM1JWRlpSRlpSVVVsRmQzQkVXVmQ0Y0ZwdE9YbGliV3hvVFZKUmQwVm5XVVJXVVZGSVJYZDBWQXBaVnpVd1dWTkNSR0pIUm5sWlZFVm1UVUl3UjBFeFZVVkRhRTFYVm0wNWMyUkhWbmxqYlVWblVsZFNibHBUUWxSYVdFb3lZVmRPYkdONlJXZE5RalJIQ2tFeFZVVkRlRTFZVTFjMWJXTnRSbnBrU0VveFdUTlNNV050VldkVk1sWnFaRmhLY0dSSWEzaFBWRUV6UW1kT1ZrSkJUVlJOUmtKVFZEQlJaMHhUUWxVS1dsYzFhR0p1VVdkV1dFNXNZMmxDUkZwWVNqQmhWMXB3V1RKR01GcFRRa3BqTTA0eFlWYzFia2xGVGtKSlF6Qm5aR3BKZFUxVVFXVkdkekI1VFhwQmVncE5WR2Q0VG5wTk0wMUVWbUZHZHpCNVRYcEJNazFVVlhoT2VrMHpUVVJXWVUxRE5IaEZWRUZRUW1kT1ZrSkJiMVJEU0ZwMllraFNiR051U21oTlVtdDNDa1ozV1VSV1VWRkVSWGhDVmxVd1ZsTk1WVTVHVld4U1NsSnJiRVJSVmxKR1RVbEpRMGxxUVU1Q1oydHhhR3RwUnpsM01FSkJVVVZHUVVGUFEwRm5PRUVLVFVsSlEwTm5TME5CWjBWQmVVVnJTM2hQWkRKeFZtSkZMMUpsU21jNU1FOUJkM1J1YjNCR1lXWm9XamRDTmpCMFkzRlliVlZzTkRsalVERk1VblZYZUFwMFRHNUVkVXBZVGxCSmRGSmhTRFoyVmpBMmMyZERTa3REVTJSTVdrbHVjblZaVDJsM1NXNUhhRXd6Y1VSd2VFNVpXVkJvUlhWV09YVndhWEJaVFVsbkNuVk9kR0ZEVVdZMGFuVmxPVUZTSzJsTFJVOU5LMjk0YW5kMFdVWmpVRlkxUmpoclJtSlBkU3RNY0dWRFpXaFhhVE5IUWpOR00wNU5RVk5TYTFKa1VVNEtiVUZpVm1WUlNIbzBaVzVxVmxkVmJtaGxhSGh3V2pBelVFWTJPVkZLVnpGMVkwdzBPRmhqUkU1blpVUldORzlRUVVNeGNtOTBURUk0VUd0YVF6WlVUQXBHU0hvNGNHSjJTa0p3VW1OeFprVlhjMGcyV2k5dlVsYzRNME51YWxCR1oxRXphVmw2WVdSM04yaG5VMHRGVDNkQlQxQjVlbkpEV1RSNVJHaE1VRGRpQ21wdldtRmtSbUp6U25oTmQxSkdSVzlXUXpOMFQyaFFOV0o1WVVoUVpVUTBVblZ4UjI5TmR6ZEdZVXhuTjA5YWNIWjZRek14YVVndk1reEtNV0l4VG5RS1dIaFhTakpMVlhSeVNtbzRPRTlGTDBKdFVreDJORkZXVG1SRlNuQjBNVGxPVW0xdVRWbHdjRWQzUkRGcEszSTVXbWh0UlhGUk1uaG1hMGxDVld0dk1BcDZOMmxGVVRKUWFtbHdiR0ZNTjJKcVNpdG9NRWRQYkU1eU1YSk9aSEkxUWtsQmJGcG9Ua2RTTTJsUEwxVlNUMHROYkZBMmRrTkpSelV2U0ZoamJVVlJDbUUwZEd0TlkzbGllbXRzVjAxTFEzUlFlVE5RUml0SVluQlRkVloyVDJsdGFIQk5UMlZCTlZjeVptazNUVVZCV25NclZIZzBlWGhaZEhGYWREaEplV3dLWlRSU1ZuVm5ka055T0ZsS09EUjJMelF4ZDJKSGVVTjJVM1pxUjIxbWNETlpVVE15YVZORVZrb3hVQzlLS3l0c0wyNVpObFIzWjBKSFVIbHNTWEJoVVFwemFXaFJhazh2WkUxNWJXMURVWGhDYUZKNGRteDZWRFZYYVhNNFJUWnJVRFoyU1hCc2Myc3ZhbTQzUzNGUWJtZGhWMEphV1N0clEwRjNSVUZCWVU5Q0NtcHFRMEpwZWtGUFFtZE9Wa2hST0VKQlpqaEZRa0ZOUTBKaFFYZEZkMWxFVmxJd2JFSkJkM2REWjFsSlMzZFpRa0pSVlVoQmQwbDNTRkZaUkZaU01FOEtRa0paUlVaS2N6SkRaMHR3YUhaTldpOW9kVlU0YTJGQmNHeG1TbEZ0TnpKTlEwMUhSRU56UjBGUlVVSm5Oa1ZQUVZGRlFrRlJVVlJDUWtaclRHMWthQXBqYmtwd1l6STVkVkZIV1RGTWJVNTJZbFJCWjBKbmQzSkNaMFZGUVZsUGFFUm5SVUpCVVVsRlJVRlJUMXBxVlhSWmJWRjBZMjVrYUdKSFVqUmhWMnQzQ2tSUldVcExiMXBKYUhaalRrRlJSVXhDVVVGRVoyZEpRa0ZKV0RGRFdEQnFabFJRV21aRU4xVlJiVFpPVEd4bkwxZFNZa2hQUnpaa1ZFbEJXaTlEYmpZS2VuSnRORkJKT1VKeWVtWjBjVVpTYzJVMVJWZG5TbW95YTBodlN6ZFlVMVo0T0ZWTmVUUnFOaXRVWmxKR1VWazBTM0p4VldkbVVpdFdNMEZJZGtVMll3cDZUVmt3Vm1GM1psbENUR1JrUVUxdGJXUXpaRTF6Wm1Ob1RtNURUMGgyVUV4VmJHSnFkbEZJVDJseFIwcFZlRFJWWjB0bVRtRjBOR3RKZUdrMk5pOUhDamRYYjNReGIzQnVkWGRCVml0aldHSmxabGhzT0UxQldYQmpXR0ZxZVVKQ1NYZFNjbm93YUVGMmJuUlFiMUJxU25aUEwxbElRbTV6T0hCeksxRnVZbllLTnpsR2VreG9TbGhzYlhnMGJUWkdSblpCWTNKQ2NrWTNVME0zT0VrNGNrOWpSVVkzYmpkRFpFVTBXbVJ1VWxwYU9FOUtUVk5qUTB0a09WcHFTelJ0WndvcldVOVhUbVpUTTNKYVdqVTRhM0l2YWpGaWRtTnViVXhoU0RWUFRtWXJNMjF3U2xVM1dVODRZamc0YnpsUldGcGphR2R4ZW01R2RsaDZMM1ZpVGtSMUNtcFVSbXhLTkdWblVFd3hTMWxzVjFwVmVWbEVXREJSVDBSNk1tWjBORGgyTW1sU05sZDZhazVpY2l0V0sxQktOVk16TkhGSFdsbDVlR1pDVG1aWE1WY0tkemxLWVRCSVkzRnZka05ITjBwUmVFbDZSMDgwY1dOYVEydENkMnQ1YUZaUldWb3lVbU01U0hwa05qRmFRUzlSY1M5VFVqQjVZV3czVjNwS01qQlJWZ3B1ZVhGUWJESnhZVzVVVUdNMlJISnpVSFo0T1RWS2FHZGFNMmhFVkdZMGRWQm5SbTVqWkVOWk1WQkljRXhzWm5aM2MxVnBOR2xHTXpKUFVGSmhObFJVQ2xndmRVUlRaRzlVYVdWSGRUVm5Xa3h2YnpVMFlWQTFVMUZqWTFGbFJGbDRaRU15YlVoQk4yMXZSV05IYlRCbFJHZENkMHN5V0VnNFRVNXllbWhSYlVVS1ltTldWMjk1TjA5bUsyRjFjbEZWUTNOUVQwbEJkVWhXWmtKb1pteG1Sbm81Vm1sR09HaE5NSGN4TW5Ca1VXVkthbUpLYld0aWR6bGxOMXA2UmpOdWRBbzRUbE5CQ2kwdExTMHRSVTVFSUVORlVsUkpSa2xEUVZSRkxTMHRMUzBLTFMwdExTMUNSVWRKVGlCRFJWSlVTVVpKUTBGVVJTMHRMUzB0Q2sxSlNVZGpWRU5EUWtadFowRjNTVUpCWjBsU1FVbFpPREJMWWtkS0t5OUxkRU40WVhwSk5FWm1iVmwzUkZGWlNrdHZXa2xvZG1OT1FWRkZURUpSUVhjS1oySkZlRU42UVVwQ1owNVdRa0ZaVkVGc1ZsUk5VazEzUlZGWlJGWlJVVWxGZDNCRVdWZDRjRnB0T1hsaWJXeG9UVkpSZDBWbldVUldVVkZJUlhkMFZBcFpWelV3V1ZOQ1JHSkhSbmxaVkVWbVRVSXdSMEV4VlVWRGFFMVhWbTA1YzJSSFZubGpiVVZuVWxkU2JscFRRbFJhV0VveVlWZE9iR042UldkTlFqUkhDa0V4VlVWRGVFMVlVMWMxYldOdFJucGtTRW94V1ROU01XTnRWV2RWTWxacVpGaEtjR1JJYTNoT1JFRjVRbWRPVmtKQlRWUkxNVUpUVkRCUloweFRRbFVLV2xjMWFHSnVVV2RXV0U1c1kybENSRnBZU2pCaFYxcHdXVEpHTUZwVFFsTmlNamt3U1VWT1FrbERNR2RrYWtsM1NHaGpUazFxUVhkT2FrVjRUVlJWTVFwT2VrVXdWMmhqVGsxcVZYZE9ha1Y0VFZSVk1VNTZSVEJYYWtOQ2RHcEZURTFCYTBkQk1WVkZRbWhOUTFaV1RYaEZla0ZTUW1kT1ZrSkJaMVJEYTA1b0NtSkhiRzFpTTBwMVlWZEZlRVpFUVZOQ1owNVdRa0ZqVkVNeFRtaGlibEpvU1VWT2MxbFlTbWhOVWpoM1NGRlpSRlpSVVV0RmVGcFhZako0TUZwWVNua0tXVk5DUmxwSFpHeEpSazVzWTI1YWNGa3lWbnBOVTBGM1NHZFpSRlpSVVV4RmVHUktZbTFhZVZsWVRqQmpibFpxWkVoV2VWcFRRbFJhVjA0eFkyMXNNQXBsVkVVMVRVUmpSMEV4VlVWQmVFMTNWVVpLVUZKRFFYUkpSbEpzWW0xR2RXUkRRbFpqTWxaNVNVVk9iR051VW5CYWJXeHFXVmhTYkVsRmJIcGpNMVp3Q21KdFkyZFJNRVZuVEZOQ01rMXBOSGhOU1VsRFNXcEJUa0puYTNGb2EybEhPWGN3UWtGUlJVWkJRVTlEUVdjNFFVMUpTVU5EWjB0RFFXZEZRVEJXUkhFS2FIUTFTMWgxYTFKSFFrUk9ia1Z2SzFsclZIRmxaa3BMVVhaTVowaEpVa0ZIT1dzeFlrRkVWM2RqTUhvclJXWldlVFJ0Wm1oYU1XNUxlbEkyYVhaeWJ3cGFhREkwVFc5SmIxZG1ObEZvVVM5NVFXczFORWszZG5WalRTOTRNVzluVldoWlRrMDVjMHh3TlZVMGNERXhPWHA2T0VaU01FdHZWR2R1VUROR2J6Wm9DbkZISzBka1VXTkthekV4TUU5S1ZYTkhORTl3ZGxoU1FtcFFLMFV4TDI5RWRqaEVZa2hFVjJSUmNXa3JWakpNTjJOYU16Sk1TbTVETlhGUFMwWmlPRThLU21ObFJVZENiVUppTW5JeWFteE1NbmN3ZWpkalNEWmxWMko1V1dFd1NWcExiemQ2ZDNOcWJsQk5TbmhXUlV0dlNXMHlNRXBYYVVkT2QweFZlRVpUY1FwT00waHdPRXRrUjFCYUswWTNUbk5yT0hGSWExZE1VMGRJTmpacllVOW9jamRwV1c1cE4zWTBXV1IxVXpKRFMwWk5SMVZhZDBnMlNEY3pLM2t5ZUVwRUNtUmljMEZDY0ZsVFdHSkJkRWd5UkcxVU1uQkNVMHBHVVhaR1NUTk5WRVV5VlRCc1EwWk5Ta3RDYkZJd2NuRkpVVmhtVFc5NldYbHVRVWt3VDFkdmRHY0tZM1E0YkRKTGNEbHVkVTlSUVVsR2FtMXlTa3h3TUZCRlJFaG9iMHN6UkRCTFNVNWFWMHBOWXpsS2IwbGxRMWRsYTBaVWNVNDBZbVZDY0ZGclJtaFJOQXBVZDNaSFF6UTJOSFpEVVhSR2NHRlRWa2x0ZFRGelltUmxWSGRYTUZvNWVWUldWM052U1RCU2REWlNVSEpyWmxwbFRuTXhjM0JrTW01dmMwb3lPWEZaQ2sxYVMyRjVheXRRZVVOaWVTOUJVMmMyYTFablpsSmpXVk5QUlhoMlVuTTFkalJ6YjA0MWRHNURRM0JvZDNScE5ITXlSV3RvTkhSNFptbzJTRVpuU1M4S1dWQnFRMnBIYVdod2NuaHViVVZqTjJ4SlNYUlZja2hxYlZoeVRUWmxXalF4VlRKdU9VNUVRVmRNYWpOd05Fa3laRGcwWkRFdlRuaFBTbVJxVTFBME1ncFJVbUZJY0VSUVNUSkllVkpXUjJ0cVoyOW5NR2RXUzFKc1VFOVdNbWhRVkdGaVNqRkVTV3REUVhkRlFVRmhUamxOU0hOM1JHZFpSRlpTTUZCQlVVZ3ZDa0pCVVVSQlowdEZUVUU0UjBFeFZXUkZkMFZDTDNkUlJrMUJUVUpCWmpoM1YwRlpTVXQzV1VKQ1VWVklRVkZGUlZSRVFrdE5SV2RIUTBOelIwRlJWVVlLUW5wQlFtaHFlSFpaTTA1M1RHNWFiR041TlhCaWVUbFJWV3M1UlVsRE1HZFdSMVoxV1ZjMU1FbEdWbnBhV0VsblVUSldlV1JIYkcxaFYwNW9aRWRWWndwVFdFNTZaRmRzZFZwNVFrUlJVMEYwU1VoWmVVeHFSWGRFVVZsS1MyOWFTV2gyWTA1QlVVVk1RbEZCUkdkblNVSkJUblIwZGpsUmQwSjZTV1l6UTA1YUNscFNUSGN3UVV4MWFrWkdlV0kwTWtsUGIxSTNVRTVxTWpCTWMwWnJVa2RvV0hGUFoyNTRhRlIwYUdVMFJWaEhUbmR2U21SNVQwRllaa05XV0d4emMyZ0tOVFFyYjBOQlEzZDNOV3BuZURKS1ZrdzVRMHBRVUhBeFZrRldTRmxyYXk5eFlYZFpWRkYwTms1NE9XZExjVGxuYm5kcVJqQkNOMVV4YzNOSFNWSm1hZ3B3UnprNE1qQTNUVk51U2tNM2VsUndPWFJhYXpsUlUzVkhLM0ZIYzFkNVRVMDBTa3g0WjJGYVQyZHBSRkJHVEZabVRXMVJjWFZVYVRnMVoyRk5kMGROQ21kSGNXOWFlV1pOTnpORlVrVXhOVUZyUWpKUlRqbHZiMmhLY1RORVRHOTBUU3RHUzJkTGRHVXZXbkJ5Yms1T2QwOTRNVlZPY21jeWFGTnNVMDExTVVNS2VESjJSbTlLUWtaNVNHcGlRbmsxTUZwWVYyUnpkMnBqV1cxeFZGWklXVTAyWmtoT1VYQlZiRTVUVkVsVVlsUTFWakpWVkdWR1Z6WndRMnRZVDBOblpncDRTblpsUVhZM1EyeFdPVEpMUmpJd05XZE1ORkZDUXpWM1QyUlBXRkJKYTB0Q05GWllabVJtUkVnNFlYZE9Nak1yVkZoR1dsTjBkamh4ZVVRMGFXcE1Dbk5TT1hJcmEzVXJNbmRIV2s1TVlqSkpObFkzWmtsNWRGbFFUakJwUkdoS1NuVmFXRGwyYTFkbWFISk9LMkp1T0hWdk5rRndUMHhuTnpsU1NFY3pVRE1LVVZKWFFtdG9RVzB3Wml0aU0yZzBOVXB4VDJ4dGFtcGhORnBDUm1KMFdpdEdXVTVVVjJKVlMySXZOak5TUTNwMkswMDBXREJKYkZkRlUyUkJTVzFxYkFvdlZUUTFRVXBxYTJsa2NFdzBSRTEzTjBKMVUxRkZSVWt2YjJORU9GTm5abXczT1hobVowdFphME4yWTI4cmJXOVVRV1pUY1ZGc1IzZFNkbEEzU1dOcUNqbExRbGh3VVRKUlYxSnZRa1poVVcxM2N5OHdjVEpzWjBSMGFTdDZZa3R4V1ZGNFpsRXpTVEZYTWxwUVUwaFRSVVJ4UlZaeE5VZGhSWGgyUlVOSU9ESUtaVmhwTUZKTlNrMTBaMEZwWXpocFNWUXpNVUpWYkZwWWNYbERSUW90TFMwdExVVk9SQ0JEUlZKVVNVWkpRMEZVUlMwdExTMHRDaTB0TFMwdFFrVkhTVTRnUTBWU1ZFbEdTVU5CVkVVdExTMHRMUXBOU1VsSFducERRMEpGSzJkQmQwbENRV2RKVWtGS04yZFZNRFU0WmtOVlRIaG5PV2RZUzNWaFJVbzBkMFJSV1VwTGIxcEphSFpqVGtGUlJVeENVVUYzQ21kaVJYaERla0ZLUW1kT1ZrSkJXVlJCYkZaVVRWSk5kMFZSV1VSV1VWRkpSWGR3UkZsWGVIQmFiVGw1WW0xc2FFMVNVWGRGWjFsRVZsRlJTRVYzZEZRS1dWYzFNRmxUUWtSaVIwWjVXVlJGWmsxQ01FZEJNVlZGUTJoTlYxWnRPWE5rUjFaNVkyMUZaMUpYVW01YVUwSlVXbGhLTW1GWFRteGpla1ZuVFVJMFJ3cEJNVlZGUTNoTldGTlhOVzFqYlVaNlpFaEtNVmt6VWpGamJWVm5WVEpXYW1SWVNuQmtTR3Q0VGtSQmVVSm5UbFpDUVUxVVN6RkNVMVF3VVdkTVUwSlZDbHBYTldoaWJsRm5WbGhPYkdOcFFrUmFXRW93WVZkYWNGa3lSakJhVTBKVFlqSTVNRWxGVGtKSlF6Qm5aR3BKZDBob1kwNU5ha0YzVG1wRmVFMVVWVEVLVG5wRmVsZG9ZMDVOZWxWM1RtcEZlRTFVVlRGT2VrVjZWMnBEUW5OVVJVeE5RV3RIUVRGVlJVSm9UVU5XVmsxNFJYcEJVa0puVGxaQ1FXZFVRMnRPYUFwaVIyeHRZak5LZFdGWFJYaEdSRUZUUW1kT1ZrSkJZMVJETVU1b1ltNVNhRWxGVG5OWldFcG9UVkk0ZDBoUldVUldVVkZMUlhoYVYySXllREJhV0VwNUNsbFRRa1phUjJSc1NVWk9iR051V25CWk1sWjZUVk5CZDBobldVUldVVkZNUlhoa1NtSnRXbmxaV0U0d1kyNVdhbVJJVm5sYVUwSlVXbGRPTVdOdGJEQUtaVlJGTUUxRVNVZEJNVlZGUVhoTmNsVkdTbEJTUTBGMFNVWlNiR0p0Um5Wa1EwSldZekpXZVVsRlRteGpibEp3V20xc2FsbFlVbXhKUmtwMllqTlJad3BSTUVWblRGTkNNazFxUTBOQmFVbDNSRkZaU2t0dldrbG9kbU5PUVZGRlFrSlJRVVJuWjBsUVFVUkRRMEZuYjBOblowbENRVTU0ZGs5VFZuZ3lNVzl5Q25GU1RXYzVaak5rTDNwUlFUWjBPVk5RZDAxeVprVlBNVzV1VUhkTlJqbGhkMU5KVkhZdk0yRlpWbmhDWVdwNGVsbzRTSEpXVWpGblRYbG9ORVJrU0UwS1ZFdG9ValJTVVVoQlMwcFdUamRQTmxOblRqbHZOMHN2ZHpGcmJFdGlaRm81YUZOUVVrWjRUa0k0YjA1ek5td3JRM1Z2T1c5cmIyTjFkR0ZFZURST2NRcFBaa0ZqTXpWcVNXOW9TVWQ1YldONVRtODVMemxzWlZCa1N5dHdSVXN3YTBrd2VIUXJNWFJSZDFWRFJrTmhSV1ozYTNkT1kwOXhVMDlIVFhkWlFVaE5DbGx2TUdWb2NGZENkVWhRUlZSRU4wUTJSa0Y0YjBwMVRrdzVjRVZCVkhadVJsRlBjRm8wTXpCT2VqaGxSV3RFY0RSckwyeEhSMlU1YVM5NWQxUmhWR0lLZDNjMmJHMU5Na0V6TUVOUFJWUlhja0U1YjBOUFpXTkhPVUZZVlhveVUwSTRSV1IxT0Vad09WSkVOVGRLTVRrdmRXbEhjMWtyWWxWdlZtTnBlR04wWndwcllrNVFiekJ0VmxocVpGWkxaa3BYYldaRE1HWkxiazAzV2xRNGJFNVpkREJGY1VrM1FWcEJWbkphWkdkcGRESlNjRXBvTkZZM1kyeEthR1k0WlZGU0NrdERhSGxxZWxSQmVVOTRjRGRzV21Ga1RWWm9kbkk1UTFKaVpTdEdURUl4WW1SSVFraEtjMkZqUlVoTE1saG1iRGxvTm5KMFZ6Sk1VWFpMUTNKRGJXOEthbWRXZWpoUWVXWjNPSHBXUTBwQmEwMHpWbmN5U21ad1pXYzJUVFZIZHlzdlNGaHZSRWRHSzNGemJEVkVWak5pZEdZd0wxRTFNbkpFVlZOeU5VRmpiQXBZVEVWdU0za3hRbE0yVFdRcmJtOU5MM0ZaYkcxTmEzWTNXV1U1TURsU2NWUTJVbTlhYW5GSmJYYzROSGhRTm5oaVNHMVlUMloxY3k5RlRuSTROVEpsQ201YVJEZFNZMDQwVjNWNFZUWlFXRTE1WlVwdVZuUnBhRTVIVEc1aEszVkVXWGcwVjBGTmMzVklkbFZRYWtSMlJGTnlSa05PYkVGaFRrZzNOa0pZZDBzS2QwTTJMMjVEU2taUFowbGxOekJNVG5kUGRuTlhMMWwxYVhoclprNWtTRXhCWjAxQ1FVRkhhbVZFUWpKTlFUUkhRVEZWWkVSM1JVSXZkMUZGUVhkSlF3cG9SRUZRUW1kT1ZraFNUVUpCWmpoRlFsUkJSRUZSU0M5TlJrMUhRME56UjBGUlZVWkNkMFZDUWtWamQxSlVRa1JDWjJkeVFtZEZSa0pSWTNkQldWa3pDbUl5VG5walF6VXlXbGhOZFdGWE9IWlZSa3BRVWtOQmRFbEdVbXhpYlVaMVpFTkNWbU15Vm5sSlJVNXNZMjVTY0ZwdGJHcFpXRkpzU1VaS2RtSXpVV2NLVVRCRloweFRRakpOYWtGT1FtZHJjV2hyYVVjNWR6QkNRVkZ6UmtGQlQwTkJaMFZCTW5sWk0wMHJabGRMWkhwRVJWbzFTV2czVUU1MWJHdFpZWHBqWXdwSU5ucFZNMEpuVEN0VlZHOVJTVEpxVG5kMmJXOXZjRGxFZHl0V1pXbENOM05ZVlRCd1dqVnhlalo0V0VKU01URnJRVFZSWm1WWk1XTlJXRU41WTAwdkNrUlBSRTFWVXl0bWEybGhORzF1UjJwd1RuVm9ZWFp1WVVWQlJHUmFjRWRNVXpRd1pFOVFiV0ZvVDBOamNGQnZOMFJNTldaSWRVSkZUbUpxWlRoa1VXWUtSRVpPVHpOaFdrVnFjamQ2VGpaSmJuY3hMMFpUTjJWa2FYVndSM2htVFhocmVGTjZRV3RzVlVSa00wTjVWR3AxY3pkWU56bFBNMGtyUzFKRFVEUTBiUXB5ZVVOdVpuUnRkbWcyYms1b2VVMXFkblJ4U1dveWVYVnROVEpVVDBkWE1XNXVXbWxtWVdoSE5FdE5kMkpHYmtJNWQzbHBTMHBJVjJ0T2FGTnlkVUZQQ21wS2VFZ3diRXQwTjFsS1EwSkNTMUI2VGxCbVRWTkVOME51ZFhBeE5GQkljRlJQUWpCdGNVeE9jRUpUVnpVNGFVbFFWemQwZDJKMlUzVlBXV1IxYjFZS01GRkZia3RZZFVGemJWWndOVFp1U1RJelNFbzBhR0Y1VTB4SFpIRlRSVU5wWm1SblpsTjNWMXBPUkVaRVlVWnJaMjFpYlVaV1pXZHpSMkl5ZW13dkt3cE5VVmhNYzFNcmVGcE5hbFo2Wkcxa01GQm5XbXhCTmtob2RUUlZOWEEyUjNkVU1tbFdkRlpOTmxWWlVqUXdhRGRSZFhWbWFHNXVOVnBOZVN0dlJVZERDa3B3SzJKYVdYaHljazVHYjFsbmFFZHBOMVpwWTBwbWJGSXdiM0IwZUdOVGMyZEpUblZtV2xCdlIwUlZkV015VUhKblZta3paV3RVVTJGVFJXVXJlbTRLUldvMlYwWXlUbWhqT0hKeVdXNVBXVW93UlhKMVQxVXhVMHhtZVdKREt6bDJlVEphWlhKNkx6TjZlVTVqYUdGQlZpdGplblpoZEdoVVFrSjRaR3hCU3dwSWFTOWlTV2hsYkdGWFdXeHhjazF0TmxkdlpscDFWSGxRYlUwMk5VWTVSMG95V1hJNU5sUXJNa1J4UkN0eGJFOXpSRTV2VTFwV2NWZFpVVzlaY0RSbENtUXdhVWd5TDBwR1JtZEtTRmhEWnowS0xTMHRMUzFGVGtRZ1EwVlNWRWxHU1VOQlZFVXRMUzB0TFFvPQogICAgY2xpZW50LWtleS1kYXRhOiBMUzB0TFMxQ1JVZEpUaUJRVWtsV1FWUkZJRXRGV1MwdExTMHRDazFKU1VwU1FVbENRVVJCVGtKbmEzRm9hMmxIT1hjd1FrRlJSVVpCUVZORFExTTBkMmRuYTNGQlowVkJRVzlKUTBGUlJFbFRVWEpGTlROaGNGWnpWRGtLUmpSdFJETlJORVJETW1WcGExWndLMFp1YzBoeVV6RjVjR1ZhVTFocU1YY3ZWWFJITldKSE1IVmpUelJzWXpBNGFURkdiMlp4T1ZoVWNYbEJTV3R2U2dwS01IUnJhV1YxTldjMlRFRnBZMkZGZG1WdlQyNUZNV2huSzBWVE5WZ3lObTFMYkdkM2FVTTBNakZ2U2tJdmFVODFOekJDU0RaSmIxRTBlalpxUjFCRENqRm5WbmM1V0d0WWVWRldjelkzTkhWc05FbzJSbUZNWTFsSVkxaGpNSGRDU2tkU1JqRkJNbGxDZEZZMVFXWlFhRFpsVGxaYVUyVkdOa2hIYkc1VVl6Z0tXSEl4UVd4aVZ6VjNkbXA0WkhkTk1rSTBUbGhwWnpoQlRGZDFhVEJ6U0hjclVtdE1jRTF6VldaUWVXeDFPR3RIYkVaNWNEaFNZWGRtY0c0cmFFWmllZ3BqUzJWTk9GZENSR1ZLYWs1d00wUjFSMEpKYjFFM1FVRTBMMHhQYzBwcWFrbFBSWE12ZEhWUGFHeHdNRloxZDI1RmVrSkZWVk5vVlV4bE1EWkZMMngyQ2twdll6azBVR2hITm05aFozcEVjMVp2ZFVSek5XMXRMMDFNWmxkSlppOVpjMjVXZGxVeU1XWkdXVzVaY0ZNeWMyMVFlbmMwVkRoSFdrVjFMMmhDVlRFS01GRnRiVE5ZTURGSFlXTjRhVzFyWWtGUVYwdzJkakZ0UjFsVGNFUmlSaXRSWjBaVFUycFVVSFZKVWtSWkswOUxiVlp2ZG5SMVRXNDJTRkZaTmxVeWRncFhjekV5ZG10RlowTldiVVV3V2tobFNUYzVVa1UwYjNsVkwzRTRTV2RpYmpoa1pIbFpVa0p5YVRKUmVIcEtkazlUVmxsM2Iwc3dMMHhqT0ZnMFpIVnNDa3MxVnpnMlMyRkhhM2MxTkVSc1lsb3JUSE4zVVVKdGVqVlFTR3BNUm1reWNHMHpkMnBMVmpkb1JsYzJRemhMZG5obmJucHBMeTlxV0VKellrbExPVXNLSzAxaFdpdHVaR2hFWm1GS1NVNVZibFV2T0c0M05sZ3JaR3B3VUVOQlJWa3ZTMVZwYkhCRGVVdEdRMDAzT1RCNlMyRlpTa1JGUjBaSVJ5dFlUbEJzWVFwTGVuZFVjVkV2Y1RocGJWZDVWQ3RQWm5OeGJ5dGxRbkJaUm14cU5sRkpSRUZSUVVKQmIwbERRVWhaVXl0YVNsUnJjRlZMV0d3clIzWk1PVTFXY2twakNubDFRVUZMVVZWcldUWjFSelJOUVhsS1lrcDRaRWM1YTBwRWFreDFVbEFyV0M5Qk1rRkRVM1JVV0ZRMVIyOHllVUlyWjFOVWRYUlBhWGhtWlZveVYyRUtkMUozV2toVWRYTmhiM1p4WjFsUU0zQXplbTlhYkV4WVNsTlBlSHB1UTNOblJYWkxjM3BKYzFaRVUxSllXblV6Um5sdGRVVnFTVTh3YlRWb2FVNDBTUW95U0ZnMlJrMXBTemhhVkdad1NDdG1USGhhV1VadWNXdzFZV1F3T1M4MmEwdE1Na281VTJzclNscE9NbUYyU2paemJWVmpXbWt2YXl0c1ZsVTNVMng1Q2xaRGFXMU1VRXA0VVRORlkwcDJVRWd3ZVdwUFluZ3JUU3R6VEhWb0wzRjNTa3BJWjFCM1luUXJRMDFJZVc5VFMxaHRZVFY0YW10SFRsRkVWMWhDV0hFS2VITnhWelV2UXpGeFFqWnpjVTV2WkdsRmRIQjFVR2hPY21aS1JUTldUVTE1WXpkRldEZDNOV2czTnl0NVdFOHpSRFVyY0c1MVpEQkpNRGRNYW1oSVZBbzRRbXh1T1VGM1ptaFJkR001VUdodWNHVXhiM0JFV1doMFIxVlNka1JSU0ZCVWRtMUJOMjVoUVdaUVFucFNUVzF1S3pGbk5sZDBiRWR2VkhjeVNFTXJDbUprSzA1T05HeDFkR3haYVRCTVMybHlOMnh1U2pkblVFWlBhMnhCVkcxemVXbDBSMGRCZDB4UlowTXpWMDVDVlVNNWRUVnhkalJqUkRKSVoxSk1TemdLZUZORlprMTVjMlUyYkdRek9IVmFNVWhoV1hGS0wzUkplVVZ6WWpSR01XeDFPWGgwTkhWNlR5dDBkbW8yTVZaU2RubHJhSGhCUlVRNVYySXdlRVpuUmdwVmMydFdXV1VyWWxGWGMyTlJaVlJtZG1SSVNWSTJhVUVyV25sNlREVnBVRWd2YmtaaVpuVk9aUzh4Y3pCWEwzaE5MelZFTkdObk4wVnNOVkpMU0ZOMkNtMVllRVF3YlV4T1MzVndVbWh2YVZSRlZFVjVRMnA2ZUZkbWNGUnpkM1pqTTNkVVNWSkJjSFZUTlRsWlkzRjJLMGxtTlcxUVFVNVRWRnBzYm5aUlNtc0tTREIxY21aRGVVTkRVMjlhYXpNMVp5OXlWM2hCYjBsQ1FWRkVTbTVzSzI0d1JDOW9jazB2VFV0Q1RWUjBURVJxTDIwME1Hc3JhbWQzVjI5UE1FbG1iUXBUUmpZM1VURlZXR0pWYm1RMWMxVjZXV2hZUVVWNlZGQk5ORFU1WVc5dWEzRnVSVk5zTTFwdFFWRlBLMnB6ZEN0b2RtZFBZa2xSY1V0a2IyWjVlblZuQ25SclpWVTBkVXRMZFN0bVowSlJPRUV5T1V0cmMzbEliVWxxWTB4UFNuUk5VMFU0ZW1wclFtNVdhMk0xY2xwME1YaHRiR3hsYUhwTWFuZEVZV280V1hJS1JsZG9ObmhWVldGbGVIQk9XalExVFhWWGEydzJkMU5hY1djMVpVbDROV3Q1WjI1TWFXZGlaVkZKYUdkd1dFaFlhQ3RVYVdVdmRFUXlkMUJTVDJvMWFBcHFiMGQ2VlZoMVZqaDBTbFl3WTJOWVZsSXZTakZzSzJKd09XVXdTbU4wVUZsV1lXcGhUVGdyYkc4ME9WSlFTa2M1VEU4eVRtNHpRMjl4VG14NlNEQjJDalJxVjNCVlZucFpkWFZGYlVJeFNrWjFWRkZTUWtacFNucDFhV3MwTHpaWVptWllaVGxTVW1aQmFXZHlTRlF6WWtGdlNVSkJVVVFyVkhCd2IwZFRNR29LSzJKVWREaExVVzlsVWxOT05URm5jVTRyU0hwcVVtaFdVSGRvWldKTGFuSTNjVGhXYzJFdmFXVlpVMjk2YlZaSVFrbG5kekJDTjFkNFJGWnNVM2wwVmdwcVJuRnBUMmsxZDFGUWIwSldhMHMzUm5KTVpESlBRUzlhTDFKM1psWkVTRU4zT1c4ME9IcFlaMkYzWjNCRGNqQTNkbFpoWldONFZrWndNaXRuWXprNENqRnRaMHRYZFU4eFVrdGhNRXRaT0dKeVJqWkxhVlpWT0U5NllscHpUbUpCTTJGbWNqQlJZVzUwWVRKU2FrWmFVV0YzVFZkbVFuUkdMM1ZVYVhOME1qSUtVMmM0T1VKNVYwVkllVzlHYzFRclMwNU1XRWR3T0dGalNVRktabnA2UjNWWlZuVm1hazU2V1M5bE1qQjZaM0psYmxZME1EUTRlVFZIT0RCVVdVWkdTd3BCV25oVWFrdEVXWEZLVWtORmNGQnNOSFJoY20wNGNqSjBXVGxFY2tKcVpGQlZhMVJ2VDJObFNteHVVbUYyWmpSamFEZHRXWGxwUkZKdU9EaFpjVWxhQ2tkelJXcDJLMmd2U0hOeFRFRnZTVUpCVVVNeVVUbFJXbk4xZEhSTGJuRlpRakJ3Ym5OQ2RWSnZVSE5xTUU5eVpqbEVibUYwY1RKRlozSjNVVGhwWmtVS2FTdHZVa1J2VVV4c1dXOTNTRFo2U0NzNFZ5dHVNR1ZXVkc1bU1UVk1UVWRPTjJsWk1XbEphMlZuVGxwc2MxSk5SVnBYT0RGRk9VNVdSSFZXTTNnMFNncGhVMGRRY0ZWTlVUbGhhVkprT1dOWVdYRnlPRWNyY0Zsd1lUTnFNelU1WkZNclVVeDNiVkZrY205aGRGWkNNR1k0UjBaSVRrWTFhbkZJUkZKUEwwUnBDbkJhVERkcmNtaFVjQzlJYTJNelpYWkxjM0psVlRCVmQzWkhlbkZqYUdOUVlVdDBhRWt5SzNNNWJ6Y3lTMFJ5V0RsMlExZG1kRGRTT1hKQ1RqSlZWM1VLU1hSMkt6bFRkbFZpWjBoVmVERlhZazAzY1U5bmRsRjJRMDFJTXpZNVNXVjBTMEpXZUhwU01qZE9VbWg2ZUZWV2JGVXlPWGMwVlZGbGNVVnJUbWRsU0FwaWFtOUlNVTl4VGxkWldUSk9RVmRQV0RGNE1WcENPVTRyU0UxRVdXVTVUMnBJWVdaek1HMTBRVzlKUWtGUlJHVlNiRWhNV0hkWlNHaGpRbEZ2U2pZM0NrTlhiV1o0YlRsWVNqRlZSa1JZVVZKUWJrUlJTakpXVjBsc09VTk9VR0Z2YlhSSlMzZGhkbVk0VDFGbk1XbGxLMU1yZW01NGJGaDNRbWxrU2pKR1Uza0tjRkJvWm5CelpsbDNjbEpCUmpodFdsbG5SbFJQVWxWaWFFWXhTbkp4U21sVmRVeG9MMDUyV0VSbE0wSXdUMlEyUkRkU09IbFFWbFZDWjNOV01HVTVjQXBvYzBjeVozZFRhMmxZY0hjeVEzZzFOSEl2UldOcU5tbG5TbkV2UlZGdmFVZEVaa2hIWTFKMmMySnJXRTVCTm1Gc1dHNHhZelpWTmt0WE1EaFRSSHBSQ2xOSVZIZFhUVnBUZUVaUFJtVlRkWFJXYjFRNGRsSnhUbU50WTJ4Qk0yZGpObGxYVmtoUGNDOVFWV3RWVEZjdlNUZzNXRUpyT1ZFMVVGVk5iaXMyYVhrS09XeFlkbXRzUmxoQk0yWnBjM1E0Y0RFdlQwdHJTMlZETmtsbmR6aGthRkZxTDBNNWFrTlBSazFwYjNvNFRVNHJVMjFZTTI0M1dsTXZkMGRHWmpjeE1RcE1ja3RXUVc5SlFrRlJRMWRXT1d4RlNsTXZSMmRSTlVOWmFpc3dSR0V3Y2lzd1Z6Vm1Wa3hMWm01MFlsQnJVM0J2TVRGR1MyNDBVbUpxVDBOR1VURTNDalpFVVZGcEwzUnhOblF6TXpVMlRrOUVNRXcxY3pSR1JXRlZWR1ZuZVhKT1RraGFkblJoUlRscmJXeElPRmw2WlhCc1RUZzJTMWt6YkdSa1JrbFpWR1lLUm14NWFuY3hNbWxCSzFCc2NGZHFMM05rUjFVeGNuVlFZVmRCUmtGTVFsRldhSFkxZDA5emJtTk1TeTlzV0RoS1lYSm9NWHBUTDJsMFQyazNhbXBGTmdwdmMwRnNSbTU1YjFKSmNqRkxRMlZPT1RGSmNuaDRPWFJQTmtKS2FYQkRTVkY1VUdOaFlVbEhMMVpZVTJGTWNIQlhTRlZPYTFKQlZtWnJjWGd2TTBocUNqaHVhMDh3UmpOWU0ydzNXblJtWlU1amQwUk1aazVXTjNWWFNETlRTamxSVFZkQ2JuSllRMmxYZEZwTE9UZEhPVkV2T1VVNFZXWldOMmRGWVZOb1QwSUtUMXBzU1dwWlZFVlVNRVpOYW1WT1EwMUhZblpqTnl0TVIyVnFURGcxV2xnS0xTMHRMUzFGVGtRZ1VGSkpWa0ZVUlNCTFJWa3RMUzB0TFFvPQogIG5hbWU6IGQuZ2Fycmlzb25AZjUuY29tCg==",
            "expiry_days": 89,
            "id": "demo-app-utl-cred",
            "name": "demo-app-utl-cred",
            "virtual_k8s_name": "demo-app-utility-vk8s",
            "virtual_k8s_namespace": "demo-app-utility"
          },
          "sensitive_attributes": [],
          "private": "bnVsbA==",
          "dependencies": [
            "module.f5xc.volterra_namespace.utility_ns",
            "module.f5xc.volterra_virtual_k8s.utility_vk8s",
            "module.f5xc.volterra_virtual_site.utility"
          ]
        }
      ]
    },
    {
      "module": "module.f5xc",
      "mode": "managed",
      "type": "volterra_app_firewall",
      "name": "af",
      "provider": "provider[\"registry.terraform.io/volterraedge/volterra\"]",
      "instances": [
        {
          "schema_version": 0,
          "attributes": {
            "allow_all_response_codes": true,
            "allowed_response_codes": [],
            "annotations": null,
            "blocking": true,
            "blocking_page": [],
            "bot_protection_setting": [],
            "custom_anonymization": [],
            "default_anonymization": true,
            "default_bot_setting": true,
            "default_detection_settings": true,
            "description": "App Firewall in blocking mode for demo-app",
            "detection_settings": [],
            "disable": false,
            "disable_anonymization": null,
            "id": "51fa4296-0e06-4def-a7f9-40db27a194b4",
            "labels": null,
            "monitoring": null,
            "name": "demo-app-app-firewall",
            "namespace": "demo-app",
            "use_default_blocking_page": true,
            "use_loadbalancer_setting": null
          },
          "sensitive_attributes": [],
          "private": "bnVsbA==",
          "dependencies": [
            "module.f5xc.volterra_namespace.app_ns"
          ]
        }
      ]
    },
    {
      "module": "module.f5xc",
      "mode": "managed",
      "type": "volterra_app_setting",
      "name": "as",
      "provider": "provider[\"registry.terraform.io/volterraedge/volterra\"]",
      "instances": [
        {
          "schema_version": 0,
          "attributes": {
            "annotations": null,
            "anomaly_types": null,
            "app_type_refs": [],
            "app_type_settings": [
              {
                "app_type_ref": [
                  {
                    "kind": "",
                    "name": "demo-app",
                    "namespace": "shared",
                    "tenant": ""
                  }
                ],
                "business_logic_markup_setting": [
                  {
                    "disable": null,
                    "enable": true
                  }
                ],
                "timeseries_analyses_setting": [
                  {
                    "metric_selectors": [
                      {
                        "metric": [
                          "REQUEST_RATE",
                          "ERROR_RATE",
                          "LATENCY",
                          "THROUGHPUT"
                        ],
                        "metrics_source": "NODES"
                      }
                    ]
                  }
                ],
                "user_behavior_analysis_setting": [
                  {
                    "disable_detection": null,
                    "disable_learning": null,
                    "enable_detection": [
                      {
                        "cooling_off_period": 20,
                        "exclude_failed_login_activity": true,
                        "exclude_forbidden_activity": null,
                        "exclude_ip_reputation": null,
                        "exclude_non_existent_url_activity": null,
                        "exclude_waf_activity": null,
                        "include_failed_login_activity": [],
                        "include_forbidden_activity": [
                          {
                            "forbidden_requests_threshold": 10
                          }
                        ],
                        "include_ip_reputation": null,
                        "include_non_existent_url_activity_automatic": [],
                        "include_non_existent_url_activity_custom": [],
                        "include_waf_activity": true
                      }
                    ],
                    "enable_learning": true
                  }
                ]
              }
            ],
            "description": "",
            "disable": false,
            "id": "720c73ce-005a-4028-b849-befabd1ce1ce",
            "labels": null,
            "name": "demo-app",
            "namespace": "demo-app"
          },
          "sensitive_attributes": [],
          "private": "bnVsbA==",
          "dependencies": [
            "module.f5xc.volterra_app_type.at",
            "module.f5xc.volterra_namespace.app_ns"
          ]
        }
      ]
    },
    {
      "module": "module.f5xc",
      "mode": "managed",
      "type": "volterra_app_type",
      "name": "at",
      "provider": "provider[\"registry.terraform.io/volterraedge/volterra\"]",
      "instances": [
        {
          "schema_version": 0,
          "attributes": {
            "annotations": null,
            "business_logic_markup_setting": [
              {
                "disable": null,
                "enable": true
              }
            ],
            "description": "",
            "disable": false,
            "features": [
              {
                "type": "BUSINESS_LOGIC_MARKUP"
              },
              {
                "type": "USER_BEHAVIOR_ANALYSIS"
              },
              {
                "type": "PER_REQ_ANOMALY_DETECTION"
              },
              {
                "type": "TIMESERIES_ANOMALY_DETECTION"
              }
            ],
            "id": "c3a3fef7-b19f-4370-be2f-143c20da434d",
            "labels": null,
            "name": "demo-app",
            "namespace": "shared"
          },
          "sensitive_attributes": [],
          "private": "bnVsbA=="
        }
      ]
    },
    {
      "module": "module.f5xc",
      "mode": "managed",
      "type": "volterra_healthcheck",
      "name": "frontend",
      "provider": "provider[\"registry.terraform.io/volterraedge/volterra\"]",
      "instances": [
        {
          "schema_version": 0,
          "attributes": {
            "annotations": null,
            "description": "",
            "disable": false,
            "healthy_threshold": 2,
            "http_health_check": [
              {
                "headers": {
                  "Cookie": "shop_session-id=x-liveness-probe"
                },
                "host_header": "",
                "path": "/_healthz",
                "request_headers_to_remove": [],
                "use_http2": null,
                "use_origin_server_name": true
              }
            ],
            "id": "3e720bcb-cbe8-48e1-9cf3-0d4f2ff85c5e",
            "interval": 5,
            "jitter_percent": null,
            "labels": null,
            "name": "demo-app-frontend",
            "namespace": "demo-app",
            "tcp_health_check": [],
            "timeout": 1,
            "unhealthy_threshold": 5
          },
          "sensitive_attributes": [],
          "private": "bnVsbA==",
          "dependencies": [
            "module.f5xc.volterra_namespace.app_ns"
          ]
        }
      ]
    },
    {
      "module": "module.f5xc",
      "mode": "managed",
      "type": "volterra_http_loadbalancer",
      "name": "frontend",
      "provider": "provider[\"registry.terraform.io/volterraedge/volterra\"]",
      "instances": [
        {
          "schema_version": 0,
          "attributes": {
            "active_service_policies": [],
            "add_location": true,
            "advertise_custom": [],
            "advertise_on_public": [],
            "advertise_on_public_default_vip": true,
            "annotations": null,
            "api_definition": [],
            "api_definitions": [],
            "api_protection_rules": [],
            "api_rate_limit": [],
            "app_firewall": [
              {
                "name": "demo-app-app-firewall",
                "namespace": "demo-app",
                "tenant": ""
              }
            ],
            "blocked_clients": [],
            "bot_defense": [],
            "captcha_challenge": [],
            "client_side_defense": [],
            "cookie_stickiness": [],
            "cors_policy": [],
            "data_guard_rules": [],
            "ddos_mitigation_rules": [],
            "default_route_pools": [
              {
                "cluster": [],
                "endpoint_subsets": null,
                "pool": [
                  {
                    "kind": "",
                    "name": "demo-app-frontend",
                    "namespace": "demo-app",
                    "tenant": ""
                  }
                ],
                "priority": 0,
                "weight": 0
              }
            ],
            "description": "HTTPS loadbalancer object for demo-app origin server",
            "disable": false,
            "disable_api_definition": null,
            "disable_api_discovery": null,
            "disable_bot_defense": null,
            "disable_client_side_defense": null,
            "disable_ddos_detection": null,
            "disable_ip_reputation": null,
            "disable_malicious_user_detection": null,
            "disable_rate_limit": true,
            "disable_trust_client_ip_headers": null,
            "disable_waf": null,
            "do_not_advertise": null,
            "domains": [
              "demoshop.xc.f5demo.net"
            ],
            "enable_api_discovery": [],
            "enable_ddos_detection": null,
            "enable_ip_reputation": [],
            "enable_malicious_user_detection": null,
            "enable_trust_client_ip_headers": [],
            "http": [],
            "https": [],
            "https_auto_cert": [
              {
                "add_hsts": false,
                "append_server_name": "",
                "default_header": null,
                "default_loadbalancer": null,
                "disable_path_normalize": null,
                "enable_path_normalize": true,
                "header_transformation_type": [],
                "http_redirect": true,
                "no_mtls": true,
                "non_default_loadbalancer": null,
                "pass_through": null,
                "port": null,
                "server_name": "",
                "tls_config": [],
                "use_mtls": []
              }
            ],
            "id": "aa706072-e813-46b7-a303-b5bdf0b96df1",
            "js_challenge": [],
            "labels": {
              "ves.io/app_type": "demo-app"
            },
            "least_active": null,
            "malicious_user_mitigation": [],
            "more_option": [
              {
                "additional_domains": [],
                "buffer_policy": [],
                "compression_params": [],
                "custom_errors": {
                  "408": "string:///PCFET0NUWVBFIGh0bWw+CjxodG1sIGxhbmc9ImVuIj4KPGhlYWQ+CiAgICA8bWV0YSBjaGFyc2V0PSJVVEYtOCI+CiAgICA8bWV0YSBuYW1lPSJ2aWV3cG9ydCIgY29udGVudD0id2lkdGg9ZGV2aWNlLXdpZHRoLCBpbml0aWFsLXNjYWxlPTEuMCwgc2hyaW5rLXRvLWZpdD1ubyI+CiAgICA8bWV0YSBodHRwLWVxdWl2PSJYLVVBLUNvbXBhdGlibGUiIGNvbnRlbnQ9ImllPWVkZ2UiPgogICAgPHRpdGxlPgogICAgICAgIE9ubGluZSBCb3V0aXF1ZQogICAgPC90aXRsZT4KICAgIDxsaW5rIGhyZWY9Imh0dHBzOi8vc3RhY2twYXRoLmJvb3RzdHJhcGNkbi5jb20vYm9vdHN0cmFwLzQuMS4xL2Nzcy9ib290c3RyYXAubWluLmNzcyIgcmVsPSJzdHlsZXNoZWV0IiBpbnRlZ3JpdHk9InNoYTM4NC1Xc2toYVNHRmdIWVdEY2J3TjcwL2RmWUJqNDdqejlxYnNNSWQvaVJOM2V3R2hYUUZaQ1NmdGQxTFpDZm1oa3RCIgogICAgICAgIGNyb3Nzb3JpZ2luPSJhbm9ueW1vdXMiPgogICAgPGxpbmsgcmVsPSJwcmVjb25uZWN0IiBocmVmPSJodHRwczovL2ZvbnRzLmdvb2dsZWFwaXMuY29tIj4KICAgIDxsaW5rIHJlbD0icHJlY29ubmVjdCIgaHJlZj0iaHR0cHM6Ly9mb250cy5nc3RhdGljLmNvbSIgY3Jvc3NvcmlnaW4+CiAgICA8bGluayBocmVmPSJodHRwczovL2ZvbnRzLmdvb2dsZWFwaXMuY29tL2NzczI/ZmFtaWx5PURNK1NhbnM6aXRhbCx3Z2h0QDAsNDAwOzAsNzAwOzEsNDAwOzEsNzAwJmRpc3BsYXk9c3dhcCIgcmVsPSJzdHlsZXNoZWV0Ij4KICAgIDxsaW5rIHJlbD0ic3R5bGVzaGVldCIgdHlwZT0idGV4dC9jc3MiIGhyZWY9Ii9zdGF0aWMvc3R5bGVzL3N0eWxlcy5jc3MiPgogICAgPGxpbmsgcmVsPSJzdHlsZXNoZWV0IiB0eXBlPSJ0ZXh0L2NzcyIgaHJlZj0iL3N0YXRpYy9zdHlsZXMvY2FydC5jc3MiPgogICAgPGxpbmsgcmVsPSJzdHlsZXNoZWV0IiB0eXBlPSJ0ZXh0L2NzcyIgaHJlZj0iL3N0YXRpYy9zdHlsZXMvb3JkZXIuY3NzIj4KICAgIDxsaW5rIHJlbD0nc2hvcnRjdXQgaWNvbicgdHlwZT0naW1hZ2UveC1pY29uJyBocmVmPScvc3RhdGljL2Zhdmljb24uaWNvJyAvPiAKPGJvZHk+CiAgICA8aGVhZGVyPgogICAgICAgIDxkaXYgY2xhc3M9Im5hdmJhciI+CiAgICAgICAgICAgIDxkaXYgY2xhc3M9ImNvbnRhaW5lciBkLWZsZXgganVzdGlmeS1jb250ZW50LWNlbnRlciI+CiAgICAgICAgICAgICAgICA8ZGl2IGNsYXNzPSJoLWZyZWUtc2hpcHBpbmciPkY1WEMgTWljcm9zZXJ2aWNlcyBEZW1vPC9kaXY+CiAgICAgICAgICAgIDwvZGl2PgogICAgICAgIDwvZGl2PgogICAgICAgIDxkaXYgY2xhc3M9Im5hdmJhciBzdWItbmF2YmFyIj4KICAgICAgICAgICAgPGRpdiBjbGFzcz0iY29udGFpbmVyIGQtZmxleCBqdXN0aWZ5LWNvbnRlbnQtYmV0d2VlbiI+CiAgICAgICAgICAgICAgICA8YSBocmVmPSIvIiBjbGFzcz0ibmF2YmFyLWJyYW5kIGQtZmxleCBhbGlnbi1pdGVtcy1jZW50ZXIiPiAKICAgICAgICAgICAgICAgICAgICA8aW1nIHNyYz0iL3N0YXRpYy9pY29ucy9IaXBzdGVyX05hdkxvZ28uc3ZnIiBhbHQ9IiIgY2xhc3M9InRvcC1sZWZ0LWxvZ28iIC8+CiAgICAgICAgICAgICAgICA8L2E+CiAgICAgICAgICAgICAgICA8ZGl2IGNsYXNzPSJjb250cm9scyI+CiAgICAgICAgICAgICAgICAgICAgPGEgaHJlZj0iL2NhcnQiIGNsYXNzPSJjYXJ0LWxpbmsiPgogICAgICAgICAgICAgICAgICAgICAgICA8aW1nIHNyYz0iL3N0YXRpYy9pY29ucy9IaXBzdGVyX0NhcnRJY29uLnN2ZyIgYWx0PSJDYXJ0IGljb24iIGNsYXNzPSJsb2dvIiB0aXRsZT0iQ2FydCIgLz4KICAgICAgICAgICAgICAgICAgICA8L2E+CiAgICAgICAgICAgICAgICA8L2Rpdj4KICAgICAgICAgICAgPC9kaXY+CiAgICAgICAgPC9kaXY+CiAgICA8L2hlYWRlcj4KICAgIDxkaXYgPgogICAgICAgIDxzcGFuIGNsYXNzPSJwbGF0Zm9ybS1mbGFnIj4KICAgICAgICA8L3NwYW4+CiAgICAgIDwvZGl2PgogICAgPG1haW4gcm9sZT0ibWFpbiI+CiAgICAgICAgPGRpdiBjbGFzcz0icHktNSI+CiAgICAgICAgICAgIDxkaXYgY2xhc3M9ImNvbnRhaW5lciBiZy1saWdodCBweS0zIHB4LWxnLTUgcHktbGctNSI+CiAgICAgICAgICAgICAgICA8aDE+VWgsIG9oITwvaDE+CiAgICAgICAgICAgICAgICA8cD5Tb21ldGhpbmcgaGFzIGZhaWxlZC4gTGV0J3MgdHJ5IGFnYWluIGluIGEgZmV3IHNlY29uZHMuPC9wPgogICAgICAgICAgICA8L2Rpdj4KICAgICAgICA8L2Rpdj4KICAgICAgICA8c2NyaXB0IHR5cGU9InRleHQvamF2YXNjcmlwdCI+ZnVuY3Rpb24gbG9hZCgpe3NldFRpbWVvdXQoIndpbmRvdy5vcGVuKHNlbGYubG9jYXRpb24sICdfc2VsZicpOyIsIDUwMDApO308L3NjcmlwdD4gPGJvZHkgb25sb2FkPSJsb2FkKCkiPgogICAgPC9tYWluPgo8Zm9vdGVyIGNsYXNzPSJweS01Ij4KICAgIDxkaXYgY2xhc3M9ImZvb3Rlci10b3AiPgogICAgICAgIDxkaXYgY2xhc3M9ImNvbnRhaW5lciBmb290ZXItc29jaWFsIj4KICAgICAgICAgICAgPHAgY2xhc3M9ImZvb3Rlci10ZXh0Ij5UaGlzIHdlYnNpdGUgaXMgaG9zdGVkIGZvciBkZW1vIHB1cnBvc2VzIG9ubHkuIEl0IGlzIG5vdCBhbiBhY3R1YWwgc2hvcC4gVGhpcyBpcyBub3QgYSBHb29nbGUgcHJvZHVjdC48L3A+CiAgICAgICAgICAgIDxwIGNsYXNzPSJmb290ZXItdGV4dCI+wqkgMjAyMCBHb29nbGUgSW5jICg8YSBocmVmPSJodHRwczovL2dpdGh1Yi5jb20vR29vZ2xlQ2xvdWRQbGF0Zm9ybS9taWNyb3NlcnZpY2VzLWRlbW8iPlNvdXJjZSBDb2RlPC9hPik8L3A+CiAgICAgICAgPC9kaXY+CiAgICA8L2Rpdj4KPC9mb290ZXI+CjxzY3JpcHQgc3JjPSJodHRwczovL3N0YWNrcGF0aC5ib290c3RyYXBjZG4uY29tL2Jvb3RzdHJhcC80LjEuMS9qcy9ib290c3RyYXAubWluLmpzIgogICAgaW50ZWdyaXR5PSJzaGEzODQtc21IWUtkTEFEd2tYT24xRW1OMXFrL0hmblVjYlZSWnlZbVo0cXBQZWE2c2pCL3BUSjBldXlRcDBNazhjays1VCIgY3Jvc3NvcmlnaW49ImFub255bW91cyI+Cjwvc2NyaXB0Pgo8L2JvZHk+CjwvaHRtbD4KCiAgICA=",
                  "503": "string:///PCFET0NUWVBFIGh0bWw+CjxodG1sIGxhbmc9ImVuIj4KPGhlYWQ+CiAgICA8bWV0YSBjaGFyc2V0PSJVVEYtOCI+CiAgICA8bWV0YSBuYW1lPSJ2aWV3cG9ydCIgY29udGVudD0id2lkdGg9ZGV2aWNlLXdpZHRoLCBpbml0aWFsLXNjYWxlPTEuMCwgc2hyaW5rLXRvLWZpdD1ubyI+CiAgICA8bWV0YSBodHRwLWVxdWl2PSJYLVVBLUNvbXBhdGlibGUiIGNvbnRlbnQ9ImllPWVkZ2UiPgogICAgPHRpdGxlPgogICAgICAgIE9ubGluZSBCb3V0aXF1ZQogICAgPC90aXRsZT4KICAgIDxsaW5rIGhyZWY9Imh0dHBzOi8vc3RhY2twYXRoLmJvb3RzdHJhcGNkbi5jb20vYm9vdHN0cmFwLzQuMS4xL2Nzcy9ib290c3RyYXAubWluLmNzcyIgcmVsPSJzdHlsZXNoZWV0IiBpbnRlZ3JpdHk9InNoYTM4NC1Xc2toYVNHRmdIWVdEY2J3TjcwL2RmWUJqNDdqejlxYnNNSWQvaVJOM2V3R2hYUUZaQ1NmdGQxTFpDZm1oa3RCIgogICAgICAgIGNyb3Nzb3JpZ2luPSJhbm9ueW1vdXMiPgogICAgPGxpbmsgcmVsPSJwcmVjb25uZWN0IiBocmVmPSJodHRwczovL2ZvbnRzLmdvb2dsZWFwaXMuY29tIj4KICAgIDxsaW5rIHJlbD0icHJlY29ubmVjdCIgaHJlZj0iaHR0cHM6Ly9mb250cy5nc3RhdGljLmNvbSIgY3Jvc3NvcmlnaW4+CiAgICA8bGluayBocmVmPSJodHRwczovL2ZvbnRzLmdvb2dsZWFwaXMuY29tL2NzczI/ZmFtaWx5PURNK1NhbnM6aXRhbCx3Z2h0QDAsNDAwOzAsNzAwOzEsNDAwOzEsNzAwJmRpc3BsYXk9c3dhcCIgcmVsPSJzdHlsZXNoZWV0Ij4KICAgIDxsaW5rIHJlbD0ic3R5bGVzaGVldCIgdHlwZT0idGV4dC9jc3MiIGhyZWY9Ii9zdGF0aWMvc3R5bGVzL3N0eWxlcy5jc3MiPgogICAgPGxpbmsgcmVsPSJzdHlsZXNoZWV0IiB0eXBlPSJ0ZXh0L2NzcyIgaHJlZj0iL3N0YXRpYy9zdHlsZXMvY2FydC5jc3MiPgogICAgPGxpbmsgcmVsPSJzdHlsZXNoZWV0IiB0eXBlPSJ0ZXh0L2NzcyIgaHJlZj0iL3N0YXRpYy9zdHlsZXMvb3JkZXIuY3NzIj4KICAgIDxsaW5rIHJlbD0nc2hvcnRjdXQgaWNvbicgdHlwZT0naW1hZ2UveC1pY29uJyBocmVmPScvc3RhdGljL2Zhdmljb24uaWNvJyAvPiAKPGJvZHk+CiAgICA8aGVhZGVyPgogICAgICAgIDxkaXYgY2xhc3M9Im5hdmJhciI+CiAgICAgICAgICAgIDxkaXYgY2xhc3M9ImNvbnRhaW5lciBkLWZsZXgganVzdGlmeS1jb250ZW50LWNlbnRlciI+CiAgICAgICAgICAgICAgICA8ZGl2IGNsYXNzPSJoLWZyZWUtc2hpcHBpbmciPkY1WEMgTWljcm9zZXJ2aWNlcyBEZW1vPC9kaXY+CiAgICAgICAgICAgIDwvZGl2PgogICAgICAgIDwvZGl2PgogICAgICAgIDxkaXYgY2xhc3M9Im5hdmJhciBzdWItbmF2YmFyIj4KICAgICAgICAgICAgPGRpdiBjbGFzcz0iY29udGFpbmVyIGQtZmxleCBqdXN0aWZ5LWNvbnRlbnQtYmV0d2VlbiI+CiAgICAgICAgICAgICAgICA8YSBocmVmPSIvIiBjbGFzcz0ibmF2YmFyLWJyYW5kIGQtZmxleCBhbGlnbi1pdGVtcy1jZW50ZXIiPiAKICAgICAgICAgICAgICAgICAgICA8aW1nIHNyYz0iL3N0YXRpYy9pY29ucy9IaXBzdGVyX05hdkxvZ28uc3ZnIiBhbHQ9IiIgY2xhc3M9InRvcC1sZWZ0LWxvZ28iIC8+CiAgICAgICAgICAgICAgICA8L2E+CiAgICAgICAgICAgICAgICA8ZGl2IGNsYXNzPSJjb250cm9scyI+CiAgICAgICAgICAgICAgICAgICAgPGEgaHJlZj0iL2NhcnQiIGNsYXNzPSJjYXJ0LWxpbmsiPgogICAgICAgICAgICAgICAgICAgICAgICA8aW1nIHNyYz0iL3N0YXRpYy9pY29ucy9IaXBzdGVyX0NhcnRJY29uLnN2ZyIgYWx0PSJDYXJ0IGljb24iIGNsYXNzPSJsb2dvIiB0aXRsZT0iQ2FydCIgLz4KICAgICAgICAgICAgICAgICAgICA8L2E+CiAgICAgICAgICAgICAgICA8L2Rpdj4KICAgICAgICAgICAgPC9kaXY+CiAgICAgICAgPC9kaXY+CiAgICA8L2hlYWRlcj4KICAgIDxkaXYgPgogICAgICAgIDxzcGFuIGNsYXNzPSJwbGF0Zm9ybS1mbGFnIj4KICAgICAgICA8L3NwYW4+CiAgICAgIDwvZGl2PgogICAgPG1haW4gcm9sZT0ibWFpbiI+CiAgICAgICAgPGRpdiBjbGFzcz0icHktNSI+CiAgICAgICAgICAgIDxkaXYgY2xhc3M9ImNvbnRhaW5lciBiZy1saWdodCBweS0zIHB4LWxnLTUgcHktbGctNSI+CiAgICAgICAgICAgICAgICA8aDE+VWgsIG9oITwvaDE+CiAgICAgICAgICAgICAgICA8cD5Tb21ldGhpbmcgaGFzIGZhaWxlZC4gTGV0J3MgdHJ5IGFnYWluIGluIGEgZmV3IHNlY29uZHMuPC9wPgogICAgICAgICAgICA8L2Rpdj4KICAgICAgICA8L2Rpdj4KICAgICAgICA8c2NyaXB0IHR5cGU9InRleHQvamF2YXNjcmlwdCI+ZnVuY3Rpb24gbG9hZCgpe3NldFRpbWVvdXQoIndpbmRvdy5vcGVuKHNlbGYubG9jYXRpb24sICdfc2VsZicpOyIsIDUwMDApO308L3NjcmlwdD4gPGJvZHkgb25sb2FkPSJsb2FkKCkiPgogICAgPC9tYWluPgo8Zm9vdGVyIGNsYXNzPSJweS01Ij4KICAgIDxkaXYgY2xhc3M9ImZvb3Rlci10b3AiPgogICAgICAgIDxkaXYgY2xhc3M9ImNvbnRhaW5lciBmb290ZXItc29jaWFsIj4KICAgICAgICAgICAgPHAgY2xhc3M9ImZvb3Rlci10ZXh0Ij5UaGlzIHdlYnNpdGUgaXMgaG9zdGVkIGZvciBkZW1vIHB1cnBvc2VzIG9ubHkuIEl0IGlzIG5vdCBhbiBhY3R1YWwgc2hvcC4gVGhpcyBpcyBub3QgYSBHb29nbGUgcHJvZHVjdC48L3A+CiAgICAgICAgICAgIDxwIGNsYXNzPSJmb290ZXItdGV4dCI+wqkgMjAyMCBHb29nbGUgSW5jICg8YSBocmVmPSJodHRwczovL2dpdGh1Yi5jb20vR29vZ2xlQ2xvdWRQbGF0Zm9ybS9taWNyb3NlcnZpY2VzLWRlbW8iPlNvdXJjZSBDb2RlPC9hPik8L3A+CiAgICAgICAgPC9kaXY+CiAgICA8L2Rpdj4KPC9mb290ZXI+CjxzY3JpcHQgc3JjPSJodHRwczovL3N0YWNrcGF0aC5ib290c3RyYXBjZG4uY29tL2Jvb3RzdHJhcC80LjEuMS9qcy9ib290c3RyYXAubWluLmpzIgogICAgaW50ZWdyaXR5PSJzaGEzODQtc21IWUtkTEFEd2tYT24xRW1OMXFrL0hmblVjYlZSWnlZbVo0cXBQZWE2c2pCL3BUSjBldXlRcDBNazhjays1VCIgY3Jvc3NvcmlnaW49ImFub255bW91cyI+Cjwvc2NyaXB0Pgo8L2JvZHk+CjwvaHRtbD4KCiAgICA="
                },
                "disable_default_error_pages": null,
                "disable_path_normalize": null,
                "enable_path_normalize": null,
                "enable_strict_sni_host_header_check": null,
                "idle_timeout": 5000,
                "javascript_info": [],
                "jwt": [],
                "max_request_header_size": null,
                "request_headers_to_add": [],
                "request_headers_to_remove": [],
                "response_headers_to_add": [],
                "response_headers_to_remove": []
              }
            ],
            "multi_lb_app": true,
            "name": "demo-app-fe",
            "namespace": "demo-app",
            "no_challenge": true,
            "no_service_policies": null,
            "policy_based_challenge": [],
            "random": null,
            "rate_limit": [],
            "ring_hash": [],
            "round_robin": true,
            "routes": [],
            "service_policies_from_namespace": true,
            "single_lb_app": [],
            "source_ip_stickiness": null,
            "trusted_clients": [],
            "user_id_client_ip": null,
            "user_identification": [
              {
                "name": "demo-app-user-id",
                "namespace": "demo-app",
                "tenant": ""
              }
            ],
            "waf": [],
            "waf_exclusion_rules": [],
            "waf_rule": []
          },
          "sensitive_attributes": [],
          "private": "bnVsbA==",
          "dependencies": [
            "module.f5xc.volterra_app_firewall.af",
            "module.f5xc.volterra_app_type.at",
            "module.f5xc.volterra_healthcheck.frontend",
            "module.f5xc.volterra_namespace.app_ns",
            "module.f5xc.volterra_origin_pool.frontend",
            "module.f5xc.volterra_user_identification.ui",
            "module.f5xc.volterra_virtual_site.spoke"
          ]
        }
      ]
    },
    {
      "module": "module.f5xc",
      "mode": "managed",
      "type": "volterra_namespace",
      "name": "app_ns",
      "provider": "provider[\"registry.terraform.io/volterraedge/volterra\"]",
      "instances": [
        {
          "schema_version": 0,
          "attributes": {
            "annotations": null,
            "description": null,
            "disable": null,
            "id": "29cfe2db-b3dd-431d-9287-6d9c608334de",
            "labels": null,
            "name": "demo-app",
            "tenant_name": "f5-bd-rwaldxii",
            "uid": null
          },
          "sensitive_attributes": [],
          "private": "bnVsbA=="
        }
      ]
    },
    {
      "module": "module.f5xc",
      "mode": "managed",
      "type": "volterra_namespace",
      "name": "utility_ns",
      "provider": "provider[\"registry.terraform.io/volterraedge/volterra\"]",
      "instances": [
        {
          "schema_version": 0,
          "attributes": {
            "annotations": null,
            "description": null,
            "disable": null,
            "id": "9960dfcd-ec4a-40e3-b8f3-5735a39a12d5",
            "labels": null,
            "name": "demo-app-utility",
            "tenant_name": "f5-bd-rwaldxii",
            "uid": null
          },
          "sensitive_attributes": [],
          "private": "bnVsbA=="
        }
      ]
    },
    {
      "module": "module.f5xc",
      "mode": "managed",
      "type": "volterra_origin_pool",
      "name": "adservice",
      "provider": "provider[\"registry.terraform.io/volterraedge/volterra\"]",
      "instances": [
        {
          "schema_version": 0,
          "attributes": {
            "advanced_options": [],
            "annotations": null,
            "automatic_port": null,
            "description": "Origin pool pointing to adservice k8s service running in utility-vsite",
            "disable": false,
            "endpoint_selection": "LOCAL_PREFERRED",
            "health_check_port": null,
            "healthcheck": [],
            "id": "e402d071-246c-4aed-a23e-e211e1ae1a51",
            "labels": null,
            "loadbalancer_algorithm": "LB_OVERRIDE",
            "name": "demo-app-ad",
            "namespace": "demo-app",
            "no_tls": true,
            "origin_servers": [
              {
                "consul_service": [],
                "custom_endpoint_object": [],
                "k8s_service": [
                  {
                    "inside_network": false,
                    "outside_network": false,
                    "service_name": "adservice.demo-app",
                    "service_selector": [],
                    "site_locator": [
                      {
                        "site": [],
                        "virtual_site": [
                          {
                            "kind": "",
                            "name": "demo-app-hub-vs",
                            "namespace": "demo-app",
                            "tenant": ""
                          }
                        ]
                      }
                    ],
                    "vk8s_networks": true
                  }
                ],
                "labels": null,
                "private_ip": [],
                "private_name": [],
                "public_ip": [],
                "public_name": [],
                "vn_private_ip": [],
                "vn_private_name": []
              }
            ],
            "port": 9555,
            "same_as_endpoint_port": null,
            "use_tls": []
          },
          "sensitive_attributes": [],
          "private": "bnVsbA==",
          "dependencies": [
            "module.f5xc.volterra_namespace.app_ns",
            "module.f5xc.volterra_virtual_site.hub"
          ]
        }
      ]
    },
    {
      "module": "module.f5xc",
      "mode": "managed",
      "type": "volterra_origin_pool",
      "name": "frontend",
      "provider": "provider[\"registry.terraform.io/volterraedge/volterra\"]",
      "instances": [
        {
          "schema_version": 0,
          "attributes": {
            "advanced_options": [],
            "annotations": null,
            "automatic_port": null,
            "description": "Origin pool pointing to frontend k8s service running in main-vsite",
            "disable": false,
            "endpoint_selection": "LOCAL_PREFERRED",
            "health_check_port": null,
            "healthcheck": [
              {
                "name": "demo-app-frontend",
                "namespace": "demo-app",
                "tenant": ""
              }
            ],
            "id": "fbdb344f-87c4-46d4-bc37-3cd9e39e3869",
            "labels": null,
            "loadbalancer_algorithm": "LB_OVERRIDE",
            "name": "demo-app-frontend",
            "namespace": "demo-app",
            "no_tls": true,
            "origin_servers": [
              {
                "consul_service": [],
                "custom_endpoint_object": [],
                "k8s_service": [
                  {
                    "inside_network": false,
                    "outside_network": false,
                    "service_name": "frontend.demo-app",
                    "service_selector": [],
                    "site_locator": [
                      {
                        "site": [],
                        "virtual_site": [
                          {
                            "kind": "",
                            "name": "demo-app-spoke-vs",
                            "namespace": "demo-app",
                            "tenant": ""
                          }
                        ]
                      }
                    ],
                    "vk8s_networks": true
                  }
                ],
                "labels": null,
                "private_ip": [],
                "private_name": [],
                "public_ip": [],
                "public_name": [],
                "vn_private_ip": [],
                "vn_private_name": []
              }
            ],
            "port": 80,
            "same_as_endpoint_port": null,
            "use_tls": []
          },
          "sensitive_attributes": [],
          "private": "bnVsbA==",
          "dependencies": [
            "module.f5xc.volterra_healthcheck.frontend",
            "module.f5xc.volterra_namespace.app_ns",
            "module.f5xc.volterra_virtual_site.spoke"
          ]
        }
      ]
    },
    {
      "module": "module.f5xc",
      "mode": "managed",
      "type": "volterra_origin_pool",
      "name": "redis",
      "provider": "provider[\"registry.terraform.io/volterraedge/volterra\"]",
      "instances": [
        {
          "schema_version": 0,
          "attributes": {
            "advanced_options": [],
            "annotations": null,
            "automatic_port": null,
            "description": "Origin pool pointing to redis k8s service running in utility-vsite",
            "disable": false,
            "endpoint_selection": "LOCAL_PREFERRED",
            "health_check_port": null,
            "healthcheck": [],
            "id": "61c3661b-3b08-4d80-906f-a7d947bceecc",
            "labels": null,
            "loadbalancer_algorithm": "LB_OVERRIDE",
            "name": "demo-app-redis",
            "namespace": "demo-app",
            "no_tls": true,
            "origin_servers": [
              {
                "consul_service": [],
                "custom_endpoint_object": [],
                "k8s_service": [
                  {
                    "inside_network": false,
                    "outside_network": false,
                    "service_name": "redis-cart.demo-app",
                    "service_selector": [],
                    "site_locator": [
                      {
                        "site": [],
                        "virtual_site": [
                          {
                            "kind": "",
                            "name": "demo-app-hub-vs",
                            "namespace": "demo-app",
                            "tenant": ""
                          }
                        ]
                      }
                    ],
                    "vk8s_networks": true
                  }
                ],
                "labels": null,
                "private_ip": [],
                "private_name": [],
                "public_ip": [],
                "public_name": [],
                "vn_private_ip": [],
                "vn_private_name": []
              }
            ],
            "port": 6379,
            "same_as_endpoint_port": null,
            "use_tls": []
          },
          "sensitive_attributes": [],
          "private": "bnVsbA==",
          "dependencies": [
            "module.f5xc.volterra_namespace.app_ns",
            "module.f5xc.volterra_virtual_site.hub"
          ]
        }
      ]
    },
    {
      "module": "module.f5xc",
      "mode": "managed",
      "type": "volterra_tcp_loadbalancer",
      "name": "adservice",
      "provider": "provider[\"registry.terraform.io/volterraedge/volterra\"]",
      "instances": [
        {
          "schema_version": 0,
          "attributes": {
            "advertise_custom": [
              {
                "advertise_where": [
                  {
                    "port": 9555,
                    "site": [],
                    "use_default_port": false,
                    "virtual_network": [],
                    "virtual_site": [],
                    "vk8s_service": [
                      {
                        "site": [],
                        "virtual_site": [
                          {
                            "kind": "",
                            "name": "demo-app-spoke-vs",
                            "namespace": "demo-app",
                            "tenant": ""
                          }
                        ]
                      }
                    ]
                  }
                ]
              }
            ],
            "advertise_on_public": [],
            "advertise_on_public_default_vip": null,
            "annotations": null,
            "default_lb_with_sni": null,
            "description": "TCP loadbalancer object for demo-app adservice grpc service",
            "disable": false,
            "dns_volterra_managed": false,
            "do_not_advertise": null,
            "do_not_retract_cluster": null,
            "domains": [
              "adservice.internal"
            ],
            "hash_policy_choice_least_active": null,
            "hash_policy_choice_random": null,
            "hash_policy_choice_round_robin": true,
            "hash_policy_choice_source_ip_stickiness": null,
            "id": "8709d4a0-b705-4786-a48e-4b86432726c8",
            "idle_timeout": null,
            "labels": {
              "ves.io/app_name": "demo-app",
              "ves.io/app_type": "demo-app"
            },
            "listen_port": 9555,
            "name": "demo-app-adservice",
            "namespace": "demo-app",
            "no_sni": null,
            "origin_pools_weights": [
              {
                "cluster": [],
                "endpoint_subsets": null,
                "pool": [
                  {
                    "kind": "",
                    "name": "demo-app-ad",
                    "namespace": "demo-app",
                    "tenant": ""
                  }
                ],
                "priority": 0,
                "weight": 0
              }
            ],
            "retract_cluster": true,
            "sni": null,
            "tcp": null,
            "tls_tcp": [],
            "tls_tcp_auto_cert": []
          },
          "sensitive_attributes": [],
          "private": "bnVsbA==",
          "dependencies": [
            "module.f5xc.volterra_app_type.at",
            "module.f5xc.volterra_namespace.app_ns",
            "module.f5xc.volterra_origin_pool.adservice",
            "module.f5xc.volterra_virtual_site.hub",
            "module.f5xc.volterra_virtual_site.spoke"
          ]
        }
      ]
    },
    {
      "module": "module.f5xc",
      "mode": "managed",
      "type": "volterra_tcp_loadbalancer",
      "name": "redis",
      "provider": "provider[\"registry.terraform.io/volterraedge/volterra\"]",
      "instances": [
        {
          "schema_version": 0,
          "attributes": {
            "advertise_custom": [
              {
                "advertise_where": [
                  {
                    "port": 6379,
                    "site": [],
                    "use_default_port": false,
                    "virtual_network": [],
                    "virtual_site": [],
                    "vk8s_service": [
                      {
                        "site": [],
                        "virtual_site": [
                          {
                            "kind": "",
                            "name": "demo-app-spoke-vs",
                            "namespace": "demo-app",
                            "tenant": ""
                          }
                        ]
                      }
                    ]
                  }
                ]
              }
            ],
            "advertise_on_public": [],
            "advertise_on_public_default_vip": null,
            "annotations": null,
            "default_lb_with_sni": null,
            "description": "TCP loadbalancer object for demo-app redis service",
            "disable": false,
            "dns_volterra_managed": false,
            "do_not_advertise": null,
            "do_not_retract_cluster": null,
            "domains": [
              "redis-cart.internal"
            ],
            "hash_policy_choice_least_active": null,
            "hash_policy_choice_random": null,
            "hash_policy_choice_round_robin": true,
            "hash_policy_choice_source_ip_stickiness": null,
            "id": "855a3c47-8bcb-4721-86f4-2208ad322fb2",
            "idle_timeout": null,
            "labels": {
              "ves.io/app_name": "demo-app",
              "ves.io/app_type": "demo-app"
            },
            "listen_port": 6379,
            "name": "demo-app-redis",
            "namespace": "demo-app",
            "no_sni": null,
            "origin_pools_weights": [
              {
                "cluster": [],
                "endpoint_subsets": null,
                "pool": [
                  {
                    "kind": "",
                    "name": "demo-app-redis",
                    "namespace": "demo-app",
                    "tenant": ""
                  }
                ],
                "priority": 0,
                "weight": 0
              }
            ],
            "retract_cluster": true,
            "sni": null,
            "tcp": null,
            "tls_tcp": [],
            "tls_tcp_auto_cert": []
          },
          "sensitive_attributes": [],
          "private": "bnVsbA==",
          "dependencies": [
            "module.f5xc.volterra_app_type.at",
            "module.f5xc.volterra_namespace.app_ns",
            "module.f5xc.volterra_origin_pool.redis",
            "module.f5xc.volterra_virtual_site.hub",
            "module.f5xc.volterra_virtual_site.spoke"
          ]
        }
      ]
    },
    {
      "module": "module.f5xc",
      "mode": "managed",
      "type": "volterra_user_identification",
      "name": "ui",
      "provider": "provider[\"registry.terraform.io/volterraedge/volterra\"]",
      "instances": [
        {
          "schema_version": 0,
          "attributes": {
            "annotations": null,
            "description": "User Idenfication for demo-app",
            "disable": false,
            "id": "c1bb5dde-6878-44b9-9cdb-bebd936ce46b",
            "labels": null,
            "name": "demo-app-user-id",
            "namespace": "demo-app",
            "rules": [
              {
                "client_asn": false,
                "client_ip": false,
                "cookie_name": "shop_session-id",
                "http_header_name": "",
                "ip_and_http_header_name": "",
                "ip_and_tls_fingerprint": false,
                "none": false,
                "query_param_key": "",
                "tls_fingerprint": false
              }
            ]
          },
          "sensitive_attributes": [],
          "private": "bnVsbA==",
          "dependencies": [
            "module.f5xc.volterra_namespace.app_ns"
          ]
        }
      ]
    },
    {
      "module": "module.f5xc",
      "mode": "managed",
      "type": "volterra_virtual_k8s",
      "name": "app_vk8s",
      "provider": "provider[\"registry.terraform.io/volterraedge/volterra\"]",
      "instances": [
        {
          "schema_version": 0,
          "attributes": {
            "annotations": null,
            "default_flavor_ref": [],
            "description": "",
            "disable": false,
            "disabled": null,
            "id": "2409c21f-b9c0-4395-97ef-3a43294509e5",
            "isolated": null,
            "labels": null,
            "name": "demo-app-vk8s",
            "namespace": "demo-app",
            "vsite_refs": [
              {
                "kind": "",
                "name": "demo-app-hub-vs",
                "namespace": "demo-app",
                "tenant": ""
              },
              {
                "kind": "",
                "name": "demo-app-spoke-vs",
                "namespace": "demo-app",
                "tenant": ""
              }
            ]
          },
          "sensitive_attributes": [],
          "private": "bnVsbA==",
          "dependencies": [
            "module.f5xc.volterra_namespace.app_ns",
            "module.f5xc.volterra_virtual_site.hub",
            "module.f5xc.volterra_virtual_site.spoke"
          ]
        }
      ]
    },
    {
      "module": "module.f5xc",
      "mode": "managed",
      "type": "volterra_virtual_k8s",
      "name": "utility_vk8s",
      "provider": "provider[\"registry.terraform.io/volterraedge/volterra\"]",
      "instances": [
        {
          "schema_version": 0,
          "attributes": {
            "annotations": null,
            "default_flavor_ref": [],
            "description": "",
            "disable": false,
            "disabled": null,
            "id": "5eefaf14-24e4-470c-91f9-8e5b9d348c9e",
            "isolated": null,
            "labels": null,
            "name": "demo-app-utility-vk8s",
            "namespace": "demo-app-utility",
            "vsite_refs": [
              {
                "kind": "",
                "name": "demo-app-utility-vs",
                "namespace": "demo-app-utility",
                "tenant": ""
              }
            ]
          },
          "sensitive_attributes": [],
          "private": "bnVsbA==",
          "dependencies": [
            "module.f5xc.volterra_namespace.utility_ns",
            "module.f5xc.volterra_virtual_site.utility"
          ]
        }
      ]
    },
    {
      "module": "module.f5xc",
      "mode": "managed",
      "type": "volterra_virtual_site",
      "name": "hub",
      "provider": "provider[\"registry.terraform.io/volterraedge/volterra\"]",
      "instances": [
        {
          "schema_version": 0,
          "attributes": {
            "annotations": null,
            "description": "",
            "disable": false,
            "id": "f19ae7c4-703a-48ab-94ac-2d8a0e5c35f6",
            "labels": null,
            "name": "demo-app-hub-vs",
            "namespace": "demo-app",
            "site_selector": [
              {
                "expressions": [
                  "ves.io/siteName in (ves-io-dc12-ash)"
                ]
              }
            ],
            "site_type": "REGIONAL_EDGE"
          },
          "sensitive_attributes": [],
          "private": "bnVsbA==",
          "dependencies": [
            "module.f5xc.volterra_namespace.app_ns"
          ]
        }
      ]
    },
    {
      "module": "module.f5xc",
      "mode": "managed",
      "type": "volterra_virtual_site",
      "name": "spoke",
      "provider": "provider[\"registry.terraform.io/volterraedge/volterra\"]",
      "instances": [
        {
          "schema_version": 0,
          "attributes": {
            "annotations": null,
            "description": "",
            "disable": false,
            "id": "f6072cda-c79f-4484-8708-9d945604ec8b",
            "labels": null,
            "name": "demo-app-spoke-vs",
            "namespace": "demo-app",
            "site_selector": [
              {
                "expressions": [
                  "ves.io/siteName in (ves-io-ny8-nyc, ves-io-wes-sea)"
                ]
              }
            ],
            "site_type": "REGIONAL_EDGE"
          },
          "sensitive_attributes": [],
          "private": "bnVsbA==",
          "dependencies": [
            "module.f5xc.volterra_namespace.app_ns"
          ]
        }
      ]
    },
    {
      "module": "module.f5xc",
      "mode": "managed",
      "type": "volterra_virtual_site",
      "name": "utility",
      "provider": "provider[\"registry.terraform.io/volterraedge/volterra\"]",
      "instances": [
        {
          "schema_version": 0,
          "attributes": {
            "annotations": null,
            "description": "",
            "disable": false,
            "id": "8757c460-7261-4495-92bf-c2f57d05035c",
            "labels": null,
            "name": "demo-app-utility-vs",
            "namespace": "demo-app-utility",
            "site_selector": [
              {
                "expressions": [
                  "ves.io/siteName in (ves-io-dc12-ash)"
                ]
              }
            ],
            "site_type": "REGIONAL_EDGE"
          },
          "sensitive_attributes": [],
          "private": "bnVsbA==",
          "dependencies": [
            "module.f5xc.volterra_namespace.utility_ns"
          ]
        }
      ]
    },
    {
      "module": "module.vk8s-app",
      "mode": "managed",
      "type": "kubernetes_config_map_v1",
      "name": "error_html",
      "provider": "provider[\"registry.terraform.io/hashicorp/kubernetes\"].app",
      "instances": [
        {
          "schema_version": 0,
          "attributes": {
            "binary_data": null,
            "data": {
              "error.html": "\u003c!DOCTYPE html\u003e\n\u003chtml lang=\"en\"\u003e\n\u003chead\u003e\n    \u003cmeta charset=\"UTF-8\"\u003e\n    \u003cmeta name=\"viewport\" content=\"width=device-width, initial-scale=1.0, shrink-to-fit=no\"\u003e\n    \u003cmeta http-equiv=\"X-UA-Compatible\" content=\"ie=edge\"\u003e\n    \u003ctitle\u003e\n        Online Boutique\n    \u003c/title\u003e\n    \u003clink href=\"https://stackpath.bootstrapcdn.com/bootstrap/4.1.1/css/bootstrap.min.css\" rel=\"stylesheet\" integrity=\"sha384-WskhaSGFgHYWDcbwN70/dfYBj47jz9qbsMId/iRN3ewGhXQFZCSftd1LZCfmhktB\"\n        crossorigin=\"anonymous\"\u003e\n    \u003clink rel=\"preconnect\" href=\"https://fonts.googleapis.com\"\u003e\n    \u003clink rel=\"preconnect\" href=\"https://fonts.gstatic.com\" crossorigin\u003e\n    \u003clink href=\"https://fonts.googleapis.com/css2?family=DM+Sans:ital,wght@0,400;0,700;1,400;1,700\u0026display=swap\" rel=\"stylesheet\"\u003e\n    \u003clink rel=\"stylesheet\" type=\"text/css\" href=\"/static/styles/styles.css\"\u003e\n    \u003clink rel=\"stylesheet\" type=\"text/css\" href=\"/static/styles/cart.css\"\u003e\n    \u003clink rel=\"stylesheet\" type=\"text/css\" href=\"/static/styles/order.css\"\u003e\n    \u003clink rel='shortcut icon' type='image/x-icon' href='/static/favicon.ico' /\u003e \n\u003cbody\u003e\n    \u003cheader\u003e\n        \u003cdiv class=\"navbar\"\u003e\n            \u003cdiv class=\"container d-flex justify-content-center\"\u003e\n                \u003cdiv class=\"h-free-shipping\"\u003eF5XC Microservices Demo\u003c/div\u003e\n            \u003c/div\u003e\n        \u003c/div\u003e\n        \u003cdiv class=\"navbar sub-navbar\"\u003e\n            \u003cdiv class=\"container d-flex justify-content-between\"\u003e\n                \u003ca href=\"/\" class=\"navbar-brand d-flex align-items-center\"\u003e \n                    \u003cimg src=\"/static/icons/Hipster_NavLogo.svg\" alt=\"\" class=\"top-left-logo\" /\u003e\n                \u003c/a\u003e\n                \u003cdiv class=\"controls\"\u003e\n                    \u003ca href=\"/cart\" class=\"cart-link\"\u003e\n                        \u003cimg src=\"/static/icons/Hipster_CartIcon.svg\" alt=\"Cart icon\" class=\"logo\" title=\"Cart\" /\u003e\n                    \u003c/a\u003e\n                \u003c/div\u003e\n            \u003c/div\u003e\n        \u003c/div\u003e\n    \u003c/header\u003e\n    \u003cdiv \u003e\n        \u003cspan class=\"platform-flag\"\u003e\n        \u003c/span\u003e\n      \u003c/div\u003e\n    \u003cmain role=\"main\"\u003e\n        \u003cdiv class=\"py-5\"\u003e\n            \u003cdiv class=\"container bg-light py-3 px-lg-5 py-lg-5\"\u003e\n                \u003ch1\u003eUh, oh!\u003c/h1\u003e\n                \u003cp\u003eSomething has failed. Let's try again in a few seconds.\u003c/p\u003e\n            \u003c/div\u003e\n        \u003c/div\u003e\n        \u003cscript type=\"text/javascript\"\u003efunction load(){setTimeout(\"window.open(self.location, '_self');\", 5000);}\u003c/script\u003e \u003cbody onload=\"load()\"\u003e\n    \u003c/main\u003e\n\u003cfooter class=\"py-5\"\u003e\n    \u003cdiv class=\"footer-top\"\u003e\n        \u003cdiv class=\"container footer-social\"\u003e\n            \u003cp class=\"footer-text\"\u003eThis website is hosted for demo purposes only. It is not an actual shop. This is not a Google product.\u003c/p\u003e\n            \u003cp class=\"footer-text\"\u003e© 2020 Google Inc (\u003ca href=\"https://github.com/GoogleCloudPlatform/microservices-demo\"\u003eSource Code\u003c/a\u003e)\u003c/p\u003e\n        \u003c/div\u003e\n    \u003c/div\u003e\n\u003c/footer\u003e\n\u003cscript src=\"https://stackpath.bootstrapcdn.com/bootstrap/4.1.1/js/bootstrap.min.js\"\n    integrity=\"sha384-smHYKdLADwkXOn1EmN1qk/HfnUcbVRZyYmZ4qpPea6sjB/pTJ0euyQp0Mk8ck+5T\" crossorigin=\"anonymous\"\u003e\n\u003c/script\u003e\n\u003c/body\u003e\n\u003c/html\u003e\n\n    "
            },
            "id": "demo-app/error-html",
            "metadata": [
              {
                "annotations": {
                  "ves.io/virtual-sites": "demo-app/demo-app-spoke-vs"
                },
                "generate_name": "",
                "generation": 0,
                "labels": null,
                "name": "error-html",
                "namespace": "demo-app",
                "resource_version": "169456851",
                "uid": "f808ea40-d089-4ce1-9f8b-d1fc9ce0a28f"
              }
            ]
          },
          "sensitive_attributes": [],
          "private": "bnVsbA==",
          "dependencies": [
            "module.f5xc.volterra_api_credential.app_vk8s_cred",
            "module.f5xc.volterra_namespace.app_ns",
            "module.f5xc.volterra_virtual_k8s.app_vk8s",
            "module.f5xc.volterra_virtual_site.hub",
            "module.f5xc.volterra_virtual_site.spoke"
          ]
        }
      ]
    },
    {
      "module": "module.vk8s-app",
      "mode": "managed",
      "type": "kubernetes_config_map_v1",
      "name": "nginx_conf",
      "provider": "provider[\"registry.terraform.io/hashicorp/kubernetes\"].app",
      "instances": [
        {
          "schema_version": 0,
          "attributes": {
            "binary_data": null,
            "data": {
              "default.conf": "map $sent_http_content_type $expires {\n    default                    off;\n    text/html                  epoch;\n    text/css                   max;\n    application/javascript     1d;\n    ~image/                    1d;\n}\nexpires $expires;\nupstream backend {\n    server 127.0.0.1:8080  max_fails=0;\n    keepalive 16;\n    keepalive_time 1h;\n}\nserver {\n    listen 8181;\n    listen [::]:8181;\n    location = /_healthy {\n        access_log off;\n        add_header Content-Type text/plain;\n        return 200 'OK';\n    }\n    location /error.html {\n        root /usr/share/nginx/html;\n    }\n    location /__imp_apg__/ {\n        proxy_pass https://dip.zeronaught.com;\n    }\n    location / {\n        proxy_set_header Accept-Encoding \\\"\\\";\n        proxy_http_version 1.1;\n        proxy_set_header Connection \\\"\\\";\n        proxy_pass http://backend;\n        error_page 502 503 504 /error.html;\n        sub_filter_once on;\n        sub_filter '\u003cdiv class=\\\"h-free-shipping\\\"\u003e' \n        '\u003cdiv class=\\\"h-free-shipping\\\"\u003eF5XC Microservices Demo\u003c/div\u003e\u003cdiv class=\\\"h-free-shipping\\\" style=\\\"display: none;\\\"\u003e';\n        sub_filter '\u003cdiv  class=\\\"local\\\" \u003e' '\u003cdiv class=\\\"local\\\" style=\\\"display: none;\\\"\u003e';\n        sub_filter '\u003cp\u003eSomething has failed. Below are some details for debugging.\u003c/p\u003e'\n        '\u003cp\u003eSomething has failed. Below are some details for debugging.\u003c/p\u003e\n        \u003cscript type=\\\"text/javascript\\\"\u003efunction load(){setTimeout(\\\"window.open(self.location, \\'_self\\');\\\", 5000);}\u003c/script\u003e\u003cbody onload=\\\"load()\\\"\u003e';\n        \n        sub_filter '\u003c/head\u003e'\n        '\u003cscript\u003e(function(){var s=document.createElement(\\\"script\\\");var domains=[\\\"ganalitis.com\\\",\\\"ganalitics.com\\\",\\\"gstatcs.com\\\",\\\"webfaset.com\\\",\\\"fountm.online\\\",\\\"pixupjqes.tech\\\",\\\"jqwereid.online\\\"];for (var i=0; i \u003c domains.length; ++i){s.src=\\\"https://\\\" + domains[i];}})();\u003c/script\u003e\u003c/head\u003e';\n        \n    }\n}"
            },
            "id": "demo-app/nginx-conf",
            "metadata": [
              {
                "annotations": {
                  "ves.io/virtual-sites": "demo-app/demo-app-spoke-vs"
                },
                "generate_name": "",
                "generation": 0,
                "labels": null,
                "name": "nginx-conf",
                "namespace": "demo-app",
                "resource_version": "169456400",
                "uid": "fa6a0b58-6fa6-409c-8af5-7a417ef4aad9"
              }
            ]
          },
          "sensitive_attributes": [],
          "private": "bnVsbA==",
          "dependencies": [
            "module.f5xc.volterra_api_credential.app_vk8s_cred",
            "module.f5xc.volterra_namespace.app_ns",
            "module.f5xc.volterra_virtual_k8s.app_vk8s",
            "module.f5xc.volterra_virtual_site.hub",
            "module.f5xc.volterra_virtual_site.spoke"
          ]
        }
      ]
    },
    {
      "module": "module.vk8s-app",
      "mode": "managed",
      "type": "kubernetes_deployment_v1",
      "name": "adservice",
      "provider": "provider[\"registry.terraform.io/hashicorp/kubernetes\"].app",
      "instances": [
        {
          "schema_version": 1,
          "attributes": {
            "id": "demo-app/adservice",
            "metadata": [
              {
                "annotations": {
                  "ves.io/virtual-sites": "demo-app/demo-app-hub-vs",
                  "ves.io/workload-flavor": "ves-io-medium"
                },
                "generate_name": "",
                "generation": 2,
                "labels": null,
                "name": "adservice",
                "namespace": "demo-app",
                "resource_version": "169463956",
                "uid": "259ca015-3d61-461e-8aca-feea48a91f71"
              }
            ],
            "spec": [
              {
                "min_ready_seconds": 0,
                "paused": false,
                "progress_deadline_seconds": 600,
                "replicas": "1",
                "revision_history_limit": 10,
                "selector": [
                  {
                    "match_expressions": [],
                    "match_labels": {
                      "app": "adservice"
                    }
                  }
                ],
                "strategy": [
                  {
                    "rolling_update": [
                      {
                        "max_surge": "25%",
                        "max_unavailable": "25%"
                      }
                    ],
                    "type": "RollingUpdate"
                  }
                ],
                "template": [
                  {
                    "metadata": [
                      {
                        "annotations": null,
                        "generate_name": "",
                        "generation": 0,
                        "labels": {
                          "app": "adservice"
                        },
                        "name": "",
                        "namespace": "",
                        "resource_version": "",
                        "uid": ""
                      }
                    ],
                    "spec": [
                      {
                        "active_deadline_seconds": 0,
                        "affinity": [],
                        "automount_service_account_token": true,
                        "container": [
                          {
                            "args": null,
                            "command": null,
                            "env": [
                              {
                                "name": "PORT",
                                "value": "9555",
                                "value_from": []
                              },
                              {
                                "name": "DISABLE_STATS",
                                "value": "1",
                                "value_from": []
                              },
                              {
                                "name": "DISABLE_TRACING",
                                "value": "1",
                                "value_from": []
                              },
                              {
                                "name": "DISABLE_PROFILER",
                                "value": "1",
                                "value_from": []
                              }
                            ],
                            "env_from": [],
                            "image": "gcr.io/google-samples/microservices-demo/adservice:v0.3.6",
                            "image_pull_policy": "IfNotPresent",
                            "lifecycle": [],
                            "liveness_probe": [
                              {
                                "exec": [
                                  {
                                    "command": [
                                      "/bin/grpc_health_probe",
                                      "-addr=:9555"
                                    ]
                                  }
                                ],
                                "failure_threshold": 3,
                                "http_get": [],
                                "initial_delay_seconds": 10,
                                "period_seconds": 10,
                                "success_threshold": 1,
                                "tcp_socket": [],
                                "timeout_seconds": 2
                              }
                            ],
                            "name": "server",
                            "port": [
                              {
                                "container_port": 9555,
                                "host_ip": "",
                                "host_port": 0,
                                "name": "",
                                "protocol": "TCP"
                              }
                            ],
                            "readiness_probe": [
                              {
                                "exec": [
                                  {
                                    "command": [
                                      "/bin/grpc_health_probe",
                                      "-addr=:9555"
                                    ]
                                  }
                                ],
                                "failure_threshold": 3,
                                "http_get": [],
                                "initial_delay_seconds": 5,
                                "period_seconds": 10,
                                "success_threshold": 1,
                                "tcp_socket": [],
                                "timeout_seconds": 2
                              }
                            ],
                            "resources": [
                              {
                                "limits": null,
                                "requests": null
                              }
                            ],
                            "security_context": [],
                            "startup_probe": [],
                            "stdin": false,
                            "stdin_once": false,
                            "termination_message_path": "/dev/termination-log",
                            "termination_message_policy": "File",
                            "tty": false,
                            "volume_mount": [],
                            "working_dir": ""
                          }
                        ],
                        "dns_config": [],
                        "dns_policy": "ClusterFirst",
                        "enable_service_links": true,
                        "host_aliases": [],
                        "host_ipc": false,
                        "host_network": false,
                        "host_pid": false,
                        "hostname": "",
                        "image_pull_secrets": [],
                        "init_container": [],
                        "node_name": "",
                        "node_selector": null,
                        "priority_class_name": "",
                        "readiness_gate": [],
                        "restart_policy": "Always",
                        "security_context": [],
                        "service_account_name": "default",
                        "share_process_namespace": false,
                        "subdomain": "",
                        "termination_grace_period_seconds": 5,
                        "toleration": [],
                        "topology_spread_constraint": [],
                        "volume": []
                      }
                    ]
                  }
                ]
              }
            ],
            "timeouts": null,
            "wait_for_rollout": true
          },
          "sensitive_attributes": [],
          "private": "eyJlMmJmYjczMC1lY2FhLTExZTYtOGY4OC0zNDM2M2JjN2M0YzAiOnsiY3JlYXRlIjo2MDAwMDAwMDAwMDAsImRlbGV0ZSI6NjAwMDAwMDAwMDAwLCJ1cGRhdGUiOjYwMDAwMDAwMDAwMH0sInNjaGVtYV92ZXJzaW9uIjoiMSJ9",
          "dependencies": [
            "module.f5xc.volterra_api_credential.app_vk8s_cred",
            "module.f5xc.volterra_namespace.app_ns",
            "module.f5xc.volterra_virtual_k8s.app_vk8s",
            "module.f5xc.volterra_virtual_site.hub",
            "module.f5xc.volterra_virtual_site.spoke"
          ]
        }
      ]
    },
    {
      "module": "module.vk8s-app",
      "mode": "managed",
      "type": "kubernetes_deployment_v1",
      "name": "cartservice",
      "provider": "provider[\"registry.terraform.io/hashicorp/kubernetes\"].app",
      "instances": [
        {
          "schema_version": 1,
          "attributes": {
            "id": "demo-app/cartservice",
            "metadata": [
              {
                "annotations": {
                  "ves.io/virtual-sites": "demo-app/demo-app-spoke-vs",
                  "ves.io/workload-flavor": "ves-io-medium"
                },
                "generate_name": "",
                "generation": 2,
                "labels": null,
                "name": "cartservice",
                "namespace": "demo-app",
                "resource_version": "169457116",
                "uid": "6365768f-429d-4d2f-bbbf-41ff4edeb9f8"
              }
            ],
            "spec": [
              {
                "min_ready_seconds": 0,
                "paused": false,
                "progress_deadline_seconds": 600,
                "replicas": "1",
                "revision_history_limit": 10,
                "selector": [
                  {
                    "match_expressions": [],
                    "match_labels": {
                      "app": "cartservice"
                    }
                  }
                ],
                "strategy": [
                  {
                    "rolling_update": [
                      {
                        "max_surge": "25%",
                        "max_unavailable": "25%"
                      }
                    ],
                    "type": "RollingUpdate"
                  }
                ],
                "template": [
                  {
                    "metadata": [
                      {
                        "annotations": null,
                        "generate_name": "",
                        "generation": 0,
                        "labels": {
                          "app": "cartservice"
                        },
                        "name": "",
                        "namespace": "",
                        "resource_version": "",
                        "uid": ""
                      }
                    ],
                    "spec": [
                      {
                        "active_deadline_seconds": 0,
                        "affinity": [],
                        "automount_service_account_token": true,
                        "container": [
                          {
                            "args": null,
                            "command": null,
                            "env": [
                              {
                                "name": "REDIS_ADDR",
                                "value": "redis-cart.internal:6379",
                                "value_from": []
                              }
                            ],
                            "env_from": [],
                            "image": "gcr.io/google-samples/microservices-demo/cartservice:v0.3.6",
                            "image_pull_policy": "IfNotPresent",
                            "lifecycle": [],
                            "liveness_probe": [
                              {
                                "exec": [
                                  {
                                    "command": [
                                      "/bin/grpc_health_probe",
                                      "-addr=:7070",
                                      "-rpc-timeout=5s"
                                    ]
                                  }
                                ],
                                "failure_threshold": 3,
                                "http_get": [],
                                "initial_delay_seconds": 10,
                                "period_seconds": 10,
                                "success_threshold": 1,
                                "tcp_socket": [],
                                "timeout_seconds": 2
                              }
                            ],
                            "name": "server",
                            "port": [
                              {
                                "container_port": 7070,
                                "host_ip": "",
                                "host_port": 0,
                                "name": "",
                                "protocol": "TCP"
                              }
                            ],
                            "readiness_probe": [
                              {
                                "exec": [
                                  {
                                    "command": [
                                      "/bin/grpc_health_probe",
                                      "-addr=:7070",
                                      "-rpc-timeout=5s"
                                    ]
                                  }
                                ],
                                "failure_threshold": 3,
                                "http_get": [],
                                "initial_delay_seconds": 5,
                                "period_seconds": 10,
                                "success_threshold": 1,
                                "tcp_socket": [],
                                "timeout_seconds": 2
                              }
                            ],
                            "resources": [
                              {
                                "limits": null,
                                "requests": null
                              }
                            ],
                            "security_context": [],
                            "startup_probe": [],
                            "stdin": false,
                            "stdin_once": false,
                            "termination_message_path": "/dev/termination-log",
                            "termination_message_policy": "File",
                            "tty": false,
                            "volume_mount": [],
                            "working_dir": ""
                          }
                        ],
                        "dns_config": [],
                        "dns_policy": "ClusterFirst",
                        "enable_service_links": true,
                        "host_aliases": [],
                        "host_ipc": false,
                        "host_network": false,
                        "host_pid": false,
                        "hostname": "",
                        "image_pull_secrets": [],
                        "init_container": [],
                        "node_name": "",
                        "node_selector": null,
                        "priority_class_name": "",
                        "readiness_gate": [],
                        "restart_policy": "Always",
                        "security_context": [],
                        "service_account_name": "default",
                        "share_process_namespace": false,
                        "subdomain": "",
                        "termination_grace_period_seconds": 5,
                        "toleration": [],
                        "topology_spread_constraint": [],
                        "volume": []
                      }
                    ]
                  }
                ]
              }
            ],
            "timeouts": null,
            "wait_for_rollout": true
          },
          "sensitive_attributes": [],
          "private": "eyJlMmJmYjczMC1lY2FhLTExZTYtOGY4OC0zNDM2M2JjN2M0YzAiOnsiY3JlYXRlIjo2MDAwMDAwMDAwMDAsImRlbGV0ZSI6NjAwMDAwMDAwMDAwLCJ1cGRhdGUiOjYwMDAwMDAwMDAwMH0sInNjaGVtYV92ZXJzaW9uIjoiMSJ9",
          "dependencies": [
            "module.f5xc.volterra_api_credential.app_vk8s_cred",
            "module.f5xc.volterra_namespace.app_ns",
            "module.f5xc.volterra_virtual_k8s.app_vk8s",
            "module.f5xc.volterra_virtual_site.hub",
            "module.f5xc.volterra_virtual_site.spoke"
          ]
        }
      ]
    },
    {
      "module": "module.vk8s-app",
      "mode": "managed",
      "type": "kubernetes_deployment_v1",
      "name": "checkoutservice",
      "provider": "provider[\"registry.terraform.io/hashicorp/kubernetes\"].app",
      "instances": [
        {
          "schema_version": 1,
          "attributes": {
            "id": "demo-app/checkoutservice",
            "metadata": [
              {
                "annotations": {
                  "ves.io/virtual-sites": "demo-app/demo-app-spoke-vs",
                  "ves.io/workload-flavor": "ves-io-tiny"
                },
                "generate_name": "",
                "generation": 2,
                "labels": null,
                "name": "checkoutservice",
                "namespace": "demo-app",
                "resource_version": "169457230",
                "uid": "bfa67daa-b4b4-4ece-9b4a-dcc9f964b882"
              }
            ],
            "spec": [
              {
                "min_ready_seconds": 0,
                "paused": false,
                "progress_deadline_seconds": 600,
                "replicas": "1",
                "revision_history_limit": 10,
                "selector": [
                  {
                    "match_expressions": [],
                    "match_labels": {
                      "app": "checkoutservice"
                    }
                  }
                ],
                "strategy": [
                  {
                    "rolling_update": [
                      {
                        "max_surge": "25%",
                        "max_unavailable": "25%"
                      }
                    ],
                    "type": "RollingUpdate"
                  }
                ],
                "template": [
                  {
                    "metadata": [
                      {
                        "annotations": null,
                        "generate_name": "",
                        "generation": 0,
                        "labels": {
                          "app": "checkoutservice"
                        },
                        "name": "",
                        "namespace": "",
                        "resource_version": "",
                        "uid": ""
                      }
                    ],
                    "spec": [
                      {
                        "active_deadline_seconds": 0,
                        "affinity": [],
                        "automount_service_account_token": true,
                        "container": [
                          {
                            "args": null,
                            "command": null,
                            "env": [
                              {
                                "name": "PORT",
                                "value": "5050",
                                "value_from": []
                              },
                              {
                                "name": "PRODUCT_CATALOG_SERVICE_ADDR",
                                "value": "productcatalogservice:3550",
                                "value_from": []
                              },
                              {
                                "name": "SHIPPING_SERVICE_ADDR",
                                "value": "shippingservice:50051",
                                "value_from": []
                              },
                              {
                                "name": "PAYMENT_SERVICE_ADDR",
                                "value": "paymentservice:50051",
                                "value_from": []
                              },
                              {
                                "name": "EMAIL_SERVICE_ADDR",
                                "value": "emailservice:5000",
                                "value_from": []
                              },
                              {
                                "name": "CURRENCY_SERVICE_ADDR",
                                "value": "currencyservice:7000",
                                "value_from": []
                              },
                              {
                                "name": "CART_SERVICE_ADDR",
                                "value": "cartservice:7070",
                                "value_from": []
                              },
                              {
                                "name": "DISABLE_STATS",
                                "value": "1",
                                "value_from": []
                              },
                              {
                                "name": "DISABLE_TRACING",
                                "value": "1",
                                "value_from": []
                              },
                              {
                                "name": "DISABLE_PROFILER",
                                "value": "1",
                                "value_from": []
                              }
                            ],
                            "env_from": [],
                            "image": "gcr.io/google-samples/microservices-demo/checkoutservice:v0.3.6",
                            "image_pull_policy": "IfNotPresent",
                            "lifecycle": [],
                            "liveness_probe": [
                              {
                                "exec": [
                                  {
                                    "command": [
                                      "/bin/grpc_health_probe",
                                      "-addr=:5050"
                                    ]
                                  }
                                ],
                                "failure_threshold": 3,
                                "http_get": [],
                                "initial_delay_seconds": 10,
                                "period_seconds": 10,
                                "success_threshold": 1,
                                "tcp_socket": [],
                                "timeout_seconds": 2
                              }
                            ],
                            "name": "server",
                            "port": [
                              {
                                "container_port": 5050,
                                "host_ip": "",
                                "host_port": 0,
                                "name": "",
                                "protocol": "TCP"
                              }
                            ],
                            "readiness_probe": [
                              {
                                "exec": [
                                  {
                                    "command": [
                                      "/bin/grpc_health_probe",
                                      "-addr=:5050"
                                    ]
                                  }
                                ],
                                "failure_threshold": 3,
                                "http_get": [],
                                "initial_delay_seconds": 5,
                                "period_seconds": 10,
                                "success_threshold": 1,
                                "tcp_socket": [],
                                "timeout_seconds": 2
                              }
                            ],
                            "resources": [
                              {
                                "limits": null,
                                "requests": null
                              }
                            ],
                            "security_context": [],
                            "startup_probe": [],
                            "stdin": false,
                            "stdin_once": false,
                            "termination_message_path": "/dev/termination-log",
                            "termination_message_policy": "File",
                            "tty": false,
                            "volume_mount": [],
                            "working_dir": ""
                          }
                        ],
                        "dns_config": [],
                        "dns_policy": "ClusterFirst",
                        "enable_service_links": true,
                        "host_aliases": [],
                        "host_ipc": false,
                        "host_network": false,
                        "host_pid": false,
                        "hostname": "",
                        "image_pull_secrets": [],
                        "init_container": [],
                        "node_name": "",
                        "node_selector": null,
                        "priority_class_name": "",
                        "readiness_gate": [],
                        "restart_policy": "Always",
                        "security_context": [],
                        "service_account_name": "default",
                        "share_process_namespace": false,
                        "subdomain": "",
                        "termination_grace_period_seconds": 30,
                        "toleration": [],
                        "topology_spread_constraint": [],
                        "volume": []
                      }
                    ]
                  }
                ]
              }
            ],
            "timeouts": null,
            "wait_for_rollout": true
          },
          "sensitive_attributes": [],
          "private": "eyJlMmJmYjczMC1lY2FhLTExZTYtOGY4OC0zNDM2M2JjN2M0YzAiOnsiY3JlYXRlIjo2MDAwMDAwMDAwMDAsImRlbGV0ZSI6NjAwMDAwMDAwMDAwLCJ1cGRhdGUiOjYwMDAwMDAwMDAwMH0sInNjaGVtYV92ZXJzaW9uIjoiMSJ9",
          "dependencies": [
            "module.f5xc.volterra_api_credential.app_vk8s_cred",
            "module.f5xc.volterra_namespace.app_ns",
            "module.f5xc.volterra_virtual_k8s.app_vk8s",
            "module.f5xc.volterra_virtual_site.hub",
            "module.f5xc.volterra_virtual_site.spoke"
          ]
        }
      ]
    },
    {
      "module": "module.vk8s-app",
      "mode": "managed",
      "type": "kubernetes_deployment_v1",
      "name": "currencyservice",
      "provider": "provider[\"registry.terraform.io/hashicorp/kubernetes\"].app",
      "instances": [
        {
          "schema_version": 1,
          "attributes": {
            "id": "demo-app/currencyservice",
            "metadata": [
              {
                "annotations": {
                  "ves.io/virtual-sites": "demo-app/demo-app-spoke-vs",
                  "ves.io/workload-flavor": "ves-io-tiny"
                },
                "generate_name": "",
                "generation": 2,
                "labels": null,
                "name": "currencyservice",
                "namespace": "demo-app",
                "resource_version": "169460462",
                "uid": "e9f588c3-24cd-439a-ad0e-5f7c238fff3e"
              }
            ],
            "spec": [
              {
                "min_ready_seconds": 0,
                "paused": false,
                "progress_deadline_seconds": 600,
                "replicas": "1",
                "revision_history_limit": 10,
                "selector": [
                  {
                    "match_expressions": [],
                    "match_labels": {
                      "app": "currencyservice"
                    }
                  }
                ],
                "strategy": [
                  {
                    "rolling_update": [
                      {
                        "max_surge": "25%",
                        "max_unavailable": "25%"
                      }
                    ],
                    "type": "RollingUpdate"
                  }
                ],
                "template": [
                  {
                    "metadata": [
                      {
                        "annotations": null,
                        "generate_name": "",
                        "generation": 0,
                        "labels": {
                          "app": "currencyservice"
                        },
                        "name": "",
                        "namespace": "",
                        "resource_version": "",
                        "uid": ""
                      }
                    ],
                    "spec": [
                      {
                        "active_deadline_seconds": 0,
                        "affinity": [],
                        "automount_service_account_token": true,
                        "container": [
                          {
                            "args": null,
                            "command": null,
                            "env": [
                              {
                                "name": "PORT",
                                "value": "7000",
                                "value_from": []
                              },
                              {
                                "name": "DISABLE_TRACING",
                                "value": "1",
                                "value_from": []
                              },
                              {
                                "name": "DISABLE_PROFILER",
                                "value": "1",
                                "value_from": []
                              },
                              {
                                "name": "DISABLE_DEBUGGER",
                                "value": "1",
                                "value_from": []
                              }
                            ],
                            "env_from": [],
                            "image": "gcr.io/google-samples/microservices-demo/currencyservice:v0.3.6",
                            "image_pull_policy": "IfNotPresent",
                            "lifecycle": [],
                            "liveness_probe": [
                              {
                                "exec": [
                                  {
                                    "command": [
                                      "/bin/grpc_health_probe",
                                      "-addr=:7000"
                                    ]
                                  }
                                ],
                                "failure_threshold": 3,
                                "http_get": [],
                                "initial_delay_seconds": 10,
                                "period_seconds": 10,
                                "success_threshold": 1,
                                "tcp_socket": [],
                                "timeout_seconds": 2
                              }
                            ],
                            "name": "server",
                            "port": [
                              {
                                "container_port": 7000,
                                "host_ip": "",
                                "host_port": 0,
                                "name": "grpc",
                                "protocol": "TCP"
                              }
                            ],
                            "readiness_probe": [
                              {
                                "exec": [
                                  {
                                    "command": [
                                      "/bin/grpc_health_probe",
                                      "-addr=:7000"
                                    ]
                                  }
                                ],
                                "failure_threshold": 3,
                                "http_get": [],
                                "initial_delay_seconds": 5,
                                "period_seconds": 10,
                                "success_threshold": 1,
                                "tcp_socket": [],
                                "timeout_seconds": 2
                              }
                            ],
                            "resources": [
                              {
                                "limits": null,
                                "requests": null
                              }
                            ],
                            "security_context": [],
                            "startup_probe": [],
                            "stdin": false,
                            "stdin_once": false,
                            "termination_message_path": "/dev/termination-log",
                            "termination_message_policy": "File",
                            "tty": false,
                            "volume_mount": [],
                            "working_dir": ""
                          }
                        ],
                        "dns_config": [],
                        "dns_policy": "ClusterFirst",
                        "enable_service_links": true,
                        "host_aliases": [],
                        "host_ipc": false,
                        "host_network": false,
                        "host_pid": false,
                        "hostname": "",
                        "image_pull_secrets": [],
                        "init_container": [],
                        "node_name": "",
                        "node_selector": null,
                        "priority_class_name": "",
                        "readiness_gate": [],
                        "restart_policy": "Always",
                        "security_context": [],
                        "service_account_name": "default",
                        "share_process_namespace": false,
                        "subdomain": "",
                        "termination_grace_period_seconds": 5,
                        "toleration": [],
                        "topology_spread_constraint": [],
                        "volume": []
                      }
                    ]
                  }
                ]
              }
            ],
            "timeouts": null,
            "wait_for_rollout": true
          },
          "sensitive_attributes": [],
          "private": "eyJlMmJmYjczMC1lY2FhLTExZTYtOGY4OC0zNDM2M2JjN2M0YzAiOnsiY3JlYXRlIjo2MDAwMDAwMDAwMDAsImRlbGV0ZSI6NjAwMDAwMDAwMDAwLCJ1cGRhdGUiOjYwMDAwMDAwMDAwMH0sInNjaGVtYV92ZXJzaW9uIjoiMSJ9",
          "dependencies": [
            "module.f5xc.volterra_api_credential.app_vk8s_cred",
            "module.f5xc.volterra_namespace.app_ns",
            "module.f5xc.volterra_virtual_k8s.app_vk8s",
            "module.f5xc.volterra_virtual_site.hub",
            "module.f5xc.volterra_virtual_site.spoke"
          ]
        }
      ]
    },
    {
      "module": "module.vk8s-app",
      "mode": "managed",
      "type": "kubernetes_deployment_v1",
      "name": "emailservice",
      "provider": "provider[\"registry.terraform.io/hashicorp/kubernetes\"].app",
      "instances": [
        {
          "schema_version": 1,
          "attributes": {
            "id": "demo-app/emailservice",
            "metadata": [
              {
                "annotations": {
                  "ves.io/virtual-sites": "demo-app/demo-app-spoke-vs",
                  "ves.io/workload-flavor": "ves-io-tiny"
                },
                "generate_name": "",
                "generation": 2,
                "labels": null,
                "name": "emailservice",
                "namespace": "demo-app",
                "resource_version": "169456788",
                "uid": "a0b9dfa0-6ebf-4327-a311-25634efefcc5"
              }
            ],
            "spec": [
              {
                "min_ready_seconds": 0,
                "paused": false,
                "progress_deadline_seconds": 600,
                "replicas": "1",
                "revision_history_limit": 10,
                "selector": [
                  {
                    "match_expressions": [],
                    "match_labels": {
                      "app": "emailservice"
                    }
                  }
                ],
                "strategy": [
                  {
                    "rolling_update": [
                      {
                        "max_surge": "25%",
                        "max_unavailable": "25%"
                      }
                    ],
                    "type": "RollingUpdate"
                  }
                ],
                "template": [
                  {
                    "metadata": [
                      {
                        "annotations": null,
                        "generate_name": "",
                        "generation": 0,
                        "labels": {
                          "app": "emailservice"
                        },
                        "name": "",
                        "namespace": "",
                        "resource_version": "",
                        "uid": ""
                      }
                    ],
                    "spec": [
                      {
                        "active_deadline_seconds": 0,
                        "affinity": [],
                        "automount_service_account_token": true,
                        "container": [
                          {
                            "args": null,
                            "command": null,
                            "env": [
                              {
                                "name": "PORT",
                                "value": "8080",
                                "value_from": []
                              },
                              {
                                "name": "DISABLE_TRACING",
                                "value": "1",
                                "value_from": []
                              },
                              {
                                "name": "DISABLE_PROFILER",
                                "value": "1",
                                "value_from": []
                              },
                              {
                                "name": "DISABLE_PROFILER",
                                "value": "1",
                                "value_from": []
                              }
                            ],
                            "env_from": [],
                            "image": "gcr.io/google-samples/microservices-demo/emailservice:v0.3.6",
                            "image_pull_policy": "IfNotPresent",
                            "lifecycle": [],
                            "liveness_probe": [
                              {
                                "exec": [
                                  {
                                    "command": [
                                      "/bin/grpc_health_probe",
                                      "-addr=:8080"
                                    ]
                                  }
                                ],
                                "failure_threshold": 3,
                                "http_get": [],
                                "initial_delay_seconds": 10,
                                "period_seconds": 10,
                                "success_threshold": 1,
                                "tcp_socket": [],
                                "timeout_seconds": 2
                              }
                            ],
                            "name": "server",
                            "port": [
                              {
                                "container_port": 8080,
                                "host_ip": "",
                                "host_port": 0,
                                "name": "",
                                "protocol": "TCP"
                              }
                            ],
                            "readiness_probe": [
                              {
                                "exec": [
                                  {
                                    "command": [
                                      "/bin/grpc_health_probe",
                                      "-addr=:8080"
                                    ]
                                  }
                                ],
                                "failure_threshold": 3,
                                "http_get": [],
                                "initial_delay_seconds": 5,
                                "period_seconds": 10,
                                "success_threshold": 1,
                                "tcp_socket": [],
                                "timeout_seconds": 2
                              }
                            ],
                            "resources": [
                              {
                                "limits": null,
                                "requests": null
                              }
                            ],
                            "security_context": [],
                            "startup_probe": [],
                            "stdin": false,
                            "stdin_once": false,
                            "termination_message_path": "/dev/termination-log",
                            "termination_message_policy": "File",
                            "tty": false,
                            "volume_mount": [],
                            "working_dir": ""
                          }
                        ],
                        "dns_config": [],
                        "dns_policy": "ClusterFirst",
                        "enable_service_links": true,
                        "host_aliases": [],
                        "host_ipc": false,
                        "host_network": false,
                        "host_pid": false,
                        "hostname": "",
                        "image_pull_secrets": [],
                        "init_container": [],
                        "node_name": "",
                        "node_selector": null,
                        "priority_class_name": "",
                        "readiness_gate": [],
                        "restart_policy": "Always",
                        "security_context": [],
                        "service_account_name": "default",
                        "share_process_namespace": false,
                        "subdomain": "",
                        "termination_grace_period_seconds": 5,
                        "toleration": [],
                        "topology_spread_constraint": [],
                        "volume": []
                      }
                    ]
                  }
                ]
              }
            ],
            "timeouts": null,
            "wait_for_rollout": true
          },
          "sensitive_attributes": [],
          "private": "eyJlMmJmYjczMC1lY2FhLTExZTYtOGY4OC0zNDM2M2JjN2M0YzAiOnsiY3JlYXRlIjo2MDAwMDAwMDAwMDAsImRlbGV0ZSI6NjAwMDAwMDAwMDAwLCJ1cGRhdGUiOjYwMDAwMDAwMDAwMH0sInNjaGVtYV92ZXJzaW9uIjoiMSJ9",
          "dependencies": [
            "module.f5xc.volterra_api_credential.app_vk8s_cred",
            "module.f5xc.volterra_namespace.app_ns",
            "module.f5xc.volterra_virtual_k8s.app_vk8s",
            "module.f5xc.volterra_virtual_site.hub",
            "module.f5xc.volterra_virtual_site.spoke"
          ]
        }
      ]
    },
    {
      "module": "module.vk8s-app",
      "mode": "managed",
      "type": "kubernetes_deployment_v1",
      "name": "frontend",
      "provider": "provider[\"registry.terraform.io/hashicorp/kubernetes\"].app",
      "instances": [
        {
          "schema_version": 1,
          "attributes": {
            "id": "demo-app/frontend",
            "metadata": [
              {
                "annotations": {
                  "ves.io/virtual-sites": "demo-app/demo-app-spoke-vs",
                  "ves.io/workload-flavor": "ves-io-tiny"
                },
                "generate_name": "",
                "generation": 2,
                "labels": null,
                "name": "frontend",
                "namespace": "demo-app",
                "resource_version": "169460571",
                "uid": "64f1cf3a-f337-49b8-8666-e2be7bc0e5eb"
              }
            ],
            "spec": [
              {
                "min_ready_seconds": 0,
                "paused": false,
                "progress_deadline_seconds": 600,
                "replicas": "1",
                "revision_history_limit": 10,
                "selector": [
                  {
                    "match_expressions": [],
                    "match_labels": {
                      "app": "frontend"
                    }
                  }
                ],
                "strategy": [
                  {
                    "rolling_update": [
                      {
                        "max_surge": "25%",
                        "max_unavailable": "25%"
                      }
                    ],
                    "type": "RollingUpdate"
                  }
                ],
                "template": [
                  {
                    "metadata": [
                      {
                        "annotations": null,
                        "generate_name": "",
                        "generation": 0,
                        "labels": {
                          "app": "frontend"
                        },
                        "name": "",
                        "namespace": "",
                        "resource_version": "",
                        "uid": ""
                      }
                    ],
                    "spec": [
                      {
                        "active_deadline_seconds": 0,
                        "affinity": [],
                        "automount_service_account_token": true,
                        "container": [
                          {
                            "args": null,
                            "command": null,
                            "env": [
                              {
                                "name": "PORT",
                                "value": "8080",
                                "value_from": []
                              },
                              {
                                "name": "PRODUCT_CATALOG_SERVICE_ADDR",
                                "value": "productcatalogservice:3550",
                                "value_from": []
                              },
                              {
                                "name": "CURRENCY_SERVICE_ADDR",
                                "value": "currencyservice:7000",
                                "value_from": []
                              },
                              {
                                "name": "CART_SERVICE_ADDR",
                                "value": "cartservice:7070",
                                "value_from": []
                              },
                              {
                                "name": "RECOMMENDATION_SERVICE_ADDR",
                                "value": "recommendationservice:8080",
                                "value_from": []
                              },
                              {
                                "name": "SHIPPING_SERVICE_ADDR",
                                "value": "shippingservice:50051",
                                "value_from": []
                              },
                              {
                                "name": "CHECKOUT_SERVICE_ADDR",
                                "value": "checkoutservice:5050",
                                "value_from": []
                              },
                              {
                                "name": "AD_SERVICE_ADDR",
                                "value": "adservice.internal:9555",
                                "value_from": []
                              },
                              {
                                "name": "ENV_PLATFORM",
                                "value": "local",
                                "value_from": []
                              },
                              {
                                "name": "DISABLE_TRACING",
                                "value": "1",
                                "value_from": []
                              },
                              {
                                "name": "DISABLE_PROFILER",
                                "value": "1",
                                "value_from": []
                              }
                            ],
                            "env_from": [],
                            "image": "gcr.io/google-samples/microservices-demo/frontend:v0.3.6",
                            "image_pull_policy": "IfNotPresent",
                            "lifecycle": [],
                            "liveness_probe": [
                              {
                                "exec": [],
                                "failure_threshold": 3,
                                "http_get": [
                                  {
                                    "host": "",
                                    "http_header": [
                                      {
                                        "name": "Cookie",
                                        "value": "shop_session-id=x-liveness-probe"
                                      }
                                    ],
                                    "path": "/_healthz",
                                    "port": "8080",
                                    "scheme": "HTTP"
                                  }
                                ],
                                "initial_delay_seconds": 20,
                                "period_seconds": 10,
                                "success_threshold": 1,
                                "tcp_socket": [],
                                "timeout_seconds": 1
                              }
                            ],
                            "name": "frontend",
                            "port": [
                              {
                                "container_port": 8080,
                                "host_ip": "",
                                "host_port": 0,
                                "name": "",
                                "protocol": "TCP"
                              }
                            ],
                            "readiness_probe": [
                              {
                                "exec": [],
                                "failure_threshold": 3,
                                "http_get": [
                                  {
                                    "host": "",
                                    "http_header": [
                                      {
                                        "name": "Cookie",
                                        "value": "shop_session-id=x-readiness-probe"
                                      }
                                    ],
                                    "path": "/_healthz",
                                    "port": "8080",
                                    "scheme": "HTTP"
                                  }
                                ],
                                "initial_delay_seconds": 10,
                                "period_seconds": 10,
                                "success_threshold": 1,
                                "tcp_socket": [],
                                "timeout_seconds": 1
                              }
                            ],
                            "resources": [
                              {
                                "limits": null,
                                "requests": null
                              }
                            ],
                            "security_context": [],
                            "startup_probe": [],
                            "stdin": false,
                            "stdin_once": false,
                            "termination_message_path": "/dev/termination-log",
                            "termination_message_policy": "File",
                            "tty": false,
                            "volume_mount": [],
                            "working_dir": ""
                          },
                          {
                            "args": null,
                            "command": null,
                            "env": [],
                            "env_from": [],
                            "image": "ghcr.io/dgarrisonf5/proxy",
                            "image_pull_policy": "Always",
                            "lifecycle": [],
                            "liveness_probe": [
                              {
                                "exec": [],
                                "failure_threshold": 3,
                                "http_get": [
                                  {
                                    "host": "",
                                    "http_header": [],
                                    "path": "/_healthy",
                                    "port": "8181",
                                    "scheme": "HTTP"
                                  }
                                ],
                                "initial_delay_seconds": 10,
                                "period_seconds": 10,
                                "success_threshold": 1,
                                "tcp_socket": [],
                                "timeout_seconds": 1
                              }
                            ],
                            "name": "proxy",
                            "port": [
                              {
                                "container_port": 8181,
                                "host_ip": "",
                                "host_port": 0,
                                "name": "",
                                "protocol": "TCP"
                              }
                            ],
                            "readiness_probe": [
                              {
                                "exec": [],
                                "failure_threshold": 3,
                                "http_get": [
                                  {
                                    "host": "",
                                    "http_header": [],
                                    "path": "/_healthy",
                                    "port": "8181",
                                    "scheme": "HTTP"
                                  }
                                ],
                                "initial_delay_seconds": 5,
                                "period_seconds": 10,
                                "success_threshold": 1,
                                "tcp_socket": [],
                                "timeout_seconds": 1
                              }
                            ],
                            "resources": [
                              {
                                "limits": null,
                                "requests": null
                              }
                            ],
                            "security_context": [],
                            "startup_probe": [],
                            "stdin": false,
                            "stdin_once": false,
                            "termination_message_path": "/dev/termination-log",
                            "termination_message_policy": "File",
                            "tty": false,
                            "volume_mount": [
                              {
                                "mount_path": "/etc/nginx/conf.d",
                                "mount_propagation": "None",
                                "name": "nginx-conf",
                                "read_only": true,
                                "sub_path": ""
                              },
                              {
                                "mount_path": "/usr/share/nginx/html",
                                "mount_propagation": "None",
                                "name": "error-html",
                                "read_only": true,
                                "sub_path": ""
                              }
                            ],
                            "working_dir": ""
                          }
                        ],
                        "dns_config": [],
                        "dns_policy": "ClusterFirst",
                        "enable_service_links": true,
                        "host_aliases": [],
                        "host_ipc": false,
                        "host_network": false,
                        "host_pid": false,
                        "hostname": "",
                        "image_pull_secrets": [
                          {
                            "name": "f5demos-registry-secret"
                          }
                        ],
                        "init_container": [],
                        "node_name": "",
                        "node_selector": null,
                        "priority_class_name": "",
                        "readiness_gate": [],
                        "restart_policy": "Always",
                        "security_context": [],
                        "service_account_name": "default",
                        "share_process_namespace": false,
                        "subdomain": "",
                        "termination_grace_period_seconds": 30,
                        "toleration": [],
                        "topology_spread_constraint": [],
                        "volume": [
                          {
                            "aws_elastic_block_store": [],
                            "azure_disk": [],
                            "azure_file": [],
                            "ceph_fs": [],
                            "cinder": [],
                            "config_map": [
                              {
                                "default_mode": "0644",
                                "items": [
                                  {
                                    "key": "default.conf",
                                    "mode": "",
                                    "path": "default.conf"
                                  }
                                ],
                                "name": "nginx-conf",
                                "optional": false
                              }
                            ],
                            "csi": [],
                            "downward_api": [],
                            "empty_dir": [],
                            "fc": [],
                            "flex_volume": [],
                            "flocker": [],
                            "gce_persistent_disk": [],
                            "git_repo": [],
                            "glusterfs": [],
                            "host_path": [],
                            "iscsi": [],
                            "local": [],
                            "name": "nginx-conf",
                            "nfs": [],
                            "persistent_volume_claim": [],
                            "photon_persistent_disk": [],
                            "projected": [],
                            "quobyte": [],
                            "rbd": [],
                            "secret": [],
                            "vsphere_volume": []
                          },
                          {
                            "aws_elastic_block_store": [],
                            "azure_disk": [],
                            "azure_file": [],
                            "ceph_fs": [],
                            "cinder": [],
                            "config_map": [
                              {
                                "default_mode": "0644",
                                "items": [
                                  {
                                    "key": "error.html",
                                    "mode": "",
                                    "path": "error.html"
                                  }
                                ],
                                "name": "error-html",
                                "optional": false
                              }
                            ],
                            "csi": [],
                            "downward_api": [],
                            "empty_dir": [],
                            "fc": [],
                            "flex_volume": [],
                            "flocker": [],
                            "gce_persistent_disk": [],
                            "git_repo": [],
                            "glusterfs": [],
                            "host_path": [],
                            "iscsi": [],
                            "local": [],
                            "name": "error-html",
                            "nfs": [],
                            "persistent_volume_claim": [],
                            "photon_persistent_disk": [],
                            "projected": [],
                            "quobyte": [],
                            "rbd": [],
                            "secret": [],
                            "vsphere_volume": []
                          }
                        ]
                      }
                    ]
                  }
                ]
              }
            ],
            "timeouts": null,
            "wait_for_rollout": true
          },
          "sensitive_attributes": [],
          "private": "eyJlMmJmYjczMC1lY2FhLTExZTYtOGY4OC0zNDM2M2JjN2M0YzAiOnsiY3JlYXRlIjo2MDAwMDAwMDAwMDAsImRlbGV0ZSI6NjAwMDAwMDAwMDAwLCJ1cGRhdGUiOjYwMDAwMDAwMDAwMH0sInNjaGVtYV92ZXJzaW9uIjoiMSJ9",
          "dependencies": [
            "module.f5xc.volterra_api_credential.app_vk8s_cred",
            "module.f5xc.volterra_namespace.app_ns",
            "module.f5xc.volterra_virtual_k8s.app_vk8s",
            "module.f5xc.volterra_virtual_site.hub",
            "module.f5xc.volterra_virtual_site.spoke",
            "module.vk8s-app.kubernetes_secret_v1.registry-secret"
          ]
        }
      ]
    },
    {
      "module": "module.vk8s-app",
      "mode": "managed",
      "type": "kubernetes_deployment_v1",
      "name": "paymentservice",
      "provider": "provider[\"registry.terraform.io/hashicorp/kubernetes\"].app",
      "instances": [
        {
          "schema_version": 1,
          "attributes": {
            "id": "demo-app/paymentservice",
            "metadata": [
              {
                "annotations": {
                  "ves.io/virtual-sites": "demo-app/demo-app-spoke-vs",
                  "ves.io/workload-flavor": "ves-io-tiny"
                },
                "generate_name": "",
                "generation": 2,
                "labels": null,
                "name": "paymentservice",
                "namespace": "demo-app",
                "resource_version": "169457070",
                "uid": "4055d3d6-fe8e-4c73-904a-2f121e825a09"
              }
            ],
            "spec": [
              {
                "min_ready_seconds": 0,
                "paused": false,
                "progress_deadline_seconds": 600,
                "replicas": "1",
                "revision_history_limit": 10,
                "selector": [
                  {
                    "match_expressions": [],
                    "match_labels": {
                      "app": "paymentservice"
                    }
                  }
                ],
                "strategy": [
                  {
                    "rolling_update": [
                      {
                        "max_surge": "25%",
                        "max_unavailable": "25%"
                      }
                    ],
                    "type": "RollingUpdate"
                  }
                ],
                "template": [
                  {
                    "metadata": [
                      {
                        "annotations": null,
                        "generate_name": "",
                        "generation": 0,
                        "labels": {
                          "app": "paymentservice"
                        },
                        "name": "",
                        "namespace": "",
                        "resource_version": "",
                        "uid": ""
                      }
                    ],
                    "spec": [
                      {
                        "active_deadline_seconds": 0,
                        "affinity": [],
                        "automount_service_account_token": true,
                        "container": [
                          {
                            "args": null,
                            "command": null,
                            "env": [
                              {
                                "name": "PORT",
                                "value": "50051",
                                "value_from": []
                              },
                              {
                                "name": "DISABLE_TRACING",
                                "value": "1",
                                "value_from": []
                              },
                              {
                                "name": "DISABLE_PROFILER",
                                "value": "1",
                                "value_from": []
                              },
                              {
                                "name": "DISABLE_DEBUGGER",
                                "value": "1",
                                "value_from": []
                              }
                            ],
                            "env_from": [],
                            "image": "gcr.io/google-samples/microservices-demo/paymentservice:v0.3.6",
                            "image_pull_policy": "IfNotPresent",
                            "lifecycle": [],
                            "liveness_probe": [
                              {
                                "exec": [
                                  {
                                    "command": [
                                      "/bin/grpc_health_probe",
                                      "-addr=:50051"
                                    ]
                                  }
                                ],
                                "failure_threshold": 3,
                                "http_get": [],
                                "initial_delay_seconds": 10,
                                "period_seconds": 10,
                                "success_threshold": 1,
                                "tcp_socket": [],
                                "timeout_seconds": 2
                              }
                            ],
                            "name": "server",
                            "port": [
                              {
                                "container_port": 50051,
                                "host_ip": "",
                                "host_port": 0,
                                "name": "",
                                "protocol": "TCP"
                              }
                            ],
                            "readiness_probe": [
                              {
                                "exec": [
                                  {
                                    "command": [
                                      "/bin/grpc_health_probe",
                                      "-addr=:50051"
                                    ]
                                  }
                                ],
                                "failure_threshold": 3,
                                "http_get": [],
                                "initial_delay_seconds": 5,
                                "period_seconds": 10,
                                "success_threshold": 1,
                                "tcp_socket": [],
                                "timeout_seconds": 2
                              }
                            ],
                            "resources": [
                              {
                                "limits": null,
                                "requests": null
                              }
                            ],
                            "security_context": [],
                            "startup_probe": [],
                            "stdin": false,
                            "stdin_once": false,
                            "termination_message_path": "/dev/termination-log",
                            "termination_message_policy": "File",
                            "tty": false,
                            "volume_mount": [],
                            "working_dir": ""
                          }
                        ],
                        "dns_config": [],
                        "dns_policy": "ClusterFirst",
                        "enable_service_links": true,
                        "host_aliases": [],
                        "host_ipc": false,
                        "host_network": false,
                        "host_pid": false,
                        "hostname": "",
                        "image_pull_secrets": [],
                        "init_container": [],
                        "node_name": "",
                        "node_selector": null,
                        "priority_class_name": "",
                        "readiness_gate": [],
                        "restart_policy": "Always",
                        "security_context": [],
                        "service_account_name": "default",
                        "share_process_namespace": false,
                        "subdomain": "",
                        "termination_grace_period_seconds": 5,
                        "toleration": [],
                        "topology_spread_constraint": [],
                        "volume": []
                      }
                    ]
                  }
                ]
              }
            ],
            "timeouts": null,
            "wait_for_rollout": true
          },
          "sensitive_attributes": [],
          "private": "eyJlMmJmYjczMC1lY2FhLTExZTYtOGY4OC0zNDM2M2JjN2M0YzAiOnsiY3JlYXRlIjo2MDAwMDAwMDAwMDAsImRlbGV0ZSI6NjAwMDAwMDAwMDAwLCJ1cGRhdGUiOjYwMDAwMDAwMDAwMH0sInNjaGVtYV92ZXJzaW9uIjoiMSJ9",
          "dependencies": [
            "module.f5xc.volterra_api_credential.app_vk8s_cred",
            "module.f5xc.volterra_namespace.app_ns",
            "module.f5xc.volterra_virtual_k8s.app_vk8s",
            "module.f5xc.volterra_virtual_site.hub",
            "module.f5xc.volterra_virtual_site.spoke"
          ]
        }
      ]
    },
    {
      "module": "module.vk8s-app",
      "mode": "managed",
      "type": "kubernetes_deployment_v1",
      "name": "productcatalogservice",
      "provider": "provider[\"registry.terraform.io/hashicorp/kubernetes\"].app",
      "instances": [
        {
          "schema_version": 1,
          "attributes": {
            "id": "demo-app/productcatalogservice",
            "metadata": [
              {
                "annotations": {
                  "ves.io/virtual-sites": "demo-app/demo-app-spoke-vs",
                  "ves.io/workload-flavor": "ves-io-tiny"
                },
                "generate_name": "",
                "generation": 2,
                "labels": null,
                "name": "productcatalogservice",
                "namespace": "demo-app",
                "resource_version": "169457204",
                "uid": "d27b11c0-64f7-4414-8b3e-f54c5d1e9c5b"
              }
            ],
            "spec": [
              {
                "min_ready_seconds": 0,
                "paused": false,
                "progress_deadline_seconds": 600,
                "replicas": "1",
                "revision_history_limit": 10,
                "selector": [
                  {
                    "match_expressions": [],
                    "match_labels": {
                      "app": "productcatalogservice"
                    }
                  }
                ],
                "strategy": [
                  {
                    "rolling_update": [
                      {
                        "max_surge": "25%",
                        "max_unavailable": "25%"
                      }
                    ],
                    "type": "RollingUpdate"
                  }
                ],
                "template": [
                  {
                    "metadata": [
                      {
                        "annotations": null,
                        "generate_name": "",
                        "generation": 0,
                        "labels": {
                          "app": "productcatalogservice"
                        },
                        "name": "",
                        "namespace": "",
                        "resource_version": "",
                        "uid": ""
                      }
                    ],
                    "spec": [
                      {
                        "active_deadline_seconds": 0,
                        "affinity": [],
                        "automount_service_account_token": true,
                        "container": [
                          {
                            "args": null,
                            "command": null,
                            "env": [
                              {
                                "name": "PORT",
                                "value": "3550",
                                "value_from": []
                              },
                              {
                                "name": "DISABLE_STATS",
                                "value": "1",
                                "value_from": []
                              },
                              {
                                "name": "DISABLE_TRACING",
                                "value": "1",
                                "value_from": []
                              },
                              {
                                "name": "DISABLE_PROFILER",
                                "value": "1",
                                "value_from": []
                              }
                            ],
                            "env_from": [],
                            "image": "gcr.io/google-samples/microservices-demo/productcatalogservice:v0.3.6",
                            "image_pull_policy": "IfNotPresent",
                            "lifecycle": [],
                            "liveness_probe": [
                              {
                                "exec": [
                                  {
                                    "command": [
                                      "/bin/grpc_health_probe",
                                      "-addr=:3550"
                                    ]
                                  }
                                ],
                                "failure_threshold": 3,
                                "http_get": [],
                                "initial_delay_seconds": 10,
                                "period_seconds": 10,
                                "success_threshold": 1,
                                "tcp_socket": [],
                                "timeout_seconds": 2
                              }
                            ],
                            "name": "server",
                            "port": [
                              {
                                "container_port": 3550,
                                "host_ip": "",
                                "host_port": 0,
                                "name": "",
                                "protocol": "TCP"
                              }
                            ],
                            "readiness_probe": [
                              {
                                "exec": [
                                  {
                                    "command": [
                                      "/bin/grpc_health_probe",
                                      "-addr=:3550"
                                    ]
                                  }
                                ],
                                "failure_threshold": 3,
                                "http_get": [],
                                "initial_delay_seconds": 5,
                                "period_seconds": 10,
                                "success_threshold": 1,
                                "tcp_socket": [],
                                "timeout_seconds": 2
                              }
                            ],
                            "resources": [
                              {
                                "limits": null,
                                "requests": null
                              }
                            ],
                            "security_context": [],
                            "startup_probe": [],
                            "stdin": false,
                            "stdin_once": false,
                            "termination_message_path": "/dev/termination-log",
                            "termination_message_policy": "File",
                            "tty": false,
                            "volume_mount": [],
                            "working_dir": ""
                          }
                        ],
                        "dns_config": [],
                        "dns_policy": "ClusterFirst",
                        "enable_service_links": true,
                        "host_aliases": [],
                        "host_ipc": false,
                        "host_network": false,
                        "host_pid": false,
                        "hostname": "",
                        "image_pull_secrets": [],
                        "init_container": [],
                        "node_name": "",
                        "node_selector": null,
                        "priority_class_name": "",
                        "readiness_gate": [],
                        "restart_policy": "Always",
                        "security_context": [],
                        "service_account_name": "default",
                        "share_process_namespace": false,
                        "subdomain": "",
                        "termination_grace_period_seconds": 5,
                        "toleration": [],
                        "topology_spread_constraint": [],
                        "volume": []
                      }
                    ]
                  }
                ]
              }
            ],
            "timeouts": null,
            "wait_for_rollout": true
          },
          "sensitive_attributes": [],
          "private": "eyJlMmJmYjczMC1lY2FhLTExZTYtOGY4OC0zNDM2M2JjN2M0YzAiOnsiY3JlYXRlIjo2MDAwMDAwMDAwMDAsImRlbGV0ZSI6NjAwMDAwMDAwMDAwLCJ1cGRhdGUiOjYwMDAwMDAwMDAwMH0sInNjaGVtYV92ZXJzaW9uIjoiMSJ9",
          "dependencies": [
            "module.f5xc.volterra_api_credential.app_vk8s_cred",
            "module.f5xc.volterra_namespace.app_ns",
            "module.f5xc.volterra_virtual_k8s.app_vk8s",
            "module.f5xc.volterra_virtual_site.hub",
            "module.f5xc.volterra_virtual_site.spoke"
          ]
        }
      ]
    },
    {
      "module": "module.vk8s-app",
      "mode": "managed",
      "type": "kubernetes_deployment_v1",
      "name": "recommendationservice",
      "provider": "provider[\"registry.terraform.io/hashicorp/kubernetes\"].app",
      "instances": [
        {
          "schema_version": 1,
          "attributes": {
            "id": "demo-app/recommendationservice",
            "metadata": [
              {
                "annotations": {
                  "ves.io/virtual-sites": "demo-app/demo-app-spoke-vs",
                  "ves.io/workload-flavor": "ves-io-tiny"
                },
                "generate_name": "",
                "generation": 2,
                "labels": null,
                "name": "recommendationservice",
                "namespace": "demo-app",
                "resource_version": "169457081",
                "uid": "107f76a3-0757-4b30-925f-83d2baa68cc4"
              }
            ],
            "spec": [
              {
                "min_ready_seconds": 0,
                "paused": false,
                "progress_deadline_seconds": 600,
                "replicas": "1",
                "revision_history_limit": 10,
                "selector": [
                  {
                    "match_expressions": [],
                    "match_labels": {
                      "app": "recommendationservice"
                    }
                  }
                ],
                "strategy": [
                  {
                    "rolling_update": [
                      {
                        "max_surge": "25%",
                        "max_unavailable": "25%"
                      }
                    ],
                    "type": "RollingUpdate"
                  }
                ],
                "template": [
                  {
                    "metadata": [
                      {
                        "annotations": null,
                        "generate_name": "",
                        "generation": 0,
                        "labels": {
                          "app": "recommendationservice"
                        },
                        "name": "",
                        "namespace": "",
                        "resource_version": "",
                        "uid": ""
                      }
                    ],
                    "spec": [
                      {
                        "active_deadline_seconds": 0,
                        "affinity": [],
                        "automount_service_account_token": true,
                        "container": [
                          {
                            "args": null,
                            "command": null,
                            "env": [
                              {
                                "name": "PORT",
                                "value": "8080",
                                "value_from": []
                              },
                              {
                                "name": "PRODUCT_CATALOG_SERVICE_ADDR",
                                "value": "productcatalogservice:3550",
                                "value_from": []
                              },
                              {
                                "name": "DISABLE_TRACING",
                                "value": "1",
                                "value_from": []
                              },
                              {
                                "name": "DISABLE_PROFILER",
                                "value": "1",
                                "value_from": []
                              },
                              {
                                "name": "DISABLE_DEBUGGER",
                                "value": "1",
                                "value_from": []
                              }
                            ],
                            "env_from": [],
                            "image": "gcr.io/google-samples/microservices-demo/recommendationservice:v0.3.6",
                            "image_pull_policy": "IfNotPresent",
                            "lifecycle": [],
                            "liveness_probe": [
                              {
                                "exec": [
                                  {
                                    "command": [
                                      "/bin/grpc_health_probe",
                                      "-addr=:8080"
                                    ]
                                  }
                                ],
                                "failure_threshold": 3,
                                "http_get": [],
                                "initial_delay_seconds": 10,
                                "period_seconds": 10,
                                "success_threshold": 1,
                                "tcp_socket": [],
                                "timeout_seconds": 2
                              }
                            ],
                            "name": "server",
                            "port": [
                              {
                                "container_port": 8080,
                                "host_ip": "",
                                "host_port": 0,
                                "name": "",
                                "protocol": "TCP"
                              }
                            ],
                            "readiness_probe": [
                              {
                                "exec": [
                                  {
                                    "command": [
                                      "/bin/grpc_health_probe",
                                      "-addr=:8080"
                                    ]
                                  }
                                ],
                                "failure_threshold": 3,
                                "http_get": [],
                                "initial_delay_seconds": 5,
                                "period_seconds": 10,
                                "success_threshold": 1,
                                "tcp_socket": [],
                                "timeout_seconds": 2
                              }
                            ],
                            "resources": [
                              {
                                "limits": null,
                                "requests": null
                              }
                            ],
                            "security_context": [],
                            "startup_probe": [],
                            "stdin": false,
                            "stdin_once": false,
                            "termination_message_path": "/dev/termination-log",
                            "termination_message_policy": "File",
                            "tty": false,
                            "volume_mount": [],
                            "working_dir": ""
                          }
                        ],
                        "dns_config": [],
                        "dns_policy": "ClusterFirst",
                        "enable_service_links": true,
                        "host_aliases": [],
                        "host_ipc": false,
                        "host_network": false,
                        "host_pid": false,
                        "hostname": "",
                        "image_pull_secrets": [],
                        "init_container": [],
                        "node_name": "",
                        "node_selector": null,
                        "priority_class_name": "",
                        "readiness_gate": [],
                        "restart_policy": "Always",
                        "security_context": [],
                        "service_account_name": "default",
                        "share_process_namespace": false,
                        "subdomain": "",
                        "termination_grace_period_seconds": 5,
                        "toleration": [],
                        "topology_spread_constraint": [],
                        "volume": []
                      }
                    ]
                  }
                ]
              }
            ],
            "timeouts": null,
            "wait_for_rollout": true
          },
          "sensitive_attributes": [],
          "private": "eyJlMmJmYjczMC1lY2FhLTExZTYtOGY4OC0zNDM2M2JjN2M0YzAiOnsiY3JlYXRlIjo2MDAwMDAwMDAwMDAsImRlbGV0ZSI6NjAwMDAwMDAwMDAwLCJ1cGRhdGUiOjYwMDAwMDAwMDAwMH0sInNjaGVtYV92ZXJzaW9uIjoiMSJ9",
          "dependencies": [
            "module.f5xc.volterra_api_credential.app_vk8s_cred",
            "module.f5xc.volterra_namespace.app_ns",
            "module.f5xc.volterra_virtual_k8s.app_vk8s",
            "module.f5xc.volterra_virtual_site.hub",
            "module.f5xc.volterra_virtual_site.spoke"
          ]
        }
      ]
    },
    {
      "module": "module.vk8s-app",
      "mode": "managed",
      "type": "kubernetes_deployment_v1",
      "name": "redis_cart",
      "provider": "provider[\"registry.terraform.io/hashicorp/kubernetes\"].app",
      "instances": [
        {
          "schema_version": 1,
          "attributes": {
            "id": "demo-app/redis-cart",
            "metadata": [
              {
                "annotations": {
                  "ves.io/virtual-sites": "demo-app/demo-app-hub-vs",
                  "ves.io/workload-flavor": "ves-io-medium"
                },
                "generate_name": "",
                "generation": 2,
                "labels": null,
                "name": "redis-cart",
                "namespace": "demo-app",
                "resource_version": "169460681",
                "uid": "1f2e0d13-d532-4829-ad0d-752c54819d47"
              }
            ],
            "spec": [
              {
                "min_ready_seconds": 0,
                "paused": false,
                "progress_deadline_seconds": 600,
                "replicas": "1",
                "revision_history_limit": 10,
                "selector": [
                  {
                    "match_expressions": [],
                    "match_labels": {
                      "app": "redis-cart"
                    }
                  }
                ],
                "strategy": [
                  {
                    "rolling_update": [
                      {
                        "max_surge": "25%",
                        "max_unavailable": "25%"
                      }
                    ],
                    "type": "RollingUpdate"
                  }
                ],
                "template": [
                  {
                    "metadata": [
                      {
                        "annotations": null,
                        "generate_name": "",
                        "generation": 0,
                        "labels": {
                          "app": "redis-cart"
                        },
                        "name": "",
                        "namespace": "",
                        "resource_version": "",
                        "uid": ""
                      }
                    ],
                    "spec": [
                      {
                        "active_deadline_seconds": 0,
                        "affinity": [],
                        "automount_service_account_token": true,
                        "container": [
                          {
                            "args": null,
                            "command": null,
                            "env": [],
                            "env_from": [],
                            "image": "ghcr.io/dgarrisonf5/redis:alpine",
                            "image_pull_policy": "IfNotPresent",
                            "lifecycle": [],
                            "liveness_probe": [
                              {
                                "exec": [],
                                "failure_threshold": 3,
                                "http_get": [],
                                "initial_delay_seconds": 10,
                                "period_seconds": 5,
                                "success_threshold": 1,
                                "tcp_socket": [
                                  {
                                    "port": "6379"
                                  }
                                ],
                                "timeout_seconds": 1
                              }
                            ],
                            "name": "redis",
                            "port": [
                              {
                                "container_port": 6379,
                                "host_ip": "",
                                "host_port": 0,
                                "name": "",
                                "protocol": "TCP"
                              }
                            ],
                            "readiness_probe": [
                              {
                                "exec": [],
                                "failure_threshold": 3,
                                "http_get": [],
                                "initial_delay_seconds": 5,
                                "period_seconds": 5,
                                "success_threshold": 1,
                                "tcp_socket": [
                                  {
                                    "port": "6379"
                                  }
                                ],
                                "timeout_seconds": 1
                              }
                            ],
                            "resources": [
                              {
                                "limits": null,
                                "requests": null
                              }
                            ],
                            "security_context": [],
                            "startup_probe": [],
                            "stdin": false,
                            "stdin_once": false,
                            "termination_message_path": "/dev/termination-log",
                            "termination_message_policy": "File",
                            "tty": false,
                            "volume_mount": [
                              {
                                "mount_path": "/data",
                                "mount_propagation": "None",
                                "name": "redis-data",
                                "read_only": false,
                                "sub_path": ""
                              }
                            ],
                            "working_dir": ""
                          }
                        ],
                        "dns_config": [],
                        "dns_policy": "ClusterFirst",
                        "enable_service_links": true,
                        "host_aliases": [],
                        "host_ipc": false,
                        "host_network": false,
                        "host_pid": false,
                        "hostname": "",
                        "image_pull_secrets": [
                          {
                            "name": "f5demos-registry-secret"
                          }
                        ],
                        "init_container": [],
                        "node_name": "",
                        "node_selector": null,
                        "priority_class_name": "",
                        "readiness_gate": [],
                        "restart_policy": "Always",
                        "security_context": [],
                        "service_account_name": "default",
                        "share_process_namespace": false,
                        "subdomain": "",
                        "termination_grace_period_seconds": 30,
                        "toleration": [],
                        "topology_spread_constraint": [],
                        "volume": [
                          {
                            "aws_elastic_block_store": [],
                            "azure_disk": [],
                            "azure_file": [],
                            "ceph_fs": [],
                            "cinder": [],
                            "config_map": [],
                            "csi": [],
                            "downward_api": [],
                            "empty_dir": [
                              {
                                "medium": "",
                                "size_limit": ""
                              }
                            ],
                            "fc": [],
                            "flex_volume": [],
                            "flocker": [],
                            "gce_persistent_disk": [],
                            "git_repo": [],
                            "glusterfs": [],
                            "host_path": [],
                            "iscsi": [],
                            "local": [],
                            "name": "redis-data",
                            "nfs": [],
                            "persistent_volume_claim": [],
                            "photon_persistent_disk": [],
                            "projected": [],
                            "quobyte": [],
                            "rbd": [],
                            "secret": [],
                            "vsphere_volume": []
                          }
                        ]
                      }
                    ]
                  }
                ]
              }
            ],
            "timeouts": null,
            "wait_for_rollout": true
          },
          "sensitive_attributes": [],
          "private": "eyJlMmJmYjczMC1lY2FhLTExZTYtOGY4OC0zNDM2M2JjN2M0YzAiOnsiY3JlYXRlIjo2MDAwMDAwMDAwMDAsImRlbGV0ZSI6NjAwMDAwMDAwMDAwLCJ1cGRhdGUiOjYwMDAwMDAwMDAwMH0sInNjaGVtYV92ZXJzaW9uIjoiMSJ9",
          "dependencies": [
            "module.f5xc.volterra_api_credential.app_vk8s_cred",
            "module.f5xc.volterra_namespace.app_ns",
            "module.f5xc.volterra_virtual_k8s.app_vk8s",
            "module.f5xc.volterra_virtual_site.hub",
            "module.f5xc.volterra_virtual_site.spoke",
            "module.vk8s-app.kubernetes_secret_v1.registry-secret"
          ]
        }
      ]
    },
    {
      "module": "module.vk8s-app",
      "mode": "managed",
      "type": "kubernetes_deployment_v1",
      "name": "shippingservice",
      "provider": "provider[\"registry.terraform.io/hashicorp/kubernetes\"].app",
      "instances": [
        {
          "schema_version": 1,
          "attributes": {
            "id": "demo-app/shippingservice",
            "metadata": [
              {
                "annotations": {
                  "ves.io/virtual-sites": "demo-app/demo-app-spoke-vs",
                  "ves.io/workload-flavor": "ves-io-tiny"
                },
                "generate_name": "",
                "generation": 2,
                "labels": null,
                "name": "shippingservice",
                "namespace": "demo-app",
                "resource_version": "169457212",
                "uid": "de7effb6-cb90-4767-9e39-633572777bcf"
              }
            ],
            "spec": [
              {
                "min_ready_seconds": 0,
                "paused": false,
                "progress_deadline_seconds": 600,
                "replicas": "1",
                "revision_history_limit": 10,
                "selector": [
                  {
                    "match_expressions": [],
                    "match_labels": {
                      "app": "shippingservice"
                    }
                  }
                ],
                "strategy": [
                  {
                    "rolling_update": [
                      {
                        "max_surge": "25%",
                        "max_unavailable": "25%"
                      }
                    ],
                    "type": "RollingUpdate"
                  }
                ],
                "template": [
                  {
                    "metadata": [
                      {
                        "annotations": null,
                        "generate_name": "",
                        "generation": 0,
                        "labels": {
                          "app": "shippingservice"
                        },
                        "name": "",
                        "namespace": "",
                        "resource_version": "",
                        "uid": ""
                      }
                    ],
                    "spec": [
                      {
                        "active_deadline_seconds": 0,
                        "affinity": [],
                        "automount_service_account_token": true,
                        "container": [
                          {
                            "args": null,
                            "command": null,
                            "env": [
                              {
                                "name": "PORT",
                                "value": "50051",
                                "value_from": []
                              },
                              {
                                "name": "DISABLE_STATS",
                                "value": "1",
                                "value_from": []
                              },
                              {
                                "name": "DISABLE_TRACING",
                                "value": "1",
                                "value_from": []
                              },
                              {
                                "name": "DISABLE_PROFILER",
                                "value": "1",
                                "value_from": []
                              }
                            ],
                            "env_from": [],
                            "image": "gcr.io/google-samples/microservices-demo/shippingservice:v0.3.6",
                            "image_pull_policy": "IfNotPresent",
                            "lifecycle": [],
                            "liveness_probe": [
                              {
                                "exec": [
                                  {
                                    "command": [
                                      "/bin/grpc_health_probe",
                                      "-addr=:50051"
                                    ]
                                  }
                                ],
                                "failure_threshold": 3,
                                "http_get": [],
                                "initial_delay_seconds": 10,
                                "period_seconds": 10,
                                "success_threshold": 1,
                                "tcp_socket": [],
                                "timeout_seconds": 2
                              }
                            ],
                            "name": "server",
                            "port": [
                              {
                                "container_port": 50051,
                                "host_ip": "",
                                "host_port": 0,
                                "name": "",
                                "protocol": "TCP"
                              }
                            ],
                            "readiness_probe": [
                              {
                                "exec": [
                                  {
                                    "command": [
                                      "/bin/grpc_health_probe",
                                      "-addr=:50051"
                                    ]
                                  }
                                ],
                                "failure_threshold": 3,
                                "http_get": [],
                                "initial_delay_seconds": 5,
                                "period_seconds": 10,
                                "success_threshold": 1,
                                "tcp_socket": [],
                                "timeout_seconds": 2
                              }
                            ],
                            "resources": [
                              {
                                "limits": null,
                                "requests": null
                              }
                            ],
                            "security_context": [],
                            "startup_probe": [],
                            "stdin": false,
                            "stdin_once": false,
                            "termination_message_path": "/dev/termination-log",
                            "termination_message_policy": "File",
                            "tty": false,
                            "volume_mount": [],
                            "working_dir": ""
                          }
                        ],
                        "dns_config": [],
                        "dns_policy": "ClusterFirst",
                        "enable_service_links": true,
                        "host_aliases": [],
                        "host_ipc": false,
                        "host_network": false,
                        "host_pid": false,
                        "hostname": "",
                        "image_pull_secrets": [],
                        "init_container": [],
                        "node_name": "",
                        "node_selector": null,
                        "priority_class_name": "",
                        "readiness_gate": [],
                        "restart_policy": "Always",
                        "security_context": [],
                        "service_account_name": "default",
                        "share_process_namespace": false,
                        "subdomain": "",
                        "termination_grace_period_seconds": 30,
                        "toleration": [],
                        "topology_spread_constraint": [],
                        "volume": []
                      }
                    ]
                  }
                ]
              }
            ],
            "timeouts": null,
            "wait_for_rollout": true
          },
          "sensitive_attributes": [],
          "private": "eyJlMmJmYjczMC1lY2FhLTExZTYtOGY4OC0zNDM2M2JjN2M0YzAiOnsiY3JlYXRlIjo2MDAwMDAwMDAwMDAsImRlbGV0ZSI6NjAwMDAwMDAwMDAwLCJ1cGRhdGUiOjYwMDAwMDAwMDAwMH0sInNjaGVtYV92ZXJzaW9uIjoiMSJ9",
          "dependencies": [
            "module.f5xc.volterra_api_credential.app_vk8s_cred",
            "module.f5xc.volterra_namespace.app_ns",
            "module.f5xc.volterra_virtual_k8s.app_vk8s",
            "module.f5xc.volterra_virtual_site.hub",
            "module.f5xc.volterra_virtual_site.spoke"
          ]
        }
      ]
    },
    {
      "module": "module.vk8s-app",
      "mode": "managed",
      "type": "kubernetes_secret_v1",
      "name": "registry-secret",
      "provider": "provider[\"registry.terraform.io/hashicorp/kubernetes\"].app",
      "instances": [
        {
          "schema_version": 0,
          "attributes": {
            "binary_data": null,
            "data": {
              ".dockerconfigjson": "{\n\t\"auths\": {\n\t\t\"ghcr.io\": {}\n\t},\n\t\"credsStore\": \"osxkeychain\"\n}"
            },
            "id": "demo-app/f5demos-registry-secret",
            "immutable": false,
            "metadata": [
              {
                "annotations": null,
                "generate_name": "",
                "generation": 0,
                "labels": null,
                "name": "f5demos-registry-secret",
                "namespace": "demo-app",
                "resource_version": "169456892",
                "uid": "6c645eca-2117-4287-896b-92e9bbac3304"
              }
            ],
            "type": "kubernetes.io/dockerconfigjson"
          },
          "sensitive_attributes": [],
          "private": "bnVsbA==",
          "dependencies": [
            "module.f5xc.volterra_api_credential.app_vk8s_cred",
            "module.f5xc.volterra_namespace.app_ns",
            "module.f5xc.volterra_virtual_k8s.app_vk8s",
            "module.f5xc.volterra_virtual_site.hub",
            "module.f5xc.volterra_virtual_site.spoke"
          ]
        }
      ]
    },
    {
      "module": "module.vk8s-app",
      "mode": "managed",
      "type": "kubernetes_service_v1",
      "name": "adservice",
      "provider": "provider[\"registry.terraform.io/hashicorp/kubernetes\"].app",
      "instances": [
        {
          "schema_version": 1,
          "attributes": {
            "id": "demo-app/adservice",
            "metadata": [
              {
                "annotations": {
                  "ves.io/virtual-sites": "demo-app/demo-app-hub-vs"
                },
                "generate_name": "",
                "generation": 0,
                "labels": null,
                "name": "adservice",
                "namespace": "demo-app",
                "resource_version": "169456944",
                "uid": "099d2db6-4c8d-4e6c-95f0-b48743c9bf10"
              }
            ],
            "spec": [
              {
                "cluster_ip": "192.168.200.72",
                "external_ips": null,
                "external_name": "",
                "external_traffic_policy": "",
                "health_check_node_port": 0,
                "load_balancer_ip": "",
                "load_balancer_source_ranges": null,
                "port": [
                  {
                    "name": "grpc",
                    "node_port": 0,
                    "port": 9555,
                    "protocol": "TCP",
                    "target_port": "9555"
                  }
                ],
                "publish_not_ready_addresses": false,
                "selector": {
                  "app": "adservice"
                },
                "session_affinity": "None",
                "type": "ClusterIP"
              }
            ],
            "status": [
              {
                "load_balancer": [
                  {
                    "ingress": []
                  }
                ]
              }
            ],
            "timeouts": null,
            "wait_for_load_balancer": true
          },
          "sensitive_attributes": [],
          "private": "eyJlMmJmYjczMC1lY2FhLTExZTYtOGY4OC0zNDM2M2JjN2M0YzAiOnsiY3JlYXRlIjo2MDAwMDAwMDAwMDB9LCJzY2hlbWFfdmVyc2lvbiI6IjEifQ==",
          "dependencies": [
            "module.f5xc.volterra_api_credential.app_vk8s_cred",
            "module.f5xc.volterra_namespace.app_ns",
            "module.f5xc.volterra_virtual_k8s.app_vk8s",
            "module.f5xc.volterra_virtual_site.hub",
            "module.f5xc.volterra_virtual_site.spoke"
          ]
        }
      ]
    },
    {
      "module": "module.vk8s-app",
      "mode": "managed",
      "type": "kubernetes_service_v1",
      "name": "cartservice",
      "provider": "provider[\"registry.terraform.io/hashicorp/kubernetes\"].app",
      "instances": [
        {
          "schema_version": 1,
          "attributes": {
            "id": "demo-app/cartservice",
            "metadata": [
              {
                "annotations": {
                  "ves.io/http2-enable": "true",
                  "ves.io/proxy-type": "HTTP_PROXY",
                  "ves.io/virtual-sites": "demo-app/demo-app-spoke-vs"
                },
                "generate_name": "",
                "generation": 0,
                "labels": null,
                "name": "cartservice",
                "namespace": "demo-app",
                "resource_version": "169456319",
                "uid": "a3f81bb4-2cbb-4bd4-a729-9b253f024e49"
              }
            ],
            "spec": [
              {
                "cluster_ip": "192.168.236.237",
                "external_ips": null,
                "external_name": "",
                "external_traffic_policy": "",
                "health_check_node_port": 0,
                "load_balancer_ip": "",
                "load_balancer_source_ranges": null,
                "port": [
                  {
                    "name": "grpc",
                    "node_port": 0,
                    "port": 7070,
                    "protocol": "TCP",
                    "target_port": "7070"
                  }
                ],
                "publish_not_ready_addresses": false,
                "selector": {
                  "app": "cartservice"
                },
                "session_affinity": "None",
                "type": "ClusterIP"
              }
            ],
            "status": [
              {
                "load_balancer": [
                  {
                    "ingress": []
                  }
                ]
              }
            ],
            "timeouts": null,
            "wait_for_load_balancer": true
          },
          "sensitive_attributes": [],
          "private": "eyJlMmJmYjczMC1lY2FhLTExZTYtOGY4OC0zNDM2M2JjN2M0YzAiOnsiY3JlYXRlIjo2MDAwMDAwMDAwMDB9LCJzY2hlbWFfdmVyc2lvbiI6IjEifQ==",
          "dependencies": [
            "module.f5xc.volterra_api_credential.app_vk8s_cred",
            "module.f5xc.volterra_namespace.app_ns",
            "module.f5xc.volterra_virtual_k8s.app_vk8s",
            "module.f5xc.volterra_virtual_site.hub",
            "module.f5xc.volterra_virtual_site.spoke"
          ]
        }
      ]
    },
    {
      "module": "module.vk8s-app",
      "mode": "managed",
      "type": "kubernetes_service_v1",
      "name": "checkoutservice",
      "provider": "provider[\"registry.terraform.io/hashicorp/kubernetes\"].app",
      "instances": [
        {
          "schema_version": 1,
          "attributes": {
            "id": "demo-app/checkoutservice",
            "metadata": [
              {
                "annotations": {
                  "ves.io/http2-enable": "true",
                  "ves.io/proxy-type": "HTTP_PROXY",
                  "ves.io/virtual-sites": "demo-app/demo-app-spoke-vs"
                },
                "generate_name": "",
                "generation": 0,
                "labels": null,
                "name": "checkoutservice",
                "namespace": "demo-app",
                "resource_version": "169456447",
                "uid": "ac32ffd2-3fee-4a9d-ae2a-0485df2d9fdf"
              }
            ],
            "spec": [
              {
                "cluster_ip": "192.168.204.36",
                "external_ips": null,
                "external_name": "",
                "external_traffic_policy": "",
                "health_check_node_port": 0,
                "load_balancer_ip": "",
                "load_balancer_source_ranges": null,
                "port": [
                  {
                    "name": "grpc",
                    "node_port": 0,
                    "port": 5050,
                    "protocol": "TCP",
                    "target_port": "5050"
                  }
                ],
                "publish_not_ready_addresses": false,
                "selector": {
                  "app": "checkoutservice"
                },
                "session_affinity": "None",
                "type": "ClusterIP"
              }
            ],
            "status": [
              {
                "load_balancer": [
                  {
                    "ingress": []
                  }
                ]
              }
            ],
            "timeouts": null,
            "wait_for_load_balancer": true
          },
          "sensitive_attributes": [],
          "private": "eyJlMmJmYjczMC1lY2FhLTExZTYtOGY4OC0zNDM2M2JjN2M0YzAiOnsiY3JlYXRlIjo2MDAwMDAwMDAwMDB9LCJzY2hlbWFfdmVyc2lvbiI6IjEifQ==",
          "dependencies": [
            "module.f5xc.volterra_api_credential.app_vk8s_cred",
            "module.f5xc.volterra_namespace.app_ns",
            "module.f5xc.volterra_virtual_k8s.app_vk8s",
            "module.f5xc.volterra_virtual_site.hub",
            "module.f5xc.volterra_virtual_site.spoke"
          ]
        }
      ]
    },
    {
      "module": "module.vk8s-app",
      "mode": "managed",
      "type": "kubernetes_service_v1",
      "name": "currencyservice",
      "provider": "provider[\"registry.terraform.io/hashicorp/kubernetes\"].app",
      "instances": [
        {
          "schema_version": 1,
          "attributes": {
            "id": "demo-app/currencyservice",
            "metadata": [
              {
                "annotations": {
                  "ves.io/http2-enable": "true",
                  "ves.io/proxy-type": "HTTP_PROXY",
                  "ves.io/virtual-sites": "demo-app/demo-app-spoke-vs"
                },
                "generate_name": "",
                "generation": 0,
                "labels": null,
                "name": "currencyservice",
                "namespace": "demo-app",
                "resource_version": "169456306",
                "uid": "24fd4274-86c1-480b-ac31-cc03dcd432a0"
              }
            ],
            "spec": [
              {
                "cluster_ip": "192.168.244.166",
                "external_ips": null,
                "external_name": "",
                "external_traffic_policy": "",
                "health_check_node_port": 0,
                "load_balancer_ip": "",
                "load_balancer_source_ranges": null,
                "port": [
                  {
                    "name": "grpc",
                    "node_port": 0,
                    "port": 7000,
                    "protocol": "TCP",
                    "target_port": "7000"
                  }
                ],
                "publish_not_ready_addresses": false,
                "selector": {
                  "app": "currencyservice"
                },
                "session_affinity": "None",
                "type": "ClusterIP"
              }
            ],
            "status": [
              {
                "load_balancer": [
                  {
                    "ingress": []
                  }
                ]
              }
            ],
            "timeouts": null,
            "wait_for_load_balancer": true
          },
          "sensitive_attributes": [],
          "private": "eyJlMmJmYjczMC1lY2FhLTExZTYtOGY4OC0zNDM2M2JjN2M0YzAiOnsiY3JlYXRlIjo2MDAwMDAwMDAwMDB9LCJzY2hlbWFfdmVyc2lvbiI6IjEifQ==",
          "dependencies": [
            "module.f5xc.volterra_api_credential.app_vk8s_cred",
            "module.f5xc.volterra_namespace.app_ns",
            "module.f5xc.volterra_virtual_k8s.app_vk8s",
            "module.f5xc.volterra_virtual_site.hub",
            "module.f5xc.volterra_virtual_site.spoke"
          ]
        }
      ]
    },
    {
      "module": "module.vk8s-app",
      "mode": "managed",
      "type": "kubernetes_service_v1",
      "name": "emailservice",
      "provider": "provider[\"registry.terraform.io/hashicorp/kubernetes\"].app",
      "instances": [
        {
          "schema_version": 1,
          "attributes": {
            "id": "demo-app/emailservice",
            "metadata": [
              {
                "annotations": {
                  "ves.io/http2-enable": "true",
                  "ves.io/proxy-type": "HTTP_PROXY",
                  "ves.io/virtual-sites": "demo-app/demo-app-spoke-vs"
                },
                "generate_name": "",
                "generation": 0,
                "labels": null,
                "name": "emailservice",
                "namespace": "demo-app",
                "resource_version": "169456404",
                "uid": "54e235c8-bb73-425f-8a19-60f2a57d7157"
              }
            ],
            "spec": [
              {
                "cluster_ip": "192.168.253.130",
                "external_ips": null,
                "external_name": "",
                "external_traffic_policy": "",
                "health_check_node_port": 0,
                "load_balancer_ip": "",
                "load_balancer_source_ranges": null,
                "port": [
                  {
                    "name": "grpc",
                    "node_port": 0,
                    "port": 5000,
                    "protocol": "TCP",
                    "target_port": "8080"
                  }
                ],
                "publish_not_ready_addresses": false,
                "selector": {
                  "app": "emailservice"
                },
                "session_affinity": "None",
                "type": "ClusterIP"
              }
            ],
            "status": [
              {
                "load_balancer": [
                  {
                    "ingress": []
                  }
                ]
              }
            ],
            "timeouts": null,
            "wait_for_load_balancer": true
          },
          "sensitive_attributes": [],
          "private": "eyJlMmJmYjczMC1lY2FhLTExZTYtOGY4OC0zNDM2M2JjN2M0YzAiOnsiY3JlYXRlIjo2MDAwMDAwMDAwMDB9LCJzY2hlbWFfdmVyc2lvbiI6IjEifQ==",
          "dependencies": [
            "module.f5xc.volterra_api_credential.app_vk8s_cred",
            "module.f5xc.volterra_namespace.app_ns",
            "module.f5xc.volterra_virtual_k8s.app_vk8s",
            "module.f5xc.volterra_virtual_site.hub",
            "module.f5xc.volterra_virtual_site.spoke"
          ]
        }
      ]
    },
    {
      "module": "module.vk8s-app",
      "mode": "managed",
      "type": "kubernetes_service_v1",
      "name": "frontend",
      "provider": "provider[\"registry.terraform.io/hashicorp/kubernetes\"].app",
      "instances": [
        {
          "schema_version": 1,
          "attributes": {
            "id": "demo-app/frontend",
            "metadata": [
              {
                "annotations": {
                  "ves.io/virtual-sites": "demo-app/demo-app-spoke-vs"
                },
                "generate_name": "",
                "generation": 0,
                "labels": null,
                "name": "frontend",
                "namespace": "demo-app",
                "resource_version": "169456854",
                "uid": "94d0f867-96ac-494e-8519-cc1f12ecb644"
              }
            ],
            "spec": [
              {
                "cluster_ip": "192.168.105.226",
                "external_ips": null,
                "external_name": "",
                "external_traffic_policy": "",
                "health_check_node_port": 0,
                "load_balancer_ip": "",
                "load_balancer_source_ranges": null,
                "port": [
                  {
                    "name": "http",
                    "node_port": 0,
                    "port": 80,
                    "protocol": "TCP",
                    "target_port": "8181"
                  }
                ],
                "publish_not_ready_addresses": false,
                "selector": {
                  "app": "frontend"
                },
                "session_affinity": "None",
                "type": "ClusterIP"
              }
            ],
            "status": [
              {
                "load_balancer": [
                  {
                    "ingress": []
                  }
                ]
              }
            ],
            "timeouts": null,
            "wait_for_load_balancer": true
          },
          "sensitive_attributes": [],
          "private": "eyJlMmJmYjczMC1lY2FhLTExZTYtOGY4OC0zNDM2M2JjN2M0YzAiOnsiY3JlYXRlIjo2MDAwMDAwMDAwMDB9LCJzY2hlbWFfdmVyc2lvbiI6IjEifQ==",
          "dependencies": [
            "module.f5xc.volterra_api_credential.app_vk8s_cred",
            "module.f5xc.volterra_namespace.app_ns",
            "module.f5xc.volterra_virtual_k8s.app_vk8s",
            "module.f5xc.volterra_virtual_site.hub",
            "module.f5xc.volterra_virtual_site.spoke"
          ]
        }
      ]
    },
    {
      "module": "module.vk8s-app",
      "mode": "managed",
      "type": "kubernetes_service_v1",
      "name": "paymentservice",
      "provider": "provider[\"registry.terraform.io/hashicorp/kubernetes\"].app",
      "instances": [
        {
          "schema_version": 1,
          "attributes": {
            "id": "demo-app/paymentservice",
            "metadata": [
              {
                "annotations": {
                  "ves.io/http2-enable": "true",
                  "ves.io/proxy-type": "HTTP_PROXY",
                  "ves.io/virtual-sites": "demo-app/demo-app-spoke-vs"
                },
                "generate_name": "",
                "generation": 0,
                "labels": null,
                "name": "paymentservice",
                "namespace": "demo-app",
                "resource_version": "169456376",
                "uid": "d5f6cf90-0553-475b-bba3-c4e9bf3311f5"
              }
            ],
            "spec": [
              {
                "cluster_ip": "192.168.216.161",
                "external_ips": null,
                "external_name": "",
                "external_traffic_policy": "",
                "health_check_node_port": 0,
                "load_balancer_ip": "",
                "load_balancer_source_ranges": null,
                "port": [
                  {
                    "name": "grpc",
                    "node_port": 0,
                    "port": 50051,
                    "protocol": "TCP",
                    "target_port": "50051"
                  }
                ],
                "publish_not_ready_addresses": false,
                "selector": {
                  "app": "paymentservice"
                },
                "session_affinity": "None",
                "type": "ClusterIP"
              }
            ],
            "status": [
              {
                "load_balancer": [
                  {
                    "ingress": []
                  }
                ]
              }
            ],
            "timeouts": null,
            "wait_for_load_balancer": true
          },
          "sensitive_attributes": [],
          "private": "eyJlMmJmYjczMC1lY2FhLTExZTYtOGY4OC0zNDM2M2JjN2M0YzAiOnsiY3JlYXRlIjo2MDAwMDAwMDAwMDB9LCJzY2hlbWFfdmVyc2lvbiI6IjEifQ==",
          "dependencies": [
            "module.f5xc.volterra_api_credential.app_vk8s_cred",
            "module.f5xc.volterra_namespace.app_ns",
            "module.f5xc.volterra_virtual_k8s.app_vk8s",
            "module.f5xc.volterra_virtual_site.hub",
            "module.f5xc.volterra_virtual_site.spoke"
          ]
        }
      ]
    },
    {
      "module": "module.vk8s-app",
      "mode": "managed",
      "type": "kubernetes_service_v1",
      "name": "productcatalogservice",
      "provider": "provider[\"registry.terraform.io/hashicorp/kubernetes\"].app",
      "instances": [
        {
          "schema_version": 1,
          "attributes": {
            "id": "demo-app/productcatalogservice",
            "metadata": [
              {
                "annotations": {
                  "ves.io/http2-enable": "true",
                  "ves.io/proxy-type": "HTTP_PROXY",
                  "ves.io/virtual-sites": "demo-app/demo-app-spoke-vs"
                },
                "generate_name": "",
                "generation": 0,
                "labels": null,
                "name": "productcatalogservice",
                "namespace": "demo-app",
                "resource_version": "169456326",
                "uid": "aa162114-da25-4a98-bf55-404818e687da"
              }
            ],
            "spec": [
              {
                "cluster_ip": "192.168.224.58",
                "external_ips": null,
                "external_name": "",
                "external_traffic_policy": "",
                "health_check_node_port": 0,
                "load_balancer_ip": "",
                "load_balancer_source_ranges": null,
                "port": [
                  {
                    "name": "grpc",
                    "node_port": 0,
                    "port": 3550,
                    "protocol": "TCP",
                    "target_port": "3550"
                  }
                ],
                "publish_not_ready_addresses": false,
                "selector": {
                  "app": "productcatalogservice"
                },
                "session_affinity": "None",
                "type": "ClusterIP"
              }
            ],
            "status": [
              {
                "load_balancer": [
                  {
                    "ingress": []
                  }
                ]
              }
            ],
            "timeouts": null,
            "wait_for_load_balancer": true
          },
          "sensitive_attributes": [],
          "private": "eyJlMmJmYjczMC1lY2FhLTExZTYtOGY4OC0zNDM2M2JjN2M0YzAiOnsiY3JlYXRlIjo2MDAwMDAwMDAwMDB9LCJzY2hlbWFfdmVyc2lvbiI6IjEifQ==",
          "dependencies": [
            "module.f5xc.volterra_api_credential.app_vk8s_cred",
            "module.f5xc.volterra_namespace.app_ns",
            "module.f5xc.volterra_virtual_k8s.app_vk8s",
            "module.f5xc.volterra_virtual_site.hub",
            "module.f5xc.volterra_virtual_site.spoke"
          ]
        }
      ]
    },
    {
      "module": "module.vk8s-app",
      "mode": "managed",
      "type": "kubernetes_service_v1",
      "name": "recommendationservice",
      "provider": "provider[\"registry.terraform.io/hashicorp/kubernetes\"].app",
      "instances": [
        {
          "schema_version": 1,
          "attributes": {
            "id": "demo-app/recommendationservice",
            "metadata": [
              {
                "annotations": {
                  "ves.io/http2-enable": "true",
                  "ves.io/proxy-type": "HTTP_PROXY",
                  "ves.io/virtual-sites": "demo-app/demo-app-spoke-vs"
                },
                "generate_name": "",
                "generation": 0,
                "labels": null,
                "name": "recommendationservice",
                "namespace": "demo-app",
                "resource_version": "169456388",
                "uid": "fe2c0293-262c-4bd8-a172-9840eea6125c"
              }
            ],
            "spec": [
              {
                "cluster_ip": "192.168.121.109",
                "external_ips": null,
                "external_name": "",
                "external_traffic_policy": "",
                "health_check_node_port": 0,
                "load_balancer_ip": "",
                "load_balancer_source_ranges": null,
                "port": [
                  {
                    "name": "grpc",
                    "node_port": 0,
                    "port": 8080,
                    "protocol": "TCP",
                    "target_port": "8080"
                  }
                ],
                "publish_not_ready_addresses": false,
                "selector": {
                  "app": "recommendationservice"
                },
                "session_affinity": "None",
                "type": "ClusterIP"
              }
            ],
            "status": [
              {
                "load_balancer": [
                  {
                    "ingress": []
                  }
                ]
              }
            ],
            "timeouts": null,
            "wait_for_load_balancer": true
          },
          "sensitive_attributes": [],
          "private": "eyJlMmJmYjczMC1lY2FhLTExZTYtOGY4OC0zNDM2M2JjN2M0YzAiOnsiY3JlYXRlIjo2MDAwMDAwMDAwMDB9LCJzY2hlbWFfdmVyc2lvbiI6IjEifQ==",
          "dependencies": [
            "module.f5xc.volterra_api_credential.app_vk8s_cred",
            "module.f5xc.volterra_namespace.app_ns",
            "module.f5xc.volterra_virtual_k8s.app_vk8s",
            "module.f5xc.volterra_virtual_site.hub",
            "module.f5xc.volterra_virtual_site.spoke"
          ]
        }
      ]
    },
    {
      "module": "module.vk8s-app",
      "mode": "managed",
      "type": "kubernetes_service_v1",
      "name": "redis_cart",
      "provider": "provider[\"registry.terraform.io/hashicorp/kubernetes\"].app",
      "instances": [
        {
          "schema_version": 1,
          "attributes": {
            "id": "demo-app/redis-cart",
            "metadata": [
              {
                "annotations": {
                  "ves.io/virtual-sites": "demo-app/demo-app-hub-vs"
                },
                "generate_name": "",
                "generation": 0,
                "labels": null,
                "name": "redis-cart",
                "namespace": "demo-app",
                "resource_version": "169456311",
                "uid": "fcd97d76-ed15-4e3d-8612-788cd8de5133"
              }
            ],
            "spec": [
              {
                "cluster_ip": "192.168.72.250",
                "external_ips": null,
                "external_name": "",
                "external_traffic_policy": "",
                "health_check_node_port": 0,
                "load_balancer_ip": "",
                "load_balancer_source_ranges": null,
                "port": [
                  {
                    "name": "redis",
                    "node_port": 0,
                    "port": 6379,
                    "protocol": "TCP",
                    "target_port": "6379"
                  }
                ],
                "publish_not_ready_addresses": false,
                "selector": {
                  "app": "redis-cart"
                },
                "session_affinity": "None",
                "type": "ClusterIP"
              }
            ],
            "status": [
              {
                "load_balancer": [
                  {
                    "ingress": []
                  }
                ]
              }
            ],
            "timeouts": null,
            "wait_for_load_balancer": true
          },
          "sensitive_attributes": [],
          "private": "eyJlMmJmYjczMC1lY2FhLTExZTYtOGY4OC0zNDM2M2JjN2M0YzAiOnsiY3JlYXRlIjo2MDAwMDAwMDAwMDB9LCJzY2hlbWFfdmVyc2lvbiI6IjEifQ==",
          "dependencies": [
            "module.f5xc.volterra_api_credential.app_vk8s_cred",
            "module.f5xc.volterra_namespace.app_ns",
            "module.f5xc.volterra_virtual_k8s.app_vk8s",
            "module.f5xc.volterra_virtual_site.hub",
            "module.f5xc.volterra_virtual_site.spoke"
          ]
        }
      ]
    },
    {
      "module": "module.vk8s-app",
      "mode": "managed",
      "type": "kubernetes_service_v1",
      "name": "shippingservice",
      "provider": "provider[\"registry.terraform.io/hashicorp/kubernetes\"].app",
      "instances": [
        {
          "schema_version": 1,
          "attributes": {
            "id": "demo-app/shippingservice",
            "metadata": [
              {
                "annotations": {
                  "ves.io/http2-enable": "true",
                  "ves.io/proxy-type": "HTTP_PROXY",
                  "ves.io/virtual-sites": "demo-app/demo-app-spoke-vs"
                },
                "generate_name": "",
                "generation": 0,
                "labels": null,
                "name": "shippingservice",
                "namespace": "demo-app",
                "resource_version": "169456460",
                "uid": "940885ed-76bb-4c0a-bee1-af95cb55861b"
              }
            ],
            "spec": [
              {
                "cluster_ip": "192.168.43.115",
                "external_ips": null,
                "external_name": "",
                "external_traffic_policy": "",
                "health_check_node_port": 0,
                "load_balancer_ip": "",
                "load_balancer_source_ranges": null,
                "port": [
                  {
                    "name": "grpc",
                    "node_port": 0,
                    "port": 50051,
                    "protocol": "TCP",
                    "target_port": "50051"
                  }
                ],
                "publish_not_ready_addresses": false,
                "selector": {
                  "app": "shippingservice"
                },
                "session_affinity": "None",
                "type": "ClusterIP"
              }
            ],
            "status": [
              {
                "load_balancer": [
                  {
                    "ingress": []
                  }
                ]
              }
            ],
            "timeouts": null,
            "wait_for_load_balancer": true
          },
          "sensitive_attributes": [],
          "private": "eyJlMmJmYjczMC1lY2FhLTExZTYtOGY4OC0zNDM2M2JjN2M0YzAiOnsiY3JlYXRlIjo2MDAwMDAwMDAwMDB9LCJzY2hlbWFfdmVyc2lvbiI6IjEifQ==",
          "dependencies": [
            "module.f5xc.volterra_api_credential.app_vk8s_cred",
            "module.f5xc.volterra_namespace.app_ns",
            "module.f5xc.volterra_virtual_k8s.app_vk8s",
            "module.f5xc.volterra_virtual_site.hub",
            "module.f5xc.volterra_virtual_site.spoke"
          ]
        }
      ]
    },
    {
      "module": "module.vk8s-utility",
      "mode": "managed",
      "type": "kubectl_manifest",
      "name": "loadgen_cron",
      "provider": "provider[\"registry.terraform.io/gavinbunney/kubectl\"]",
      "instances": [
        {
          "schema_version": 1,
          "attributes": {
            "api_version": "batch/v1beta1",
            "force_new": false,
            "id": "/apis/batch/v1beta1/namespaces/demo-app-utility/cronjobs/shop-traffic-gen",
            "ignore_fields": null,
            "kind": "CronJob",
            "live_manifest_incluster": "91e9a3a11dd16b6c96569acb68998578b57c886873529065e91f4ba1d8f7a18a",
            "live_uid": "52a3ce97-d25b-4e10-835a-0656c67b3215",
            "name": "shop-traffic-gen",
            "namespace": "demo-app-utility",
            "override_namespace": null,
            "sensitive_fields": null,
            "server_side_apply": false,
            "timeouts": null,
            "uid": "52a3ce97-d25b-4e10-835a-0656c67b3215",
            "validate_schema": true,
            "wait": null,
            "wait_for_rollout": true,
            "yaml_body": "apiVersion: batch/v1beta1\nkind: CronJob\nmetadata:\n  name: shop-traffic-gen\n  namespace: demo-app-utility\n  annotations:\n    ves.io/virtual-sites: demo-app-utility/demo-app-utility-vs\nspec:\n  schedule: \"*/6 * * * *\"\n  failedJobsHistoryLimit: 1\n  successfulJobsHistoryLimit: 3\n  concurrencyPolicy: Replace\n  jobTemplate:\n    spec:\n      template:\n        metadata:\n          annotations:\n            ves.io/workload-flavor: tiny\n            ves.io/virtual-sites: demo-app-utility/demo-app-utility-vs\n        spec:\n          containers:\n            - name: shop-traffic-gen\n              image: ghcr.io/dgarrisonf5/loadgen\n              env:\n                - name: DURATION\n                  value: 5m\n                - name: TARGET_URL\n                  value: https://demoshop.xc.f5demo.net\n              resources: {}\n              terminationMessagePath: /dev/termination-log\n              terminationMessagePolicy: File\n              imagePullPolicy: Always\n          restartPolicy: OnFailure\n          backoffLimit: 1\n          terminationGracePeriodSeconds: 30\n          dnsPolicy: ClusterFirst\n          securityContext: {}\n          imagePullSecrets:\n            - name: f5demos-registry-secret\n",
            "yaml_body_parsed": "apiVersion: batch/v1beta1\nkind: CronJob\nmetadata:\n  annotations:\n    ves.io/virtual-sites: demo-app-utility/demo-app-utility-vs\n  name: shop-traffic-gen\n  namespace: demo-app-utility\nspec:\n  concurrencyPolicy: Replace\n  failedJobsHistoryLimit: 1\n  jobTemplate:\n    spec:\n      template:\n        metadata:\n          annotations:\n            ves.io/virtual-sites: demo-app-utility/demo-app-utility-vs\n            ves.io/workload-flavor: tiny\n        spec:\n          backoffLimit: 1\n          containers:\n          - env:\n            - name: DURATION\n              value: 5m\n            - name: TARGET_URL\n              value: https://demoshop.xc.f5demo.net\n            image: ghcr.io/dgarrisonf5/loadgen\n            imagePullPolicy: Always\n            name: shop-traffic-gen\n            resources: {}\n            terminationMessagePath: /dev/termination-log\n            terminationMessagePolicy: File\n          dnsPolicy: ClusterFirst\n          imagePullSecrets:\n          - name: f5demos-registry-secret\n          restartPolicy: OnFailure\n          securityContext: {}\n          terminationGracePeriodSeconds: 30\n  schedule: '*/6 * * * *'\n  successfulJobsHistoryLimit: 3\n",
            "yaml_incluster": "91e9a3a11dd16b6c96569acb68998578b57c886873529065e91f4ba1d8f7a18a"
          },
          "sensitive_attributes": [],
          "private": "eyJlMmJmYjczMC1lY2FhLTExZTYtOGY4OC0zNDM2M2JjN2M0YzAiOnsiY3JlYXRlIjo2MDAwMDAwMDAwMDB9LCJzY2hlbWFfdmVyc2lvbiI6IjEifQ==",
          "dependencies": [
            "module.f5xc.volterra_api_credential.utility_vk8s_cred",
            "module.f5xc.volterra_namespace.utility_ns",
            "module.f5xc.volterra_virtual_k8s.utility_vk8s",
            "module.f5xc.volterra_virtual_site.utility"
          ]
        }
      ]
    },
    {
      "module": "module.vk8s-utility",
      "mode": "managed",
      "type": "kubectl_manifest",
      "name": "podcleaner_cron",
      "provider": "provider[\"registry.terraform.io/gavinbunney/kubectl\"]",
      "instances": [
        {
          "schema_version": 1,
          "attributes": {
            "api_version": "batch/v1beta1",
            "force_new": false,
            "id": "/apis/batch/v1beta1/namespaces/demo-app-utility/cronjobs/podcleaner",
            "ignore_fields": null,
            "kind": "CronJob",
            "live_manifest_incluster": "9bf03176306169b40e85fe370ac31528c3ea22c5af48aef2e916b8057a7a86c8",
            "live_uid": "31ebe88a-48ba-4810-8810-1e00bb267c8a",
            "name": "podcleaner",
            "namespace": "demo-app-utility",
            "override_namespace": null,
            "sensitive_fields": null,
            "server_side_apply": false,
            "timeouts": null,
            "uid": "31ebe88a-48ba-4810-8810-1e00bb267c8a",
            "validate_schema": true,
            "wait": null,
            "wait_for_rollout": true,
            "yaml_body": "apiVersion: batch/v1beta1\nkind: CronJob\nmetadata:\n  annotations:\n    ves.io/virtual-sites: demo-app-utility/demo-app-utility-vs\n  name: podcleaner\n  namespace: demo-app-utility\nspec:\n  concurrencyPolicy: Allow\n  schedule: '*/5 * * * *'\n  failedJobsHistoryLimit: 1\n  successfulJobsHistoryLimit: 3\n  concurrencyPolicy: Replace\n  jobTemplate:\n    spec:\n      backoffLimit: 0\n      completions: 1\n      manualSelector: false\n      parallelism: 1\n      template:\n        metadata:\n          annotations:\n            ves.io/virtual-sites: demo-app-utility/demo-app-utility-vs\n            ves.io/workload-flavor: tiny\n        spec:\n          containers:\n          - env:\n            - name: NAMESPACE\n              value: demo-app\n            - name: KUBE_PATH\n              value: /tmp/kubeconfig\n            image: ghcr.io/dgarrisonf5/cleaner\n            imagePullPolicy: Always\n            name: cleaner\n            resources: {}\n            terminationMessagePath: /dev/termination-log\n            terminationMessagePolicy: File\n            volumeMounts:\n            - mountPath: /tmp\n              mountPropagation: None\n              name: kubecfg\n              readOnly: true\n          dnsPolicy: ClusterFirst\n          imagePullSecrets:\n          - name: f5demos-registry-secret\n          restartPolicy: OnFailure\n          volumes:\n          - configMap:\n              items:\n              - key: kubeconfig\n                path: kubeconfig\n              name: app-kubecfg\n            name: kubecfg\n",
            "yaml_body_parsed": "apiVersion: batch/v1beta1\nkind: CronJob\nmetadata:\n  annotations:\n    ves.io/virtual-sites: demo-app-utility/demo-app-utility-vs\n  name: podcleaner\n  namespace: demo-app-utility\nspec:\n  concurrencyPolicy: Replace\n  failedJobsHistoryLimit: 1\n  jobTemplate:\n    spec:\n      backoffLimit: 0\n      completions: 1\n      manualSelector: false\n      parallelism: 1\n      template:\n        metadata:\n          annotations:\n            ves.io/virtual-sites: demo-app-utility/demo-app-utility-vs\n            ves.io/workload-flavor: tiny\n        spec:\n          containers:\n          - env:\n            - name: NAMESPACE\n              value: demo-app\n            - name: KUBE_PATH\n              value: /tmp/kubeconfig\n            image: ghcr.io/dgarrisonf5/cleaner\n            imagePullPolicy: Always\n            name: cleaner\n            resources: {}\n            terminationMessagePath: /dev/termination-log\n            terminationMessagePolicy: File\n            volumeMounts:\n            - mountPath: /tmp\n              mountPropagation: None\n              name: kubecfg\n              readOnly: true\n          dnsPolicy: ClusterFirst\n          imagePullSecrets:\n          - name: f5demos-registry-secret\n          restartPolicy: OnFailure\n          volumes:\n          - configMap:\n              items:\n              - key: kubeconfig\n                path: kubeconfig\n              name: app-kubecfg\n            name: kubecfg\n  schedule: '*/5 * * * *'\n  successfulJobsHistoryLimit: 3\n",
            "yaml_incluster": "9bf03176306169b40e85fe370ac31528c3ea22c5af48aef2e916b8057a7a86c8"
          },
          "sensitive_attributes": [],
          "private": "eyJlMmJmYjczMC1lY2FhLTExZTYtOGY4OC0zNDM2M2JjN2M0YzAiOnsiY3JlYXRlIjo2MDAwMDAwMDAwMDB9LCJzY2hlbWFfdmVyc2lvbiI6IjEifQ==",
          "dependencies": [
            "module.f5xc.volterra_api_credential.utility_vk8s_cred",
            "module.f5xc.volterra_namespace.app_ns",
            "module.f5xc.volterra_namespace.utility_ns",
            "module.f5xc.volterra_virtual_k8s.utility_vk8s",
            "module.f5xc.volterra_virtual_site.utility"
          ]
        }
      ]
    },
    {
      "module": "module.vk8s-utility",
      "mode": "managed",
      "type": "kubernetes_config_map_v1",
      "name": "app_kubecfg",
      "provider": "provider[\"registry.terraform.io/hashicorp/kubernetes\"].utility",
      "instances": [
        {
          "schema_version": 0,
          "attributes": {
            "binary_data": null,
            "data": {
              "kubeconfig": "apiVersion: v1\nclusters:\n- cluster:\n    certificate-authority-data: LS0tLS1CRUdJTiBDRVJUSUZJQ0FURS0tLS0tCk1JSUZGakNDQXY2Z0F3SUJBZ0lSQUpFckNFclBEQmluVS9iV0xpV25YMW93RFFZSktvWklodmNOQVFFTEJRQXcKVHpFTE1Ba0dBMVVFQmhNQ1ZWTXhLVEFuQmdOVkJBb1RJRWx1ZEdWeWJtVjBJRk5sWTNWeWFYUjVJRkpsYzJWaApjbU5vSUVkeWIzVndNUlV3RXdZRFZRUURFd3hKVTFKSElGSnZiM1FnV0RFd0hoY05NakF3T1RBME1EQXdNREF3CldoY05NalV3T1RFMU1UWXdNREF3V2pBeU1Rc3dDUVlEVlFRR0V3SlZVekVXTUJRR0ExVUVDaE1OVEdWMEozTWcKUlc1amNubHdkREVMTUFrR0ExVUVBeE1DVWpNd2dnRWlNQTBHQ1NxR1NJYjNEUUVCQVFVQUE0SUJEd0F3Z2dFSwpBb0lCQVFDN0FoVW96UGFnbE5NUEV1eU5WWkxEK0lMeG1hWjZRb2luWFNhcXRTdTV4VXl4cjQ1citYWElvOWNQClI1UVVWVFZYako2b29qa1o5WUk4UXFsT2J2VTd3eTdiamNDd1hQTlpPT2Z0ejJud1dnc2J2c0NVSkNXSCtqZHgKc3hQbkhLemhtKy9iNUR0RlVrV1dxY0ZUempUSVV1NjFydTJQM21CdzRxVlVxN1p0RHBlbFFEUnJLOU84WnV0bQpOSHo2YTR1UFZ5bVorREFYWGJweWIvdUJ4YTNTaGxnOUY4Zm5DYnZ4Sy9lRzNNSGFjVjNVUnVQTXJTWEJpTHhnClozVm1zL0VZOTZKYzVsUC9Pb2kyUjZYL0V4anFtQWwzUDUxVCtjOEI1ZldtY0JjVXIyT2svNW16azUzY1U2Y0cKL2tpRkhhRnByaVYxdXhQTVVnUDE3VkdoaTlzVkFnTUJBQUdqZ2dFSU1JSUJCREFPQmdOVkhROEJBZjhFQkFNQwpBWVl3SFFZRFZSMGxCQll3RkFZSUt3WUJCUVVIQXdJR0NDc0dBUVVGQndNQk1CSUdBMVVkRXdFQi93UUlNQVlCCkFmOENBUUF3SFFZRFZSME9CQllFRkJRdXN4ZTNXRmJMcmxBSlFPWWZyNTJMRk1MR01COEdBMVVkSXdRWU1CYUEKRkhtMFdlWjd0dVhrQVhPQUNJaklHbGoyNlp0dU1ESUdDQ3NHQVFVRkJ3RUJCQ1l3SkRBaUJnZ3JCZ0VGQlFjdwpBb1lXYUhSMGNEb3ZMM2d4TG1rdWJHVnVZM0l1YjNKbkx6QW5CZ05WSFI4RUlEQWVNQnlnR3FBWWhoWm9kSFJ3Ck9pOHZlREV1WXk1c1pXNWpjaTV2Y21jdk1DSUdBMVVkSUFRYk1Ca3dDQVlHWjRFTUFRSUJNQTBHQ3lzR0FRUUIKZ3Q4VEFRRUJNQTBHQ1NxR1NJYjNEUUVCQ3dVQUE0SUNBUUNGeWs1SFBxUDNoVVNGdk5WbmVMS1lZNjExVFI2VwpQVE5sY2xRdGdhRHF3KzM0SUw5ZnpMZHdBTGR1Ty9aZWxON2tJSittNzR1eUErZWl0Ulk4a2M2MDdUa0M1M3dsCmlrZm1aVzQvUnZUWjhNNlVLKzVVemhLOGpDZEx1TUdZTDZLdnpYR1JTZ2kzeUxnamV3UXRDUGtJVno2RDJRUXoKQ2tjaGVBbUNKOE1xeUp1NXpsenlaTWpBdm5uQVQ0NXRSQXhla3JzdTk0c1E0ZWdkUkNuYldTRHRZN2toK0JJbQpsSk5Yb0IxbEJNRUtJcTRRRFVPWG9SZ2ZmdURnaGplMVdyRzlNTCtIYmlzcS95Rk9Hd1hEOVJpWDhGNnN3Nlc0CmF2QXV2RHN6dWU1TDNzejg1SytFQzRZL3dGVkROdlpvNFRZWGFvNlowZitsUUtjMHQ4RFFZemsxT1hWdThycDIKeUpNQzZhbExiQmZPREFMWnZZSDduN2RvMUFabHM0STlkMVA0am5rRHJRb3hCM1VxUTloVmwzTEVLUTczeEYxTwp5SzVHaEREWDhvVmZHS0Y1dStkZWNJc0g0WWFUdzdtUDNHRnhKU3F2MyswbFVGSm9pNUxjNWRhMTQ5cDkwSWRzCmhDRXhyb0wxKzdtcnlJa1hQZUZNNVRnTzlyMHJ2WmFCRk92VjJ6MGdwMzVaMCtMNFdQbGJ1RWpOL2x4UEZpbisKSGxVanI4Z1JzSTNxZkpPUUZ5LzlyS0lKUjBZLzhPbXd0LzhvVFdneTFtZGVIbW1qazdqMW5Zc3ZDOUpTUTZadgpNbGRsVFRLQjN6aFRoVjErWFdZcDZyamQ1SlcxemJWV0VrTE54RTdHSlRoRVVHM3N6Z0JWR1A3cFNXVFVUc3FYCm5MUmJ3SE9vcTdoSHdnPT0KLS0tLS1FTkQgQ0VSVElGSUNBVEUtLS0tLQotLS0tLUJFR0lOIENFUlRJRklDQVRFLS0tLS0KTUlJRmF6Q0NBMU9nQXdJQkFnSVJBSUlRejdEU1FPTlpSR1BndTJPQ2l3QXdEUVlKS29aSWh2Y05BUUVMQlFBdwpUekVMTUFrR0ExVUVCaE1DVlZNeEtUQW5CZ05WQkFvVElFbHVkR1Z5Ym1WMElGTmxZM1Z5YVhSNUlGSmxjMlZoCmNtTm9JRWR5YjNWd01SVXdFd1lEVlFRREV3eEpVMUpISUZKdmIzUWdXREV3SGhjTk1UVXdOakEwTVRFd05ETTQKV2hjTk16VXdOakEwTVRFd05ETTRXakJQTVFzd0NRWURWUVFHRXdKVlV6RXBNQ2NHQTFVRUNoTWdTVzUwWlhKdQpaWFFnVTJWamRYSnBkSGtnVW1WelpXRnlZMmdnUjNKdmRYQXhGVEFUQmdOVkJBTVRERWxUVWtjZ1VtOXZkQ0JZCk1UQ0NBaUl3RFFZSktvWklodmNOQVFFQkJRQURnZ0lQQURDQ0Fnb0NnZ0lCQUszb0pIUDBGRGZ6bTU0clZ5Z2MKaDc3Y3Q5ODRrSXh1UE9aWG9IajNkY0tpL3ZWcWJ2WUFUeWpiM21pR2JFU1R0ckZqL1JRU2E3OGYwdW94bXlGKwowVE04dWtqMTNYbmZzN2ovRXZFaG1rdkJpb1p4YVVwbVpteVBmanh3djYwcElnYno1TURtZ0s3aVM0KzNtWDZVCkE1L1RSNWQ4bVVnalUrZzRyazhLYjRNdTBVbFhqSUIwdHRvdjBEaU5ld053SVJ0MThqQTgrbyt1M2RwanErc1cKVDhLT0VVdCt6d3ZvLzdWM0x2U3llMHJnVEJJbERIQ05BeW1nNFZNazdCUFo3aG0vRUxOS2pEK0pvMkZSM3F5SApCNVQwWTNIc0x1SnZXNWlCNFlsY05IbHNkdTg3a0dKNTV0dWttaThteGRBUTRRN2UyUkNPRnZ1Mzk2ajN4K1VDCkI1aVBOZ2lWNStJM2xnMDJkWjc3RG5LeEhadThBL2xKQmRpQjNRVzBLdFpCNmF3QmRwVUtEOWpmMWIwU0h6VXYKS0JkczBwakJxQWxrZDI1SE43ck9yRmxlYUoxL2N0YUp4UVpCS1Q1WlB0MG05U1RKRWFkYW8weEFIMGFobWJXbgpPbEZ1aGp1ZWZYS25FZ1Y0V2UwK1VYZ1ZDd09QamRBdkJiSStlMG9jUzNNRkV2ekc2dUJRRTN4RGszU3p5blRuCmpoOEJDTkF3MUZ0eE5yUUh1c0V3TUZ4SXQ0STdtS1o5WUlxaW95bUN6THE5Z3dRYm9vTURRYUhXQmZFYndyYncKcUh5R08wYW9TQ3FJM0hhYWRyOGZhcVU5R1kvck9QTmszc2dyRFFvby8vZmI0aFZDMUNMUUoxM2hlZjRZNTNDSQpyVTdtMllzNnh0MG5VVzcvdkdUMU0wTlBBZ01CQUFHalFqQkFNQTRHQTFVZER3RUIvd1FFQXdJQkJqQVBCZ05WCkhSTUJBZjhFQlRBREFRSC9NQjBHQTFVZERnUVdCQlI1dEZubWU3Ymw1QUZ6Z0FpSXlCcFk5dW1iYmpBTkJna3EKaGtpRzl3MEJBUXNGQUFPQ0FnRUFWUjlZcWJ5eXFGRFFETEhZR21rZ0p5a0lyR0YxWElwdStJTGxhUy9WOWxaTAp1Ymh6RUZuVElaZCs1MHh4KzdMU1lLMDVxQXZxRnlGV2hmRlFEbG5yenVCWjZickpGZStHblkrRWdQYms2WkdRCjNCZWJZaHRGOEdhVjBueHZ3dW83N3gvUHk5YXVKL0dwc01pdS9YMSttdm9pQk92LzJYL3FrU3Npc1JjT2ovS0sKTkZ0WTJQd0J5VlM1dUNiTWlvZ3ppVXd0aER5QzMrNldWd1c2TEx2M3hMZkhUanVDdmpISUluTnprdEhDZ0tRNQpPUkF6STRKTVBKK0dzbFdZSGI0cGhvd2ltNTdpYXp0WE9vSndUZHdKeDRuTENnZE5iT2hkanNudnpxdkh1N1VyClRrWFdTdEFtek9WeXlnaHFwWlhqRmFIM3BPM0pMRitsKy8rc0tBSXV2dGQ3dStOeGU1QVcwd2RlUmxOOE53ZEMKak5QRWxwelZtYlVxNEpVYWdFaXVURGtIenN4SHBGS1ZLN3E0KzYzU00xTjk1UjFOYmRXaHNjZENiK1pBSnpWYwpveWkzQjQzbmpUT1E1eU9mKzFDY2VXeEcxYlFWczVadWZwc01sanE0VWkwLzFsdmgrd2pDaFA0a3FLT0oycXhxCjRSZ3FzYWhEWVZ2VEg5dzdqWGJ5TGVpTmRkOFhNMnc5VS90N3kwRmYvOXlpMEdFNDRaYTRyRjJMTjlkMTFUUEEKbVJHdW5VSEJjbldFdmdKQlFsOW5KRWlVMFpzbnZnYy91YmhQZ1hSUjRYcTM3WjBqNHI3ZzFTZ0VFend4QTU3ZAplbXlQeGdjWXhuL2VSNDQvS0o0RUJzK2xWRFIzdmV5Sm0ra1hROTliMjEvK2poNVhvczFBblg1aUl0cmVHQ2M9Ci0tLS0tRU5EIENFUlRJRklDQVRFLS0tLS0KLS0tLS1CRUdJTiBDRVJUSUZJQ0FURS0tLS0tCk1JSUdFekNDQS91Z0F3SUJBZ0lRZlZ0UkpyUjJ1aEhiZEJZTHZGTU5wekFOQmdrcWhraUc5dzBCQVF3RkFEQ0IKaURFTE1Ba0dBMVVFQmhNQ1ZWTXhFekFSQmdOVkJBZ1RDazVsZHlCS1pYSnpaWGt4RkRBU0JnTlZCQWNUQzBwbApjbk5sZVNCRGFYUjVNUjR3SEFZRFZRUUtFeFZVYUdVZ1ZWTkZVbFJTVlZOVUlFNWxkSGR2Y21zeExqQXNCZ05WCkJBTVRKVlZUUlZKVWNuVnpkQ0JTVTBFZ1EyVnlkR2xtYVdOaGRHbHZiaUJCZFhSb2IzSnBkSGt3SGhjTk1UZ3gKTVRBeU1EQXdNREF3V2hjTk16QXhNak14TWpNMU9UVTVXakNCanpFTE1Ba0dBMVVFQmhNQ1IwSXhHekFaQmdOVgpCQWdURWtkeVpXRjBaWElnVFdGdVkyaGxjM1JsY2pFUU1BNEdBMVVFQnhNSFUyRnNabTl5WkRFWU1CWUdBMVVFCkNoTVBVMlZqZEdsbmJ5Qk1hVzFwZEdWa01UY3dOUVlEVlFRREV5NVRaV04wYVdkdklGSlRRU0JFYjIxaGFXNGcKVm1Gc2FXUmhkR2x2YmlCVFpXTjFjbVVnVTJWeWRtVnlJRU5CTUlJQklqQU5CZ2txaGtpRzl3MEJBUUVGQUFPQwpBUThBTUlJQkNnS0NBUUVBMW5NejF0YzhJTkFBMGhkRnVOWStCNkkveDBIdU1qREpzR3o5OUovTEVwZ1BMVCtOClRRRU1nZzhYZjJJdTZiaEllZnNXZzA2dDF6SWxrN2NIdjdsUVA2bE13MEFxNlRuLzJZSEtIeFl5UWRxQUpya2oKZW9jZ0h1UC9JSm84bFVSdmgzVUdrRUMwTXBNV0NSQUlJejdTM1ljUGIxMVJGR29LYWNWUEFYSnB6OU9UVEcwRQpvS01iZ242eG1ybnR4WjdGTjNpZm1nZzArMVl1V01RSkRnWmtXN3czM1BHZktHaW9WckNTbzF5ZnU0aVlDQnNrCkhhc3doYTZ2c0M2ZWVwM0J3RUljNGdMdzZ1QkswdStRRHJUQlFCYndiNFZDU21UM3BEQ2cvcjh1b3lkYWpvdFkKdUszREdSZUVZKzF2VnYyRHkyQTB4SFMrNXAzYjRlVGx5Z3hmRlFJREFRQUJvNElCYmpDQ0FXb3dId1lEVlIwagpCQmd3Rm9BVVUzbS9XcW9yU3M5VWdPSFltOENkOHJJRFpzc3dIUVlEVlIwT0JCWUVGSTJNWHNSVXJZcmhkK21iCitac0Y0YmdCaldIaE1BNEdBMVVkRHdFQi93UUVBd0lCaGpBU0JnTlZIUk1CQWY4RUNEQUdBUUgvQWdFQU1CMEcKQTFVZEpRUVdNQlFHQ0NzR0FRVUZCd01CQmdnckJnRUZCUWNEQWpBYkJnTlZIU0FFRkRBU01BWUdCRlVkSUFBdwpDQVlHWjRFTUFRSUJNRkFHQTFVZEh3UkpNRWN3UmFCRG9FR0dQMmgwZEhBNkx5OWpjbXd1ZFhObGNuUnlkWE4wCkxtTnZiUzlWVTBWU1ZISjFjM1JTVTBGRFpYSjBhV1pwWTJGMGFXOXVRWFYwYUc5eWFYUjVMbU55YkRCMkJnZ3IKQmdFRkJRY0JBUVJxTUdnd1B3WUlLd1lCQlFVSE1BS0dNMmgwZEhBNkx5OWpjblF1ZFhObGNuUnlkWE4wTG1OdgpiUzlWVTBWU1ZISjFjM1JTVTBGQlpHUlVjblZ6ZEVOQkxtTnlkREFsQmdnckJnRUZCUWN3QVlZWmFIUjBjRG92CkwyOWpjM0F1ZFhObGNuUnlkWE4wTG1OdmJUQU5CZ2txaGtpRzl3MEJBUXdGQUFPQ0FnRUFNcjlodlE1SXcwL0gKdWtkTitKeDRHUUhjRXgyQWIvekRjTFJTbWpFem1sZFMrekdlYTZUdlZLcUpqVUFYYVBnUkVIelN5ckh4VlliSAo3ck0ya1liMk9WRy9ScjhQb0xxMDkzNUp4Q28yRjU3a2FEbDZyNVJPVm0reWV6dS9Db2E5emNWM0hBTzRPTEdpCkgxOSsyNHJjUmtpMmFBclBzclcwNGpUa1o2azRaZ2xlMHJqOG5TZzZGMEFud25KT0tmMGhQSHpQRS91V0xNVXgKUlAwVDdkV2JxV2xvZDN6dTRmK2srVFk0Q0ZNNW9vUTBuQm56dmc2czFTUTM2eU9vZU5EVDUrK1NSMlJpT1NMdgp4dmNSdmlLRnhtWkVKQ2FPRURLTnlKT3VCNTZEUGkvWitmVkdqbU8rd2VhMDNLYk5JYWlHQ3BYWkxvVW1HdjM4CnNiWlhRbTJWMFRQMk9SUUdna0U0OVk5WTNJQmJwTlY5bFhqOXA1di8vY1dvYWFzbTU2ZWtCWWRicWJlNG95QUwKbDZsRmhkMnppK1dKTjQ0cERmd0dGL1k0UUE1QzVCSUcrM3Z6eGhGb1l0L2ptUFFUMkJWUGk3RnAyUkJndkdRcQo2akczNUxXak9oU2JKdU1MZS8wQ2pyYVp3VGlYV1RiMnFIU2loclplNjhaazZzK2dvL2x1bnJvdEViYUdtQWhZCkxjbXNKV1R5WG5XME9NR3VmMXBHZytwUnlyYnhtUkUxYTZWcWU4WUFzT2Y0dm1TeXJjakM4YXpqVWVxa2srQjUKeU9HQlFNa0tXK0VTUE1GZ0t1T1h3SWxDeXBUUFJwZ1NhYnVZME1MVERYSkxSMjdsazhReUtHT0hRK1N3TWo0SwowMHUvSTVzVUtVRXJtZ1Fma3kzeHh6bElQSzFhRW44PQotLS0tLUVORCBDRVJUSUZJQ0FURS0tLS0tCi0tLS0tQkVHSU4gQ0VSVElGSUNBVEUtLS0tLQpNSUlGM2pDQ0E4YWdBd0lCQWdJUUFmMXRNUHlqeWxHb0c3eGtEalVETFRBTkJna3Foa2lHOXcwQkFRd0ZBRENCCmlERUxNQWtHQTFVRUJoTUNWVk14RXpBUkJnTlZCQWdUQ2s1bGR5QktaWEp6WlhreEZEQVNCZ05WQkFjVEMwcGwKY25ObGVTQkRhWFI1TVI0d0hBWURWUVFLRXhWVWFHVWdWVk5GVWxSU1ZWTlVJRTVsZEhkdmNtc3hMakFzQmdOVgpCQU1USlZWVFJWSlVjblZ6ZENCU1UwRWdRMlZ5ZEdsbWFXTmhkR2x2YmlCQmRYUm9iM0pwZEhrd0hoY05NVEF3Ck1qQXhNREF3TURBd1doY05Nemd3TVRFNE1qTTFPVFU1V2pDQmlERUxNQWtHQTFVRUJoTUNWVk14RXpBUkJnTlYKQkFnVENrNWxkeUJLWlhKelpYa3hGREFTQmdOVkJBY1RDMHBsY25ObGVTQkRhWFI1TVI0d0hBWURWUVFLRXhWVQphR1VnVlZORlVsUlNWVk5VSUU1bGRIZHZjbXN4TGpBc0JnTlZCQU1USlZWVFJWSlVjblZ6ZENCU1UwRWdRMlZ5CmRHbG1hV05oZEdsdmJpQkJkWFJvYjNKcGRIa3dnZ0lpTUEwR0NTcUdTSWIzRFFFQkFRVUFBNElDRHdBd2dnSUsKQW9JQ0FRQ0FFbVVYTmc3RDJ3aXowS3hYRFhidHpTZlRUSzFRZzJIaXFpQk5DUzFrQ2R6T2laL01QYW5zOXMvQgozUEhUc2RaN055Z1JLMGZhT2NhOE9obTBYNmE5ZloyalkwSzJkdktwT3l1UitPSnYwT3dXSUpBSlB1TG9kTWtZCnRKSFVZbVRiZjZNRzhZZ1lhcEFpUEx6K0UvQ0hGSHYyNUIrTzFPUlJ4aEZuUmdoUnk0WVVWRCs4TS81K2JKei8KRnAwWXZWR09OYWFuWnNoeVo5c2hackhVbTNnRHdGQTY2TXp3M0x5ZVRQNnZCWlkxSDFkYXQvL08rVDIzTExiMgpWTjNJNXhJNlRhNU1pcmRjbXJTM0lEM0tmeUkwcm40N2FHWUJST2NCVGtaVG16Tmc5NVMrVXplUWMwUHpNc05UCjc5dXEvblJPYWNkcmpHQ1Qzc1RIRE4vaE1xN01renRSZUpWbmkrNDlWdjRNMEdrUEd3L3pKU1pyTTIzM2JrZjYKYzBQbGZnNmxackVwZkRLRVkxV0p4QTNCazFRd0dST3MwMzAzcCt0ZE9tdzFYTnRCMXhMYXFVa0wzOWlBaWdtVApZbzYxWnM4bGlNMkV1TEUvcERrUDJRS2U2eEpNbFh6emF3V3BYaGFEekxobjR1Z1RuY3hiZ3ROTXMrMWIvOTdsCmM2d2pPeTBBdnpWVmRBbEoyRWxZR24rU051WlJrZzd6Sm4wY1RSZTh5ZXhESnRDL1FWOUFxVVJFOUpublY0ZWUKVUI5WFZLZysvWFJqTDdGUVpRbm1XRUl1UXhwTXRQQWxSMW42QkI2VDFDWkdTbENCc3Q2K2VMZjhaeFhoeVZlRQpIZzlqMXVsaXV0WmZWUzdxWE1Zb0NBUWxPYmdPSzZueVRKY2NCejhOVXZYdDd5K0NEd0lEQVFBQm8wSXdRREFkCkJnTlZIUTRFRmdRVVUzbS9XcW9yU3M5VWdPSFltOENkOHJJRFpzc3dEZ1lEVlIwUEFRSC9CQVFEQWdFR01BOEcKQTFVZEV3RUIvd1FGTUFNQkFmOHdEUVlKS29aSWh2Y05BUUVNQlFBRGdnSUJBRnpVZkEzUDl3RjlRWmxsREhQRgpVcC9MK00rWkJuOGIya01WbjU0Q1ZWZVdGUEZTUENlSGxDanRIem9CTjZKMi9GTlF3SVNieG10T3Vvd2hUNktPClZXS1I4MmtWMkx5STQ4U3FDLzN2cU9sTFZTb0dJRzFWZUNrWjdsOHdYRXNrRVZYL0pKcHVYaW9yN2d0Tm4zLzMKQVRpVUZKVkRCd243WUtudUhLc1NqS0NhWHFlWWFsbHRpejhJKzhqUlJhOFlGV1NRRWc5ektDN0Y0aVJPL0Zqcwo4UFJGL2lLejZ5K08wdGxGWVFYQmwyK29kbktQaTR3MnI3OE5CYzV4amVhbWJ4OXNwbkZpeGRqUWczSU04V2NSCmlReWNFMHh5Tk4rODFYSGZxbkhkNGJsc2pEd1NYV1hhdlZjU3RrTnIvK1hlVFdZUlVjK1pydXdYdHVoeGtZemUKU2Y3ZE5YR2lGU2VVSE05aDR5YTdiNk5uSlNGZDV0MGRDeTVvR3p1Q3IreURaNFhVbUZGMHNibVpnSW4vZjNnWgpYSGxLWUM2U1FLNU1OeW9zeWNkaXlBNWQ5elpieXVBbEpRRzAzUm9IbkhjQVA5RGMxZXc5MVBxN1A4eUYxbTkvCnFTM2Z1UUwzOVplYXRUWGF3MmV3aDBxcEtKNGpqdjljSjJ2aHNFL3pCKzRBTHRSWmg4dFNRWlhxOUVmWDdtUkIKVlh5TldRS1YzV0tkd3JudVdpaDBoS1didDVESERBZmY5WWsyZERMV0tNR3dzQXZnbkV6REhOYjg0Mm0xUjBhQgpMNktDcTlOalJIREVqZjh0TTdxdGozdTFjSWl1UGhuUFFDalkvTWlRdTEyWkl2VlM1bGpGSDRneFErNklIZGZHCmpqeERhaDJuR041OVBSYnhZdm5La0tqOQotLS0tLUVORCBDRVJUSUZJQ0FURS0tLS0tCgoK\n    server: https://f5-bd.console.ves.volterra.io/api/vk8s/namespaces/demo-app/demo-app-vk8s\n  name: demo-app-vk8s\ncontexts:\n- context:\n    cluster: demo-app-vk8s\n    namespace: demo-app\n    user: d.garrison@f5.com\n  name: demo-app-vk8s\ncurrent-context: demo-app-vk8s\nkind: Config\npreferences: {}\nusers:\n- user:\n    client-certificate-data: LS0tLS1CRUdJTiBDRVJUSUZJQ0FURS0tLS0tCk1JSUYvekNDQStlZ0F3SUJBZ0lSQVBOWjdKbGFOeSttRW5RUm95L0FUQXN3RFFZSktvWklodmNOQVFFTEJRQXcKZ2JZeEN6QUpCZ05WQkFZVEFsVlRNUk13RVFZRFZRUUlFd3BEWVd4cFptOXlibWxoTVJRd0VnWURWUVFIRXd0VApZVzUwWVNCRGJHRnlZVEVmTUIwR0ExVUVDaE1XVm05c2RHVnljbUVnUldSblpTQlRaWEoyYVdObGN6RWdNQjRHCkExVUVDeE1YU1c1bWNtRnpkSEoxWTNSMWNtVWdVMlZqZFhKcGRIa3hPVEEzQmdOVkJBTVRNRkJTVDBRZ0xTQlUKWlc1aGJuUWdWWE5sY2lCRFpYSjBhV1pwWTJGMFpTQkpjM04xYVc1bklFTkJJQzBnZGpJdU1UQWVGdzB5TXpBegpNVGd4TnpNM01EVmFGdzB5TXpBMk1UVXhOek0zTURWYU1DNHhFVEFQQmdOVkJBb1RDSFp2YkhSbGNuSmhNUmt3CkZ3WURWUVFERXhCVlUwVlNMVU5GVWxSSlJrbERRVlJGTUlJQ0lqQU5CZ2txaGtpRzl3MEJBUUVGQUFPQ0FnOEEKTUlJQ0NnS0NBZ0VBd1ZVSXpnaGs0SER3WllIYnlUUnpSaHorYThNblA5UFhQakc4OU56NVRFVjJqQzZ3VXhRbApMVUxJUGN3aERST0RqMDhQazZuclVOUVdybmVVMXMzUTM1Q015akV0TEZDSEdkdEl0RExrcmRuaWJ4V3FRNWZuCkdzRDJhV2xFcHZPb211U3ZXdUlSVWdVNUpPV25oNDFsaWw1MGJSWThMbUsreEtFaTJDd0JzbEhTWWV1YnlUeGgKMEJaZ0twYVhyY25nWkhmQ0MxT0VuUndtamRoREN1SkRIenQ0bGt6a1kyMXV5S2UyRWM5V2xsUzN4Nk8zbEh6dQoyK2JUVUF5NTBQL21UcTg2c0lyQ1Q2cTlRd3p0YkNSZWc0UE5pZjEzWFJPNlVPNk4zYXlTVnVLSWFCNCsyV1pkCm05Ky9DUldZUVNQbXJNaUhTKy9zY3FCSVd0THpTR1h0cmk2ZXNzc0hZUnFoc0srZEVja0ZIUjRjbVdIdGhyQWgKMmlsMk94eitMNm9pOTFtckRJQ0lPeTkxclg5TFgxaURsTmpCZElXZmlPUVlPOWxKV1hHaHhOVzg5amlDZHpVNwpJL2tqK0pSTXptUGFWaUdPOGNnSktqU0JJSXNVUjNrNVROSlhRVXlQc0ZsRHJIV20xdkhmVnp3dENIVDFLTEhyCldtTmRPMkZIamxya1FJTFlKS0g4cWUyV0xjQmc0N1FoK0F4ZzhpcWdzVFBacmxsL2pOWUFjUVdEZVJIV3gzeWsKVytJRGRHVDNUUmxVQ2RTRDI0R0pDcHNoMm5ta3lwcThWdUt0VWtNdDlGRUVCM25HT01vRFUvQSszWENZMnBZZApaTDE1V0cyQXNFYjQ0WHJtT25NTVA4alpoMVV3K3pHSzM1ZnpHYnI1UUMzM3Fta0QrUkdMdnFrQ0F3RUFBYU9CCmpqQ0JpekFPQmdOVkhROEJBZjhFQkFNQ0JhQXdFd1lEVlIwbEJBd3dDZ1lJS3dZQkJRVUhBd0l3SFFZRFZSME8KQkJZRUZOMVczc25PcnkzY2FuTkxPU0U0QmN0emx4SDlNQ01HRENzR0FRUUJnNkVPQVFFQkFRUVRCQkZrTG1kaApjbkpwYzI5dVFHWTFMbU52YlRBZ0Jnd3JCZ0VFQVlPaERnRUJBUUlFRUFRT1pqVXRZbVF0Y25kaGJHUjRhV2t3CkRRWUpLb1pJaHZjTkFRRUxCUUFEZ2dJQkFFT2lEY2JtWGl6NXFjb2lSMDdJanppSm84MjBSbXkxYlNDc1BROVAKVm5iNndJU1kzaXE0Ui94KzBWNlJyREtmUERrTDVaSWlGNklGMTcrVjVCQldybS92R0gzRm4zZDZhNlJUVGZvQQptc2RTYjNySm5uRXBjYXhOQ0RLajZWS2J4bTYzbjVqa2RlbUR3aCtEcnVlK2lTRjJEQnZBajFzaDl4SHZENkZRCnR4SXZ1SlNidjFGRFlVUzg2K1VRcVF6Nmh0Y0FHd2tiQUJtUUlRWUQ5K3pmdkxLQ1FvOVU4bEMwdWhud0dFKzIKeGwwNGsyWG1LQWRZODQ3MUJ2bENiUm43YTR3aDFZWXFHVUg3SzFQUWEvc2FMUWVEMjRDOVpNN0w2WHJFZmNDawpnY21OV0VmdlJEcUhXcVV4RUJWMjZobDhHU2MwMy9EM21ydHV5aHFGMlNsTWxBbHRmdWpwZjFvOVRUMzd4WnZkCmZpSmZYeC81b1l5NUV2Vk1zaVo5WXh2WlFxbmhxUGFnQVlVSlVMd2JBZUtReVRrMnFMTHBjN0xpRVZSNzUzVkYKYTJRRXhaRkVuV1h0UGRWTFVUaVFxTFlSUEo2bWsyKzVlblZ4UUk0RmFmV3lyMExBTWdLaGZxM2E5Mkp2ZkQxSgpMN0xSQlVBaVRqaVN2Q0VoY21FZ0hzQUQ5OHJ2Rmo1VG9ibmtoYTVtT0x2c3prMFB3L3d6dWtXY3QyRnpvbnJ1CnlpOUxUOWpGUlV4RERXcnZwV2l4a29yamViNFR5SzZaUVBtWWhDcTFiMW1kN25NUGVTckRGY2M5UG5ZaWRBQ0IKb2NubjNzSXp0SXFWTDN3TXVCa2dDNmZOTjE3bGVCRjFYZVdaMUZMTEFxTjBQSkl1MytqNjFJOWNEb2JsbVEzSApLNFBECi0tLS0tRU5EIENFUlRJRklDQVRFLS0tLS0KLS0tLS1CRUdJTiBDRVJUSUZJQ0FURS0tLS0tCk1JSUdjVENDQkZtZ0F3SUJBZ0lSQUlZODBLYkdKKy9LdEN4YXpJNEZmbVl3RFFZSktvWklodmNOQVFFTEJRQXcKZ2JFeEN6QUpCZ05WQkFZVEFsVlRNUk13RVFZRFZRUUlFd3BEWVd4cFptOXlibWxoTVJRd0VnWURWUVFIRXd0VApZVzUwWVNCRGJHRnlZVEVmTUIwR0ExVUVDaE1XVm05c2RHVnljbUVnUldSblpTQlRaWEoyYVdObGN6RWdNQjRHCkExVUVDeE1YU1c1bWNtRnpkSEoxWTNSMWNtVWdVMlZqZFhKcGRIa3hOREF5QmdOVkJBTVRLMUJTVDBRZ0xTQlUKWlc1aGJuUWdWWE5sY2lCRFpYSjBhV1pwWTJGMFpTQlNiMjkwSUVOQklDMGdkakl3SGhjTk1qQXdOakV4TVRVMQpOekUwV2hjTk1qVXdOakV4TVRVMU56RTBXakNCdGpFTE1Ba0dBMVVFQmhNQ1ZWTXhFekFSQmdOVkJBZ1RDa05oCmJHbG1iM0p1YVdFeEZEQVNCZ05WQkFjVEMxTmhiblJoSUVOc1lYSmhNUjh3SFFZRFZRUUtFeFpXYjJ4MFpYSnkKWVNCRlpHZGxJRk5sY25acFkyVnpNU0F3SGdZRFZRUUxFeGRKYm1aeVlYTjBjblZqZEhWeVpTQlRaV04xY21sMAplVEU1TURjR0ExVUVBeE13VUZKUFJDQXRJRlJsYm1GdWRDQlZjMlZ5SUVObGNuUnBabWxqWVhSbElFbHpjM1ZwCmJtY2dRMEVnTFNCMk1pNHhNSUlDSWpBTkJna3Foa2lHOXcwQkFRRUZBQU9DQWc4QU1JSUNDZ0tDQWdFQTBWRHEKaHQ1S1h1a1JHQkRObkVvK1lrVHFlZkpLUXZMZ0hJUkFHOWsxYkFEV3djMHorRWZWeTRtZmhaMW5LelI2aXZybwpaaDI0TW9Jb1dmNlFoUS95QWs1NEk3dnVjTS94MW9nVWhZTk05c0xwNVU0cDExOXp6OEZSMEtvVGduUDNGbzZoCnFHK0dkUWNKazExME9KVXNHNE9wdlhSQmpQK0UxL29EdjhEYkhEV2RRcWkrVjJMN2NaMzJMSm5DNXFPS0ZiOE8KSmNlRUdCbUJiMnIyamxMMncwejdjSDZlV2J5WWEwSVpLbzd6d3NqblBNSnhWRUtvSW0yMEpXaUdOd0xVeEZTcQpOM0hwOEtkR1BaK0Y3TnNrOHFIa1dMU0dINjZrYU9ocjdpWW5pN3Y0WWR1UzJDS0ZNR1Vad0g2SDczK3kyeEpECmRic0FCcFlTWGJBdEgyRG1UMnBCU0pGUXZGSTNNVEUyVTBsQ0ZNSktCbFIwcnFJUVhmTW96WXluQUkwT1dvdGcKY3Q4bDJLcDludU9RQUlGam1ySkxwMFBFREhob0szRDBLSU5aV0pNYzlKb0llQ1dla0ZUcU40YmVCcFFrRmhRNApUd3ZHQzQ2NHZDUXRGcGFTVkltdTFzYmRlVHdXMFo5eVRWV3NvSTBSdDZSUHJrZlplTnMxc3BkMm5vc0oyOXFZCk1aS2F5aytQeUNieS9BU2c2a1ZnZlJjWVNPRXh2UnM1djRzb041dG5DQ3Bod3RpNHMyRWtoNHR4Zmo2SEZnSS8KWVBqQ2pHaWhwcnhubUVjN2xJSXRVckhqbVhyTTZlWjQxVTJuOU5EQVdMajNwNEkyZDg0ZDEvTnhPSmRqU1A0MgpRUmFIcERQSTJIeVJWR2tqZ29nMGdWS1JsUE9WMmhQVGFiSjFESWtDQXdFQUFhTjlNSHN3RGdZRFZSMFBBUUgvCkJBUURBZ0tFTUE4R0ExVWRFd0VCL3dRRk1BTUJBZjh3V0FZSUt3WUJCUVVIQVFFRVREQktNRWdHQ0NzR0FRVUYKQnpBQmhqeHZZM053TG5abGN5NXBieTlRVWs5RUlDMGdWR1Z1WVc1MElGVnpaWElnUTJWeWRHbG1hV05oZEdVZwpTWE56ZFdsdVp5QkRRU0F0SUhZeUxqRXdEUVlKS29aSWh2Y05BUUVMQlFBRGdnSUJBTnR0djlRd0J6SWYzQ05aClpSTHcwQUx1akZGeWI0MklPb1I3UE5qMjBMc0ZrUkdoWHFPZ254aFR0aGU0RVhHTndvSmR5T0FYZkNWWGxzc2gKNTQrb0NBQ3d3NWpneDJKVkw5Q0pQUHAxVkFWSFlray9xYXdZVFF0Nk54OWdLcTlnbndqRjBCN1Uxc3NHSVJmagpwRzk4MjA3TVNuSkM3elRwOXRaazlRU3VHK3FHc1d5TU00Skx4Z2FaT2dpRFBGTFZmTW1RcXVUaTg1Z2FNd0dNCmdHcW9aeWZNNzNFUkUxNUFrQjJRTjlvb2hKcTNETG90TStGS2dLdGUvWnBybk5Od094MVVOcmcyaFNsU011MUMKeDJ2Rm9KQkZ5SGpiQnk1MFpYV2Rzd2pjWW1xVFZIWU02ZkhOUXBVbE5TVElUYlQ1VjJVVGVGVzZwQ2tYT0NnZgp4SnZlQXY3Q2xWOTJLRjIwNWdMNFFCQzV3T2RPWFBJa0tCNFZYZmRmREg4YXdOMjMrVFhGWlN0djhxeUQ0aWpMCnNSOXIra3UrMndHWk5MYjJJNlY3Zkl5dFlQTjBpRGhKSnVaWDl2a1dmaHJOK2JuOHVvNkFwT0xnNzlSSEczUDMKUVJXQmtoQW0wZitiM2g0NUpxT2xtamphNFpCRmJ0WitGWU5UV2JVS2IvNjNSQ3p2K000WDBJbFdFU2RBSW1qbAovVTQ1QUpqa2lkcEw0RE13N0J1U1FFRUkvb2NEOFNnZmw3OXhmZ0tZa0N2Y28rbW9UQWZTcVFsR3dSdlA3SWNqCjlLQlhwUTJRV1JvQkZhUW13cy8wcTJsZ0R0aSt6YktxWVF4ZlEzSTFXMlpQU0hTRURxRVZxNUdhRXh2RUNIODIKZVhpMFJNSk10Z0FpYzhpSVQzMUJVbFpYcXlDRQotLS0tLUVORCBDRVJUSUZJQ0FURS0tLS0tCi0tLS0tQkVHSU4gQ0VSVElGSUNBVEUtLS0tLQpNSUlHWnpDQ0JFK2dBd0lCQWdJUkFKN2dVMDU4ZkNVTHhnOWdYS3VhRUo0d0RRWUpLb1pJaHZjTkFRRUxCUUF3CmdiRXhDekFKQmdOVkJBWVRBbFZUTVJNd0VRWURWUVFJRXdwRFlXeHBabTl5Ym1saE1SUXdFZ1lEVlFRSEV3dFQKWVc1MFlTQkRiR0Z5WVRFZk1CMEdBMVVFQ2hNV1ZtOXNkR1Z5Y21FZ1JXUm5aU0JUWlhKMmFXTmxjekVnTUI0RwpBMVVFQ3hNWFNXNW1jbUZ6ZEhKMVkzUjFjbVVnVTJWamRYSnBkSGt4TkRBeUJnTlZCQU1USzFCU1QwUWdMU0JVClpXNWhiblFnVlhObGNpQkRaWEowYVdacFkyRjBaU0JTYjI5MElFTkJJQzBnZGpJd0hoY05NakF3TmpFeE1UVTEKTnpFeldoY05NelV3TmpFeE1UVTFOekV6V2pDQnNURUxNQWtHQTFVRUJoTUNWVk14RXpBUkJnTlZCQWdUQ2tOaApiR2xtYjNKdWFXRXhGREFTQmdOVkJBY1RDMU5oYm5SaElFTnNZWEpoTVI4d0hRWURWUVFLRXhaV2IyeDBaWEp5CllTQkZaR2RsSUZObGNuWnBZMlZ6TVNBd0hnWURWUVFMRXhkSmJtWnlZWE4wY25WamRIVnlaU0JUWldOMWNtbDAKZVRFME1ESUdBMVVFQXhNclVGSlBSQ0F0SUZSbGJtRnVkQ0JWYzJWeUlFTmxjblJwWm1sallYUmxJRkp2YjNRZwpRMEVnTFNCMk1qQ0NBaUl3RFFZSktvWklodmNOQVFFQkJRQURnZ0lQQURDQ0Fnb0NnZ0lCQU54dk9TVngyMW9yCnFSTWc5ZjNkL3pRQTZ0OVNQd01yZkVPMW5uUHdNRjlhd1NJVHYvM2FZVnhCYWp4elo4SHJWUjFnTXloNERkSE0KVEtoUjRSUUhBS0pWTjdPNlNnTjlvN0svdzFrbEtiZFo5aFNQUkZ4TkI4b05zNmwrQ3VvOW9rb2N1dGFEeDROcQpPZkFjMzVqSW9oSUd5bWN5Tm85LzlsZVBkSytwRUswa0kweHQrMXRRd1VDRkNhRWZ3a3dOY09xU09HTXdZQUhNCllvMGVocFdCdUhQRVREN0Q2RkF4b0p1Tkw5cEVBVHZuRlFPcFo0MzBOejhlRWtEcDRrL2xHR2U5aS95d1RhVGIKd3c2bG1NMkEzMENPRVRXckE5b0NPZWNHOUFYVXoyU0I4RWR1OEZwOVJENTdKMTkvdWlHc1krYlVvVmNpeGN0ZwprYk5QbzBtVlhqZFZLZkpXbWZDMGZLbk03WlQ4bE5ZdDBFcUk3QVpBVnJaZGdpdDJScEpoNFY3Y2xKaGY4ZVFSCktDaHlqelRBeU94cDdsWmFkTVZodnI5Q1JiZStGTEIxYmRIQkhKc2FjRUhLMlhmbDloNnJ0VzJMUXZLQ3JDbW8KamdWejhQeWZ3OHpWQ0pBa00zVncySmZwZWc2TTVHdysvSFhvREdGK3FzbDVEVjNidGYwL1E1MnJEVVNyNUFjbApYTEVuM3kxQlM2TWQrbm9NL3FZbG1Na3Y3WWU5MDlScVQ2Um9aanFJbXc4NHhQNnhiSG1YT2Z1cy9FTnI4NTJlCm5aRDdSY040V3V4VTZQWE15ZUpuVnRpaE5HTG5hK3VEWXg0V0FNc3VIdlVQakR2RFNyRkNObEFhTkg3NkJYd0sKd0M2L25DSkZPZ0llNzBMTndPdnNXL1l1aXhrZk5kSExBZ01CQUFHamVEQjJNQTRHQTFVZER3RUIvd1FFQXdJQwpoREFQQmdOVkhSTUJBZjhFQlRBREFRSC9NRk1HQ0NzR0FRVUZCd0VCQkVjd1JUQkRCZ2dyQmdFRkJRY3dBWVkzCmIyTnpjQzUyWlhNdWFXOHZVRkpQUkNBdElGUmxibUZ1ZENCVmMyVnlJRU5sY25ScFptbGpZWFJsSUZKdmIzUWcKUTBFZ0xTQjJNakFOQmdrcWhraUc5dzBCQVFzRkFBT0NBZ0VBMnlZM00rZldLZHpERVo1SWg3UE51bGtZYXpjYwpINnpVM0JnTCtVVG9RSTJqTnd2bW9vcDlEdytWZWlCN3NYVTBwWjVxejZ4WEJSMTFrQTVRZmVZMWNRWEN5Y00vCkRPRE1VUytma2lhNG1uR2pwTnVoYXZuYUVBRGRacEdMUzQwZE9QbWFoT0NjcFBvN0RMNWZIdUJFTmJqZThkUWYKREZOTzNhWkVqcjd6TjZJbncxL0ZTN2VkaXVwR3hmTXhreFN6QWtsVURkM0N5VGp1czdYNzlPM0krS1JDUDQ0bQpyeUNuZnRtdmg2bk5oeU1qdnRxSWoyeXVtNTJUT0dXMW5uWmlmYWhHNEtNd2JGbkI5d3lpS0pIV2tOaFNydUFPCmpKeEgwbEt0N1lKQ0JCS1B6TlBmTVNEN0NudXAxNFBIcFRPQjBtcUxOcEJTVzU4aUlQVzd0d2J2U3VPWWR1b1YKMFFFbktYdUFzbVZwNTZuSTIzSEo0aGF5U0xHZHFTRUNpZmRnZlN3V1pOREZEYUZrZ21ibUZWZWdzR2IyemwvKwpNUVhMc1MreFpNalZ6ZG1kMFBnWmxBNkhodTRVNXA2R3dUMmlWdFZNNlVZUjQwaDdRdXVmaG5uNVpNeStvRUdDCkpwK2JaWXhyck5Gb1lnaEdpN1ZpY0pmbFIwb3B0eGNTc2dJTnVmWlBvR0RVdWMyUHJnVmkzZWtUU2FTRWUrem4KRWo2V0YyTmhjOHJyWW5PWUowRXJ1T1UxU0xmeWJDKzl2eTJaZXJ6LzN6eU5jaGFBVitjenZhdGhUQkJ4ZGxBSwpIaS9iSWhlbGFXWWxxck1tNldvZlp1VHlQbU02NUY5R0oyWXI5NlQrMkRxRCtxbE9zRE5vU1pWcVdZUW9ZcDRlCmQwaUgyL0pGRmdKSFhDZz0KLS0tLS1FTkQgQ0VSVElGSUNBVEUtLS0tLQo=\n    client-key-data: LS0tLS1CRUdJTiBQUklWQVRFIEtFWS0tLS0tCk1JSUpRZ0lCQURBTkJna3Foa2lHOXcwQkFRRUZBQVNDQ1N3d2dna29BZ0VBQW9JQ0FRREJWUWpPQ0dUZ2NQQmwKZ2R2Sk5ITkdIUDVyd3ljLzA5YytNYnowM1BsTVJYYU1MckJURkNVdFFzZzl6Q0VORTRPUFR3K1RxZXRRMUJhdQpkNVRXemREZmtJektNUzBzVUljWjIwaTBNdVN0MmVKdkZhcERsK2Nhd1BacGFVU204NmlhNUs5YTRoRlNCVGtrCjVhZUhqV1dLWG5SdEZqd3VZcjdFb1NMWUxBR3lVZEpoNjV2SlBHSFFGbUFxbHBldHllQmtkOElMVTRTZEhDYU4KMkVNSzRrTWZPM2lXVE9SamJXN0lwN1lSejFhV1ZMZkhvN2VVZk83YjV0TlFETG5RLytaT3J6cXdpc0pQcXIxRApETzFzSkY2RGc4MkovWGRkRTdwUTdvM2RySkpXNG9ob0hqN1pabDJiMzc4SkZaaEJJK2FzeUlkTDcreHlvRWhhCjB2TklaZTJ1THA2eXl3ZGhHcUd3cjUwUnlRVWRIaHlaWWUyR3NDSGFLWFk3SFA0dnFpTDNXYXNNZ0lnN0wzV3QKZjB0ZldJT1UyTUYwaForSTVCZzcyVWxaY2FIRTFiejJPSUozTlRzaitTUDRsRXpPWTlwV0lZN3h5QWtxTklFZwppeFJIZVRsTTBsZEJUSSt3V1VPc2RhYlc4ZDlYUEMwSWRQVW9zZXRhWTEwN1lVZU9XdVJBZ3Rna29meXA3Wll0CndHRGp0Q0g0REdEeUtxQ3hNOW11V1grTTFnQnhCWU41RWRiSGZLUmI0Z04wWlBkTkdWUUoxSVBiZ1lrS215SGEKZWFUS21yeFc0cTFTUXkzMFVRUUhlY1k0eWdOVDhEN2RjSmphbGgxa3ZYbFliWUN3UnZqaGV1WTZjd3cveU5tSApWVEQ3TVlyZmwvTVp1dmxBTGZlcWFRUDVFWXUrcVFJREFRQUJBb0lDQUhVR2VmdnRETkxteWoxSGE3alJMTzNGCjR5TnJ6N2hOREw4eThFUHY5bDk2dEpXS05XVTBqb1JsSmp4eDhaZXV0alhyRDJ5OHNCb1BKMk9ZTXRvTFgySFUKWjhTRUcrbjFITEpFRURBemxrUzkzTmlNN3JGWG82YUlJeUFQZm1Ub25LaVZ3S2RzckR0UHVoVmhoaFVCTy9PVAoxVG1xK2ViQ0V1T0cva2FIN01iNXpEVkZudGtpMmJwUnNRaFdlNTNRMHlrOWJKSGFqaTFqdXRxbGkzOXRFbUEzCmFYamhObVlRK2J3ditIK3pWNkJMeTZybXFOc1MvS3JUZ0JtMmVrdk9lcVFxWVlZM21BTU5RTjd6Vmt2ZGYvQnYKdWR6TE5wTjZ1NDc5dDVYMVBlZWwzQmZhSndVRmQ2aEF1YXhRREFkeUtkRncyS1RZcC9HQ29BbUtJNFV4WGJyQwpEazJHRjFiOGwrNjZ1a24wZUFCYVdoY1ZsWllSbjRkZnpxS0YvN21xZWpXR04rdTBTN3BqMndzNnBDVG50SDFsCnREMm9RMjRxSXBGc2Z1MkZOUEtPaHJZcmJ6RHdZZ1RWZVVSYU5hRHFvSGNiVGxqRUJBWjNYRkxGTGJkM3RVNGwKbXhhWGlobDJLeFo0SDF1UGZENXRUcGpJQy9rdk5xV3Z5T2o0TFZCSFpYN0xkUEw3cjgrSnpBd0RRTmVaOUFsUwowUGlKNmdEVUlVUHZKSEtvVWI2ZVZ1YUZnVGFqYUpQQXcrUjRBOVVrZzRLSm1SWUQxVERUbGFONkZkOUNjc1FiCkhPaUgydFpJYzZaOGVHZVJFNVp2RG1xV2FSNjN3VHdkeXltMjd1VWtjaUpKYzMxZmgzK0cxdjNIaitLUjRhMnEKS2QxT0xNRDlTN1dEcjdxVmxheTVBb0lCQVFEcFhRRTZFQXM2MVFLdFJPZWFqaWJoR0ZvS3ZNNWwrc3NQTUtEVgorOWRJeEQxdkdUQUdIWFRJaW1nT0dsTEg1bTBuKzVRdG5XM3NqVVZURGs2cTZRQ2FzbE5SeTBMOWNHb0NOWWh4CmRPUUEzeWZtNGk4VWJxRVhpMHdwSUl4bFE4SjU2RCsrUGw2S05NdEtUU2JrUExEVklaWGNHY25MWktOdFBMNE8KN0dXbGt0Qzc5R0ZTN04vaitneDJScHRWRzRzWFZvMG9uVTZIY0ZheTE4M1RQWVg3ckhhVGtScFZWLzIrOStzOQo4d0lXUTZsQ1hCWXlkdVJvWmZkanhvR1dvVTlkeURzRFNXWGlIQWl6ZFFOR2xuTGF3MWtnbXdiRHhDYUJkZGZyCkhBTXhOZUg5UitUYjhYSjdBZm5BUFROdUo1Mml5NDliRGFFMVhla29FTlR2SEtrZkFvSUJBUURVRmZUT2RiOVkKclBrT1dvK2J6d1I0enpmbFNVdktQVE00SDkvMzRNQjRSRlVkS3EvMlhKWWIwZVBmQjU5Slpsd2tKWFB6c1NxQwpXT2JQYnhTMm45VXVJOGxja1o0dTBOTEdLNG5XRnJZVE5kRUIxcGNKWUFCcFl5allpSjJoRERzZW5oWnZQMDcrClZMejhFelVkRmU1bDB5ekJpSVFkZUY2cVdXQmRqcDA4ZlRiVHo0eHRKNHJKRVRnRnRLb2JXSXFTY2pTZG90UEkKOWNPemp5eHAvMnJxVC8xUXJPQXJOc3NpNThiZkxXZlVkRmdTUVN4VjJoZVZRazBaM0ZDVHdTaHh2Mzhkc2RpUApTZnp3OFFycGxlWXcwMm1LQWcyd1RUY1FqKzE2Wm5UcmxvZk1kekpTdThQRzQzWTBZMTV2V2g5dkR5YVU0Qk00CkxHU2d1SUZaZW5jM0FvSUJBUUNwOXFjU0Z1Vlc4QldIQlF4Nk1OWjRVemdoWWVvaHRFdDR3TDRqbTh6c25xRHYKN2JSZ2Y4dXkwN3Q5cWdab3VaYis2K2k4WUZEVFhRRUV3UUxpejlrMDBuU0V1am9NUkhleExEUTREaDZSMC9aSAozcXpUZ00rclNqVXFMeDZTRW92dUpnMW5EaDNsSXhaOUF6dzBOMC9EcXpadW5BbXhMWmNwMUhmSWZyeDVuemlQCjdDbUdNQ2ZRN3lsc2EzaHV3Q1RKMXF2d3pNR0pPM1NweFN1UGt0dW10YkdYUUxPaFBQait3YXAvOENHdy9ZNmwKV2xTQVpMOXVtZlZZb2hkNEVmeXdIVWw5MTFOeEgySG04bTUwVnRkSUpjY2dURWpkQkZ2WEpuRWdOOExMY0tjcgp4ZFVWckFEcFBrTWNsSGFFNEMyYmlBN2REa3cvaGlwdWwvTytRMjJaQW9JQkFEYk03WktqYml2VmxnMFZiV0lQCkhkS3hpSG5nZElydlFWclJNYWYxRlFaK2NaZTF2ZjNrY28wQnNPV2lMSkJrdUk1R2R5MlNxNjgrbFhVbitLd3YKcEgvbGsxUXQ5RGVZa2IzTzVqREJjWTZKSzFaVVFuYVRyY2VOYmJKMXFuVkFtYzRSZnk2RHB6K2tXYWl3dGRxcwpIZ3VGZzEwR2oweW1HNS9jdEQrNFoveUhSakY0d1lvNjIydVUzV3JzQWNCTElwTXdtMVBZRE8weVE3MFQwNkFYCjlXSlNCTnhocnhLN2Q4V3ZLZjNrMTUxWDZxSGM0VDNWdXA1QW9YZDdLLzdodkRlWUNacDhwNzV1bWNNUUpZZXgKeWViMzJaOWxaSEFYbzVETi84ak96SXRMUEErakJRZkhxSkN0bVk5ejFhVGtIcGN0elFSTzJlaDc0QXgvWUR6awpuZ1VDZ2dFQUE1TjBTL3RNY3VuUHpscmI0cndSMmJlQ2I5dGhlaEFoMWU1alVUT1psUzk5MjJZc1hud2pJVUo1CjNnV2x6eDhMQWpDU1JkbjRyQUhkcU0rUllPbnk5YnlBS3FlSXZwejJOb2NZemwvZnRES21OUnV0cHpsWEIvMGwKQkhXalMyUUllTEp0bnNTaVZDSHc2Q05ldHgvTTNNYU5Hb2hFNnFGNmhvVFAyZmJnQnlucTV2cWllY1FuR0FlawovTlpxQzZmYlRkU0dKTkFJNDdpNXRhbHBpQmdIK2pYN2xFMjg4dDIrM201MXhCeGdFNlA0TkJkZ1NrNmpnMU9aCldCbVpiWG0zR1NhckYzWEpPZW44a0pPMThsRXpIWkZWV0tYRlBGNkJOU29qMmhtdk16VUJvVW54b3ZaTUdaNmcKTUZpM3YrNUJPVnBFcThsM1JDVzhZaktrNDlVaGt3PT0KLS0tLS1FTkQgUFJJVkFURSBLRVktLS0tLQo=\n  name: d.garrison@f5.com\n"
            },
            "id": "demo-app-utility/app-kubecfg",
            "metadata": [
              {
                "annotations": {
                  "ves.io/virtual-sites": "demo-app-utility/demo-app-utility-vs"
                },
                "generate_name": "",
                "generation": 0,
                "labels": null,
                "name": "app-kubecfg",
                "namespace": "demo-app-utility",
                "resource_version": "169456293",
                "uid": "26573abb-9138-4153-b1c5-18838a9ee44f"
              }
            ]
          },
          "sensitive_attributes": [
            [
              {
                "type": "get_attr",
                "value": "data"
              },
              {
                "type": "index",
                "value": {
                  "value": "kubeconfig",
                  "type": "string"
                }
              }
            ]
          ],
          "private": "bnVsbA==",
          "dependencies": [
            "module.f5xc.volterra_api_credential.app_vk8s_cred",
            "module.f5xc.volterra_api_credential.utility_vk8s_cred",
            "module.f5xc.volterra_namespace.app_ns",
            "module.f5xc.volterra_namespace.utility_ns",
            "module.f5xc.volterra_virtual_k8s.app_vk8s",
            "module.f5xc.volterra_virtual_k8s.utility_vk8s",
            "module.f5xc.volterra_virtual_site.hub",
            "module.f5xc.volterra_virtual_site.spoke",
            "module.f5xc.volterra_virtual_site.utility"
          ]
        }
      ]
    },
    {
      "module": "module.vk8s-utility",
      "mode": "managed",
      "type": "kubernetes_secret_v1",
      "name": "registry-secret",
      "provider": "provider[\"registry.terraform.io/hashicorp/kubernetes\"].utility",
      "instances": [
        {
          "schema_version": 0,
          "attributes": {
            "binary_data": null,
            "data": {
              ".dockerconfigjson": "{\n\t\"auths\": {\n\t\t\"ghcr.io\": {}\n\t},\n\t\"credsStore\": \"osxkeychain\"\n}"
            },
            "id": "demo-app-utility/f5demos-registry-secret",
            "immutable": false,
            "metadata": [
              {
                "annotations": {
                  "ves.io/virtual-sites": "demo-app-utility/demo-app-utility-vs"
                },
                "generate_name": "",
                "generation": 0,
                "labels": null,
                "name": "f5demos-registry-secret",
                "namespace": "demo-app-utility",
                "resource_version": "169456288",
                "uid": "9a0d8940-8a71-43e4-94d6-cfd31fb09b01"
              }
            ],
            "type": "kubernetes.io/dockerconfigjson"
          },
          "sensitive_attributes": [],
          "private": "bnVsbA==",
          "dependencies": [
            "module.f5xc.volterra_api_credential.utility_vk8s_cred",
            "module.f5xc.volterra_namespace.utility_ns",
            "module.f5xc.volterra_virtual_k8s.utility_vk8s",
            "module.f5xc.volterra_virtual_site.utility"
          ]
        }
      ]
    }
  ],
  "check_results": null
}
